{
  "version": 4,
  "terraform_version": "1.13.1",
  "serial": 514,
  "lineage": "841ed9df-929c-a5b9-4a3a-2ab559fe10d6",
  "outputs": {
    "availability_zones": {
      "value": [
        "af-south-1a",
        "af-south-1b",
        "af-south-1c"
      ],
      "type": [
        "list",
        "string"
      ]
    },
    "cluster_id": {
      "value": "26393556-92f4-11f0-a3bd-0255ac100200",
      "type": "string"
    },
    "cluster_name": {
      "value": "mlrun-cluster",
      "type": "string"
    },
    "docker_password": {
      "value": "0a81ada0242041f94c4a6afdaaf2b6e1b04776cf2b014049758cb39f5a05931d",
      "type": "string",
      "sensitive": true
    },
    "docker_server": {
      "value": "swr.af-south-1.myhuaweicloud.com",
      "type": "string"
    },
    "docker_username": {
      "value": "af-south-1@HPUAWYQLGUPFDC9BJTLD",
      "type": "string",
      "sensitive": true
    },
    "elb_hostname": {
      "value": "",
      "type": "string"
    },
    "elb_ip": {
      "value": "192.168.0.59",
      "type": "string"
    },
    "external_addr": {
      "value": "192.168.0.59",
      "type": "string"
    },
    "kubeconfig_path": {
      "value": "kubeconfig_autopilot.yaml",
      "type": "string"
    },
    "region": {
      "value": "af-south-1",
      "type": "string"
    },
    "subnet_az": {
      "value": "",
      "type": "string"
    },
    "swr_login_server": {
      "value": "swr.af-south-1.myhuaweicloud.com",
      "type": "string"
    },
    "swr_org": {
      "value": "mlrun-org",
      "type": "string"
    },
    "swr_org_region": {
      "value": "af-south-1",
      "type": "string"
    }
  },
  "resources": [
    {
      "mode": "data",
      "type": "external",
      "name": "swr_login_key",
      "provider": "provider[\"registry.terraform.io/hashicorp/external\"]",
      "instances": [
        {
          "schema_version": 0,
          "attributes": {
            "id": "-",
            "program": [
              "bash",
              "-lc",
              "set -euo pipefail\nAK='HPUAWYQLGUPFDC9BJTLD'\nSK='DPHUbcSkGCTxWZCoMx7hXqS9XpA3E3OH5ds1VETW'\nLOGIN_KEY=$(printf \"%s\" \"$AK\" | openssl dgst -binary -sha256 -hmac \"$SK\" | od -An -vtx1 | tr -d ' \\n')\nprintf '{\"login_key\":\"%s\"}' \"$LOGIN_KEY\"\n"
            ],
            "query": null,
            "result": {
              "login_key": "0a81ada0242041f94c4a6afdaaf2b6e1b04776cf2b014049758cb39f5a05931d"
            },
            "working_dir": null
          },
          "sensitive_attributes": [
            [
              {
                "type": "get_attr",
                "value": "program"
              },
              {
                "type": "index",
                "value": {
                  "value": 2,
                  "type": "number"
                }
              }
            ]
          ],
          "identity_schema_version": 0
        }
      ]
    },
    {
      "mode": "data",
      "type": "huaweicloud_availability_zones",
      "name": "zones",
      "provider": "provider[\"registry.terraform.io/huaweicloud/huaweicloud\"]",
      "instances": [
        {
          "schema_version": 0,
          "attributes": {
            "id": "2493822220",
            "names": [
              "af-south-1a",
              "af-south-1b",
              "af-south-1c"
            ],
            "region": "af-south-1",
            "state": "available"
          },
          "sensitive_attributes": [],
          "identity_schema_version": 0
        }
      ]
    },
    {
      "mode": "data",
      "type": "huaweicloud_cce_autopilot_cluster_certificate",
      "name": "mlrun_cluster_cert",
      "provider": "provider[\"registry.terraform.io/huaweicloud/huaweicloud\"]",
      "instances": [
        {
          "schema_version": 0,
          "attributes": {
            "cluster_id": "26393556-92f4-11f0-a3bd-0255ac100200",
            "clusters": [
              {
                "cluster": [
                  {
                    "certificate_authority_data": "LS0tLS1CRUdJTiBDRVJUSUZJQ0FURS0tLS0tCk1JSUREekNDQWZlZ0F3SUJBZ0lCQURBTkJna3Foa2lHOXcwQkFRc0ZBREFwTVJrd0Z3WURWUVFLRXhCRFEwVWcKVkdWamFHNXZiRzluYVdWek1Rd3dDZ1lEVlFRREV3TkRRMFV3SGhjTk1qVXdPVEUyTVRFMU56UXlXaGNOTkRVdwpPVEUyTVRFMU56UXlXakFwTVJrd0Z3WURWUVFLRXhCRFEwVWdWR1ZqYUc1dmJHOW5hV1Z6TVF3d0NnWURWUVFECkV3TkRRMFV3Z2dFaU1BMEdDU3FHU0liM0RRRUJBUVVBQTRJQkR3QXdnZ0VLQW9JQkFRRDUybmJYR2ljWGo4Q2IKb2hZZG1DMlpEKzZyd3FNY1dMdkhWVG9pQVdGMkpSY3lOUjNreWVFK0ljd0NuZitFVlJ6bVhtdEh4NXBBbE9LMwpreWZLWTNWSG4rT2d0Zk9SeDhlTy9HK2VDQ2VCcUtieThlemRzcG0xK2dqZEZaSUhoK3VHMWZLVFNJNzU5MGJOCkdPZmcxaXlkTzBLNEExcFdJNzVaazBRVjA0NE1nMWVCK2ZsenBheWc1OUZMRWUvenhaS2lYeFV1M0NERFJNUE8KRm54eWc2VmQrRjhvYXY4SFpNS0ViNk5lTW10M2lSMTRIcG0vRFJJL2ZKdGMxNjRjdmdWeUxyR3BvUUU5RkVEVwpwYkR4NlY5dStvM3ZIeDdBaVRqQkIzUFMwWGorVzBYbTBxKzV0Y0NFTjc0TGdDeVdwUis5UGNXLzJDV3k3MjliCkhTc3ZpcTE5QWdNQkFBR2pRakJBTUE0R0ExVWREd0VCL3dRRUF3SUNwREFQQmdOVkhSTUJBZjhFQlRBREFRSC8KTUIwR0ExVWREZ1FXQkJSbDlDN3dSaE9mcjRqSEwxcDQyUFRCYTFjTnZUQU5CZ2txaGtpRzl3MEJBUXNGQUFPQwpBUUVBNkhIYzZITElsTGs2SWNtMDB5eXUvanMwaVVoZVlROENxRlI2d0lXM3NYQXJYUndjK3pGVHNTeUUrZWdOCkNuaXdIQ2cvRzI3YlhvNlZBVXppem04dXN6eWZ0S2hUMEw3NEgxek84SE5uVkxaWVF2MzFhcXZIZTMvcXNUYmwKOHRYOGFVcGFac1lLYWkyN2NVWk5meFBkOTdxMmlkbFUwQndXRnRHY0lWVVI1RWhxRno4aUVJeWNZN2pYOWVwQwpqZ082Z0VTWUwySk1xZjZkNnZmY3RGNzRJazM3a0pXVnIxYy81TFNyUUw2NmIyWXJReFR2LzEvZ2NDZjVjNElBCmJVYWMvcVRqYVdDdXFpN1ZoQTRpTWptcHFLUnVPOFZDMFhCaGNydi9id1BVK0dKQVlPclh0ZmJKWDNGcXlZZTIKKytFODkyNGdUT2dEMGhTS2RTQ21vUktkT0E9PQotLS0tLUVORCBDRVJUSUZJQ0FURS0tLS0tCg==",
                    "insecure_skip_tls_verify": false,
                    "server": "https://26393556-92f4-11f0-a3bd-0255ac100200.cluster.cce.af-south-1.myhuaweicloud.com:5443"
                  }
                ],
                "name": "internalCluster"
              },
              {
                "cluster": [
                  {
                    "certificate_authority_data": "LS0tLS1CRUdJTiBDRVJUSUZJQ0FURS0tLS0tCk1JSUREekNDQWZlZ0F3SUJBZ0lCQURBTkJna3Foa2lHOXcwQkFRc0ZBREFwTVJrd0Z3WURWUVFLRXhCRFEwVWcKVkdWamFHNXZiRzluYVdWek1Rd3dDZ1lEVlFRREV3TkRRMFV3SGhjTk1qVXdPVEUyTVRFMU56UXlXaGNOTkRVdwpPVEUyTVRFMU56UXlXakFwTVJrd0Z3WURWUVFLRXhCRFEwVWdWR1ZqYUc1dmJHOW5hV1Z6TVF3d0NnWURWUVFECkV3TkRRMFV3Z2dFaU1BMEdDU3FHU0liM0RRRUJBUVVBQTRJQkR3QXdnZ0VLQW9JQkFRRDUybmJYR2ljWGo4Q2IKb2hZZG1DMlpEKzZyd3FNY1dMdkhWVG9pQVdGMkpSY3lOUjNreWVFK0ljd0NuZitFVlJ6bVhtdEh4NXBBbE9LMwpreWZLWTNWSG4rT2d0Zk9SeDhlTy9HK2VDQ2VCcUtieThlemRzcG0xK2dqZEZaSUhoK3VHMWZLVFNJNzU5MGJOCkdPZmcxaXlkTzBLNEExcFdJNzVaazBRVjA0NE1nMWVCK2ZsenBheWc1OUZMRWUvenhaS2lYeFV1M0NERFJNUE8KRm54eWc2VmQrRjhvYXY4SFpNS0ViNk5lTW10M2lSMTRIcG0vRFJJL2ZKdGMxNjRjdmdWeUxyR3BvUUU5RkVEVwpwYkR4NlY5dStvM3ZIeDdBaVRqQkIzUFMwWGorVzBYbTBxKzV0Y0NFTjc0TGdDeVdwUis5UGNXLzJDV3k3MjliCkhTc3ZpcTE5QWdNQkFBR2pRakJBTUE0R0ExVWREd0VCL3dRRUF3SUNwREFQQmdOVkhSTUJBZjhFQlRBREFRSC8KTUIwR0ExVWREZ1FXQkJSbDlDN3dSaE9mcjRqSEwxcDQyUFRCYTFjTnZUQU5CZ2txaGtpRzl3MEJBUXNGQUFPQwpBUUVBNkhIYzZITElsTGs2SWNtMDB5eXUvanMwaVVoZVlROENxRlI2d0lXM3NYQXJYUndjK3pGVHNTeUUrZWdOCkNuaXdIQ2cvRzI3YlhvNlZBVXppem04dXN6eWZ0S2hUMEw3NEgxek84SE5uVkxaWVF2MzFhcXZIZTMvcXNUYmwKOHRYOGFVcGFac1lLYWkyN2NVWk5meFBkOTdxMmlkbFUwQndXRnRHY0lWVVI1RWhxRno4aUVJeWNZN2pYOWVwQwpqZ082Z0VTWUwySk1xZjZkNnZmY3RGNzRJazM3a0pXVnIxYy81TFNyUUw2NmIyWXJReFR2LzEvZ2NDZjVjNElBCmJVYWMvcVRqYVdDdXFpN1ZoQTRpTWptcHFLUnVPOFZDMFhCaGNydi9id1BVK0dKQVlPclh0ZmJKWDNGcXlZZTIKKytFODkyNGdUT2dEMGhTS2RTQ21vUktkT0E9PQotLS0tLUVORCBDRVJUSUZJQ0FURS0tLS0tCg==",
                    "insecure_skip_tls_verify": false,
                    "server": "https://192.168.0.95:5443"
                  }
                ],
                "name": "internalIPCluster"
              },
              {
                "cluster": [
                  {
                    "certificate_authority_data": "",
                    "insecure_skip_tls_verify": true,
                    "server": "https://110.238.76.15:5443"
                  }
                ],
                "name": "externalCluster"
              },
              {
                "cluster": [
                  {
                    "certificate_authority_data": "LS0tLS1CRUdJTiBDRVJUSUZJQ0FURS0tLS0tCk1JSUREekNDQWZlZ0F3SUJBZ0lCQURBTkJna3Foa2lHOXcwQkFRc0ZBREFwTVJrd0Z3WURWUVFLRXhCRFEwVWcKVkdWamFHNXZiRzluYVdWek1Rd3dDZ1lEVlFRREV3TkRRMFV3SGhjTk1qVXdPVEUyTVRFMU56UXlXaGNOTkRVdwpPVEUyTVRFMU56UXlXakFwTVJrd0Z3WURWUVFLRXhCRFEwVWdWR1ZqYUc1dmJHOW5hV1Z6TVF3d0NnWURWUVFECkV3TkRRMFV3Z2dFaU1BMEdDU3FHU0liM0RRRUJBUVVBQTRJQkR3QXdnZ0VLQW9JQkFRRDUybmJYR2ljWGo4Q2IKb2hZZG1DMlpEKzZyd3FNY1dMdkhWVG9pQVdGMkpSY3lOUjNreWVFK0ljd0NuZitFVlJ6bVhtdEh4NXBBbE9LMwpreWZLWTNWSG4rT2d0Zk9SeDhlTy9HK2VDQ2VCcUtieThlemRzcG0xK2dqZEZaSUhoK3VHMWZLVFNJNzU5MGJOCkdPZmcxaXlkTzBLNEExcFdJNzVaazBRVjA0NE1nMWVCK2ZsenBheWc1OUZMRWUvenhaS2lYeFV1M0NERFJNUE8KRm54eWc2VmQrRjhvYXY4SFpNS0ViNk5lTW10M2lSMTRIcG0vRFJJL2ZKdGMxNjRjdmdWeUxyR3BvUUU5RkVEVwpwYkR4NlY5dStvM3ZIeDdBaVRqQkIzUFMwWGorVzBYbTBxKzV0Y0NFTjc0TGdDeVdwUis5UGNXLzJDV3k3MjliCkhTc3ZpcTE5QWdNQkFBR2pRakJBTUE0R0ExVWREd0VCL3dRRUF3SUNwREFQQmdOVkhSTUJBZjhFQlRBREFRSC8KTUIwR0ExVWREZ1FXQkJSbDlDN3dSaE9mcjRqSEwxcDQyUFRCYTFjTnZUQU5CZ2txaGtpRzl3MEJBUXNGQUFPQwpBUUVBNkhIYzZITElsTGs2SWNtMDB5eXUvanMwaVVoZVlROENxRlI2d0lXM3NYQXJYUndjK3pGVHNTeUUrZWdOCkNuaXdIQ2cvRzI3YlhvNlZBVXppem04dXN6eWZ0S2hUMEw3NEgxek84SE5uVkxaWVF2MzFhcXZIZTMvcXNUYmwKOHRYOGFVcGFac1lLYWkyN2NVWk5meFBkOTdxMmlkbFUwQndXRnRHY0lWVVI1RWhxRno4aUVJeWNZN2pYOWVwQwpqZ082Z0VTWUwySk1xZjZkNnZmY3RGNzRJazM3a0pXVnIxYy81TFNyUUw2NmIyWXJReFR2LzEvZ2NDZjVjNElBCmJVYWMvcVRqYVdDdXFpN1ZoQTRpTWptcHFLUnVPOFZDMFhCaGNydi9id1BVK0dKQVlPclh0ZmJKWDNGcXlZZTIKKytFODkyNGdUT2dEMGhTS2RTQ21vUktkT0E9PQotLS0tLUVORCBDRVJUSUZJQ0FURS0tLS0tCg==",
                    "insecure_skip_tls_verify": false,
                    "server": "https://110.238.76.15:5443"
                  }
                ],
                "name": "externalClusterTLSVerify"
              }
            ],
            "contexts": [
              {
                "context": [
                  {
                    "cluster": "internalCluster",
                    "user": "user"
                  }
                ],
                "name": "internal"
              },
              {
                "context": [
                  {
                    "cluster": "internalIPCluster",
                    "user": "user"
                  }
                ],
                "name": "internalIP"
              },
              {
                "context": [
                  {
                    "cluster": "externalCluster",
                    "user": "user"
                  }
                ],
                "name": "external"
              },
              {
                "context": [
                  {
                    "cluster": "externalClusterTLSVerify",
                    "user": "user"
                  }
                ],
                "name": "externalTLSVerify"
              }
            ],
            "current_context": "external",
            "duration": 30,
            "id": "e82afb34-ae95-3660-8e3e-5fe27e457c3d",
            "kube_config_raw": "{\"apiVersion\":\"v1\",\"clusters\":[{\"cluster\":{\"certificate-authority-data\":\"LS0tLS1CRUdJTiBDRVJUSUZJQ0FURS0tLS0tCk1JSUREekNDQWZlZ0F3SUJBZ0lCQURBTkJna3Foa2lHOXcwQkFRc0ZBREFwTVJrd0Z3WURWUVFLRXhCRFEwVWcKVkdWamFHNXZiRzluYVdWek1Rd3dDZ1lEVlFRREV3TkRRMFV3SGhjTk1qVXdPVEUyTVRFMU56UXlXaGNOTkRVdwpPVEUyTVRFMU56UXlXakFwTVJrd0Z3WURWUVFLRXhCRFEwVWdWR1ZqYUc1dmJHOW5hV1Z6TVF3d0NnWURWUVFECkV3TkRRMFV3Z2dFaU1BMEdDU3FHU0liM0RRRUJBUVVBQTRJQkR3QXdnZ0VLQW9JQkFRRDUybmJYR2ljWGo4Q2IKb2hZZG1DMlpEKzZyd3FNY1dMdkhWVG9pQVdGMkpSY3lOUjNreWVFK0ljd0NuZitFVlJ6bVhtdEh4NXBBbE9LMwpreWZLWTNWSG4rT2d0Zk9SeDhlTy9HK2VDQ2VCcUtieThlemRzcG0xK2dqZEZaSUhoK3VHMWZLVFNJNzU5MGJOCkdPZmcxaXlkTzBLNEExcFdJNzVaazBRVjA0NE1nMWVCK2ZsenBheWc1OUZMRWUvenhaS2lYeFV1M0NERFJNUE8KRm54eWc2VmQrRjhvYXY4SFpNS0ViNk5lTW10M2lSMTRIcG0vRFJJL2ZKdGMxNjRjdmdWeUxyR3BvUUU5RkVEVwpwYkR4NlY5dStvM3ZIeDdBaVRqQkIzUFMwWGorVzBYbTBxKzV0Y0NFTjc0TGdDeVdwUis5UGNXLzJDV3k3MjliCkhTc3ZpcTE5QWdNQkFBR2pRakJBTUE0R0ExVWREd0VCL3dRRUF3SUNwREFQQmdOVkhSTUJBZjhFQlRBREFRSC8KTUIwR0ExVWREZ1FXQkJSbDlDN3dSaE9mcjRqSEwxcDQyUFRCYTFjTnZUQU5CZ2txaGtpRzl3MEJBUXNGQUFPQwpBUUVBNkhIYzZITElsTGs2SWNtMDB5eXUvanMwaVVoZVlROENxRlI2d0lXM3NYQXJYUndjK3pGVHNTeUUrZWdOCkNuaXdIQ2cvRzI3YlhvNlZBVXppem04dXN6eWZ0S2hUMEw3NEgxek84SE5uVkxaWVF2MzFhcXZIZTMvcXNUYmwKOHRYOGFVcGFac1lLYWkyN2NVWk5meFBkOTdxMmlkbFUwQndXRnRHY0lWVVI1RWhxRno4aUVJeWNZN2pYOWVwQwpqZ082Z0VTWUwySk1xZjZkNnZmY3RGNzRJazM3a0pXVnIxYy81TFNyUUw2NmIyWXJReFR2LzEvZ2NDZjVjNElBCmJVYWMvcVRqYVdDdXFpN1ZoQTRpTWptcHFLUnVPOFZDMFhCaGNydi9id1BVK0dKQVlPclh0ZmJKWDNGcXlZZTIKKytFODkyNGdUT2dEMGhTS2RTQ21vUktkT0E9PQotLS0tLUVORCBDRVJUSUZJQ0FURS0tLS0tCg==\",\"server\":\"https://26393556-92f4-11f0-a3bd-0255ac100200.cluster.cce.af-south-1.myhuaweicloud.com:5443\"},\"name\":\"internalCluster\"},{\"cluster\":{\"certificate-authority-data\":\"LS0tLS1CRUdJTiBDRVJUSUZJQ0FURS0tLS0tCk1JSUREekNDQWZlZ0F3SUJBZ0lCQURBTkJna3Foa2lHOXcwQkFRc0ZBREFwTVJrd0Z3WURWUVFLRXhCRFEwVWcKVkdWamFHNXZiRzluYVdWek1Rd3dDZ1lEVlFRREV3TkRRMFV3SGhjTk1qVXdPVEUyTVRFMU56UXlXaGNOTkRVdwpPVEUyTVRFMU56UXlXakFwTVJrd0Z3WURWUVFLRXhCRFEwVWdWR1ZqYUc1dmJHOW5hV1Z6TVF3d0NnWURWUVFECkV3TkRRMFV3Z2dFaU1BMEdDU3FHU0liM0RRRUJBUVVBQTRJQkR3QXdnZ0VLQW9JQkFRRDUybmJYR2ljWGo4Q2IKb2hZZG1DMlpEKzZyd3FNY1dMdkhWVG9pQVdGMkpSY3lOUjNreWVFK0ljd0NuZitFVlJ6bVhtdEh4NXBBbE9LMwpreWZLWTNWSG4rT2d0Zk9SeDhlTy9HK2VDQ2VCcUtieThlemRzcG0xK2dqZEZaSUhoK3VHMWZLVFNJNzU5MGJOCkdPZmcxaXlkTzBLNEExcFdJNzVaazBRVjA0NE1nMWVCK2ZsenBheWc1OUZMRWUvenhaS2lYeFV1M0NERFJNUE8KRm54eWc2VmQrRjhvYXY4SFpNS0ViNk5lTW10M2lSMTRIcG0vRFJJL2ZKdGMxNjRjdmdWeUxyR3BvUUU5RkVEVwpwYkR4NlY5dStvM3ZIeDdBaVRqQkIzUFMwWGorVzBYbTBxKzV0Y0NFTjc0TGdDeVdwUis5UGNXLzJDV3k3MjliCkhTc3ZpcTE5QWdNQkFBR2pRakJBTUE0R0ExVWREd0VCL3dRRUF3SUNwREFQQmdOVkhSTUJBZjhFQlRBREFRSC8KTUIwR0ExVWREZ1FXQkJSbDlDN3dSaE9mcjRqSEwxcDQyUFRCYTFjTnZUQU5CZ2txaGtpRzl3MEJBUXNGQUFPQwpBUUVBNkhIYzZITElsTGs2SWNtMDB5eXUvanMwaVVoZVlROENxRlI2d0lXM3NYQXJYUndjK3pGVHNTeUUrZWdOCkNuaXdIQ2cvRzI3YlhvNlZBVXppem04dXN6eWZ0S2hUMEw3NEgxek84SE5uVkxaWVF2MzFhcXZIZTMvcXNUYmwKOHRYOGFVcGFac1lLYWkyN2NVWk5meFBkOTdxMmlkbFUwQndXRnRHY0lWVVI1RWhxRno4aUVJeWNZN2pYOWVwQwpqZ082Z0VTWUwySk1xZjZkNnZmY3RGNzRJazM3a0pXVnIxYy81TFNyUUw2NmIyWXJReFR2LzEvZ2NDZjVjNElBCmJVYWMvcVRqYVdDdXFpN1ZoQTRpTWptcHFLUnVPOFZDMFhCaGNydi9id1BVK0dKQVlPclh0ZmJKWDNGcXlZZTIKKytFODkyNGdUT2dEMGhTS2RTQ21vUktkT0E9PQotLS0tLUVORCBDRVJUSUZJQ0FURS0tLS0tCg==\",\"server\":\"https://192.168.0.95:5443\"},\"name\":\"internalIPCluster\"},{\"cluster\":{\"insecure-skip-tls-verify\":true,\"server\":\"https://110.238.76.15:5443\"},\"name\":\"externalCluster\"},{\"cluster\":{\"certificate-authority-data\":\"LS0tLS1CRUdJTiBDRVJUSUZJQ0FURS0tLS0tCk1JSUREekNDQWZlZ0F3SUJBZ0lCQURBTkJna3Foa2lHOXcwQkFRc0ZBREFwTVJrd0Z3WURWUVFLRXhCRFEwVWcKVkdWamFHNXZiRzluYVdWek1Rd3dDZ1lEVlFRREV3TkRRMFV3SGhjTk1qVXdPVEUyTVRFMU56UXlXaGNOTkRVdwpPVEUyTVRFMU56UXlXakFwTVJrd0Z3WURWUVFLRXhCRFEwVWdWR1ZqYUc1dmJHOW5hV1Z6TVF3d0NnWURWUVFECkV3TkRRMFV3Z2dFaU1BMEdDU3FHU0liM0RRRUJBUVVBQTRJQkR3QXdnZ0VLQW9JQkFRRDUybmJYR2ljWGo4Q2IKb2hZZG1DMlpEKzZyd3FNY1dMdkhWVG9pQVdGMkpSY3lOUjNreWVFK0ljd0NuZitFVlJ6bVhtdEh4NXBBbE9LMwpreWZLWTNWSG4rT2d0Zk9SeDhlTy9HK2VDQ2VCcUtieThlemRzcG0xK2dqZEZaSUhoK3VHMWZLVFNJNzU5MGJOCkdPZmcxaXlkTzBLNEExcFdJNzVaazBRVjA0NE1nMWVCK2ZsenBheWc1OUZMRWUvenhaS2lYeFV1M0NERFJNUE8KRm54eWc2VmQrRjhvYXY4SFpNS0ViNk5lTW10M2lSMTRIcG0vRFJJL2ZKdGMxNjRjdmdWeUxyR3BvUUU5RkVEVwpwYkR4NlY5dStvM3ZIeDdBaVRqQkIzUFMwWGorVzBYbTBxKzV0Y0NFTjc0TGdDeVdwUis5UGNXLzJDV3k3MjliCkhTc3ZpcTE5QWdNQkFBR2pRakJBTUE0R0ExVWREd0VCL3dRRUF3SUNwREFQQmdOVkhSTUJBZjhFQlRBREFRSC8KTUIwR0ExVWREZ1FXQkJSbDlDN3dSaE9mcjRqSEwxcDQyUFRCYTFjTnZUQU5CZ2txaGtpRzl3MEJBUXNGQUFPQwpBUUVBNkhIYzZITElsTGs2SWNtMDB5eXUvanMwaVVoZVlROENxRlI2d0lXM3NYQXJYUndjK3pGVHNTeUUrZWdOCkNuaXdIQ2cvRzI3YlhvNlZBVXppem04dXN6eWZ0S2hUMEw3NEgxek84SE5uVkxaWVF2MzFhcXZIZTMvcXNUYmwKOHRYOGFVcGFac1lLYWkyN2NVWk5meFBkOTdxMmlkbFUwQndXRnRHY0lWVVI1RWhxRno4aUVJeWNZN2pYOWVwQwpqZ082Z0VTWUwySk1xZjZkNnZmY3RGNzRJazM3a0pXVnIxYy81TFNyUUw2NmIyWXJReFR2LzEvZ2NDZjVjNElBCmJVYWMvcVRqYVdDdXFpN1ZoQTRpTWptcHFLUnVPOFZDMFhCaGNydi9id1BVK0dKQVlPclh0ZmJKWDNGcXlZZTIKKytFODkyNGdUT2dEMGhTS2RTQ21vUktkT0E9PQotLS0tLUVORCBDRVJUSUZJQ0FURS0tLS0tCg==\",\"server\":\"https://110.238.76.15:5443\"},\"name\":\"externalClusterTLSVerify\"}],\"contexts\":[{\"context\":{\"cluster\":\"internalCluster\",\"user\":\"user\"},\"name\":\"internal\"},{\"context\":{\"cluster\":\"internalIPCluster\",\"user\":\"user\"},\"name\":\"internalIP\"},{\"context\":{\"cluster\":\"externalCluster\",\"user\":\"user\"},\"name\":\"external\"},{\"context\":{\"cluster\":\"externalClusterTLSVerify\",\"user\":\"user\"},\"name\":\"externalTLSVerify\"}],\"current-context\":\"external\",\"kind\":\"Config\",\"preferences\":{},\"users\":[{\"name\":\"user\",\"user\":{\"client-certificate-data\":\"LS0tLS1CRUdJTiBDRVJUSUZJQ0FURS0tLS0tCk1JSURsVENDQW4yZ0F3SUJBZ0lJVnpFQVFWcnQzUFF3RFFZSktvWklodmNOQVFFTEJRQXdLVEVaTUJjR0ExVUUKQ2hNUVEwTkZJRlJsWTJodWIyeHZaMmxsY3pFTU1Bb0dBMVVFQXhNRFEwTkZNQjRYRFRJMU1Ea3hOekV4TWpBMApNVm9YRFRJMU1UQXhOekV4TWpBME1Wb3dnYUV4ZERBUUJnTlZCQW9UQ1dOalpUcDFjMlZ5Y3pBbkJnTlZCQW9UCklEZ3paVGRqWmpRNU9UYzFNRFJpTURKaE9HTmhPREF5TURZellXVTNaVFk0TURjR0ExVUVDaE13WWpjME5HVTIKWm1Wa1pUbGhOREE0T0RreFptWmxNMlV4TVRFNE5HSmtZVGd0WTJWeWRDMHhOelU0TURJME1EZ3hNU2t3SndZRApWUVFERXlCaU56UTBaVFptWldSbE9XRTBNRGc0T1RGbVptVXpaVEV4TVRnMFltUmhPRENDQVNJd0RRWUpLb1pJCmh2Y05BUUVCQlFBRGdnRVBBRENDQVFvQ2dnRUJBSm1IQ2Zpck1DM1hMeWQ0MlpyWTFvTURtNTRxN1VuQkdjaUsKWGt3OUh0cVRFVGhjQkpEQWZUYVRpWGRNWUxRVWRVWnh5Y2p5UUFtZnllQjdPUVVkbFJOVUlVVnFiTTY4Njl5YwpEaGlwUVlrR0NmeHpXQmtqcytHekx4ZThBRGJoTEoybVdHQVYwdzhsT1VSNmRLNkt0c1BZa2JYY1JIQjM2SGR5ClU1cnhML3RVeU8vMWZZTUZyT2VKZE5RYlJtYVhxRHZxOGIxb3M4ZVlVZlZGbmhtSk1XbDZGUWVpT1BJckQzRUgKOUkxQUxRNXlQWmc1NytySnRLUUthNms0eFAxVm5yeHZwcDc1cCtXelNMR1VaQVQzUWt4YnNKc0tMZGZIbENEYQpWSHE4T1BMNUNBRkNnM0NqNmNoQ3YrRlh3YldKOVU1dVhIc0hhZTdENmpUWkh0amxaNUVDQXdFQUFhTklNRVl3CkRnWURWUjBQQVFIL0JBUURBZ1dnTUJNR0ExVWRKUVFNTUFvR0NDc0dBUVVGQndNQ01COEdBMVVkSXdRWU1CYUEKRkdYMEx2QkdFNSt2aU1jdldualk5TUZyVncyOU1BMEdDU3FHU0liM0RRRUJDd1VBQTRJQkFRQ1BRRGRLdGF5VwpQVXdIa1NySTFBRjdxMnpXTTlJeitRdVNSSnRTSEVwbUU5UW1mc3h0cnp1U3hxMU13L1gyTnZEeWFHVU9qVFVkCkU1bkhzWllMZ1UxZk5ONmJJcHZNbDkwNG8yVmI5ZE53anpoR1pnMER5MVRnK0pKajBncG83SjZPU3F1OWNneWcKWkNVTmdnNWhBYXpHN1JCcjh1bFBhSTk5RmZkN2loVndpWCtoUU1NMHBjL3l1RzdERDRZZ2w3OUwxOXZPRWFvUQptT0dKaXYwMVVvcDQyRmMrdTVBbjFMSzR5RnBUaTgwd0F3cmgvcE9yNjBqVXlSUzFzMDFFRXVTZFpacUFQQ1JoCkw2MThmZVhVWTAvZitTZ3R1WmpyS1Q0NnY4bmQwOXNBb2pPS1RSYy81QlMrZXBtOXpqU1hyMDhIa0pSWDNuV1cKNWwzdlJjV0ZNalhHCi0tLS0tRU5EIENFUlRJRklDQVRFLS0tLS0K\",\"client-key-data\":\"LS0tLS1CRUdJTiBSU0EgUFJJVkFURSBLRVktLS0tLQpNSUlFcEFJQkFBS0NBUUVBbVljSitLc3dMZGN2SjNqWm10aldnd09ibmlydFNjRVp5SXBlVEQwZTJwTVJPRndFCmtNQjlOcE9KZDB4Z3RCUjFSbkhKeVBKQUNaL0o0SHM1QlIyVkUxUWhSV3BzenJ6cjNKd09HS2xCaVFZSi9ITlkKR1NPejRiTXZGN3dBTnVFc25hWllZQlhURHlVNVJIcDByb3EydzlpUnRkeEVjSGZvZDNKVG12RXYrMVRJNy9WOQpnd1dzNTRsMDFCdEdacGVvTytyeHZXaXp4NWhSOVVXZUdZa3hhWG9WQjZJNDhpc1BjUWYwalVBdERuSTltRG52CjZzbTBwQXBycVRqRS9WV2V2RyttbnZtbjViTklzWlJrQlBkQ1RGdXdtd290MThlVUlOcFVlcnc0OHZrSUFVS0QKY0tQcHlFSy80VmZCdFluMVRtNWNld2RwN3NQcU5Oa2UyT1Zua1FJREFRQUJBb0lCQUNaZk5nTE01cEhPZ3A2ZQorZVJWNWVlQTgxZ282bjNRb1owWjJFKzl4d1JpVlo5OGdEZWRwSzRMV2dSVE5xaExwTFFpcElodzQ4aUVBM1R6CjEyQ0w4RUtRZUhCZEZTem0weHlrZEhGOWZEKy9IcWZXUEdLc0piMTNoNEdySDNLWC9RcTZGTVNQTDkxTk5HOEYKSER5enR0SmtRcWJ0a3IxNWVzUy84bDE3Z3I2U0l6a3g4OER1c3UwditrMmVZdW9IL1JwVkFYVVlLM3RLbkliUQpUT0hrTWU0Rjcwbm9vUFdsOTZpUzU3dmR3YURSK2s2OUVXakhVRlFpTStxUU5FWndYaklQY25XWFFIUkxGYVV4Cm1sYW1WL0hjWktQMnl0d1Fwc2oraXNDcW1qSUk1S3QxcmpZeUxhSWhCTWR4MDZQMXcweEFWajlhNDBIMnZQR1oKNm9GTEFBRUNnWUVBd3VJOVJRVktnRllGQmVaU0toWllLbFg1aHFPbHBUcjl6MXdYbzk4YXRFWmdwOGs0SXdlUwp1SjdkMzg4ZDE5bHB0L1JoOFFrbVlzYUFzamF1SFVhS09rUWIxSzBsWGNzWitoVWt5K1pIVE11L1FkcEtIRFFzCmVORk5PSyt6NkM1dzZXSU1KN0ZUeWpCdS9lMEk1NjI4a25FdEQ4VXdtTzBRRTMzdnFXSExGNUVDZ1lFQXlheWQKY3dYWjN3MGdpcmtqRDgzTHVpQnNvNlRsUG1HL2RhS3JRMFk2NnFFUjE0V3UzcjRKMkxBZHNyenNTOW9rYXQ5TwpOYTJ0TGcyQ21NMXYycTlvVzc0Um03cEorVWRkOHlXYkxMYjJ2NHhyMGJXQm9uRTU2ZFhnTWYrV0xpL1NlSE5xCk9FMlhkTHZyWjh6UjllSmxiMVg2VGtjclc5YjVMMnNaU0FkdFVBRUNnWUVBbDFCY0xDd0loWTdFaGFrb0lKK0sKd3d4UUd0Y1ROVENSZ3lCSkJxYWlzRmg0a2E0dGxSMDdNWGZBWkJjSFgrSGlNTDlpRUdsL1VYQTQycWFVR0F6KwpKSEZmZm9rVm16YW9LOEdnK1dRSjlqbTRmV1FFNk5NbHVJVWlSU0kvT01aZVN3Y2kwdXJmV1B5MElScWJNRzk0CkcrZ2VDY0dja3hCMXkveWJTZE94Z2RFQ2dZQk9TM0JZN21XV0hiK0xlN0tyK1FabHZSN1FMVDAraWE1TjJoaEoKSnVQS29UdVBBM3hQUjFJRlNPSk91TiszMXZtYWNCVXA2OEkzQmRHMHh0VHMvbm95VzhqMFAwOW1zcGs3dzFiSgo5a0kzUFNuQ29ZZXhhK25DNldCL3FLMUNReGlmNEpiVlF2SlF4SC93cldpNTMrbm5YbWF0cXgyZkt3ZFVyR3lGCk5UVHdBUUtCZ1FDUjRFZi8rK0dVcEpNT3J0V3grMklaanQ0Y2VnL1hjTmlrWFp1V1NLdE1NeVJzRXUzZE94dW8KenBQMExpNTFYdlJiRVBaU1RvL0M2NTAzcEcxSXRCTU9lNldRSlJoWjJHYTdBY2Jiam82N1E2WWRvc1cyblRWeApWamIvN2NYQVAzemMrLzhleURaV1RxV1hyVE85bGFyNjhXdW14SUFIbVlBSWNwdzFWZlRSekE9PQotLS0tLUVORCBSU0EgUFJJVkFURSBLRVktLS0tLQo=\"}}]}",
            "region": "af-south-1",
            "users": [
              {
                "name": "user",
                "user": [
                  {
                    "client_certificate_data": "LS0tLS1CRUdJTiBDRVJUSUZJQ0FURS0tLS0tCk1JSURsVENDQW4yZ0F3SUJBZ0lJVnpFQVFWcnQzUFF3RFFZSktvWklodmNOQVFFTEJRQXdLVEVaTUJjR0ExVUUKQ2hNUVEwTkZJRlJsWTJodWIyeHZaMmxsY3pFTU1Bb0dBMVVFQXhNRFEwTkZNQjRYRFRJMU1Ea3hOekV4TWpBMApNVm9YRFRJMU1UQXhOekV4TWpBME1Wb3dnYUV4ZERBUUJnTlZCQW9UQ1dOalpUcDFjMlZ5Y3pBbkJnTlZCQW9UCklEZ3paVGRqWmpRNU9UYzFNRFJpTURKaE9HTmhPREF5TURZellXVTNaVFk0TURjR0ExVUVDaE13WWpjME5HVTIKWm1Wa1pUbGhOREE0T0RreFptWmxNMlV4TVRFNE5HSmtZVGd0WTJWeWRDMHhOelU0TURJME1EZ3hNU2t3SndZRApWUVFERXlCaU56UTBaVFptWldSbE9XRTBNRGc0T1RGbVptVXpaVEV4TVRnMFltUmhPRENDQVNJd0RRWUpLb1pJCmh2Y05BUUVCQlFBRGdnRVBBRENDQVFvQ2dnRUJBSm1IQ2Zpck1DM1hMeWQ0MlpyWTFvTURtNTRxN1VuQkdjaUsKWGt3OUh0cVRFVGhjQkpEQWZUYVRpWGRNWUxRVWRVWnh5Y2p5UUFtZnllQjdPUVVkbFJOVUlVVnFiTTY4Njl5YwpEaGlwUVlrR0NmeHpXQmtqcytHekx4ZThBRGJoTEoybVdHQVYwdzhsT1VSNmRLNkt0c1BZa2JYY1JIQjM2SGR5ClU1cnhML3RVeU8vMWZZTUZyT2VKZE5RYlJtYVhxRHZxOGIxb3M4ZVlVZlZGbmhtSk1XbDZGUWVpT1BJckQzRUgKOUkxQUxRNXlQWmc1NytySnRLUUthNms0eFAxVm5yeHZwcDc1cCtXelNMR1VaQVQzUWt4YnNKc0tMZGZIbENEYQpWSHE4T1BMNUNBRkNnM0NqNmNoQ3YrRlh3YldKOVU1dVhIc0hhZTdENmpUWkh0amxaNUVDQXdFQUFhTklNRVl3CkRnWURWUjBQQVFIL0JBUURBZ1dnTUJNR0ExVWRKUVFNTUFvR0NDc0dBUVVGQndNQ01COEdBMVVkSXdRWU1CYUEKRkdYMEx2QkdFNSt2aU1jdldualk5TUZyVncyOU1BMEdDU3FHU0liM0RRRUJDd1VBQTRJQkFRQ1BRRGRLdGF5VwpQVXdIa1NySTFBRjdxMnpXTTlJeitRdVNSSnRTSEVwbUU5UW1mc3h0cnp1U3hxMU13L1gyTnZEeWFHVU9qVFVkCkU1bkhzWllMZ1UxZk5ONmJJcHZNbDkwNG8yVmI5ZE53anpoR1pnMER5MVRnK0pKajBncG83SjZPU3F1OWNneWcKWkNVTmdnNWhBYXpHN1JCcjh1bFBhSTk5RmZkN2loVndpWCtoUU1NMHBjL3l1RzdERDRZZ2w3OUwxOXZPRWFvUQptT0dKaXYwMVVvcDQyRmMrdTVBbjFMSzR5RnBUaTgwd0F3cmgvcE9yNjBqVXlSUzFzMDFFRXVTZFpacUFQQ1JoCkw2MThmZVhVWTAvZitTZ3R1WmpyS1Q0NnY4bmQwOXNBb2pPS1RSYy81QlMrZXBtOXpqU1hyMDhIa0pSWDNuV1cKNWwzdlJjV0ZNalhHCi0tLS0tRU5EIENFUlRJRklDQVRFLS0tLS0K",
                    "client_key_data": "LS0tLS1CRUdJTiBSU0EgUFJJVkFURSBLRVktLS0tLQpNSUlFcEFJQkFBS0NBUUVBbVljSitLc3dMZGN2SjNqWm10aldnd09ibmlydFNjRVp5SXBlVEQwZTJwTVJPRndFCmtNQjlOcE9KZDB4Z3RCUjFSbkhKeVBKQUNaL0o0SHM1QlIyVkUxUWhSV3BzenJ6cjNKd09HS2xCaVFZSi9ITlkKR1NPejRiTXZGN3dBTnVFc25hWllZQlhURHlVNVJIcDByb3EydzlpUnRkeEVjSGZvZDNKVG12RXYrMVRJNy9WOQpnd1dzNTRsMDFCdEdacGVvTytyeHZXaXp4NWhSOVVXZUdZa3hhWG9WQjZJNDhpc1BjUWYwalVBdERuSTltRG52CjZzbTBwQXBycVRqRS9WV2V2RyttbnZtbjViTklzWlJrQlBkQ1RGdXdtd290MThlVUlOcFVlcnc0OHZrSUFVS0QKY0tQcHlFSy80VmZCdFluMVRtNWNld2RwN3NQcU5Oa2UyT1Zua1FJREFRQUJBb0lCQUNaZk5nTE01cEhPZ3A2ZQorZVJWNWVlQTgxZ282bjNRb1owWjJFKzl4d1JpVlo5OGdEZWRwSzRMV2dSVE5xaExwTFFpcElodzQ4aUVBM1R6CjEyQ0w4RUtRZUhCZEZTem0weHlrZEhGOWZEKy9IcWZXUEdLc0piMTNoNEdySDNLWC9RcTZGTVNQTDkxTk5HOEYKSER5enR0SmtRcWJ0a3IxNWVzUy84bDE3Z3I2U0l6a3g4OER1c3UwditrMmVZdW9IL1JwVkFYVVlLM3RLbkliUQpUT0hrTWU0Rjcwbm9vUFdsOTZpUzU3dmR3YURSK2s2OUVXakhVRlFpTStxUU5FWndYaklQY25XWFFIUkxGYVV4Cm1sYW1WL0hjWktQMnl0d1Fwc2oraXNDcW1qSUk1S3QxcmpZeUxhSWhCTWR4MDZQMXcweEFWajlhNDBIMnZQR1oKNm9GTEFBRUNnWUVBd3VJOVJRVktnRllGQmVaU0toWllLbFg1aHFPbHBUcjl6MXdYbzk4YXRFWmdwOGs0SXdlUwp1SjdkMzg4ZDE5bHB0L1JoOFFrbVlzYUFzamF1SFVhS09rUWIxSzBsWGNzWitoVWt5K1pIVE11L1FkcEtIRFFzCmVORk5PSyt6NkM1dzZXSU1KN0ZUeWpCdS9lMEk1NjI4a25FdEQ4VXdtTzBRRTMzdnFXSExGNUVDZ1lFQXlheWQKY3dYWjN3MGdpcmtqRDgzTHVpQnNvNlRsUG1HL2RhS3JRMFk2NnFFUjE0V3UzcjRKMkxBZHNyenNTOW9rYXQ5TwpOYTJ0TGcyQ21NMXYycTlvVzc0Um03cEorVWRkOHlXYkxMYjJ2NHhyMGJXQm9uRTU2ZFhnTWYrV0xpL1NlSE5xCk9FMlhkTHZyWjh6UjllSmxiMVg2VGtjclc5YjVMMnNaU0FkdFVBRUNnWUVBbDFCY0xDd0loWTdFaGFrb0lKK0sKd3d4UUd0Y1ROVENSZ3lCSkJxYWlzRmg0a2E0dGxSMDdNWGZBWkJjSFgrSGlNTDlpRUdsL1VYQTQycWFVR0F6KwpKSEZmZm9rVm16YW9LOEdnK1dRSjlqbTRmV1FFNk5NbHVJVWlSU0kvT01aZVN3Y2kwdXJmV1B5MElScWJNRzk0CkcrZ2VDY0dja3hCMXkveWJTZE94Z2RFQ2dZQk9TM0JZN21XV0hiK0xlN0tyK1FabHZSN1FMVDAraWE1TjJoaEoKSnVQS29UdVBBM3hQUjFJRlNPSk91TiszMXZtYWNCVXA2OEkzQmRHMHh0VHMvbm95VzhqMFAwOW1zcGs3dzFiSgo5a0kzUFNuQ29ZZXhhK25DNldCL3FLMUNReGlmNEpiVlF2SlF4SC93cldpNTMrbm5YbWF0cXgyZkt3ZFVyR3lGCk5UVHdBUUtCZ1FDUjRFZi8rK0dVcEpNT3J0V3grMklaanQ0Y2VnL1hjTmlrWFp1V1NLdE1NeVJzRXUzZE94dW8KenBQMExpNTFYdlJiRVBaU1RvL0M2NTAzcEcxSXRCTU9lNldRSlJoWjJHYTdBY2Jiam82N1E2WWRvc1cyblRWeApWamIvN2NYQVAzemMrLzhleURaV1RxV1hyVE85bGFyNjhXdW14SUFIbVlBSWNwdzFWZlRSekE9PQotLS0tLUVORCBSU0EgUFJJVkFURSBLRVktLS0tLQo="
                  }
                ]
              }
            ]
          },
          "sensitive_attributes": [],
          "identity_schema_version": 0
        }
      ]
    },
    {
      "mode": "data",
      "type": "huaweicloud_vpcep_public_services",
      "name": "swr_service",
      "provider": "provider[\"registry.terraform.io/huaweicloud/huaweicloud\"]",
      "instances": [
        {
          "schema_version": 0,
          "attributes": {
            "id": "539f697f-cef2-4b83-164c-1771b5ee939d",
            "region": "af-south-1",
            "service_id": null,
            "service_name": "swr",
            "services": [
              {
                "id": "2fc30ac1-34ea-492e-93ad-7460b55ca4b3",
                "is_charge": true,
                "owner": "huawei",
                "service_name": "com.myhuaweicloud.af-south-1.swr",
                "service_type": "interface"
              }
            ]
          },
          "sensitive_attributes": [],
          "identity_schema_version": 0
        }
      ]
    },
    {
      "mode": "data",
      "type": "kubernetes_service",
      "name": "ingress_ctrl",
      "provider": "provider[\"registry.terraform.io/hashicorp/kubernetes\"]",
      "instances": [
        {
          "schema_version": 0,
          "attributes": {
            "id": "ingress-nginx/ingress-nginx-controller",
            "metadata": [
              {
                "annotations": {
                  "kubernetes.io/elb.class": "performance",
                  "kubernetes.io/elb.id": "dc37d74a-0134-4e04-9917-b2cd0a15e557",
                  "meta.helm.sh/release-name": "ingress-nginx",
                  "meta.helm.sh/release-namespace": "ingress-nginx"
                },
                "generation": 0,
                "labels": {
                  "app.kubernetes.io/component": "controller",
                  "app.kubernetes.io/instance": "ingress-nginx",
                  "app.kubernetes.io/managed-by": "Helm",
                  "app.kubernetes.io/name": "ingress-nginx",
                  "app.kubernetes.io/part-of": "ingress-nginx",
                  "app.kubernetes.io/version": "1.13.2",
                  "helm.sh/chart": "ingress-nginx-4.13.2"
                },
                "name": "ingress-nginx-controller",
                "namespace": "ingress-nginx",
                "resource_version": "1459",
                "uid": "58811e21-ba0b-40a2-82a0-0230272b0461"
              }
            ],
            "spec": [
              {
                "allocate_load_balancer_node_ports": true,
                "cluster_ip": "10.247.18.90",
                "cluster_ips": [
                  "10.247.18.90"
                ],
                "external_ips": [],
                "external_name": "",
                "external_traffic_policy": "Cluster",
                "health_check_node_port": 0,
                "internal_traffic_policy": "Cluster",
                "ip_families": [
                  "IPv4"
                ],
                "ip_family_policy": "SingleStack",
                "load_balancer_class": "",
                "load_balancer_ip": "192.168.0.59",
                "load_balancer_source_ranges": [],
                "port": [
                  {
                    "app_protocol": "http",
                    "name": "http",
                    "node_port": 30758,
                    "port": 80,
                    "protocol": "TCP",
                    "target_port": "http"
                  },
                  {
                    "app_protocol": "https",
                    "name": "https",
                    "node_port": 30442,
                    "port": 443,
                    "protocol": "TCP",
                    "target_port": "https"
                  }
                ],
                "publish_not_ready_addresses": false,
                "selector": {
                  "app.kubernetes.io/component": "controller",
                  "app.kubernetes.io/instance": "ingress-nginx",
                  "app.kubernetes.io/name": "ingress-nginx"
                },
                "session_affinity": "None",
                "session_affinity_config": [],
                "type": "LoadBalancer"
              }
            ],
            "status": [
              {
                "load_balancer": [
                  {
                    "ingress": [
                      {
                        "hostname": "",
                        "ip": "192.168.0.59"
                      },
                      {
                        "hostname": "",
                        "ip": "110.238.73.124"
                      }
                    ]
                  }
                ]
              }
            ]
          },
          "sensitive_attributes": [],
          "identity_schema_version": 0
        }
      ]
    },
    {
      "mode": "managed",
      "type": "helm_release",
      "name": "ingress_nginx",
      "provider": "provider[\"registry.terraform.io/hashicorp/helm\"]",
      "instances": [
        {
          "schema_version": 2,
          "attributes": {
            "atomic": false,
            "chart": "ingress-nginx",
            "cleanup_on_fail": false,
            "create_namespace": false,
            "dependency_update": false,
            "description": null,
            "devel": null,
            "disable_crd_hooks": false,
            "disable_openapi_validation": false,
            "disable_webhooks": false,
            "force_update": false,
            "id": "ingress-nginx",
            "keyring": null,
            "lint": false,
            "manifest": null,
            "max_history": 0,
            "metadata": {
              "app_version": "1.13.2",
              "chart": "ingress-nginx",
              "first_deployed": 1758024087,
              "last_deployed": 1758024087,
              "name": "ingress-nginx",
              "namespace": "ingress-nginx",
              "notes": "The ingress-nginx controller has been installed.\nIt may take a few minutes for the load balancer IP to be available.\nYou can watch the status by running 'kubectl get service --namespace ingress-nginx ingress-nginx-controller --output wide --watch'\n\nAn example Ingress that makes use of the controller:\n  apiVersion: networking.k8s.io/v1\n  kind: Ingress\n  metadata:\n    name: example\n    namespace: foo\n  spec:\n    ingressClassName: nginx\n    rules:\n      - host: www.example.com\n        http:\n          paths:\n            - pathType: Prefix\n              backend:\n                service:\n                  name: exampleService\n                  port:\n                    number: 80\n              path: /\n    # This section is only required if TLS is to be enabled for the Ingress\n    tls:\n      - hosts:\n        - www.example.com\n        secretName: example-tls\n\nIf TLS is enabled for the Ingress, a Secret containing the certificate and key must also be provided:\n\n  apiVersion: v1\n  kind: Secret\n  metadata:\n    name: example-tls\n    namespace: foo\n  data:\n    tls.crt: \u003cbase64 encoded cert\u003e\n    tls.key: \u003cbase64 encoded key\u003e\n  type: kubernetes.io/tls\n",
              "revision": 1,
              "values": "{\"controller\":{\"service\":{\"annotations\":{\"kubernetes.io/elb.class\":\"performance\",\"kubernetes.io/elb.id\":\"dc37d74a-0134-4e04-9917-b2cd0a15e557\"},\"type\":\"LoadBalancer\"}}}",
              "version": "4.13.2"
            },
            "name": "ingress-nginx",
            "namespace": "ingress-nginx",
            "pass_credentials": false,
            "postrender": null,
            "recreate_pods": false,
            "render_subchart_notes": true,
            "replace": false,
            "repository": "https://kubernetes.github.io/ingress-nginx",
            "repository_ca_file": null,
            "repository_cert_file": null,
            "repository_key_file": null,
            "repository_password": null,
            "repository_username": null,
            "reset_values": false,
            "reuse_values": false,
            "set": [
              {
                "name": "controller.service.type",
                "type": "",
                "value": "LoadBalancer"
              },
              {
                "name": "controller.service.annotations.kubernetes\\.io/elb\\.class",
                "type": "",
                "value": "performance"
              },
              {
                "name": "controller.service.annotations.kubernetes\\.io/elb\\.id",
                "type": "",
                "value": "dc37d74a-0134-4e04-9917-b2cd0a15e557"
              }
            ],
            "set_list": null,
            "set_sensitive": null,
            "set_wo": null,
            "set_wo_revision": null,
            "skip_crds": false,
            "status": "deployed",
            "timeout": 600,
            "values": null,
            "verify": false,
            "version": "4.13.2",
            "wait": true,
            "wait_for_jobs": false
          },
          "sensitive_attributes": [
            [
              {
                "type": "get_attr",
                "value": "repository_password"
              }
            ]
          ],
          "identity_schema_version": 0,
          "identity": {
            "namespace": "ingress-nginx",
            "release_name": "ingress-nginx"
          },
          "dependencies": [
            "data.huaweicloud_availability_zones.zones",
            "data.huaweicloud_cce_autopilot_cluster_certificate.mlrun_cluster_cert",
            "data.huaweicloud_vpcep_public_services.swr_service",
            "huaweicloud_cce_autopilot_cluster.mlrun-cluster",
            "huaweicloud_elb_loadbalancer.mlrun_elb_ingress",
            "huaweicloud_vpc.vpc",
            "huaweicloud_vpc_eip.mlrun_eip",
            "huaweicloud_vpc_eip.mlrun_eip_ingress",
            "huaweicloud_vpc_subnet.subnet",
            "huaweicloud_vpcep_endpoint.swr_endpoint",
            "kubernetes_namespace.ingress_nginx",
            "local_sensitive_file.kubeconfig"
          ]
        }
      ]
    },
    {
      "mode": "managed",
      "type": "huaweicloud_cce_autopilot_cluster",
      "name": "mlrun-cluster",
      "provider": "provider[\"registry.terraform.io/huaweicloud/huaweicloud\"]",
      "instances": [
        {
          "schema_version": 0,
          "attributes": {
            "alias": "mlrun-cluster",
            "annotations": {
              "enableAutopilot": "true"
            },
            "authentication": [
              {
                "mode": "rbac"
              }
            ],
            "az": "multi_az",
            "category": "Turbo",
            "configurations_override": [],
            "container_network": [
              {
                "mode": "eni"
              }
            ],
            "created_at": "2025-09-16 11:56:15.944434 +0000 UTC",
            "custom_san": [],
            "delete_efs": null,
            "delete_eni": null,
            "delete_net": null,
            "delete_obs": null,
            "delete_sfs30": null,
            "deletion_protection": false,
            "description": "MLRun CCE Autopilot Cluster",
            "eip_id": "89276c5b-3ca2-4ed9-bb99-151b52a98b86",
            "enable_autopilot": true,
            "enable_force_new": null,
            "enable_snat": null,
            "enable_swr_image_access": null,
            "eni_network": [
              {
                "subnets": [
                  {
                    "subnet_id": "f304b3c8-5ae3-44b1-a90e-3a7f423ced45"
                  }
                ]
              }
            ],
            "extend_param": [
              {
                "enterprise_project_id": ""
              }
            ],
            "flavor": "cce.autopilot.cluster",
            "host_network": [
              {
                "subnet": "c83eb1e3-2a65-4cdd-80fa-95758fc08a30",
                "vpc": "731b15c9-ccd2-4e3a-a37a-f1bea9b7c664"
              }
            ],
            "id": "26393556-92f4-11f0-a3bd-0255ac100200",
            "ipv6_enable": false,
            "kube_proxy_mode": "iptables",
            "lts_reclaim_policy": null,
            "name": "mlrun-cluster",
            "platform_version": "cce.4.0",
            "region": "af-south-1",
            "service_network": [
              {
                "ipv4_cidr": "10.247.0.0/16"
              }
            ],
            "status": [
              {
                "endpoints": [
                  {
                    "type": "Internal",
                    "url": "https://26393556-92f4-11f0-a3bd-0255ac100200.cluster.cce.af-south-1.myhuaweicloud.com:5443"
                  },
                  {
                    "type": "InternalIP",
                    "url": "https://192.168.0.95:5443"
                  },
                  {
                    "type": "External",
                    "url": "https://110.238.76.15:5443"
                  }
                ],
                "phase": "Available"
              }
            ],
            "tags": {
              "env": "mlrun"
            },
            "timeouts": null,
            "type": "VirtualMachine",
            "updated_at": "2025-09-17 11:20:07.327081 +0000 UTC",
            "version": "v1.31"
          },
          "sensitive_attributes": [],
          "identity_schema_version": 0,
          "private": "eyJlMmJmYjczMC1lY2FhLTExZTYtOGY4OC0zNDM2M2JjN2M0YzAiOnsiY3JlYXRlIjoxODAwMDAwMDAwMDAwLCJkZWxldGUiOjE4MDAwMDAwMDAwMDB9fQ==",
          "dependencies": [
            "huaweicloud_vpc.vpc",
            "huaweicloud_vpc_eip.mlrun_eip",
            "huaweicloud_vpc_subnet.subnet"
          ]
        }
      ]
    },
    {
      "mode": "managed",
      "type": "huaweicloud_elb_loadbalancer",
      "name": "mlrun_elb_ingress",
      "provider": "provider[\"registry.terraform.io/huaweicloud/huaweicloud\"]",
      "instances": [
        {
          "schema_version": 0,
          "attributes": {
            "auto_pay": null,
            "auto_renew": null,
            "autoscaling_enabled": false,
            "availability_zone": [
              "af-south-1a"
            ],
            "backend_subnets": [
              "c83eb1e3-2a65-4cdd-80fa-95758fc08a30"
            ],
            "bandwidth_charge_mode": null,
            "bandwidth_id": null,
            "bandwidth_size": null,
            "charge_mode": "flavor",
            "charging_mode": "postPaid",
            "created_at": "2025-09-16T11:56:09Z",
            "cross_vpc_backend": false,
            "deletion_protection_enable": null,
            "description": "",
            "elb_virsubnet_type": "ipv4",
            "enterprise_project_id": "0",
            "force_delete": null,
            "frozen_scene": "",
            "guaranteed": true,
            "gw_flavor_id": "",
            "id": "dc37d74a-0134-4e04-9917-b2cd0a15e557",
            "iptype": null,
            "ipv4_address": "192.168.0.59",
            "ipv4_eip": "110.238.73.124",
            "ipv4_eip_id": "fdea48ae-ff74-4df6-9905-a93d13e3386f",
            "ipv4_port_id": "fbd65f84-2fc1-496d-976d-b4d7506a00dc",
            "ipv4_subnet_id": "f304b3c8-5ae3-44b1-a90e-3a7f423ced45",
            "ipv6_address": "",
            "ipv6_bandwidth_id": null,
            "ipv6_eip": null,
            "ipv6_eip_id": null,
            "ipv6_network_id": "",
            "l4_flavor_id": "207ff954-7fa0-4258-a9bd-6dd8ee65e614",
            "l7_flavor_id": "32b7235a-2efd-4111-829d-9b74061052ba",
            "loadbalancer_type": "",
            "min_l7_flavor_id": "",
            "name": "mlrun-elb-ingress",
            "operating_status": "ONLINE",
            "period": null,
            "period_unit": null,
            "protection_reason": "",
            "protection_status": "nonProtection",
            "public_border_group": "center",
            "region": "af-south-1",
            "sharetype": null,
            "tags": {},
            "timeouts": null,
            "updated_at": "2025-09-16T11:56:11Z",
            "vpc_id": "731b15c9-ccd2-4e3a-a37a-f1bea9b7c664",
            "waf_failure_action": "forward"
          },
          "sensitive_attributes": [],
          "identity_schema_version": 0,
          "private": "eyJlMmJmYjczMC1lY2FhLTExZTYtOGY4OC0zNDM2M2JjN2M0YzAiOnsiY3JlYXRlIjo2MDAwMDAwMDAwMDAsImRlbGV0ZSI6MzAwMDAwMDAwMDAwLCJ1cGRhdGUiOjYwMDAwMDAwMDAwMH19",
          "dependencies": [
            "data.huaweicloud_availability_zones.zones",
            "huaweicloud_vpc.vpc",
            "huaweicloud_vpc_eip.mlrun_eip",
            "huaweicloud_vpc_eip.mlrun_eip_ingress",
            "huaweicloud_vpc_subnet.subnet"
          ]
        }
      ]
    },
    {
      "mode": "managed",
      "type": "huaweicloud_nat_gateway",
      "name": "mlrun_nat",
      "provider": "provider[\"registry.terraform.io/huaweicloud/huaweicloud\"]",
      "instances": [
        {
          "schema_version": 0,
          "attributes": {
            "auto_renew": null,
            "billing_info": "",
            "bps_max": 20480,
            "charging_mode": null,
            "created_at": "2025-09-16 11:56:09.000226",
            "description": "",
            "dnat_rules_limit": 200,
            "enterprise_project_id": "0",
            "id": "2e8fae41-f617-46f2-9de7-9b764cede480",
            "name": "mlrun-nat",
            "ngport_ip_address": "192.168.0.225",
            "period": null,
            "period_unit": null,
            "pps_max": 2000000,
            "region": "af-south-1",
            "session_conf": [
              {
                "icmp_session_expire_time": 10,
                "tcp_session_expire_time": 900,
                "tcp_time_wait_time": 5,
                "udp_session_expire_time": 300
              }
            ],
            "snat_rule_public_ip_limit": 20,
            "spec": "1",
            "status": "ACTIVE",
            "subnet_id": "c83eb1e3-2a65-4cdd-80fa-95758fc08a30",
            "tags": {},
            "timeouts": null,
            "vpc_id": "731b15c9-ccd2-4e3a-a37a-f1bea9b7c664"
          },
          "sensitive_attributes": [],
          "identity_schema_version": 0,
          "private": "eyJlMmJmYjczMC1lY2FhLTExZTYtOGY4OC0zNDM2M2JjN2M0YzAiOnsiY3JlYXRlIjozMDAwMDAwMDAwMDAsImRlbGV0ZSI6MzAwMDAwMDAwMDAwLCJ1cGRhdGUiOjMwMDAwMDAwMDAwMH19",
          "dependencies": [
            "huaweicloud_vpc.vpc",
            "huaweicloud_vpc_subnet.subnet"
          ]
        }
      ]
    },
    {
      "mode": "managed",
      "type": "huaweicloud_nat_snat_rule",
      "name": "snat_all",
      "provider": "provider[\"registry.terraform.io/huaweicloud/huaweicloud\"]",
      "instances": [
        {
          "schema_version": 0,
          "attributes": {
            "cidr": "",
            "created_at": "2025-09-16 11:56:14.000732",
            "description": "",
            "floating_ip_address": "203.123.81.236",
            "floating_ip_id": "b3fe46b5-ab6b-4893-a21f-c4d0406c274b",
            "freezed_ip_address": "",
            "global_eip_address": "",
            "global_eip_id": "",
            "id": "272eb2d1-7273-4d96-b773-377e1d855a67",
            "nat_gateway_id": "2e8fae41-f617-46f2-9de7-9b764cede480",
            "network_id": null,
            "region": "af-south-1",
            "source_type": 0,
            "status": "ACTIVE",
            "subnet_id": "c83eb1e3-2a65-4cdd-80fa-95758fc08a30",
            "timeouts": null
          },
          "sensitive_attributes": [],
          "identity_schema_version": 0,
          "private": "eyJlMmJmYjczMC1lY2FhLTExZTYtOGY4OC0zNDM2M2JjN2M0YzAiOnsiY3JlYXRlIjozMDAwMDAwMDAwMDAsImRlbGV0ZSI6MzAwMDAwMDAwMDAwLCJ1cGRhdGUiOjMwMDAwMDAwMDAwMH19",
          "dependencies": [
            "huaweicloud_nat_gateway.mlrun_nat",
            "huaweicloud_vpc.vpc",
            "huaweicloud_vpc_eip.mlrun_nat_eip",
            "huaweicloud_vpc_subnet.subnet"
          ]
        }
      ]
    },
    {
      "mode": "managed",
      "type": "huaweicloud_networking_secgroup",
      "name": "secgroup",
      "provider": "provider[\"registry.terraform.io/huaweicloud/huaweicloud\"]",
      "instances": [
        {
          "schema_version": 0,
          "attributes": {
            "created_at": "2025-09-16T11:55:55Z",
            "delete_default_rules": true,
            "description": "MLRun security group",
            "enterprise_project_id": "0",
            "id": "dadb3665-7f79-4fd6-ae3c-74a7982e184c",
            "name": "mlrun-secgroup",
            "region": "af-south-1",
            "rules": [
              {
                "action": "allow",
                "description": "",
                "direction": "ingress",
                "ethertype": "IPv4",
                "id": "a3190c72-1ead-445a-8f90-3e9dce1acf07",
                "port_range_max": 22,
                "port_range_min": 22,
                "ports": "22",
                "priority": 1,
                "protocol": "tcp",
                "remote_address_group_id": "",
                "remote_group_id": "",
                "remote_ip_prefix": "0.0.0.0/0"
              },
              {
                "action": "allow",
                "description": "",
                "direction": "ingress",
                "ethertype": "IPv4",
                "id": "fb3a103e-3eb6-49e9-826d-ca2a15c7d001",
                "port_range_max": 80,
                "port_range_min": 80,
                "ports": "80",
                "priority": 1,
                "protocol": "tcp",
                "remote_address_group_id": "",
                "remote_group_id": "",
                "remote_ip_prefix": "0.0.0.0/0"
              }
            ],
            "tags": {},
            "timeouts": null,
            "updated_at": "2025-09-16T11:55:56Z"
          },
          "sensitive_attributes": [],
          "identity_schema_version": 0,
          "private": "eyJlMmJmYjczMC1lY2FhLTExZTYtOGY4OC0zNDM2M2JjN2M0YzAiOnsiZGVsZXRlIjo2MDAwMDAwMDAwMDB9fQ=="
        }
      ]
    },
    {
      "mode": "managed",
      "type": "huaweicloud_networking_secgroup_rule",
      "name": "secgroup_rule_http",
      "provider": "provider[\"registry.terraform.io/huaweicloud/huaweicloud\"]",
      "instances": [
        {
          "schema_version": 0,
          "attributes": {
            "action": "allow",
            "description": "",
            "direction": "ingress",
            "ethertype": "IPv4",
            "id": "fb3a103e-3eb6-49e9-826d-ca2a15c7d001",
            "port_range_max": 80,
            "port_range_min": 80,
            "ports": "80",
            "priority": 1,
            "protocol": "tcp",
            "region": "af-south-1",
            "remote_address_group_id": "",
            "remote_group_id": "",
            "remote_ip_prefix": "0.0.0.0/0",
            "security_group_id": "dadb3665-7f79-4fd6-ae3c-74a7982e184c",
            "timeouts": null
          },
          "sensitive_attributes": [],
          "identity_schema_version": 0,
          "private": "eyJlMmJmYjczMC1lY2FhLTExZTYtOGY4OC0zNDM2M2JjN2M0YzAiOnsiZGVsZXRlIjo2MDAwMDAwMDAwMDB9fQ==",
          "dependencies": [
            "huaweicloud_networking_secgroup.secgroup"
          ]
        }
      ]
    },
    {
      "mode": "managed",
      "type": "huaweicloud_networking_secgroup_rule",
      "name": "secgroup_rule_ssh",
      "provider": "provider[\"registry.terraform.io/huaweicloud/huaweicloud\"]",
      "instances": [
        {
          "schema_version": 0,
          "attributes": {
            "action": "allow",
            "description": "",
            "direction": "ingress",
            "ethertype": "IPv4",
            "id": "a3190c72-1ead-445a-8f90-3e9dce1acf07",
            "port_range_max": 22,
            "port_range_min": 22,
            "ports": "22",
            "priority": 1,
            "protocol": "tcp",
            "region": "af-south-1",
            "remote_address_group_id": "",
            "remote_group_id": "",
            "remote_ip_prefix": "0.0.0.0/0",
            "security_group_id": "dadb3665-7f79-4fd6-ae3c-74a7982e184c",
            "timeouts": null
          },
          "sensitive_attributes": [],
          "identity_schema_version": 0,
          "private": "eyJlMmJmYjczMC1lY2FhLTExZTYtOGY4OC0zNDM2M2JjN2M0YzAiOnsiZGVsZXRlIjo2MDAwMDAwMDAwMDB9fQ==",
          "dependencies": [
            "huaweicloud_networking_secgroup.secgroup"
          ]
        }
      ]
    },
    {
      "mode": "managed",
      "type": "huaweicloud_obs_bucket",
      "name": "mlrun-bucket",
      "provider": "provider[\"registry.terraform.io/huaweicloud/huaweicloud\"]",
      "instances": [
        {
          "schema_version": 0,
          "attributes": {
            "acl": "private",
            "bucket": "mlrun-bucket",
            "bucket_domain_name": "mlrun-bucket.obs.af-south-1.myhuaweicloud.com",
            "bucket_version": "3.0",
            "cors_rule": [],
            "encryption": false,
            "enterprise_project_id": "0",
            "force_destroy": false,
            "id": "mlrun-bucket",
            "kms_key_id": "",
            "kms_key_project_id": "",
            "lifecycle_rule": [],
            "logging": [],
            "multi_az": false,
            "parallel_fs": false,
            "policy": "",
            "policy_format": "obs",
            "quota": 0,
            "region": "af-south-1",
            "sse_algorithm": "",
            "storage_class": "STANDARD",
            "storage_info": [
              {
                "object_number": 0,
                "size": 0
              }
            ],
            "tags": {
              "env": "mlrun",
              "type": "bucket"
            },
            "user_domain_names": [],
            "versioning": false,
            "website": []
          },
          "sensitive_attributes": [],
          "identity_schema_version": 0,
          "private": "bnVsbA=="
        }
      ]
    },
    {
      "mode": "managed",
      "type": "huaweicloud_swr_organization",
      "name": "mlrun-swr-org",
      "provider": "provider[\"registry.terraform.io/huaweicloud/huaweicloud\"]",
      "instances": [
        {
          "schema_version": 0,
          "attributes": {
            "creator": "hid_bcxib1czn-_qw4n",
            "id": "mlrun-org",
            "login_server": "swr.af-south-1.myhuaweicloud.com",
            "name": "mlrun-org",
            "permission": "Manage",
            "region": "af-south-1",
            "timeouts": null
          },
          "sensitive_attributes": [],
          "identity_schema_version": 0,
          "private": "eyJlMmJmYjczMC1lY2FhLTExZTYtOGY4OC0zNDM2M2JjN2M0YzAiOnsiY3JlYXRlIjozMDAwMDAwMDAwMDAsImRlbGV0ZSI6MzAwMDAwMDAwMDAwfX0="
        }
      ]
    },
    {
      "mode": "managed",
      "type": "huaweicloud_vpc",
      "name": "vpc",
      "provider": "provider[\"registry.terraform.io/huaweicloud/huaweicloud\"]",
      "instances": [
        {
          "schema_version": 0,
          "attributes": {
            "block_service_endpoint_states": null,
            "cidr": "192.168.0.0/16",
            "description": "",
            "enhanced_local_route": "false",
            "enterprise_project_id": "0",
            "id": "731b15c9-ccd2-4e3a-a37a-f1bea9b7c664",
            "name": "mlrun-vpc",
            "region": "af-south-1",
            "routes": [
              {
                "destination": "0.0.0.0/0",
                "nexthop": "192.168.0.225"
              }
            ],
            "secondary_cidr": null,
            "secondary_cidrs": [],
            "status": "OK",
            "tags": {},
            "timeouts": null
          },
          "sensitive_attributes": [],
          "identity_schema_version": 0,
          "private": "eyJlMmJmYjczMC1lY2FhLTExZTYtOGY4OC0zNDM2M2JjN2M0YzAiOnsiY3JlYXRlIjo2MDAwMDAwMDAwMDAsImRlbGV0ZSI6MTgwMDAwMDAwMDAwfX0="
        }
      ]
    },
    {
      "mode": "managed",
      "type": "huaweicloud_vpc_eip",
      "name": "mlrun_eip",
      "provider": "provider[\"registry.terraform.io/huaweicloud/huaweicloud\"]",
      "instances": [
        {
          "schema_version": 0,
          "attributes": {
            "address": "110.238.76.15",
            "associate_id": "875484cb-c0c5-4040-8516-4d204145ef87",
            "associate_type": "ELB",
            "auto_pay": null,
            "auto_renew": null,
            "bandwidth": [
              {
                "charge_mode": "traffic",
                "id": "269c0cc2-4aeb-4161-a796-9205b3e63db1",
                "name": "mlrun-eip-bandwidth",
                "share_type": "PER",
                "size": 8
              }
            ],
            "charging_mode": "postPaid",
            "created_at": "2025-09-16 11:55:56",
            "enterprise_project_id": "0",
            "id": "89276c5b-3ca2-4ed9-bb99-151b52a98b86",
            "instance_id": "",
            "instance_type": "",
            "ipv6_address": "",
            "name": "",
            "period": null,
            "period_unit": null,
            "port_id": "",
            "private_ip": "",
            "publicip": [
              {
                "ip_address": "110.238.76.15",
                "ip_version": 4,
                "port_id": "",
                "type": "5_bgp"
              }
            ],
            "region": "af-south-1",
            "status": "ELB",
            "tags": {},
            "timeouts": null,
            "updated_at": "2025-09-16T12:01:20Z"
          },
          "sensitive_attributes": [],
          "identity_schema_version": 0,
          "private": "eyJlMmJmYjczMC1lY2FhLTExZTYtOGY4OC0zNDM2M2JjN2M0YzAiOnsiY3JlYXRlIjo2MDAwMDAwMDAwMDAsImRlbGV0ZSI6MzAwMDAwMDAwMDAwLCJ1cGRhdGUiOjMwMDAwMDAwMDAwMH19"
        }
      ]
    },
    {
      "mode": "managed",
      "type": "huaweicloud_vpc_eip",
      "name": "mlrun_eip_ingress",
      "provider": "provider[\"registry.terraform.io/huaweicloud/huaweicloud\"]",
      "instances": [
        {
          "schema_version": 0,
          "attributes": {
            "address": "110.238.73.124",
            "associate_id": "dc37d74a-0134-4e04-9917-b2cd0a15e557",
            "associate_type": "ELB",
            "auto_pay": null,
            "auto_renew": null,
            "bandwidth": [
              {
                "charge_mode": "traffic",
                "id": "ba564a73-09d8-4d27-80b7-dad7abdf8438",
                "name": "mlrun-eip-ingress-bandwidth",
                "share_type": "PER",
                "size": 8
              }
            ],
            "charging_mode": "postPaid",
            "created_at": "2025-09-16 11:55:56",
            "enterprise_project_id": "0",
            "id": "fdea48ae-ff74-4df6-9905-a93d13e3386f",
            "instance_id": "",
            "instance_type": "",
            "ipv6_address": "",
            "name": "",
            "period": null,
            "period_unit": null,
            "port_id": "",
            "private_ip": "",
            "publicip": [
              {
                "ip_address": "110.238.73.124",
                "ip_version": 4,
                "port_id": "",
                "type": "5_bgp"
              }
            ],
            "region": "af-south-1",
            "status": "ELB",
            "tags": {},
            "timeouts": null,
            "updated_at": "2025-09-16T11:56:11Z"
          },
          "sensitive_attributes": [],
          "identity_schema_version": 0,
          "private": "eyJlMmJmYjczMC1lY2FhLTExZTYtOGY4OC0zNDM2M2JjN2M0YzAiOnsiY3JlYXRlIjo2MDAwMDAwMDAwMDAsImRlbGV0ZSI6MzAwMDAwMDAwMDAwLCJ1cGRhdGUiOjMwMDAwMDAwMDAwMH19"
        }
      ]
    },
    {
      "mode": "managed",
      "type": "huaweicloud_vpc_eip",
      "name": "mlrun_nat_eip",
      "provider": "provider[\"registry.terraform.io/huaweicloud/huaweicloud\"]",
      "instances": [
        {
          "schema_version": 0,
          "attributes": {
            "address": "203.123.81.236",
            "associate_id": "2e8fae41-f617-46f2-9de7-9b764cede480",
            "associate_type": "NATGW",
            "auto_pay": null,
            "auto_renew": null,
            "bandwidth": [
              {
                "charge_mode": "traffic",
                "id": "0ce75adb-91d3-434e-b5bf-08b355ee2b93",
                "name": "mlrun-nat-bw",
                "share_type": "PER",
                "size": 10
              }
            ],
            "charging_mode": "postPaid",
            "created_at": "2025-09-16 11:55:56",
            "enterprise_project_id": "0",
            "id": "b3fe46b5-ab6b-4893-a21f-c4d0406c274b",
            "instance_id": "",
            "instance_type": "",
            "ipv6_address": "",
            "name": "",
            "period": null,
            "period_unit": null,
            "port_id": "27dd67dc-4189-4518-ba8d-0fb7bcabe07a",
            "private_ip": "192.168.0.225",
            "publicip": [
              {
                "ip_address": "203.123.81.236",
                "ip_version": 4,
                "port_id": "27dd67dc-4189-4518-ba8d-0fb7bcabe07a",
                "type": "5_bgp"
              }
            ],
            "region": "af-south-1",
            "status": "BOUND",
            "tags": {},
            "timeouts": null,
            "updated_at": "2025-09-16T11:56:14Z"
          },
          "sensitive_attributes": [],
          "identity_schema_version": 0,
          "private": "eyJlMmJmYjczMC1lY2FhLTExZTYtOGY4OC0zNDM2M2JjN2M0YzAiOnsiY3JlYXRlIjo2MDAwMDAwMDAwMDAsImRlbGV0ZSI6MzAwMDAwMDAwMDAwLCJ1cGRhdGUiOjMwMDAwMDAwMDAwMH19"
        }
      ]
    },
    {
      "mode": "managed",
      "type": "huaweicloud_vpc_subnet",
      "name": "subnet",
      "provider": "provider[\"registry.terraform.io/huaweicloud/huaweicloud\"]",
      "instances": [
        {
          "schema_version": 0,
          "attributes": {
            "availability_zone": "",
            "cidr": "192.168.0.0/24",
            "description": "",
            "dhcp_domain_name": null,
            "dhcp_enable": true,
            "dhcp_ipv6_lease_time": null,
            "dhcp_lease_time": "87600h",
            "dns_list": [
              "100.125.1.250",
              "100.125.21.250"
            ],
            "gateway_ip": "192.168.0.1",
            "id": "c83eb1e3-2a65-4cdd-80fa-95758fc08a30",
            "ipv4_subnet_id": "f304b3c8-5ae3-44b1-a90e-3a7f423ced45",
            "ipv6_cidr": "",
            "ipv6_enable": false,
            "ipv6_gateway": "",
            "ipv6_subnet_id": "",
            "name": "mlrun-subnet",
            "ntp_server_address": null,
            "primary_dns": "100.125.1.250",
            "region": "af-south-1",
            "secondary_dns": "100.125.21.250",
            "subnet_id": "f304b3c8-5ae3-44b1-a90e-3a7f423ced45",
            "tags": {},
            "timeouts": null,
            "vpc_id": "731b15c9-ccd2-4e3a-a37a-f1bea9b7c664"
          },
          "sensitive_attributes": [],
          "identity_schema_version": 0,
          "private": "eyJlMmJmYjczMC1lY2FhLTExZTYtOGY4OC0zNDM2M2JjN2M0YzAiOnsiY3JlYXRlIjozMDAwMDAwMDAwMDAsImRlbGV0ZSI6NjAwMDAwMDAwMDAwfX0=",
          "dependencies": [
            "huaweicloud_vpc.vpc"
          ]
        }
      ]
    },
    {
      "mode": "managed",
      "type": "huaweicloud_vpcep_endpoint",
      "name": "swr_endpoint",
      "provider": "provider[\"registry.terraform.io/huaweicloud/huaweicloud\"]",
      "instances": [
        {
          "schema_version": 0,
          "attributes": {
            "description": "",
            "enable_dns": true,
            "enable_whitelist": false,
            "id": "85c5970c-1f1b-4c0d-aa31-ceb9c6e41a4e",
            "ip_address": "192.168.0.221",
            "ip_version": "ipv4",
            "ipv6_address": "",
            "network_id": "c83eb1e3-2a65-4cdd-80fa-95758fc08a30",
            "packet_id": 0,
            "policy_document": "{\"Statement\":[{\"Action\":[\"*\"],\"Effect\":\"Allow\",\"Principal\":\"*\",\"Resource\":[\"*\"]}],\"Version\":\"5.0\"}",
            "policy_statement": "null",
            "private_domain_name": "vpcep-85c5970c-1f1b-4c0d-aa31-ceb9c6e41a4e.af-south-1.huaweicloud.com.",
            "region": "af-south-1",
            "routetables": [],
            "service_id": "2fc30ac1-34ea-492e-93ad-7460b55ca4b3",
            "service_name": "com.myhuaweicloud.af-south-1.swr",
            "service_type": "interface",
            "status": "accepted",
            "tags": {},
            "timeouts": null,
            "vpc_id": "731b15c9-ccd2-4e3a-a37a-f1bea9b7c664",
            "whitelist": []
          },
          "sensitive_attributes": [],
          "identity_schema_version": 0,
          "private": "eyJlMmJmYjczMC1lY2FhLTExZTYtOGY4OC0zNDM2M2JjN2M0YzAiOnsiY3JlYXRlIjo2MDAwMDAwMDAwMDAsImRlbGV0ZSI6NjAwMDAwMDAwMDAwfX0=",
          "dependencies": [
            "data.huaweicloud_vpcep_public_services.swr_service",
            "huaweicloud_vpc.vpc",
            "huaweicloud_vpc_subnet.subnet"
          ]
        }
      ]
    },
    {
      "mode": "managed",
      "type": "kubernetes_namespace",
      "name": "ingress_nginx",
      "provider": "provider[\"registry.terraform.io/hashicorp/kubernetes\"]",
      "instances": [
        {
          "schema_version": 0,
          "attributes": {
            "id": "ingress-nginx",
            "metadata": [
              {
                "annotations": {},
                "generate_name": "",
                "generation": 0,
                "labels": {},
                "name": "ingress-nginx",
                "resource_version": "963",
                "uid": "5241d328-c019-4925-9a92-51b662b729d7"
              }
            ],
            "timeouts": null,
            "wait_for_default_service_account": false
          },
          "sensitive_attributes": [],
          "identity_schema_version": 1,
          "identity": {
            "api_version": "v1",
            "kind": "Namespace",
            "name": "ingress-nginx"
          },
          "private": "eyJlMmJmYjczMC1lY2FhLTExZTYtOGY4OC0zNDM2M2JjN2M0YzAiOnsiZGVsZXRlIjozMDAwMDAwMDAwMDB9fQ==",
          "dependencies": [
            "data.huaweicloud_cce_autopilot_cluster_certificate.mlrun_cluster_cert",
            "huaweicloud_cce_autopilot_cluster.mlrun-cluster",
            "huaweicloud_vpc.vpc",
            "huaweicloud_vpc_eip.mlrun_eip",
            "huaweicloud_vpc_subnet.subnet",
            "local_sensitive_file.kubeconfig"
          ]
        }
      ]
    },
    {
      "mode": "managed",
      "type": "kubernetes_namespace",
      "name": "mlrun",
      "provider": "provider[\"registry.terraform.io/hashicorp/kubernetes\"]",
      "instances": [
        {
          "schema_version": 0,
          "attributes": {
            "id": "mlrun",
            "metadata": [
              {
                "annotations": null,
                "generate_name": "",
                "generation": 0,
                "labels": null,
                "name": "mlrun",
                "resource_version": "400793",
                "uid": "36d63b8c-2e5c-4e9b-9b03-678dff6486b3"
              }
            ],
            "timeouts": null,
            "wait_for_default_service_account": false
          },
          "sensitive_attributes": [],
          "identity_schema_version": 1,
          "identity": {
            "api_version": "v1",
            "kind": "Namespace",
            "name": "mlrun"
          },
          "private": "eyJlMmJmYjczMC1lY2FhLTExZTYtOGY4OC0zNDM2M2JjN2M0YzAiOnsiZGVsZXRlIjozMDAwMDAwMDAwMDB9fQ==",
          "dependencies": [
            "data.huaweicloud_cce_autopilot_cluster_certificate.mlrun_cluster_cert",
            "huaweicloud_cce_autopilot_cluster.mlrun-cluster",
            "huaweicloud_vpc.vpc",
            "huaweicloud_vpc_eip.mlrun_eip",
            "huaweicloud_vpc_subnet.subnet",
            "local_sensitive_file.kubeconfig"
          ]
        }
      ]
    },
    {
      "mode": "managed",
      "type": "kubernetes_secret",
      "name": "registry_credentials",
      "provider": "provider[\"registry.terraform.io/hashicorp/kubernetes\"]",
      "instances": [
        {
          "schema_version": 0,
          "attributes": {
            "binary_data": null,
            "binary_data_wo": null,
            "binary_data_wo_revision": null,
            "data": {
              ".dockerconfigjson": "{\"auths\":{\"swr.af-south-1.myhuaweicloud.com\":{\"password\":\"0a81ada0242041f94c4a6afdaaf2b6e1b04776cf2b014049758cb39f5a05931d\",\"username\":\"af-south-1@HPUAWYQLGUPFDC9BJTLD\"}}}"
            },
            "data_wo": null,
            "data_wo_revision": null,
            "id": "mlrun/registry-credentials",
            "immutable": false,
            "metadata": [
              {
                "annotations": null,
                "generate_name": "",
                "generation": 0,
                "labels": null,
                "name": "registry-credentials",
                "namespace": "mlrun",
                "resource_version": "400797",
                "uid": "65dd1a00-346a-4512-8506-5dc6b295d46c"
              }
            ],
            "timeouts": null,
            "type": "kubernetes.io/dockerconfigjson",
            "wait_for_service_account_token": true
          },
          "sensitive_attributes": [
            [
              {
                "type": "get_attr",
                "value": "binary_data"
              }
            ],
            [
              {
                "type": "get_attr",
                "value": "data"
              }
            ],
            [
              {
                "type": "get_attr",
                "value": "data"
              },
              {
                "type": "index",
                "value": {
                  "value": ".dockerconfigjson",
                  "type": "string"
                }
              }
            ]
          ],
          "identity_schema_version": 1,
          "identity": {
            "api_version": "v1",
            "kind": "Secret",
            "name": "registry-credentials",
            "namespace": "mlrun"
          },
          "private": "eyJlMmJmYjczMC1lY2FhLTExZTYtOGY4OC0zNDM2M2JjN2M0YzAiOnsiY3JlYXRlIjo2MDAwMDAwMDAwMH19",
          "dependencies": [
            "data.external.swr_login_key",
            "data.huaweicloud_cce_autopilot_cluster_certificate.mlrun_cluster_cert",
            "huaweicloud_cce_autopilot_cluster.mlrun-cluster",
            "huaweicloud_swr_organization.mlrun-swr-org",
            "huaweicloud_vpc.vpc",
            "huaweicloud_vpc_eip.mlrun_eip",
            "huaweicloud_vpc_subnet.subnet",
            "kubernetes_namespace.mlrun",
            "local_sensitive_file.kubeconfig"
          ]
        }
      ]
    },
    {
      "mode": "managed",
      "type": "local_sensitive_file",
      "name": "kubeconfig",
      "provider": "provider[\"registry.terraform.io/hashicorp/local\"]",
      "instances": [
        {
          "schema_version": 0,
          "attributes": {
            "content": "{\"apiVersion\":\"v1\",\"clusters\":[{\"cluster\":{\"certificate-authority-data\":\"LS0tLS1CRUdJTiBDRVJUSUZJQ0FURS0tLS0tCk1JSUREekNDQWZlZ0F3SUJBZ0lCQURBTkJna3Foa2lHOXcwQkFRc0ZBREFwTVJrd0Z3WURWUVFLRXhCRFEwVWcKVkdWamFHNXZiRzluYVdWek1Rd3dDZ1lEVlFRREV3TkRRMFV3SGhjTk1qVXdPVEUyTVRFMU56UXlXaGNOTkRVdwpPVEUyTVRFMU56UXlXakFwTVJrd0Z3WURWUVFLRXhCRFEwVWdWR1ZqYUc1dmJHOW5hV1Z6TVF3d0NnWURWUVFECkV3TkRRMFV3Z2dFaU1BMEdDU3FHU0liM0RRRUJBUVVBQTRJQkR3QXdnZ0VLQW9JQkFRRDUybmJYR2ljWGo4Q2IKb2hZZG1DMlpEKzZyd3FNY1dMdkhWVG9pQVdGMkpSY3lOUjNreWVFK0ljd0NuZitFVlJ6bVhtdEh4NXBBbE9LMwpreWZLWTNWSG4rT2d0Zk9SeDhlTy9HK2VDQ2VCcUtieThlemRzcG0xK2dqZEZaSUhoK3VHMWZLVFNJNzU5MGJOCkdPZmcxaXlkTzBLNEExcFdJNzVaazBRVjA0NE1nMWVCK2ZsenBheWc1OUZMRWUvenhaS2lYeFV1M0NERFJNUE8KRm54eWc2VmQrRjhvYXY4SFpNS0ViNk5lTW10M2lSMTRIcG0vRFJJL2ZKdGMxNjRjdmdWeUxyR3BvUUU5RkVEVwpwYkR4NlY5dStvM3ZIeDdBaVRqQkIzUFMwWGorVzBYbTBxKzV0Y0NFTjc0TGdDeVdwUis5UGNXLzJDV3k3MjliCkhTc3ZpcTE5QWdNQkFBR2pRakJBTUE0R0ExVWREd0VCL3dRRUF3SUNwREFQQmdOVkhSTUJBZjhFQlRBREFRSC8KTUIwR0ExVWREZ1FXQkJSbDlDN3dSaE9mcjRqSEwxcDQyUFRCYTFjTnZUQU5CZ2txaGtpRzl3MEJBUXNGQUFPQwpBUUVBNkhIYzZITElsTGs2SWNtMDB5eXUvanMwaVVoZVlROENxRlI2d0lXM3NYQXJYUndjK3pGVHNTeUUrZWdOCkNuaXdIQ2cvRzI3YlhvNlZBVXppem04dXN6eWZ0S2hUMEw3NEgxek84SE5uVkxaWVF2MzFhcXZIZTMvcXNUYmwKOHRYOGFVcGFac1lLYWkyN2NVWk5meFBkOTdxMmlkbFUwQndXRnRHY0lWVVI1RWhxRno4aUVJeWNZN2pYOWVwQwpqZ082Z0VTWUwySk1xZjZkNnZmY3RGNzRJazM3a0pXVnIxYy81TFNyUUw2NmIyWXJReFR2LzEvZ2NDZjVjNElBCmJVYWMvcVRqYVdDdXFpN1ZoQTRpTWptcHFLUnVPOFZDMFhCaGNydi9id1BVK0dKQVlPclh0ZmJKWDNGcXlZZTIKKytFODkyNGdUT2dEMGhTS2RTQ21vUktkT0E9PQotLS0tLUVORCBDRVJUSUZJQ0FURS0tLS0tCg==\",\"server\":\"https://26393556-92f4-11f0-a3bd-0255ac100200.cluster.cce.af-south-1.myhuaweicloud.com:5443\"},\"name\":\"internalCluster\"},{\"cluster\":{\"certificate-authority-data\":\"LS0tLS1CRUdJTiBDRVJUSUZJQ0FURS0tLS0tCk1JSUREekNDQWZlZ0F3SUJBZ0lCQURBTkJna3Foa2lHOXcwQkFRc0ZBREFwTVJrd0Z3WURWUVFLRXhCRFEwVWcKVkdWamFHNXZiRzluYVdWek1Rd3dDZ1lEVlFRREV3TkRRMFV3SGhjTk1qVXdPVEUyTVRFMU56UXlXaGNOTkRVdwpPVEUyTVRFMU56UXlXakFwTVJrd0Z3WURWUVFLRXhCRFEwVWdWR1ZqYUc1dmJHOW5hV1Z6TVF3d0NnWURWUVFECkV3TkRRMFV3Z2dFaU1BMEdDU3FHU0liM0RRRUJBUVVBQTRJQkR3QXdnZ0VLQW9JQkFRRDUybmJYR2ljWGo4Q2IKb2hZZG1DMlpEKzZyd3FNY1dMdkhWVG9pQVdGMkpSY3lOUjNreWVFK0ljd0NuZitFVlJ6bVhtdEh4NXBBbE9LMwpreWZLWTNWSG4rT2d0Zk9SeDhlTy9HK2VDQ2VCcUtieThlemRzcG0xK2dqZEZaSUhoK3VHMWZLVFNJNzU5MGJOCkdPZmcxaXlkTzBLNEExcFdJNzVaazBRVjA0NE1nMWVCK2ZsenBheWc1OUZMRWUvenhaS2lYeFV1M0NERFJNUE8KRm54eWc2VmQrRjhvYXY4SFpNS0ViNk5lTW10M2lSMTRIcG0vRFJJL2ZKdGMxNjRjdmdWeUxyR3BvUUU5RkVEVwpwYkR4NlY5dStvM3ZIeDdBaVRqQkIzUFMwWGorVzBYbTBxKzV0Y0NFTjc0TGdDeVdwUis5UGNXLzJDV3k3MjliCkhTc3ZpcTE5QWdNQkFBR2pRakJBTUE0R0ExVWREd0VCL3dRRUF3SUNwREFQQmdOVkhSTUJBZjhFQlRBREFRSC8KTUIwR0ExVWREZ1FXQkJSbDlDN3dSaE9mcjRqSEwxcDQyUFRCYTFjTnZUQU5CZ2txaGtpRzl3MEJBUXNGQUFPQwpBUUVBNkhIYzZITElsTGs2SWNtMDB5eXUvanMwaVVoZVlROENxRlI2d0lXM3NYQXJYUndjK3pGVHNTeUUrZWdOCkNuaXdIQ2cvRzI3YlhvNlZBVXppem04dXN6eWZ0S2hUMEw3NEgxek84SE5uVkxaWVF2MzFhcXZIZTMvcXNUYmwKOHRYOGFVcGFac1lLYWkyN2NVWk5meFBkOTdxMmlkbFUwQndXRnRHY0lWVVI1RWhxRno4aUVJeWNZN2pYOWVwQwpqZ082Z0VTWUwySk1xZjZkNnZmY3RGNzRJazM3a0pXVnIxYy81TFNyUUw2NmIyWXJReFR2LzEvZ2NDZjVjNElBCmJVYWMvcVRqYVdDdXFpN1ZoQTRpTWptcHFLUnVPOFZDMFhCaGNydi9id1BVK0dKQVlPclh0ZmJKWDNGcXlZZTIKKytFODkyNGdUT2dEMGhTS2RTQ21vUktkT0E9PQotLS0tLUVORCBDRVJUSUZJQ0FURS0tLS0tCg==\",\"server\":\"https://192.168.0.95:5443\"},\"name\":\"internalIPCluster\"},{\"cluster\":{\"insecure-skip-tls-verify\":true,\"server\":\"https://110.238.76.15:5443\"},\"name\":\"externalCluster\"},{\"cluster\":{\"certificate-authority-data\":\"LS0tLS1CRUdJTiBDRVJUSUZJQ0FURS0tLS0tCk1JSUREekNDQWZlZ0F3SUJBZ0lCQURBTkJna3Foa2lHOXcwQkFRc0ZBREFwTVJrd0Z3WURWUVFLRXhCRFEwVWcKVkdWamFHNXZiRzluYVdWek1Rd3dDZ1lEVlFRREV3TkRRMFV3SGhjTk1qVXdPVEUyTVRFMU56UXlXaGNOTkRVdwpPVEUyTVRFMU56UXlXakFwTVJrd0Z3WURWUVFLRXhCRFEwVWdWR1ZqYUc1dmJHOW5hV1Z6TVF3d0NnWURWUVFECkV3TkRRMFV3Z2dFaU1BMEdDU3FHU0liM0RRRUJBUVVBQTRJQkR3QXdnZ0VLQW9JQkFRRDUybmJYR2ljWGo4Q2IKb2hZZG1DMlpEKzZyd3FNY1dMdkhWVG9pQVdGMkpSY3lOUjNreWVFK0ljd0NuZitFVlJ6bVhtdEh4NXBBbE9LMwpreWZLWTNWSG4rT2d0Zk9SeDhlTy9HK2VDQ2VCcUtieThlemRzcG0xK2dqZEZaSUhoK3VHMWZLVFNJNzU5MGJOCkdPZmcxaXlkTzBLNEExcFdJNzVaazBRVjA0NE1nMWVCK2ZsenBheWc1OUZMRWUvenhaS2lYeFV1M0NERFJNUE8KRm54eWc2VmQrRjhvYXY4SFpNS0ViNk5lTW10M2lSMTRIcG0vRFJJL2ZKdGMxNjRjdmdWeUxyR3BvUUU5RkVEVwpwYkR4NlY5dStvM3ZIeDdBaVRqQkIzUFMwWGorVzBYbTBxKzV0Y0NFTjc0TGdDeVdwUis5UGNXLzJDV3k3MjliCkhTc3ZpcTE5QWdNQkFBR2pRakJBTUE0R0ExVWREd0VCL3dRRUF3SUNwREFQQmdOVkhSTUJBZjhFQlRBREFRSC8KTUIwR0ExVWREZ1FXQkJSbDlDN3dSaE9mcjRqSEwxcDQyUFRCYTFjTnZUQU5CZ2txaGtpRzl3MEJBUXNGQUFPQwpBUUVBNkhIYzZITElsTGs2SWNtMDB5eXUvanMwaVVoZVlROENxRlI2d0lXM3NYQXJYUndjK3pGVHNTeUUrZWdOCkNuaXdIQ2cvRzI3YlhvNlZBVXppem04dXN6eWZ0S2hUMEw3NEgxek84SE5uVkxaWVF2MzFhcXZIZTMvcXNUYmwKOHRYOGFVcGFac1lLYWkyN2NVWk5meFBkOTdxMmlkbFUwQndXRnRHY0lWVVI1RWhxRno4aUVJeWNZN2pYOWVwQwpqZ082Z0VTWUwySk1xZjZkNnZmY3RGNzRJazM3a0pXVnIxYy81TFNyUUw2NmIyWXJReFR2LzEvZ2NDZjVjNElBCmJVYWMvcVRqYVdDdXFpN1ZoQTRpTWptcHFLUnVPOFZDMFhCaGNydi9id1BVK0dKQVlPclh0ZmJKWDNGcXlZZTIKKytFODkyNGdUT2dEMGhTS2RTQ21vUktkT0E9PQotLS0tLUVORCBDRVJUSUZJQ0FURS0tLS0tCg==\",\"server\":\"https://110.238.76.15:5443\"},\"name\":\"externalClusterTLSVerify\"}],\"contexts\":[{\"context\":{\"cluster\":\"internalCluster\",\"user\":\"user\"},\"name\":\"internal\"},{\"context\":{\"cluster\":\"internalIPCluster\",\"user\":\"user\"},\"name\":\"internalIP\"},{\"context\":{\"cluster\":\"externalCluster\",\"user\":\"user\"},\"name\":\"external\"},{\"context\":{\"cluster\":\"externalClusterTLSVerify\",\"user\":\"user\"},\"name\":\"externalTLSVerify\"}],\"current-context\":\"external\",\"kind\":\"Config\",\"preferences\":{},\"users\":[{\"name\":\"user\",\"user\":{\"client-certificate-data\":\"LS0tLS1CRUdJTiBDRVJUSUZJQ0FURS0tLS0tCk1JSURsVENDQW4yZ0F3SUJBZ0lJVnpFQVFWcnQzUFF3RFFZSktvWklodmNOQVFFTEJRQXdLVEVaTUJjR0ExVUUKQ2hNUVEwTkZJRlJsWTJodWIyeHZaMmxsY3pFTU1Bb0dBMVVFQXhNRFEwTkZNQjRYRFRJMU1Ea3hOekV4TWpBMApNVm9YRFRJMU1UQXhOekV4TWpBME1Wb3dnYUV4ZERBUUJnTlZCQW9UQ1dOalpUcDFjMlZ5Y3pBbkJnTlZCQW9UCklEZ3paVGRqWmpRNU9UYzFNRFJpTURKaE9HTmhPREF5TURZellXVTNaVFk0TURjR0ExVUVDaE13WWpjME5HVTIKWm1Wa1pUbGhOREE0T0RreFptWmxNMlV4TVRFNE5HSmtZVGd0WTJWeWRDMHhOelU0TURJME1EZ3hNU2t3SndZRApWUVFERXlCaU56UTBaVFptWldSbE9XRTBNRGc0T1RGbVptVXpaVEV4TVRnMFltUmhPRENDQVNJd0RRWUpLb1pJCmh2Y05BUUVCQlFBRGdnRVBBRENDQVFvQ2dnRUJBSm1IQ2Zpck1DM1hMeWQ0MlpyWTFvTURtNTRxN1VuQkdjaUsKWGt3OUh0cVRFVGhjQkpEQWZUYVRpWGRNWUxRVWRVWnh5Y2p5UUFtZnllQjdPUVVkbFJOVUlVVnFiTTY4Njl5YwpEaGlwUVlrR0NmeHpXQmtqcytHekx4ZThBRGJoTEoybVdHQVYwdzhsT1VSNmRLNkt0c1BZa2JYY1JIQjM2SGR5ClU1cnhML3RVeU8vMWZZTUZyT2VKZE5RYlJtYVhxRHZxOGIxb3M4ZVlVZlZGbmhtSk1XbDZGUWVpT1BJckQzRUgKOUkxQUxRNXlQWmc1NytySnRLUUthNms0eFAxVm5yeHZwcDc1cCtXelNMR1VaQVQzUWt4YnNKc0tMZGZIbENEYQpWSHE4T1BMNUNBRkNnM0NqNmNoQ3YrRlh3YldKOVU1dVhIc0hhZTdENmpUWkh0amxaNUVDQXdFQUFhTklNRVl3CkRnWURWUjBQQVFIL0JBUURBZ1dnTUJNR0ExVWRKUVFNTUFvR0NDc0dBUVVGQndNQ01COEdBMVVkSXdRWU1CYUEKRkdYMEx2QkdFNSt2aU1jdldualk5TUZyVncyOU1BMEdDU3FHU0liM0RRRUJDd1VBQTRJQkFRQ1BRRGRLdGF5VwpQVXdIa1NySTFBRjdxMnpXTTlJeitRdVNSSnRTSEVwbUU5UW1mc3h0cnp1U3hxMU13L1gyTnZEeWFHVU9qVFVkCkU1bkhzWllMZ1UxZk5ONmJJcHZNbDkwNG8yVmI5ZE53anpoR1pnMER5MVRnK0pKajBncG83SjZPU3F1OWNneWcKWkNVTmdnNWhBYXpHN1JCcjh1bFBhSTk5RmZkN2loVndpWCtoUU1NMHBjL3l1RzdERDRZZ2w3OUwxOXZPRWFvUQptT0dKaXYwMVVvcDQyRmMrdTVBbjFMSzR5RnBUaTgwd0F3cmgvcE9yNjBqVXlSUzFzMDFFRXVTZFpacUFQQ1JoCkw2MThmZVhVWTAvZitTZ3R1WmpyS1Q0NnY4bmQwOXNBb2pPS1RSYy81QlMrZXBtOXpqU1hyMDhIa0pSWDNuV1cKNWwzdlJjV0ZNalhHCi0tLS0tRU5EIENFUlRJRklDQVRFLS0tLS0K\",\"client-key-data\":\"LS0tLS1CRUdJTiBSU0EgUFJJVkFURSBLRVktLS0tLQpNSUlFcEFJQkFBS0NBUUVBbVljSitLc3dMZGN2SjNqWm10aldnd09ibmlydFNjRVp5SXBlVEQwZTJwTVJPRndFCmtNQjlOcE9KZDB4Z3RCUjFSbkhKeVBKQUNaL0o0SHM1QlIyVkUxUWhSV3BzenJ6cjNKd09HS2xCaVFZSi9ITlkKR1NPejRiTXZGN3dBTnVFc25hWllZQlhURHlVNVJIcDByb3EydzlpUnRkeEVjSGZvZDNKVG12RXYrMVRJNy9WOQpnd1dzNTRsMDFCdEdacGVvTytyeHZXaXp4NWhSOVVXZUdZa3hhWG9WQjZJNDhpc1BjUWYwalVBdERuSTltRG52CjZzbTBwQXBycVRqRS9WV2V2RyttbnZtbjViTklzWlJrQlBkQ1RGdXdtd290MThlVUlOcFVlcnc0OHZrSUFVS0QKY0tQcHlFSy80VmZCdFluMVRtNWNld2RwN3NQcU5Oa2UyT1Zua1FJREFRQUJBb0lCQUNaZk5nTE01cEhPZ3A2ZQorZVJWNWVlQTgxZ282bjNRb1owWjJFKzl4d1JpVlo5OGdEZWRwSzRMV2dSVE5xaExwTFFpcElodzQ4aUVBM1R6CjEyQ0w4RUtRZUhCZEZTem0weHlrZEhGOWZEKy9IcWZXUEdLc0piMTNoNEdySDNLWC9RcTZGTVNQTDkxTk5HOEYKSER5enR0SmtRcWJ0a3IxNWVzUy84bDE3Z3I2U0l6a3g4OER1c3UwditrMmVZdW9IL1JwVkFYVVlLM3RLbkliUQpUT0hrTWU0Rjcwbm9vUFdsOTZpUzU3dmR3YURSK2s2OUVXakhVRlFpTStxUU5FWndYaklQY25XWFFIUkxGYVV4Cm1sYW1WL0hjWktQMnl0d1Fwc2oraXNDcW1qSUk1S3QxcmpZeUxhSWhCTWR4MDZQMXcweEFWajlhNDBIMnZQR1oKNm9GTEFBRUNnWUVBd3VJOVJRVktnRllGQmVaU0toWllLbFg1aHFPbHBUcjl6MXdYbzk4YXRFWmdwOGs0SXdlUwp1SjdkMzg4ZDE5bHB0L1JoOFFrbVlzYUFzamF1SFVhS09rUWIxSzBsWGNzWitoVWt5K1pIVE11L1FkcEtIRFFzCmVORk5PSyt6NkM1dzZXSU1KN0ZUeWpCdS9lMEk1NjI4a25FdEQ4VXdtTzBRRTMzdnFXSExGNUVDZ1lFQXlheWQKY3dYWjN3MGdpcmtqRDgzTHVpQnNvNlRsUG1HL2RhS3JRMFk2NnFFUjE0V3UzcjRKMkxBZHNyenNTOW9rYXQ5TwpOYTJ0TGcyQ21NMXYycTlvVzc0Um03cEorVWRkOHlXYkxMYjJ2NHhyMGJXQm9uRTU2ZFhnTWYrV0xpL1NlSE5xCk9FMlhkTHZyWjh6UjllSmxiMVg2VGtjclc5YjVMMnNaU0FkdFVBRUNnWUVBbDFCY0xDd0loWTdFaGFrb0lKK0sKd3d4UUd0Y1ROVENSZ3lCSkJxYWlzRmg0a2E0dGxSMDdNWGZBWkJjSFgrSGlNTDlpRUdsL1VYQTQycWFVR0F6KwpKSEZmZm9rVm16YW9LOEdnK1dRSjlqbTRmV1FFNk5NbHVJVWlSU0kvT01aZVN3Y2kwdXJmV1B5MElScWJNRzk0CkcrZ2VDY0dja3hCMXkveWJTZE94Z2RFQ2dZQk9TM0JZN21XV0hiK0xlN0tyK1FabHZSN1FMVDAraWE1TjJoaEoKSnVQS29UdVBBM3hQUjFJRlNPSk91TiszMXZtYWNCVXA2OEkzQmRHMHh0VHMvbm95VzhqMFAwOW1zcGs3dzFiSgo5a0kzUFNuQ29ZZXhhK25DNldCL3FLMUNReGlmNEpiVlF2SlF4SC93cldpNTMrbm5YbWF0cXgyZkt3ZFVyR3lGCk5UVHdBUUtCZ1FDUjRFZi8rK0dVcEpNT3J0V3grMklaanQ0Y2VnL1hjTmlrWFp1V1NLdE1NeVJzRXUzZE94dW8KenBQMExpNTFYdlJiRVBaU1RvL0M2NTAzcEcxSXRCTU9lNldRSlJoWjJHYTdBY2Jiam82N1E2WWRvc1cyblRWeApWamIvN2NYQVAzemMrLzhleURaV1RxV1hyVE85bGFyNjhXdW14SUFIbVlBSWNwdzFWZlRSekE9PQotLS0tLUVORCBSU0EgUFJJVkFURSBLRVktLS0tLQo=\"}}]}",
            "content_base64": null,
            "content_base64sha256": "/yR6s80QJgqRST0icDwexVJNfYJbb2ITtMIYC2igUZ0=",
            "content_base64sha512": "YAe0PVKMsTu0wfWvBklh3+Ty3NRu6tbW9T9CtFGon9JVU9KHMRHqacvs+bGajN4rtF1/4pCJkqnnyNphszCT+g==",
            "content_md5": "94e6aad9eb4c514a7ae9dd77d40c2cc4",
            "content_sha1": "b6df8adfeeee0675c7182694e347f177a65261c7",
            "content_sha256": "ff247ab3cd10260a91493d22703c1ec5524d7d825b6f6213b4c2180b68a0519d",
            "content_sha512": "6007b43d528cb13bb4c1f5af064961dfe4f2dcd46eead6d6f53f42b451a89fd25553d2873111ea69cbecf9b19a8cde2bb45d7fe2908992a9e7c8da61b33093fa",
            "directory_permission": "0700",
            "file_permission": "0600",
            "filename": "kubeconfig_autopilot.yaml",
            "id": "b6df8adfeeee0675c7182694e347f177a65261c7",
            "source": null
          },
          "sensitive_attributes": [
            [
              {
                "type": "get_attr",
                "value": "content"
              }
            ],
            [
              {
                "type": "get_attr",
                "value": "content_base64"
              }
            ]
          ],
          "identity_schema_version": 0,
          "dependencies": [
            "data.huaweicloud_cce_autopilot_cluster_certificate.mlrun_cluster_cert",
            "huaweicloud_cce_autopilot_cluster.mlrun-cluster",
            "huaweicloud_vpc.vpc",
            "huaweicloud_vpc_eip.mlrun_eip",
            "huaweicloud_vpc_subnet.subnet"
          ]
        }
      ]
    }
  ],
  "check_results": null
}
