{
  "version": 4,
  "terraform_version": "1.13.1",
  "serial": 397,
  "lineage": "841ed9df-929c-a5b9-4a3a-2ab559fe10d6",
  "outputs": {
    "availability_zones": {
      "value": [
        "af-south-1a",
        "af-south-1b",
        "af-south-1c"
      ],
      "type": [
        "list",
        "string"
      ]
    },
    "cluster_id": {
      "value": "45484e0a-92dd-11f0-a3bd-0255ac100200",
      "type": "string"
    },
    "cluster_name": {
      "value": "mlrun-cluster",
      "type": "string"
    },
    "docker_password": {
      "value": "0a81ada0242041f94c4a6afdaaf2b6e1b04776cf2b014049758cb39f5a05931d",
      "type": "string",
      "sensitive": true
    },
    "docker_server": {
      "value": "swr.af-south-1.myhuaweicloud.com",
      "type": "string"
    },
    "docker_username": {
      "value": "af-south-1@HPUAWYQLGUPFDC9BJTLD",
      "type": "string",
      "sensitive": true
    },
    "elb_hostname": {
      "value": "",
      "type": "string"
    },
    "elb_ip": {
      "value": "192.168.0.216",
      "type": "string"
    },
    "external_addr": {
      "value": "192.168.0.216",
      "type": "string"
    },
    "kubeconfig_path": {
      "value": "kubeconfig_autopilot.yaml",
      "type": "string"
    },
    "region": {
      "value": "af-south-1",
      "type": "string"
    },
    "subnet_az": {
      "value": "",
      "type": "string"
    },
    "swr_login_server": {
      "value": "swr.af-south-1.myhuaweicloud.com",
      "type": "string"
    },
    "swr_org": {
      "value": "mlrun-org",
      "type": "string"
    },
    "swr_org_region": {
      "value": "af-south-1",
      "type": "string"
    }
  },
  "resources": [
    {
      "mode": "data",
      "type": "external",
      "name": "swr_login_key",
      "provider": "provider[\"registry.terraform.io/hashicorp/external\"]",
      "instances": [
        {
          "schema_version": 0,
          "attributes": {
            "id": "-",
            "program": [
              "bash",
              "-lc",
              "set -euo pipefail\nAK='HPUAWYQLGUPFDC9BJTLD'\nSK='DPHUbcSkGCTxWZCoMx7hXqS9XpA3E3OH5ds1VETW'\nLOGIN_KEY=$(printf \"%s\" \"$AK\" | openssl dgst -binary -sha256 -hmac \"$SK\" | od -An -vtx1 | tr -d ' \\n')\nprintf '{\"login_key\":\"%s\"}' \"$LOGIN_KEY\"\n"
            ],
            "query": null,
            "result": {
              "login_key": "0a81ada0242041f94c4a6afdaaf2b6e1b04776cf2b014049758cb39f5a05931d"
            },
            "working_dir": null
          },
          "sensitive_attributes": [
            [
              {
                "type": "get_attr",
                "value": "program"
              },
              {
                "type": "index",
                "value": {
                  "value": 2,
                  "type": "number"
                }
              }
            ]
          ],
          "identity_schema_version": 0
        }
      ]
    },
    {
      "mode": "data",
      "type": "huaweicloud_availability_zones",
      "name": "zones",
      "provider": "provider[\"registry.terraform.io/huaweicloud/huaweicloud\"]",
      "instances": [
        {
          "schema_version": 0,
          "attributes": {
            "id": "2493822220",
            "names": [
              "af-south-1a",
              "af-south-1b",
              "af-south-1c"
            ],
            "region": "af-south-1",
            "state": "available"
          },
          "sensitive_attributes": [],
          "identity_schema_version": 0
        }
      ]
    },
    {
      "mode": "data",
      "type": "huaweicloud_cce_autopilot_cluster_certificate",
      "name": "mlrun_cluster_cert",
      "provider": "provider[\"registry.terraform.io/huaweicloud/huaweicloud\"]",
      "instances": [
        {
          "schema_version": 0,
          "attributes": {
            "cluster_id": "45484e0a-92dd-11f0-a3bd-0255ac100200",
            "clusters": [
              {
                "cluster": [
                  {
                    "certificate_authority_data": "LS0tLS1CRUdJTiBDRVJUSUZJQ0FURS0tLS0tCk1JSUREekNDQWZlZ0F3SUJBZ0lCQURBTkJna3Foa2lHOXcwQkFRc0ZBREFwTVJrd0Z3WURWUVFLRXhCRFEwVWcKVkdWamFHNXZiRzluYVdWek1Rd3dDZ1lEVlFRREV3TkRRMFV3SGhjTk1qVXdPVEUyTURreE16VTBXaGNOTkRVdwpPVEUyTURreE16VTBXakFwTVJrd0Z3WURWUVFLRXhCRFEwVWdWR1ZqYUc1dmJHOW5hV1Z6TVF3d0NnWURWUVFECkV3TkRRMFV3Z2dFaU1BMEdDU3FHU0liM0RRRUJBUVVBQTRJQkR3QXdnZ0VLQW9JQkFRRFh3ZVJjQ2wxMnRqNVcKbkgwN1dqd2ZIUXZYUm0zQW1td1FJbjk0VEF3VitSNGlLUTI5c1Q2dm1YU1MrK3V4R3hWOVR6bVFlTWY3VzNjRAprSTFSNDdaYS9vclJTZmx5VktTZkdpUTJJY0VadFdzWjVLaFprREpVcFVqWWtvb2lSbDdhWitNUzY5cWYvUXlsCnpNNnhXYklKZGJDMnh1ZWorbGM4NEY2VUlYM0pQMzFUTXFrSllNTGhaSjlGTVA1TDVzUkgvR0ZiRytlcGYvajcKRFpNMW0rY2dLbzQxSHJrOHhicTNtMmYwSnVsN2trVWIzOE55ZVdhZ3dFVlo2MmsyOEFMNmdVMFFpS2Fkb3E4dgpjUEhFZC9JaVl2Q2tRTzhNRTBSZDhZZE1DNjFrak53aG8yMEVka0lwTlJtZ1dKY25KekRCb3BIVnBpVlV5clZPCjMyTkhOSjA1QWdNQkFBR2pRakJBTUE0R0ExVWREd0VCL3dRRUF3SUNwREFQQmdOVkhSTUJBZjhFQlRBREFRSC8KTUIwR0ExVWREZ1FXQkJTQmhTajk5SVVJSHNDaHBOZ0JBMEU1djBLemV6QU5CZ2txaGtpRzl3MEJBUXNGQUFPQwpBUUVBbTBibWUrTkJqNzducVl5WS9WYVFiNzdIMkpPek5rR3FxWnI0Y2hLUitxMEMxYmJCNm93SnROdlFDVkI3CjJmSUYyWXZDSFh2T2FQRlk4ZTBoR2NyejdvRjFUa2FINVJ3SEJxMHl3OE9NQXprTW1BUGVCbWw3K3BrZjRGWUgKN2lkakVTMXEwU0NFSkp0cDRJL2ZyM0dOREFLaFN6WkxTQlF4R0JtbGtLY1RPWFJrdnBGVnFRWHNoamgwQkJkRQowWnU2WHlnYVR0eXdwV2RGZU00aVNXbHRlcWI4ak83cVNNTkFLZ0grdXFLWERrcXlWMndOdm1zZGZWc1doZUVUCi94NjdiU25RTXVYZG9GcW9ZSllvM3NwZWNydkVPSHdrcFN2Y0JJUTVMVlU0c3JManM2Tm9NZDd6Vnpzc0d0V0sKdytPbFNBWmc5bWsrUTZrR0I5Y2c0SEZsd0E9PQotLS0tLUVORCBDRVJUSUZJQ0FURS0tLS0tCg==",
                    "insecure_skip_tls_verify": false,
                    "server": "https://45484e0a-92dd-11f0-a3bd-0255ac100200.cluster.cce.af-south-1.myhuaweicloud.com:5443"
                  }
                ],
                "name": "internalCluster"
              },
              {
                "cluster": [
                  {
                    "certificate_authority_data": "LS0tLS1CRUdJTiBDRVJUSUZJQ0FURS0tLS0tCk1JSUREekNDQWZlZ0F3SUJBZ0lCQURBTkJna3Foa2lHOXcwQkFRc0ZBREFwTVJrd0Z3WURWUVFLRXhCRFEwVWcKVkdWamFHNXZiRzluYVdWek1Rd3dDZ1lEVlFRREV3TkRRMFV3SGhjTk1qVXdPVEUyTURreE16VTBXaGNOTkRVdwpPVEUyTURreE16VTBXakFwTVJrd0Z3WURWUVFLRXhCRFEwVWdWR1ZqYUc1dmJHOW5hV1Z6TVF3d0NnWURWUVFECkV3TkRRMFV3Z2dFaU1BMEdDU3FHU0liM0RRRUJBUVVBQTRJQkR3QXdnZ0VLQW9JQkFRRFh3ZVJjQ2wxMnRqNVcKbkgwN1dqd2ZIUXZYUm0zQW1td1FJbjk0VEF3VitSNGlLUTI5c1Q2dm1YU1MrK3V4R3hWOVR6bVFlTWY3VzNjRAprSTFSNDdaYS9vclJTZmx5VktTZkdpUTJJY0VadFdzWjVLaFprREpVcFVqWWtvb2lSbDdhWitNUzY5cWYvUXlsCnpNNnhXYklKZGJDMnh1ZWorbGM4NEY2VUlYM0pQMzFUTXFrSllNTGhaSjlGTVA1TDVzUkgvR0ZiRytlcGYvajcKRFpNMW0rY2dLbzQxSHJrOHhicTNtMmYwSnVsN2trVWIzOE55ZVdhZ3dFVlo2MmsyOEFMNmdVMFFpS2Fkb3E4dgpjUEhFZC9JaVl2Q2tRTzhNRTBSZDhZZE1DNjFrak53aG8yMEVka0lwTlJtZ1dKY25KekRCb3BIVnBpVlV5clZPCjMyTkhOSjA1QWdNQkFBR2pRakJBTUE0R0ExVWREd0VCL3dRRUF3SUNwREFQQmdOVkhSTUJBZjhFQlRBREFRSC8KTUIwR0ExVWREZ1FXQkJTQmhTajk5SVVJSHNDaHBOZ0JBMEU1djBLemV6QU5CZ2txaGtpRzl3MEJBUXNGQUFPQwpBUUVBbTBibWUrTkJqNzducVl5WS9WYVFiNzdIMkpPek5rR3FxWnI0Y2hLUitxMEMxYmJCNm93SnROdlFDVkI3CjJmSUYyWXZDSFh2T2FQRlk4ZTBoR2NyejdvRjFUa2FINVJ3SEJxMHl3OE9NQXprTW1BUGVCbWw3K3BrZjRGWUgKN2lkakVTMXEwU0NFSkp0cDRJL2ZyM0dOREFLaFN6WkxTQlF4R0JtbGtLY1RPWFJrdnBGVnFRWHNoamgwQkJkRQowWnU2WHlnYVR0eXdwV2RGZU00aVNXbHRlcWI4ak83cVNNTkFLZ0grdXFLWERrcXlWMndOdm1zZGZWc1doZUVUCi94NjdiU25RTXVYZG9GcW9ZSllvM3NwZWNydkVPSHdrcFN2Y0JJUTVMVlU0c3JManM2Tm9NZDd6Vnpzc0d0V0sKdytPbFNBWmc5bWsrUTZrR0I5Y2c0SEZsd0E9PQotLS0tLUVORCBDRVJUSUZJQ0FURS0tLS0tCg==",
                    "insecure_skip_tls_verify": false,
                    "server": "https://192.168.0.241:5443"
                  }
                ],
                "name": "internalIPCluster"
              },
              {
                "cluster": [
                  {
                    "certificate_authority_data": "",
                    "insecure_skip_tls_verify": true,
                    "server": "https://110.238.73.124:5443"
                  }
                ],
                "name": "externalCluster"
              },
              {
                "cluster": [
                  {
                    "certificate_authority_data": "LS0tLS1CRUdJTiBDRVJUSUZJQ0FURS0tLS0tCk1JSUREekNDQWZlZ0F3SUJBZ0lCQURBTkJna3Foa2lHOXcwQkFRc0ZBREFwTVJrd0Z3WURWUVFLRXhCRFEwVWcKVkdWamFHNXZiRzluYVdWek1Rd3dDZ1lEVlFRREV3TkRRMFV3SGhjTk1qVXdPVEUyTURreE16VTBXaGNOTkRVdwpPVEUyTURreE16VTBXakFwTVJrd0Z3WURWUVFLRXhCRFEwVWdWR1ZqYUc1dmJHOW5hV1Z6TVF3d0NnWURWUVFECkV3TkRRMFV3Z2dFaU1BMEdDU3FHU0liM0RRRUJBUVVBQTRJQkR3QXdnZ0VLQW9JQkFRRFh3ZVJjQ2wxMnRqNVcKbkgwN1dqd2ZIUXZYUm0zQW1td1FJbjk0VEF3VitSNGlLUTI5c1Q2dm1YU1MrK3V4R3hWOVR6bVFlTWY3VzNjRAprSTFSNDdaYS9vclJTZmx5VktTZkdpUTJJY0VadFdzWjVLaFprREpVcFVqWWtvb2lSbDdhWitNUzY5cWYvUXlsCnpNNnhXYklKZGJDMnh1ZWorbGM4NEY2VUlYM0pQMzFUTXFrSllNTGhaSjlGTVA1TDVzUkgvR0ZiRytlcGYvajcKRFpNMW0rY2dLbzQxSHJrOHhicTNtMmYwSnVsN2trVWIzOE55ZVdhZ3dFVlo2MmsyOEFMNmdVMFFpS2Fkb3E4dgpjUEhFZC9JaVl2Q2tRTzhNRTBSZDhZZE1DNjFrak53aG8yMEVka0lwTlJtZ1dKY25KekRCb3BIVnBpVlV5clZPCjMyTkhOSjA1QWdNQkFBR2pRakJBTUE0R0ExVWREd0VCL3dRRUF3SUNwREFQQmdOVkhSTUJBZjhFQlRBREFRSC8KTUIwR0ExVWREZ1FXQkJTQmhTajk5SVVJSHNDaHBOZ0JBMEU1djBLemV6QU5CZ2txaGtpRzl3MEJBUXNGQUFPQwpBUUVBbTBibWUrTkJqNzducVl5WS9WYVFiNzdIMkpPek5rR3FxWnI0Y2hLUitxMEMxYmJCNm93SnROdlFDVkI3CjJmSUYyWXZDSFh2T2FQRlk4ZTBoR2NyejdvRjFUa2FINVJ3SEJxMHl3OE9NQXprTW1BUGVCbWw3K3BrZjRGWUgKN2lkakVTMXEwU0NFSkp0cDRJL2ZyM0dOREFLaFN6WkxTQlF4R0JtbGtLY1RPWFJrdnBGVnFRWHNoamgwQkJkRQowWnU2WHlnYVR0eXdwV2RGZU00aVNXbHRlcWI4ak83cVNNTkFLZ0grdXFLWERrcXlWMndOdm1zZGZWc1doZUVUCi94NjdiU25RTXVYZG9GcW9ZSllvM3NwZWNydkVPSHdrcFN2Y0JJUTVMVlU0c3JManM2Tm9NZDd6Vnpzc0d0V0sKdytPbFNBWmc5bWsrUTZrR0I5Y2c0SEZsd0E9PQotLS0tLUVORCBDRVJUSUZJQ0FURS0tLS0tCg==",
                    "insecure_skip_tls_verify": false,
                    "server": "https://110.238.73.124:5443"
                  }
                ],
                "name": "externalClusterTLSVerify"
              }
            ],
            "contexts": [
              {
                "context": [
                  {
                    "cluster": "internalCluster",
                    "user": "user"
                  }
                ],
                "name": "internal"
              },
              {
                "context": [
                  {
                    "cluster": "internalIPCluster",
                    "user": "user"
                  }
                ],
                "name": "internalIP"
              },
              {
                "context": [
                  {
                    "cluster": "externalCluster",
                    "user": "user"
                  }
                ],
                "name": "external"
              },
              {
                "context": [
                  {
                    "cluster": "externalClusterTLSVerify",
                    "user": "user"
                  }
                ],
                "name": "externalTLSVerify"
              }
            ],
            "current_context": "external",
            "duration": 30,
            "id": "3991f82b-0849-edfa-399c-d4aa092b4d44",
            "kube_config_raw": "{\"apiVersion\":\"v1\",\"clusters\":[{\"cluster\":{\"certificate-authority-data\":\"LS0tLS1CRUdJTiBDRVJUSUZJQ0FURS0tLS0tCk1JSUREekNDQWZlZ0F3SUJBZ0lCQURBTkJna3Foa2lHOXcwQkFRc0ZBREFwTVJrd0Z3WURWUVFLRXhCRFEwVWcKVkdWamFHNXZiRzluYVdWek1Rd3dDZ1lEVlFRREV3TkRRMFV3SGhjTk1qVXdPVEUyTURreE16VTBXaGNOTkRVdwpPVEUyTURreE16VTBXakFwTVJrd0Z3WURWUVFLRXhCRFEwVWdWR1ZqYUc1dmJHOW5hV1Z6TVF3d0NnWURWUVFECkV3TkRRMFV3Z2dFaU1BMEdDU3FHU0liM0RRRUJBUVVBQTRJQkR3QXdnZ0VLQW9JQkFRRFh3ZVJjQ2wxMnRqNVcKbkgwN1dqd2ZIUXZYUm0zQW1td1FJbjk0VEF3VitSNGlLUTI5c1Q2dm1YU1MrK3V4R3hWOVR6bVFlTWY3VzNjRAprSTFSNDdaYS9vclJTZmx5VktTZkdpUTJJY0VadFdzWjVLaFprREpVcFVqWWtvb2lSbDdhWitNUzY5cWYvUXlsCnpNNnhXYklKZGJDMnh1ZWorbGM4NEY2VUlYM0pQMzFUTXFrSllNTGhaSjlGTVA1TDVzUkgvR0ZiRytlcGYvajcKRFpNMW0rY2dLbzQxSHJrOHhicTNtMmYwSnVsN2trVWIzOE55ZVdhZ3dFVlo2MmsyOEFMNmdVMFFpS2Fkb3E4dgpjUEhFZC9JaVl2Q2tRTzhNRTBSZDhZZE1DNjFrak53aG8yMEVka0lwTlJtZ1dKY25KekRCb3BIVnBpVlV5clZPCjMyTkhOSjA1QWdNQkFBR2pRakJBTUE0R0ExVWREd0VCL3dRRUF3SUNwREFQQmdOVkhSTUJBZjhFQlRBREFRSC8KTUIwR0ExVWREZ1FXQkJTQmhTajk5SVVJSHNDaHBOZ0JBMEU1djBLemV6QU5CZ2txaGtpRzl3MEJBUXNGQUFPQwpBUUVBbTBibWUrTkJqNzducVl5WS9WYVFiNzdIMkpPek5rR3FxWnI0Y2hLUitxMEMxYmJCNm93SnROdlFDVkI3CjJmSUYyWXZDSFh2T2FQRlk4ZTBoR2NyejdvRjFUa2FINVJ3SEJxMHl3OE9NQXprTW1BUGVCbWw3K3BrZjRGWUgKN2lkakVTMXEwU0NFSkp0cDRJL2ZyM0dOREFLaFN6WkxTQlF4R0JtbGtLY1RPWFJrdnBGVnFRWHNoamgwQkJkRQowWnU2WHlnYVR0eXdwV2RGZU00aVNXbHRlcWI4ak83cVNNTkFLZ0grdXFLWERrcXlWMndOdm1zZGZWc1doZUVUCi94NjdiU25RTXVYZG9GcW9ZSllvM3NwZWNydkVPSHdrcFN2Y0JJUTVMVlU0c3JManM2Tm9NZDd6Vnpzc0d0V0sKdytPbFNBWmc5bWsrUTZrR0I5Y2c0SEZsd0E9PQotLS0tLUVORCBDRVJUSUZJQ0FURS0tLS0tCg==\",\"server\":\"https://45484e0a-92dd-11f0-a3bd-0255ac100200.cluster.cce.af-south-1.myhuaweicloud.com:5443\"},\"name\":\"internalCluster\"},{\"cluster\":{\"certificate-authority-data\":\"LS0tLS1CRUdJTiBDRVJUSUZJQ0FURS0tLS0tCk1JSUREekNDQWZlZ0F3SUJBZ0lCQURBTkJna3Foa2lHOXcwQkFRc0ZBREFwTVJrd0Z3WURWUVFLRXhCRFEwVWcKVkdWamFHNXZiRzluYVdWek1Rd3dDZ1lEVlFRREV3TkRRMFV3SGhjTk1qVXdPVEUyTURreE16VTBXaGNOTkRVdwpPVEUyTURreE16VTBXakFwTVJrd0Z3WURWUVFLRXhCRFEwVWdWR1ZqYUc1dmJHOW5hV1Z6TVF3d0NnWURWUVFECkV3TkRRMFV3Z2dFaU1BMEdDU3FHU0liM0RRRUJBUVVBQTRJQkR3QXdnZ0VLQW9JQkFRRFh3ZVJjQ2wxMnRqNVcKbkgwN1dqd2ZIUXZYUm0zQW1td1FJbjk0VEF3VitSNGlLUTI5c1Q2dm1YU1MrK3V4R3hWOVR6bVFlTWY3VzNjRAprSTFSNDdaYS9vclJTZmx5VktTZkdpUTJJY0VadFdzWjVLaFprREpVcFVqWWtvb2lSbDdhWitNUzY5cWYvUXlsCnpNNnhXYklKZGJDMnh1ZWorbGM4NEY2VUlYM0pQMzFUTXFrSllNTGhaSjlGTVA1TDVzUkgvR0ZiRytlcGYvajcKRFpNMW0rY2dLbzQxSHJrOHhicTNtMmYwSnVsN2trVWIzOE55ZVdhZ3dFVlo2MmsyOEFMNmdVMFFpS2Fkb3E4dgpjUEhFZC9JaVl2Q2tRTzhNRTBSZDhZZE1DNjFrak53aG8yMEVka0lwTlJtZ1dKY25KekRCb3BIVnBpVlV5clZPCjMyTkhOSjA1QWdNQkFBR2pRakJBTUE0R0ExVWREd0VCL3dRRUF3SUNwREFQQmdOVkhSTUJBZjhFQlRBREFRSC8KTUIwR0ExVWREZ1FXQkJTQmhTajk5SVVJSHNDaHBOZ0JBMEU1djBLemV6QU5CZ2txaGtpRzl3MEJBUXNGQUFPQwpBUUVBbTBibWUrTkJqNzducVl5WS9WYVFiNzdIMkpPek5rR3FxWnI0Y2hLUitxMEMxYmJCNm93SnROdlFDVkI3CjJmSUYyWXZDSFh2T2FQRlk4ZTBoR2NyejdvRjFUa2FINVJ3SEJxMHl3OE9NQXprTW1BUGVCbWw3K3BrZjRGWUgKN2lkakVTMXEwU0NFSkp0cDRJL2ZyM0dOREFLaFN6WkxTQlF4R0JtbGtLY1RPWFJrdnBGVnFRWHNoamgwQkJkRQowWnU2WHlnYVR0eXdwV2RGZU00aVNXbHRlcWI4ak83cVNNTkFLZ0grdXFLWERrcXlWMndOdm1zZGZWc1doZUVUCi94NjdiU25RTXVYZG9GcW9ZSllvM3NwZWNydkVPSHdrcFN2Y0JJUTVMVlU0c3JManM2Tm9NZDd6Vnpzc0d0V0sKdytPbFNBWmc5bWsrUTZrR0I5Y2c0SEZsd0E9PQotLS0tLUVORCBDRVJUSUZJQ0FURS0tLS0tCg==\",\"server\":\"https://192.168.0.241:5443\"},\"name\":\"internalIPCluster\"},{\"cluster\":{\"insecure-skip-tls-verify\":true,\"server\":\"https://110.238.73.124:5443\"},\"name\":\"externalCluster\"},{\"cluster\":{\"certificate-authority-data\":\"LS0tLS1CRUdJTiBDRVJUSUZJQ0FURS0tLS0tCk1JSUREekNDQWZlZ0F3SUJBZ0lCQURBTkJna3Foa2lHOXcwQkFRc0ZBREFwTVJrd0Z3WURWUVFLRXhCRFEwVWcKVkdWamFHNXZiRzluYVdWek1Rd3dDZ1lEVlFRREV3TkRRMFV3SGhjTk1qVXdPVEUyTURreE16VTBXaGNOTkRVdwpPVEUyTURreE16VTBXakFwTVJrd0Z3WURWUVFLRXhCRFEwVWdWR1ZqYUc1dmJHOW5hV1Z6TVF3d0NnWURWUVFECkV3TkRRMFV3Z2dFaU1BMEdDU3FHU0liM0RRRUJBUVVBQTRJQkR3QXdnZ0VLQW9JQkFRRFh3ZVJjQ2wxMnRqNVcKbkgwN1dqd2ZIUXZYUm0zQW1td1FJbjk0VEF3VitSNGlLUTI5c1Q2dm1YU1MrK3V4R3hWOVR6bVFlTWY3VzNjRAprSTFSNDdaYS9vclJTZmx5VktTZkdpUTJJY0VadFdzWjVLaFprREpVcFVqWWtvb2lSbDdhWitNUzY5cWYvUXlsCnpNNnhXYklKZGJDMnh1ZWorbGM4NEY2VUlYM0pQMzFUTXFrSllNTGhaSjlGTVA1TDVzUkgvR0ZiRytlcGYvajcKRFpNMW0rY2dLbzQxSHJrOHhicTNtMmYwSnVsN2trVWIzOE55ZVdhZ3dFVlo2MmsyOEFMNmdVMFFpS2Fkb3E4dgpjUEhFZC9JaVl2Q2tRTzhNRTBSZDhZZE1DNjFrak53aG8yMEVka0lwTlJtZ1dKY25KekRCb3BIVnBpVlV5clZPCjMyTkhOSjA1QWdNQkFBR2pRakJBTUE0R0ExVWREd0VCL3dRRUF3SUNwREFQQmdOVkhSTUJBZjhFQlRBREFRSC8KTUIwR0ExVWREZ1FXQkJTQmhTajk5SVVJSHNDaHBOZ0JBMEU1djBLemV6QU5CZ2txaGtpRzl3MEJBUXNGQUFPQwpBUUVBbTBibWUrTkJqNzducVl5WS9WYVFiNzdIMkpPek5rR3FxWnI0Y2hLUitxMEMxYmJCNm93SnROdlFDVkI3CjJmSUYyWXZDSFh2T2FQRlk4ZTBoR2NyejdvRjFUa2FINVJ3SEJxMHl3OE9NQXprTW1BUGVCbWw3K3BrZjRGWUgKN2lkakVTMXEwU0NFSkp0cDRJL2ZyM0dOREFLaFN6WkxTQlF4R0JtbGtLY1RPWFJrdnBGVnFRWHNoamgwQkJkRQowWnU2WHlnYVR0eXdwV2RGZU00aVNXbHRlcWI4ak83cVNNTkFLZ0grdXFLWERrcXlWMndOdm1zZGZWc1doZUVUCi94NjdiU25RTXVYZG9GcW9ZSllvM3NwZWNydkVPSHdrcFN2Y0JJUTVMVlU0c3JManM2Tm9NZDd6Vnpzc0d0V0sKdytPbFNBWmc5bWsrUTZrR0I5Y2c0SEZsd0E9PQotLS0tLUVORCBDRVJUSUZJQ0FURS0tLS0tCg==\",\"server\":\"https://110.238.73.124:5443\"},\"name\":\"externalClusterTLSVerify\"}],\"contexts\":[{\"context\":{\"cluster\":\"internalCluster\",\"user\":\"user\"},\"name\":\"internal\"},{\"context\":{\"cluster\":\"internalIPCluster\",\"user\":\"user\"},\"name\":\"internalIP\"},{\"context\":{\"cluster\":\"externalCluster\",\"user\":\"user\"},\"name\":\"external\"},{\"context\":{\"cluster\":\"externalClusterTLSVerify\",\"user\":\"user\"},\"name\":\"externalTLSVerify\"}],\"current-context\":\"external\",\"kind\":\"Config\",\"preferences\":{},\"users\":[{\"name\":\"user\",\"user\":{\"client-certificate-data\":\"LS0tLS1CRUdJTiBDRVJUSUZJQ0FURS0tLS0tCk1JSURsVENDQW4yZ0F3SUJBZ0lJT2o5Y2dyYUQvc0V3RFFZSktvWklodmNOQVFFTEJRQXdLVEVaTUJjR0ExVUUKQ2hNUVEwTkZJRlJsWTJodWIyeHZaMmxsY3pFTU1Bb0dBMVVFQXhNRFEwTkZNQjRYRFRJMU1Ea3hOakE1TlRneQpPRm9YRFRJMU1UQXhOakE1TlRneU9Gb3dnYUV4ZERBUUJnTlZCQW9UQ1dOalpUcDFjMlZ5Y3pBbkJnTlZCQW9UCklEZ3paVGRqWmpRNU9UYzFNRFJpTURKaE9HTmhPREF5TURZellXVTNaVFk0TURjR0ExVUVDaE13WWpjME5HVTIKWm1Wa1pUbGhOREE0T0RreFptWmxNMlV4TVRFNE5HSmtZVGd0WTJWeWRDMHhOelU0TURFME1qTTVNU2t3SndZRApWUVFERXlCaU56UTBaVFptWldSbE9XRTBNRGc0T1RGbVptVXpaVEV4TVRnMFltUmhPRENDQVNJd0RRWUpLb1pJCmh2Y05BUUVCQlFBRGdnRVBBRENDQVFvQ2dnRUJBTEIzT1FoY1pyUHlVU2pKWk1HWGdma2RsK3UxcnBFMG5KcGYKa1NDSnRvWG1rVldsVW9vVjFGd1dKTmNwTW9DZzhVdHFHZWVpaDBxRDNnbEhWVURnTXA3Vmc2L2JkMjlmNmpkQgpPMTNxT0ZiS1o0QnlPa1ROeDR6Q0IxYlVCRWhwR082VTBpOVFScTV6Mjd6bEF6MzlzWXFPV1IzSHArNDRLMnZyCkNyTXdiQVI3UnllL3NXK2dxR3lpN3VqWUp3dnpjZjlwalRzRUdLb1hnaWNGd2tlelVZUlhiQXhCS2tSekJzcEcKOXVuekNZWXp3S29pMnIwMzFoMHJKVEU2SWszcnArL1duV0pZM3E2cnI0WkYvd1JSYlBma2ZpcFdMWTdvSEhEdApSakV6VklHQ0lWZjlaZXJpV0ZGUDlBSmhtNVdIczk2cHhLM2xRV0hOV09tTGVDR2pwR2tDQXdFQUFhTklNRVl3CkRnWURWUjBQQVFIL0JBUURBZ1dnTUJNR0ExVWRKUVFNTUFvR0NDc0dBUVVGQndNQ01COEdBMVVkSXdRWU1CYUEKRklHRktQMzBoUWdld0tHazJBRURRVG0vUXJON01BMEdDU3FHU0liM0RRRUJDd1VBQTRJQkFRQlJwMnZEK29aVQpUYjRjRkdRTDZ0Q3ZEOTlJb1VLRm1meWQ4eHdQei96ZUtFTzNTRC9MV2NGTkxkSjFaZ1hCbkxvVjRiSmwyODFCClVKdGJGZUllbEFiQUhWNlBEUi9aai9pUEFZaXVldENEVnJTbFZZSWRDNk85Q2FDVm1ObVlCL3VIdUlJQ1gvOU4KNHVxbWpIanVvMm5sOXhEclpDbWJtTXlwRWlUeG92WFRFSk9WcGFZU2NIRWM5WWJEL081MmlKcTJ3WUFKYlpoTQp0OWVlczhhcU04aFl4cmRJd001bUNMVWdKNWNlS3VLaDNuWmxoQTV2UVc2dlYvVkE4REZNaFdVaTh5THZ2K3E3ClYvVGEzYlRWemsxLzZaeklYM21NZHFHWmlTMkZ1aXBNQXFydXFoUkJ6QllnNnNmOXVUWmRHV0dEeXRjWTdSOHEKeno2ZmxmWWNlenFTCi0tLS0tRU5EIENFUlRJRklDQVRFLS0tLS0K\",\"client-key-data\":\"LS0tLS1CRUdJTiBSU0EgUFJJVkFURSBLRVktLS0tLQpNSUlFb3dJQkFBS0NBUUVBc0hjNUNGeG1zL0pSS01sa3daZUIrUjJYNjdXdWtUU2NtbCtSSUltMmhlYVJWYVZTCmloWFVYQllrMXlreWdLRHhTMm9aNTZLSFNvUGVDVWRWUU9BeW50V0RyOXQzYjEvcU4wRTdYZW80VnNwbmdISTYKUk0zSGpNSUhWdFFFU0drWTdwVFNMMUJHcm5QYnZPVURQZjJ4aW81WkhjZW43amdyYStzS3N6QnNCSHRISjcreApiNkNvYktMdTZOZ25DL054LzJtTk93UVlxaGVDSndYQ1I3TlJoRmRzREVFcVJITUd5a2IyNmZNSmhqUEFxaUxhCnZUZldIU3NsTVRvaVRldW43OWFkWWxqZXJxdXZoa1gvQkZGczkrUitLbFl0anVnY2NPMUdNVE5VZ1lJaFYvMWwKNnVKWVVVLzBBbUdibFllejNxbkVyZVZCWWMxWTZZdDRJYU9rYVFJREFRQUJBb0lCQUVxdld0TUFFSE9PVmUwVwpOMjk3eVFWL0VlSXZ0Wjg5RGg2RDNlOVFlWkI0UWdCbWhPVnVVYjlibStINFRLaUY5VG0rd1JINUJwdHg3aEl0ClA1YkNqSW9Pd2JvMi8zaUN0cVVHRmJNc3d3VndpcGVoUUtvSUViR3dHTjBWeEc1RkZNazg4U3dYSktNRzQvUXgKVk1yeXlTWmtFckY0NDhqOXV0cmswbFYrWStrTTgzek1IQnpMWG9tRGlxczZWNEp3N3ljRE9BVWU4blF6aUVwRgpZczgraTdVMlJhaWUyeDRZS21ESDFrZmwwOGRjamV1UER3bHQ0WjRMQmpRdSs4cXhmcHhuVCtUL2JkV1FNbXo3ClhvOE8xd004WnVQaUtwdVhlUXQvY25SN3d5eDlreEFIbzRMdW1ZK3BrVmJ1dkxMV2VaV3lTQWlCWjdsbUFoTnEKODRGV01oRUNnWUVBeG1WQmNlV1h4RVRNQnU4czlOKy9xQk9qaHU0Wk9LYjkrQ0pEQStVNThFdUdtUnZha1BpNgoyY3c2VGoxTm5MbzhEUmo1UWxsL1QrcFdzZXhyVlI0YTBBT3ozajducFBvN1ltSVY5cHpmVnM4SnpvTG94NG13CnBzdFdCVTJCVXF5Vm1HblBKaHVLTTZMRExUNmFvKzVHbm5NWTZybmtQMnlyYzZORkh1NGhoRjBDZ1lFQTQ3UHMKWlB2L0syR1J6K05sMGVSYSt5MzVRZTN2dmpHVWRDZldBNldJWXpDb0wvNEw2V1BvVUE1UnRGN2xQYmNQUUswegp1VXd2cXdRVGlDNVhZOHdyd3N3Q0pTWll1MU1mUFFHbkRWYUQxWmJHTzNoRjVwY1pJQmt5RkdBL0FEdVJieU13ClQ4cE56NVU5eFg3bGVYWXQyc2lFa2NDWnZIRkEvRTY2azYxTjMzMENnWUJ2T2ZsVTU0a01paDF3amNyQWhtaW0KekV2VHE4ME1DK002cDhxMmRsN2pMeFNJNWlyRk9BMVphYndPZlNQMENCeitvcytydVEwOU9uM2NSbFZ1WlBCWApTcHdlcjFtakRuOFlpekVSRDZYT3YwZ2FOUjVZTUFPUG4xUGNxVFVscW9nNzZLWXdFU1NNQ21ZdUNYa2RDc3NnCnJocDhEamUrcnlmNExzTGpzbEdzS1FLQmdRREhIS0p1ZTkxYU5ldW5laFdqUUtnK1ZLbE4rWjVYRmt2V2RxOHkKYVNHbWV2blhYYk5VMTBSaUhPTmRjazNMZGJRa3ZsQW9qSEp5ZlJJSFYxNmJxZ0hxU1RMbkFXMCtBU1dqMXpvWQo4N284bjZlZ2dUKytzQW9NZzN2RFRaWkp3YzBlL2dwVSszYW5PcjNWWVcyUWxNTHNPY09USUhSTzBFb2ZWMGpYCnNnZ1NrUUtCZ0NDQWFvZERkcVFGZGsvWUxVeUZwbElhdTZXVDVJMHphYTRMMHh0eEFGNFN4aFJCZkdqOU1SaGcKMSsxSkJHKzYxUVpack95dk1oWnRvK3NaNXgrOUFGRzJFL1NBZlR2M0VVdmpFeHdOL29PRzMydjVnai9tN2dHbwpjOVcwaHBTQzFFRlRLdnFlT2FCZnpHUmVVSXNqK2tBYjlTc2tqOTdCbzV6RFZqM2dzUkpaCi0tLS0tRU5EIFJTQSBQUklWQVRFIEtFWS0tLS0tCg==\"}}]}",
            "region": "af-south-1",
            "users": [
              {
                "name": "user",
                "user": [
                  {
                    "client_certificate_data": "LS0tLS1CRUdJTiBDRVJUSUZJQ0FURS0tLS0tCk1JSURsVENDQW4yZ0F3SUJBZ0lJT2o5Y2dyYUQvc0V3RFFZSktvWklodmNOQVFFTEJRQXdLVEVaTUJjR0ExVUUKQ2hNUVEwTkZJRlJsWTJodWIyeHZaMmxsY3pFTU1Bb0dBMVVFQXhNRFEwTkZNQjRYRFRJMU1Ea3hOakE1TlRneQpPRm9YRFRJMU1UQXhOakE1TlRneU9Gb3dnYUV4ZERBUUJnTlZCQW9UQ1dOalpUcDFjMlZ5Y3pBbkJnTlZCQW9UCklEZ3paVGRqWmpRNU9UYzFNRFJpTURKaE9HTmhPREF5TURZellXVTNaVFk0TURjR0ExVUVDaE13WWpjME5HVTIKWm1Wa1pUbGhOREE0T0RreFptWmxNMlV4TVRFNE5HSmtZVGd0WTJWeWRDMHhOelU0TURFME1qTTVNU2t3SndZRApWUVFERXlCaU56UTBaVFptWldSbE9XRTBNRGc0T1RGbVptVXpaVEV4TVRnMFltUmhPRENDQVNJd0RRWUpLb1pJCmh2Y05BUUVCQlFBRGdnRVBBRENDQVFvQ2dnRUJBTEIzT1FoY1pyUHlVU2pKWk1HWGdma2RsK3UxcnBFMG5KcGYKa1NDSnRvWG1rVldsVW9vVjFGd1dKTmNwTW9DZzhVdHFHZWVpaDBxRDNnbEhWVURnTXA3Vmc2L2JkMjlmNmpkQgpPMTNxT0ZiS1o0QnlPa1ROeDR6Q0IxYlVCRWhwR082VTBpOVFScTV6Mjd6bEF6MzlzWXFPV1IzSHArNDRLMnZyCkNyTXdiQVI3UnllL3NXK2dxR3lpN3VqWUp3dnpjZjlwalRzRUdLb1hnaWNGd2tlelVZUlhiQXhCS2tSekJzcEcKOXVuekNZWXp3S29pMnIwMzFoMHJKVEU2SWszcnArL1duV0pZM3E2cnI0WkYvd1JSYlBma2ZpcFdMWTdvSEhEdApSakV6VklHQ0lWZjlaZXJpV0ZGUDlBSmhtNVdIczk2cHhLM2xRV0hOV09tTGVDR2pwR2tDQXdFQUFhTklNRVl3CkRnWURWUjBQQVFIL0JBUURBZ1dnTUJNR0ExVWRKUVFNTUFvR0NDc0dBUVVGQndNQ01COEdBMVVkSXdRWU1CYUEKRklHRktQMzBoUWdld0tHazJBRURRVG0vUXJON01BMEdDU3FHU0liM0RRRUJDd1VBQTRJQkFRQlJwMnZEK29aVQpUYjRjRkdRTDZ0Q3ZEOTlJb1VLRm1meWQ4eHdQei96ZUtFTzNTRC9MV2NGTkxkSjFaZ1hCbkxvVjRiSmwyODFCClVKdGJGZUllbEFiQUhWNlBEUi9aai9pUEFZaXVldENEVnJTbFZZSWRDNk85Q2FDVm1ObVlCL3VIdUlJQ1gvOU4KNHVxbWpIanVvMm5sOXhEclpDbWJtTXlwRWlUeG92WFRFSk9WcGFZU2NIRWM5WWJEL081MmlKcTJ3WUFKYlpoTQp0OWVlczhhcU04aFl4cmRJd001bUNMVWdKNWNlS3VLaDNuWmxoQTV2UVc2dlYvVkE4REZNaFdVaTh5THZ2K3E3ClYvVGEzYlRWemsxLzZaeklYM21NZHFHWmlTMkZ1aXBNQXFydXFoUkJ6QllnNnNmOXVUWmRHV0dEeXRjWTdSOHEKeno2ZmxmWWNlenFTCi0tLS0tRU5EIENFUlRJRklDQVRFLS0tLS0K",
                    "client_key_data": "LS0tLS1CRUdJTiBSU0EgUFJJVkFURSBLRVktLS0tLQpNSUlFb3dJQkFBS0NBUUVBc0hjNUNGeG1zL0pSS01sa3daZUIrUjJYNjdXdWtUU2NtbCtSSUltMmhlYVJWYVZTCmloWFVYQllrMXlreWdLRHhTMm9aNTZLSFNvUGVDVWRWUU9BeW50V0RyOXQzYjEvcU4wRTdYZW80VnNwbmdISTYKUk0zSGpNSUhWdFFFU0drWTdwVFNMMUJHcm5QYnZPVURQZjJ4aW81WkhjZW43amdyYStzS3N6QnNCSHRISjcreApiNkNvYktMdTZOZ25DL054LzJtTk93UVlxaGVDSndYQ1I3TlJoRmRzREVFcVJITUd5a2IyNmZNSmhqUEFxaUxhCnZUZldIU3NsTVRvaVRldW43OWFkWWxqZXJxdXZoa1gvQkZGczkrUitLbFl0anVnY2NPMUdNVE5VZ1lJaFYvMWwKNnVKWVVVLzBBbUdibFllejNxbkVyZVZCWWMxWTZZdDRJYU9rYVFJREFRQUJBb0lCQUVxdld0TUFFSE9PVmUwVwpOMjk3eVFWL0VlSXZ0Wjg5RGg2RDNlOVFlWkI0UWdCbWhPVnVVYjlibStINFRLaUY5VG0rd1JINUJwdHg3aEl0ClA1YkNqSW9Pd2JvMi8zaUN0cVVHRmJNc3d3VndpcGVoUUtvSUViR3dHTjBWeEc1RkZNazg4U3dYSktNRzQvUXgKVk1yeXlTWmtFckY0NDhqOXV0cmswbFYrWStrTTgzek1IQnpMWG9tRGlxczZWNEp3N3ljRE9BVWU4blF6aUVwRgpZczgraTdVMlJhaWUyeDRZS21ESDFrZmwwOGRjamV1UER3bHQ0WjRMQmpRdSs4cXhmcHhuVCtUL2JkV1FNbXo3ClhvOE8xd004WnVQaUtwdVhlUXQvY25SN3d5eDlreEFIbzRMdW1ZK3BrVmJ1dkxMV2VaV3lTQWlCWjdsbUFoTnEKODRGV01oRUNnWUVBeG1WQmNlV1h4RVRNQnU4czlOKy9xQk9qaHU0Wk9LYjkrQ0pEQStVNThFdUdtUnZha1BpNgoyY3c2VGoxTm5MbzhEUmo1UWxsL1QrcFdzZXhyVlI0YTBBT3ozajducFBvN1ltSVY5cHpmVnM4SnpvTG94NG13CnBzdFdCVTJCVXF5Vm1HblBKaHVLTTZMRExUNmFvKzVHbm5NWTZybmtQMnlyYzZORkh1NGhoRjBDZ1lFQTQ3UHMKWlB2L0syR1J6K05sMGVSYSt5MzVRZTN2dmpHVWRDZldBNldJWXpDb0wvNEw2V1BvVUE1UnRGN2xQYmNQUUswegp1VXd2cXdRVGlDNVhZOHdyd3N3Q0pTWll1MU1mUFFHbkRWYUQxWmJHTzNoRjVwY1pJQmt5RkdBL0FEdVJieU13ClQ4cE56NVU5eFg3bGVYWXQyc2lFa2NDWnZIRkEvRTY2azYxTjMzMENnWUJ2T2ZsVTU0a01paDF3amNyQWhtaW0KekV2VHE4ME1DK002cDhxMmRsN2pMeFNJNWlyRk9BMVphYndPZlNQMENCeitvcytydVEwOU9uM2NSbFZ1WlBCWApTcHdlcjFtakRuOFlpekVSRDZYT3YwZ2FOUjVZTUFPUG4xUGNxVFVscW9nNzZLWXdFU1NNQ21ZdUNYa2RDc3NnCnJocDhEamUrcnlmNExzTGpzbEdzS1FLQmdRREhIS0p1ZTkxYU5ldW5laFdqUUtnK1ZLbE4rWjVYRmt2V2RxOHkKYVNHbWV2blhYYk5VMTBSaUhPTmRjazNMZGJRa3ZsQW9qSEp5ZlJJSFYxNmJxZ0hxU1RMbkFXMCtBU1dqMXpvWQo4N284bjZlZ2dUKytzQW9NZzN2RFRaWkp3YzBlL2dwVSszYW5PcjNWWVcyUWxNTHNPY09USUhSTzBFb2ZWMGpYCnNnZ1NrUUtCZ0NDQWFvZERkcVFGZGsvWUxVeUZwbElhdTZXVDVJMHphYTRMMHh0eEFGNFN4aFJCZkdqOU1SaGcKMSsxSkJHKzYxUVpack95dk1oWnRvK3NaNXgrOUFGRzJFL1NBZlR2M0VVdmpFeHdOL29PRzMydjVnai9tN2dHbwpjOVcwaHBTQzFFRlRLdnFlT2FCZnpHUmVVSXNqK2tBYjlTc2tqOTdCbzV6RFZqM2dzUkpaCi0tLS0tRU5EIFJTQSBQUklWQVRFIEtFWS0tLS0tCg=="
                  }
                ]
              }
            ]
          },
          "sensitive_attributes": [],
          "identity_schema_version": 0
        }
      ]
    },
    {
      "mode": "data",
      "type": "huaweicloud_vpcep_public_services",
      "name": "swr_service",
      "provider": "provider[\"registry.terraform.io/huaweicloud/huaweicloud\"]",
      "instances": [
        {
          "schema_version": 0,
          "attributes": {
            "id": "0d5534a7-dcf5-f616-0067-a9b6b3927517",
            "region": "af-south-1",
            "service_id": null,
            "service_name": "swr",
            "services": [
              {
                "id": "2fc30ac1-34ea-492e-93ad-7460b55ca4b3",
                "is_charge": true,
                "owner": "huawei",
                "service_name": "com.myhuaweicloud.af-south-1.swr",
                "service_type": "interface"
              }
            ]
          },
          "sensitive_attributes": [],
          "identity_schema_version": 0
        }
      ]
    },
    {
      "mode": "data",
      "type": "kubernetes_service",
      "name": "ingress_ctrl",
      "provider": "provider[\"registry.terraform.io/hashicorp/kubernetes\"]",
      "instances": [
        {
          "schema_version": 0,
          "attributes": {
            "id": "ingress-nginx/ingress-nginx-controller",
            "metadata": [
              {
                "annotations": {
                  "kubernetes.io/elb.class": "performance",
                  "kubernetes.io/elb.id": "a0fbb7c5-eaf5-40c5-8135-953a9d948810",
                  "meta.helm.sh/release-name": "ingress-nginx",
                  "meta.helm.sh/release-namespace": "ingress-nginx"
                },
                "generation": 0,
                "labels": {
                  "app.kubernetes.io/component": "controller",
                  "app.kubernetes.io/instance": "ingress-nginx",
                  "app.kubernetes.io/managed-by": "Helm",
                  "app.kubernetes.io/name": "ingress-nginx",
                  "app.kubernetes.io/part-of": "ingress-nginx",
                  "app.kubernetes.io/version": "1.13.2",
                  "helm.sh/chart": "ingress-nginx-4.13.2"
                },
                "name": "ingress-nginx-controller",
                "namespace": "ingress-nginx",
                "resource_version": "1411",
                "uid": "f1bc52b6-5e22-4a09-9a45-91b3a020be39"
              }
            ],
            "spec": [
              {
                "allocate_load_balancer_node_ports": true,
                "cluster_ip": "10.247.203.252",
                "cluster_ips": [
                  "10.247.203.252"
                ],
                "external_ips": [],
                "external_name": "",
                "external_traffic_policy": "Cluster",
                "health_check_node_port": 0,
                "internal_traffic_policy": "Cluster",
                "ip_families": [
                  "IPv4"
                ],
                "ip_family_policy": "SingleStack",
                "load_balancer_class": "",
                "load_balancer_ip": "192.168.0.216",
                "load_balancer_source_ranges": [],
                "port": [
                  {
                    "app_protocol": "http",
                    "name": "http",
                    "node_port": 32377,
                    "port": 80,
                    "protocol": "TCP",
                    "target_port": "http"
                  },
                  {
                    "app_protocol": "https",
                    "name": "https",
                    "node_port": 31582,
                    "port": 443,
                    "protocol": "TCP",
                    "target_port": "https"
                  }
                ],
                "publish_not_ready_addresses": false,
                "selector": {
                  "app.kubernetes.io/component": "controller",
                  "app.kubernetes.io/instance": "ingress-nginx",
                  "app.kubernetes.io/name": "ingress-nginx"
                },
                "session_affinity": "None",
                "session_affinity_config": [],
                "type": "LoadBalancer"
              }
            ],
            "status": [
              {
                "load_balancer": [
                  {
                    "ingress": [
                      {
                        "hostname": "",
                        "ip": "192.168.0.216"
                      },
                      {
                        "hostname": "",
                        "ip": "110.238.76.15"
                      }
                    ]
                  }
                ]
              }
            ]
          },
          "sensitive_attributes": [],
          "identity_schema_version": 0
        }
      ]
    },
    {
      "mode": "managed",
      "type": "helm_release",
      "name": "ingress_nginx",
      "provider": "provider[\"registry.terraform.io/hashicorp/helm\"]",
      "instances": [
        {
          "schema_version": 2,
          "attributes": {
            "atomic": false,
            "chart": "ingress-nginx",
            "cleanup_on_fail": false,
            "create_namespace": false,
            "dependency_update": false,
            "description": null,
            "devel": null,
            "disable_crd_hooks": false,
            "disable_openapi_validation": false,
            "disable_webhooks": false,
            "force_update": false,
            "id": "ingress-nginx",
            "keyring": null,
            "lint": false,
            "manifest": null,
            "max_history": 0,
            "metadata": {
              "app_version": "1.13.2",
              "chart": "ingress-nginx",
              "first_deployed": 1758014244,
              "last_deployed": 1758014244,
              "name": "ingress-nginx",
              "namespace": "ingress-nginx",
              "notes": "The ingress-nginx controller has been installed.\nIt may take a few minutes for the load balancer IP to be available.\nYou can watch the status by running 'kubectl get service --namespace ingress-nginx ingress-nginx-controller --output wide --watch'\n\nAn example Ingress that makes use of the controller:\n  apiVersion: networking.k8s.io/v1\n  kind: Ingress\n  metadata:\n    name: example\n    namespace: foo\n  spec:\n    ingressClassName: nginx\n    rules:\n      - host: www.example.com\n        http:\n          paths:\n            - pathType: Prefix\n              backend:\n                service:\n                  name: exampleService\n                  port:\n                    number: 80\n              path: /\n    # This section is only required if TLS is to be enabled for the Ingress\n    tls:\n      - hosts:\n        - www.example.com\n        secretName: example-tls\n\nIf TLS is enabled for the Ingress, a Secret containing the certificate and key must also be provided:\n\n  apiVersion: v1\n  kind: Secret\n  metadata:\n    name: example-tls\n    namespace: foo\n  data:\n    tls.crt: \u003cbase64 encoded cert\u003e\n    tls.key: \u003cbase64 encoded key\u003e\n  type: kubernetes.io/tls\n",
              "revision": 1,
              "values": "{\"controller\":{\"service\":{\"annotations\":{\"kubernetes.io/elb.class\":\"performance\",\"kubernetes.io/elb.id\":\"a0fbb7c5-eaf5-40c5-8135-953a9d948810\"},\"type\":\"LoadBalancer\"}}}",
              "version": "4.13.2"
            },
            "name": "ingress-nginx",
            "namespace": "ingress-nginx",
            "pass_credentials": false,
            "postrender": null,
            "recreate_pods": false,
            "render_subchart_notes": true,
            "replace": false,
            "repository": "https://kubernetes.github.io/ingress-nginx",
            "repository_ca_file": null,
            "repository_cert_file": null,
            "repository_key_file": null,
            "repository_password": null,
            "repository_username": null,
            "reset_values": false,
            "reuse_values": false,
            "set": [
              {
                "name": "controller.service.type",
                "type": "",
                "value": "LoadBalancer"
              },
              {
                "name": "controller.service.annotations.kubernetes\\.io/elb\\.class",
                "type": "",
                "value": "performance"
              },
              {
                "name": "controller.service.annotations.kubernetes\\.io/elb\\.id",
                "type": "",
                "value": "a0fbb7c5-eaf5-40c5-8135-953a9d948810"
              }
            ],
            "set_list": null,
            "set_sensitive": null,
            "set_wo": null,
            "set_wo_revision": null,
            "skip_crds": false,
            "status": "deployed",
            "timeout": 600,
            "values": null,
            "verify": false,
            "version": "4.13.2",
            "wait": true,
            "wait_for_jobs": false
          },
          "sensitive_attributes": [
            [
              {
                "type": "get_attr",
                "value": "repository_password"
              }
            ]
          ],
          "identity_schema_version": 0,
          "identity": {
            "namespace": "ingress-nginx",
            "release_name": "ingress-nginx"
          },
          "dependencies": [
            "data.huaweicloud_availability_zones.zones",
            "data.huaweicloud_cce_autopilot_cluster_certificate.mlrun_cluster_cert",
            "data.huaweicloud_vpcep_public_services.swr_service",
            "huaweicloud_cce_autopilot_cluster.mlrun-cluster",
            "huaweicloud_elb_loadbalancer.mlrun_elb_ingress",
            "huaweicloud_vpc.vpc",
            "huaweicloud_vpc_eip.mlrun_eip",
            "huaweicloud_vpc_eip.mlrun_eip_ingress",
            "huaweicloud_vpc_subnet.subnet",
            "huaweicloud_vpcep_endpoint.swr_endpoint",
            "kubernetes_namespace.ingress_nginx",
            "local_sensitive_file.kubeconfig"
          ]
        }
      ]
    },
    {
      "mode": "managed",
      "type": "huaweicloud_cce_autopilot_cluster",
      "name": "mlrun-cluster",
      "provider": "provider[\"registry.terraform.io/huaweicloud/huaweicloud\"]",
      "instances": [
        {
          "schema_version": 0,
          "attributes": {
            "alias": "mlrun-cluster",
            "annotations": {
              "enableAutopilot": "true"
            },
            "authentication": [
              {
                "mode": "rbac"
              }
            ],
            "az": "multi_az",
            "category": "Turbo",
            "configurations_override": [],
            "container_network": [
              {
                "mode": "eni"
              }
            ],
            "created_at": "2025-09-16 09:12:29.627961 +0000 UTC",
            "custom_san": [],
            "delete_efs": null,
            "delete_eni": null,
            "delete_net": null,
            "delete_obs": null,
            "delete_sfs30": null,
            "deletion_protection": false,
            "description": "MLRun CCE Autopilot Cluster",
            "eip_id": "2f64fd94-b8e9-4f7e-b6c2-b5324a70200b",
            "enable_autopilot": true,
            "enable_force_new": null,
            "enable_snat": null,
            "enable_swr_image_access": null,
            "eni_network": [
              {
                "subnets": [
                  {
                    "subnet_id": "b3ef768c-1b2c-4cc5-8cfb-1927276ed2fc"
                  }
                ]
              }
            ],
            "extend_param": [
              {
                "enterprise_project_id": ""
              }
            ],
            "flavor": "cce.autopilot.cluster",
            "host_network": [
              {
                "subnet": "7d28230f-24d5-47b0-bfa5-24efd5f66392",
                "vpc": "9da9dad1-7749-4fc6-9ef7-ffff8bb88764"
              }
            ],
            "id": "45484e0a-92dd-11f0-a3bd-0255ac100200",
            "ipv6_enable": false,
            "kube_proxy_mode": "iptables",
            "lts_reclaim_policy": null,
            "name": "mlrun-cluster",
            "platform_version": "cce.4.0",
            "region": "af-south-1",
            "service_network": [
              {
                "ipv4_cidr": "10.247.0.0/16"
              }
            ],
            "status": [
              {
                "endpoints": [
                  {
                    "type": "Internal",
                    "url": "https://45484e0a-92dd-11f0-a3bd-0255ac100200.cluster.cce.af-south-1.myhuaweicloud.com:5443"
                  },
                  {
                    "type": "InternalIP",
                    "url": "https://192.168.0.241:5443"
                  },
                  {
                    "type": "External",
                    "url": "https://110.238.73.124:5443"
                  }
                ],
                "phase": "Available"
              }
            ],
            "tags": {
              "env": "mlrun"
            },
            "timeouts": null,
            "type": "VirtualMachine",
            "updated_at": "2025-09-16 09:57:57.853353 +0000 UTC",
            "version": "v1.31"
          },
          "sensitive_attributes": [],
          "identity_schema_version": 0,
          "private": "eyJlMmJmYjczMC1lY2FhLTExZTYtOGY4OC0zNDM2M2JjN2M0YzAiOnsiY3JlYXRlIjoxODAwMDAwMDAwMDAwLCJkZWxldGUiOjE4MDAwMDAwMDAwMDB9fQ==",
          "dependencies": [
            "huaweicloud_vpc.vpc",
            "huaweicloud_vpc_eip.mlrun_eip",
            "huaweicloud_vpc_subnet.subnet"
          ]
        }
      ]
    },
    {
      "mode": "managed",
      "type": "huaweicloud_elb_loadbalancer",
      "name": "mlrun_elb_ingress",
      "provider": "provider[\"registry.terraform.io/huaweicloud/huaweicloud\"]",
      "instances": [
        {
          "schema_version": 0,
          "attributes": {
            "auto_pay": null,
            "auto_renew": null,
            "autoscaling_enabled": false,
            "availability_zone": [
              "af-south-1a"
            ],
            "backend_subnets": [
              "7d28230f-24d5-47b0-bfa5-24efd5f66392"
            ],
            "bandwidth_charge_mode": null,
            "bandwidth_id": null,
            "bandwidth_size": null,
            "charge_mode": "flavor",
            "charging_mode": "postPaid",
            "created_at": "2025-09-16T09:12:24Z",
            "cross_vpc_backend": false,
            "deletion_protection_enable": null,
            "description": "",
            "elb_virsubnet_type": "ipv4",
            "enterprise_project_id": "0",
            "force_delete": null,
            "frozen_scene": "",
            "guaranteed": true,
            "gw_flavor_id": "",
            "id": "a0fbb7c5-eaf5-40c5-8135-953a9d948810",
            "iptype": null,
            "ipv4_address": "192.168.0.216",
            "ipv4_eip": "110.238.76.15",
            "ipv4_eip_id": "0b942f81-3f76-4d61-ba46-279c52169249",
            "ipv4_port_id": "85a3a630-d02f-481f-81ef-f27455162792",
            "ipv4_subnet_id": "b3ef768c-1b2c-4cc5-8cfb-1927276ed2fc",
            "ipv6_address": "",
            "ipv6_bandwidth_id": null,
            "ipv6_eip": null,
            "ipv6_eip_id": null,
            "ipv6_network_id": "",
            "l4_flavor_id": "207ff954-7fa0-4258-a9bd-6dd8ee65e614",
            "l7_flavor_id": "32b7235a-2efd-4111-829d-9b74061052ba",
            "loadbalancer_type": "",
            "min_l7_flavor_id": "",
            "name": "mlrun-elb-ingress",
            "operating_status": "ONLINE",
            "period": null,
            "period_unit": null,
            "protection_reason": "",
            "protection_status": "nonProtection",
            "public_border_group": "center",
            "region": "af-south-1",
            "sharetype": null,
            "tags": {},
            "timeouts": null,
            "updated_at": "2025-09-16T09:12:26Z",
            "vpc_id": "9da9dad1-7749-4fc6-9ef7-ffff8bb88764",
            "waf_failure_action": "forward"
          },
          "sensitive_attributes": [],
          "identity_schema_version": 0,
          "private": "eyJlMmJmYjczMC1lY2FhLTExZTYtOGY4OC0zNDM2M2JjN2M0YzAiOnsiY3JlYXRlIjo2MDAwMDAwMDAwMDAsImRlbGV0ZSI6MzAwMDAwMDAwMDAwLCJ1cGRhdGUiOjYwMDAwMDAwMDAwMH19",
          "dependencies": [
            "data.huaweicloud_availability_zones.zones",
            "huaweicloud_vpc.vpc",
            "huaweicloud_vpc_eip.mlrun_eip",
            "huaweicloud_vpc_eip.mlrun_eip_ingress",
            "huaweicloud_vpc_subnet.subnet"
          ]
        }
      ]
    },
    {
      "mode": "managed",
      "type": "huaweicloud_nat_gateway",
      "name": "mlrun_nat",
      "provider": "provider[\"registry.terraform.io/huaweicloud/huaweicloud\"]",
      "instances": [
        {
          "schema_version": 0,
          "attributes": {
            "auto_renew": null,
            "billing_info": "",
            "bps_max": 20480,
            "charging_mode": null,
            "created_at": "2025-09-16 09:12:24.000060",
            "description": "",
            "dnat_rules_limit": 200,
            "enterprise_project_id": "0",
            "id": "cec86714-76b6-472d-a1df-b26d4d208a6e",
            "name": "mlrun-nat",
            "ngport_ip_address": "192.168.0.47",
            "period": null,
            "period_unit": null,
            "pps_max": 2000000,
            "region": "af-south-1",
            "session_conf": [
              {
                "icmp_session_expire_time": 10,
                "tcp_session_expire_time": 900,
                "tcp_time_wait_time": 5,
                "udp_session_expire_time": 300
              }
            ],
            "snat_rule_public_ip_limit": 20,
            "spec": "1",
            "status": "ACTIVE",
            "subnet_id": "7d28230f-24d5-47b0-bfa5-24efd5f66392",
            "tags": {},
            "timeouts": null,
            "vpc_id": "9da9dad1-7749-4fc6-9ef7-ffff8bb88764"
          },
          "sensitive_attributes": [],
          "identity_schema_version": 0,
          "private": "eyJlMmJmYjczMC1lY2FhLTExZTYtOGY4OC0zNDM2M2JjN2M0YzAiOnsiY3JlYXRlIjozMDAwMDAwMDAwMDAsImRlbGV0ZSI6MzAwMDAwMDAwMDAwLCJ1cGRhdGUiOjMwMDAwMDAwMDAwMH19",
          "dependencies": [
            "huaweicloud_vpc.vpc",
            "huaweicloud_vpc_subnet.subnet"
          ]
        }
      ]
    },
    {
      "mode": "managed",
      "type": "huaweicloud_nat_snat_rule",
      "name": "snat_all",
      "provider": "provider[\"registry.terraform.io/huaweicloud/huaweicloud\"]",
      "instances": [
        {
          "schema_version": 0,
          "attributes": {
            "cidr": "",
            "created_at": "2025-09-16 09:12:29.000572",
            "description": "",
            "floating_ip_address": "203.123.81.236",
            "floating_ip_id": "7c1230fa-8494-42cb-821e-1b2010d31cae",
            "freezed_ip_address": "",
            "global_eip_address": "",
            "global_eip_id": "",
            "id": "e5f3e817-cb37-4bdf-b931-c4943b7e003d",
            "nat_gateway_id": "cec86714-76b6-472d-a1df-b26d4d208a6e",
            "network_id": null,
            "region": "af-south-1",
            "source_type": 0,
            "status": "ACTIVE",
            "subnet_id": "7d28230f-24d5-47b0-bfa5-24efd5f66392",
            "timeouts": null
          },
          "sensitive_attributes": [],
          "identity_schema_version": 0,
          "private": "eyJlMmJmYjczMC1lY2FhLTExZTYtOGY4OC0zNDM2M2JjN2M0YzAiOnsiY3JlYXRlIjozMDAwMDAwMDAwMDAsImRlbGV0ZSI6MzAwMDAwMDAwMDAwLCJ1cGRhdGUiOjMwMDAwMDAwMDAwMH19",
          "dependencies": [
            "huaweicloud_nat_gateway.mlrun_nat",
            "huaweicloud_vpc.vpc",
            "huaweicloud_vpc_eip.mlrun_nat_eip",
            "huaweicloud_vpc_subnet.subnet"
          ]
        }
      ]
    },
    {
      "mode": "managed",
      "type": "huaweicloud_networking_secgroup",
      "name": "secgroup",
      "provider": "provider[\"registry.terraform.io/huaweicloud/huaweicloud\"]",
      "instances": [
        {
          "schema_version": 0,
          "attributes": {
            "created_at": "2025-09-16T09:12:10Z",
            "delete_default_rules": true,
            "description": "MLRun security group",
            "enterprise_project_id": "0",
            "id": "42e14c85-566a-42a5-bc3e-843642bba511",
            "name": "mlrun-secgroup",
            "region": "af-south-1",
            "rules": [
              {
                "action": "allow",
                "description": "",
                "direction": "ingress",
                "ethertype": "IPv4",
                "id": "4c583173-b1c7-4f8c-8d3e-f0a9adccadab",
                "port_range_max": 80,
                "port_range_min": 80,
                "ports": "80",
                "priority": 1,
                "protocol": "tcp",
                "remote_address_group_id": "",
                "remote_group_id": "",
                "remote_ip_prefix": "0.0.0.0/0"
              },
              {
                "action": "allow",
                "description": "",
                "direction": "ingress",
                "ethertype": "IPv4",
                "id": "568f791c-f72b-4678-918c-bf0d5751d928",
                "port_range_max": 22,
                "port_range_min": 22,
                "ports": "22",
                "priority": 1,
                "protocol": "tcp",
                "remote_address_group_id": "",
                "remote_group_id": "",
                "remote_ip_prefix": "0.0.0.0/0"
              }
            ],
            "tags": {},
            "timeouts": null,
            "updated_at": "2025-09-16T09:12:11Z"
          },
          "sensitive_attributes": [],
          "identity_schema_version": 0,
          "private": "eyJlMmJmYjczMC1lY2FhLTExZTYtOGY4OC0zNDM2M2JjN2M0YzAiOnsiZGVsZXRlIjo2MDAwMDAwMDAwMDB9fQ=="
        }
      ]
    },
    {
      "mode": "managed",
      "type": "huaweicloud_networking_secgroup_rule",
      "name": "secgroup_rule_http",
      "provider": "provider[\"registry.terraform.io/huaweicloud/huaweicloud\"]",
      "instances": [
        {
          "schema_version": 0,
          "attributes": {
            "action": "allow",
            "description": "",
            "direction": "ingress",
            "ethertype": "IPv4",
            "id": "4c583173-b1c7-4f8c-8d3e-f0a9adccadab",
            "port_range_max": 80,
            "port_range_min": 80,
            "ports": "80",
            "priority": 1,
            "protocol": "tcp",
            "region": "af-south-1",
            "remote_address_group_id": "",
            "remote_group_id": "",
            "remote_ip_prefix": "0.0.0.0/0",
            "security_group_id": "42e14c85-566a-42a5-bc3e-843642bba511",
            "timeouts": null
          },
          "sensitive_attributes": [],
          "identity_schema_version": 0,
          "private": "eyJlMmJmYjczMC1lY2FhLTExZTYtOGY4OC0zNDM2M2JjN2M0YzAiOnsiZGVsZXRlIjo2MDAwMDAwMDAwMDB9fQ==",
          "dependencies": [
            "huaweicloud_networking_secgroup.secgroup"
          ]
        }
      ]
    },
    {
      "mode": "managed",
      "type": "huaweicloud_networking_secgroup_rule",
      "name": "secgroup_rule_ssh",
      "provider": "provider[\"registry.terraform.io/huaweicloud/huaweicloud\"]",
      "instances": [
        {
          "schema_version": 0,
          "attributes": {
            "action": "allow",
            "description": "",
            "direction": "ingress",
            "ethertype": "IPv4",
            "id": "568f791c-f72b-4678-918c-bf0d5751d928",
            "port_range_max": 22,
            "port_range_min": 22,
            "ports": "22",
            "priority": 1,
            "protocol": "tcp",
            "region": "af-south-1",
            "remote_address_group_id": "",
            "remote_group_id": "",
            "remote_ip_prefix": "0.0.0.0/0",
            "security_group_id": "42e14c85-566a-42a5-bc3e-843642bba511",
            "timeouts": null
          },
          "sensitive_attributes": [],
          "identity_schema_version": 0,
          "private": "eyJlMmJmYjczMC1lY2FhLTExZTYtOGY4OC0zNDM2M2JjN2M0YzAiOnsiZGVsZXRlIjo2MDAwMDAwMDAwMDB9fQ==",
          "dependencies": [
            "huaweicloud_networking_secgroup.secgroup"
          ]
        }
      ]
    },
    {
      "mode": "managed",
      "type": "huaweicloud_obs_bucket",
      "name": "mlrun-bucket",
      "provider": "provider[\"registry.terraform.io/huaweicloud/huaweicloud\"]",
      "instances": [
        {
          "schema_version": 0,
          "attributes": {
            "acl": "private",
            "bucket": "mlrun-bucket",
            "bucket_domain_name": "mlrun-bucket.obs.af-south-1.myhuaweicloud.com",
            "bucket_version": "3.0",
            "cors_rule": [],
            "encryption": false,
            "enterprise_project_id": "0",
            "force_destroy": false,
            "id": "mlrun-bucket",
            "kms_key_id": "",
            "kms_key_project_id": "",
            "lifecycle_rule": [],
            "logging": [],
            "multi_az": false,
            "parallel_fs": false,
            "policy": "",
            "policy_format": "obs",
            "quota": 0,
            "region": "af-south-1",
            "sse_algorithm": "",
            "storage_class": "STANDARD",
            "storage_info": [
              {
                "object_number": 0,
                "size": 0
              }
            ],
            "tags": {
              "env": "mlrun",
              "type": "bucket"
            },
            "user_domain_names": [],
            "versioning": false,
            "website": []
          },
          "sensitive_attributes": [],
          "identity_schema_version": 0,
          "private": "bnVsbA=="
        }
      ]
    },
    {
      "mode": "managed",
      "type": "huaweicloud_swr_organization",
      "name": "mlrun-swr-org",
      "provider": "provider[\"registry.terraform.io/huaweicloud/huaweicloud\"]",
      "instances": [
        {
          "schema_version": 0,
          "attributes": {
            "creator": "hid_bcxib1czn-_qw4n",
            "id": "mlrun-org",
            "login_server": "swr.af-south-1.myhuaweicloud.com",
            "name": "mlrun-org",
            "permission": "Manage",
            "region": "af-south-1",
            "timeouts": null
          },
          "sensitive_attributes": [],
          "identity_schema_version": 0,
          "private": "eyJlMmJmYjczMC1lY2FhLTExZTYtOGY4OC0zNDM2M2JjN2M0YzAiOnsiY3JlYXRlIjozMDAwMDAwMDAwMDAsImRlbGV0ZSI6MzAwMDAwMDAwMDAwfX0="
        }
      ]
    },
    {
      "mode": "managed",
      "type": "huaweicloud_vpc",
      "name": "vpc",
      "provider": "provider[\"registry.terraform.io/huaweicloud/huaweicloud\"]",
      "instances": [
        {
          "schema_version": 0,
          "attributes": {
            "block_service_endpoint_states": null,
            "cidr": "192.168.0.0/16",
            "description": "",
            "enhanced_local_route": "false",
            "enterprise_project_id": "0",
            "id": "9da9dad1-7749-4fc6-9ef7-ffff8bb88764",
            "name": "mlrun-vpc",
            "region": "af-south-1",
            "routes": [
              {
                "destination": "0.0.0.0/0",
                "nexthop": "192.168.0.47"
              }
            ],
            "secondary_cidr": null,
            "secondary_cidrs": [],
            "status": "OK",
            "tags": {},
            "timeouts": null
          },
          "sensitive_attributes": [],
          "identity_schema_version": 0,
          "private": "eyJlMmJmYjczMC1lY2FhLTExZTYtOGY4OC0zNDM2M2JjN2M0YzAiOnsiY3JlYXRlIjo2MDAwMDAwMDAwMDAsImRlbGV0ZSI6MTgwMDAwMDAwMDAwfX0="
        }
      ]
    },
    {
      "mode": "managed",
      "type": "huaweicloud_vpc_eip",
      "name": "mlrun_eip",
      "provider": "provider[\"registry.terraform.io/huaweicloud/huaweicloud\"]",
      "instances": [
        {
          "schema_version": 0,
          "attributes": {
            "address": "110.238.73.124",
            "associate_id": "540d588e-a456-4db7-9ea7-015372764cf9",
            "associate_type": "ELB",
            "auto_pay": null,
            "auto_renew": null,
            "bandwidth": [
              {
                "charge_mode": "traffic",
                "id": "908cfc1b-b130-487f-980e-1868c5d2aa03",
                "name": "mlrun-eip-bandwidth",
                "share_type": "PER",
                "size": 8
              }
            ],
            "charging_mode": "postPaid",
            "created_at": "2025-09-16 09:12:11",
            "enterprise_project_id": "0",
            "id": "2f64fd94-b8e9-4f7e-b6c2-b5324a70200b",
            "instance_id": "",
            "instance_type": "",
            "ipv6_address": "",
            "name": "",
            "period": null,
            "period_unit": null,
            "port_id": "",
            "private_ip": "",
            "publicip": [
              {
                "ip_address": "110.238.73.124",
                "ip_version": 4,
                "port_id": "",
                "type": "5_bgp"
              }
            ],
            "region": "af-south-1",
            "status": "ELB",
            "tags": {},
            "timeouts": null,
            "updated_at": "2025-09-16T09:17:19Z"
          },
          "sensitive_attributes": [],
          "identity_schema_version": 0,
          "private": "eyJlMmJmYjczMC1lY2FhLTExZTYtOGY4OC0zNDM2M2JjN2M0YzAiOnsiY3JlYXRlIjo2MDAwMDAwMDAwMDAsImRlbGV0ZSI6MzAwMDAwMDAwMDAwLCJ1cGRhdGUiOjMwMDAwMDAwMDAwMH19"
        }
      ]
    },
    {
      "mode": "managed",
      "type": "huaweicloud_vpc_eip",
      "name": "mlrun_eip_ingress",
      "provider": "provider[\"registry.terraform.io/huaweicloud/huaweicloud\"]",
      "instances": [
        {
          "schema_version": 0,
          "attributes": {
            "address": "110.238.76.15",
            "associate_id": "a0fbb7c5-eaf5-40c5-8135-953a9d948810",
            "associate_type": "ELB",
            "auto_pay": null,
            "auto_renew": null,
            "bandwidth": [
              {
                "charge_mode": "traffic",
                "id": "639e4a32-f8a9-4ac4-a762-abb27d105423",
                "name": "mlrun-eip-ingress-bandwidth",
                "share_type": "PER",
                "size": 8
              }
            ],
            "charging_mode": "postPaid",
            "created_at": "2025-09-16 09:12:11",
            "enterprise_project_id": "0",
            "id": "0b942f81-3f76-4d61-ba46-279c52169249",
            "instance_id": "",
            "instance_type": "",
            "ipv6_address": "",
            "name": "",
            "period": null,
            "period_unit": null,
            "port_id": "",
            "private_ip": "",
            "publicip": [
              {
                "ip_address": "110.238.76.15",
                "ip_version": 4,
                "port_id": "",
                "type": "5_bgp"
              }
            ],
            "region": "af-south-1",
            "status": "ELB",
            "tags": {},
            "timeouts": null,
            "updated_at": "2025-09-16T09:12:26Z"
          },
          "sensitive_attributes": [],
          "identity_schema_version": 0,
          "private": "eyJlMmJmYjczMC1lY2FhLTExZTYtOGY4OC0zNDM2M2JjN2M0YzAiOnsiY3JlYXRlIjo2MDAwMDAwMDAwMDAsImRlbGV0ZSI6MzAwMDAwMDAwMDAwLCJ1cGRhdGUiOjMwMDAwMDAwMDAwMH19"
        }
      ]
    },
    {
      "mode": "managed",
      "type": "huaweicloud_vpc_eip",
      "name": "mlrun_nat_eip",
      "provider": "provider[\"registry.terraform.io/huaweicloud/huaweicloud\"]",
      "instances": [
        {
          "schema_version": 0,
          "attributes": {
            "address": "203.123.81.236",
            "associate_id": "cec86714-76b6-472d-a1df-b26d4d208a6e",
            "associate_type": "NATGW",
            "auto_pay": null,
            "auto_renew": null,
            "bandwidth": [
              {
                "charge_mode": "traffic",
                "id": "9d95e334-d7be-4568-81c2-07946b5ebb3c",
                "name": "mlrun-nat-bw",
                "share_type": "PER",
                "size": 10
              }
            ],
            "charging_mode": "postPaid",
            "created_at": "2025-09-16 09:12:11",
            "enterprise_project_id": "0",
            "id": "7c1230fa-8494-42cb-821e-1b2010d31cae",
            "instance_id": "",
            "instance_type": "",
            "ipv6_address": "",
            "name": "",
            "period": null,
            "period_unit": null,
            "port_id": "6b00fbd1-cbb8-44d5-9d14-aa6ea31552aa",
            "private_ip": "192.168.0.47",
            "publicip": [
              {
                "ip_address": "203.123.81.236",
                "ip_version": 4,
                "port_id": "6b00fbd1-cbb8-44d5-9d14-aa6ea31552aa",
                "type": "5_bgp"
              }
            ],
            "region": "af-south-1",
            "status": "BOUND",
            "tags": {},
            "timeouts": null,
            "updated_at": "2025-09-16T09:12:29Z"
          },
          "sensitive_attributes": [],
          "identity_schema_version": 0,
          "private": "eyJlMmJmYjczMC1lY2FhLTExZTYtOGY4OC0zNDM2M2JjN2M0YzAiOnsiY3JlYXRlIjo2MDAwMDAwMDAwMDAsImRlbGV0ZSI6MzAwMDAwMDAwMDAwLCJ1cGRhdGUiOjMwMDAwMDAwMDAwMH19"
        }
      ]
    },
    {
      "mode": "managed",
      "type": "huaweicloud_vpc_subnet",
      "name": "subnet",
      "provider": "provider[\"registry.terraform.io/huaweicloud/huaweicloud\"]",
      "instances": [
        {
          "schema_version": 0,
          "attributes": {
            "availability_zone": "",
            "cidr": "192.168.0.0/24",
            "description": "",
            "dhcp_domain_name": null,
            "dhcp_enable": true,
            "dhcp_ipv6_lease_time": null,
            "dhcp_lease_time": "87600h",
            "dns_list": [
              "100.125.1.250",
              "100.125.21.250"
            ],
            "gateway_ip": "192.168.0.1",
            "id": "7d28230f-24d5-47b0-bfa5-24efd5f66392",
            "ipv4_subnet_id": "b3ef768c-1b2c-4cc5-8cfb-1927276ed2fc",
            "ipv6_cidr": "",
            "ipv6_enable": false,
            "ipv6_gateway": "",
            "ipv6_subnet_id": "",
            "name": "mlrun-subnet",
            "ntp_server_address": null,
            "primary_dns": "100.125.1.250",
            "region": "af-south-1",
            "secondary_dns": "100.125.21.250",
            "subnet_id": "b3ef768c-1b2c-4cc5-8cfb-1927276ed2fc",
            "tags": {},
            "timeouts": null,
            "vpc_id": "9da9dad1-7749-4fc6-9ef7-ffff8bb88764"
          },
          "sensitive_attributes": [],
          "identity_schema_version": 0,
          "private": "eyJlMmJmYjczMC1lY2FhLTExZTYtOGY4OC0zNDM2M2JjN2M0YzAiOnsiY3JlYXRlIjozMDAwMDAwMDAwMDAsImRlbGV0ZSI6NjAwMDAwMDAwMDAwfX0=",
          "dependencies": [
            "huaweicloud_vpc.vpc"
          ]
        }
      ]
    },
    {
      "mode": "managed",
      "type": "huaweicloud_vpcep_endpoint",
      "name": "swr_endpoint",
      "provider": "provider[\"registry.terraform.io/huaweicloud/huaweicloud\"]",
      "instances": [
        {
          "schema_version": 0,
          "attributes": {
            "description": "",
            "enable_dns": true,
            "enable_whitelist": false,
            "id": "c52af65c-8efe-474a-85fa-08b378d91a22",
            "ip_address": "192.168.0.41",
            "ip_version": "ipv4",
            "ipv6_address": "",
            "network_id": "7d28230f-24d5-47b0-bfa5-24efd5f66392",
            "packet_id": 0,
            "policy_document": "{\"Statement\":[{\"Action\":[\"*\"],\"Effect\":\"Allow\",\"Principal\":\"*\",\"Resource\":[\"*\"]}],\"Version\":\"5.0\"}",
            "policy_statement": "null",
            "private_domain_name": "vpcep-c52af65c-8efe-474a-85fa-08b378d91a22.af-south-1.huaweicloud.com.",
            "region": "af-south-1",
            "routetables": [],
            "service_id": "2fc30ac1-34ea-492e-93ad-7460b55ca4b3",
            "service_name": "com.myhuaweicloud.af-south-1.swr",
            "service_type": "interface",
            "status": "accepted",
            "tags": {},
            "timeouts": null,
            "vpc_id": "9da9dad1-7749-4fc6-9ef7-ffff8bb88764",
            "whitelist": []
          },
          "sensitive_attributes": [],
          "identity_schema_version": 0,
          "private": "eyJlMmJmYjczMC1lY2FhLTExZTYtOGY4OC0zNDM2M2JjN2M0YzAiOnsiY3JlYXRlIjo2MDAwMDAwMDAwMDAsImRlbGV0ZSI6NjAwMDAwMDAwMDAwfX0=",
          "dependencies": [
            "data.huaweicloud_vpcep_public_services.swr_service",
            "huaweicloud_vpc.vpc",
            "huaweicloud_vpc_subnet.subnet"
          ]
        }
      ]
    },
    {
      "mode": "managed",
      "type": "kubernetes_namespace",
      "name": "ingress_nginx",
      "provider": "provider[\"registry.terraform.io/hashicorp/kubernetes\"]",
      "instances": [
        {
          "schema_version": 0,
          "attributes": {
            "id": "ingress-nginx",
            "metadata": [
              {
                "annotations": {},
                "generate_name": "",
                "generation": 0,
                "labels": {},
                "name": "ingress-nginx",
                "resource_version": "896",
                "uid": "77c48232-30bf-4b71-abed-8e7da0eb193f"
              }
            ],
            "timeouts": null,
            "wait_for_default_service_account": false
          },
          "sensitive_attributes": [],
          "identity_schema_version": 1,
          "identity": {
            "api_version": "v1",
            "kind": "Namespace",
            "name": "ingress-nginx"
          },
          "private": "eyJlMmJmYjczMC1lY2FhLTExZTYtOGY4OC0zNDM2M2JjN2M0YzAiOnsiZGVsZXRlIjozMDAwMDAwMDAwMDB9fQ==",
          "dependencies": [
            "data.huaweicloud_cce_autopilot_cluster_certificate.mlrun_cluster_cert",
            "huaweicloud_cce_autopilot_cluster.mlrun-cluster",
            "huaweicloud_vpc.vpc",
            "huaweicloud_vpc_eip.mlrun_eip",
            "huaweicloud_vpc_subnet.subnet",
            "local_sensitive_file.kubeconfig"
          ]
        }
      ]
    },
    {
      "mode": "managed",
      "type": "kubernetes_namespace",
      "name": "mlrun",
      "provider": "provider[\"registry.terraform.io/hashicorp/kubernetes\"]",
      "instances": [
        {
          "schema_version": 0,
          "attributes": {
            "id": "mlrun",
            "metadata": [
              {
                "annotations": null,
                "generate_name": "",
                "generation": 0,
                "labels": null,
                "name": "mlrun",
                "resource_version": "16294",
                "uid": "d7534928-e705-4fa6-89a7-2540a65d7bfe"
              }
            ],
            "timeouts": null,
            "wait_for_default_service_account": false
          },
          "sensitive_attributes": [],
          "identity_schema_version": 1,
          "identity": {
            "api_version": "v1",
            "kind": "Namespace",
            "name": "mlrun"
          },
          "private": "eyJlMmJmYjczMC1lY2FhLTExZTYtOGY4OC0zNDM2M2JjN2M0YzAiOnsiZGVsZXRlIjozMDAwMDAwMDAwMDB9fQ==",
          "dependencies": [
            "data.huaweicloud_cce_autopilot_cluster_certificate.mlrun_cluster_cert",
            "huaweicloud_cce_autopilot_cluster.mlrun-cluster",
            "huaweicloud_vpc.vpc",
            "huaweicloud_vpc_eip.mlrun_eip",
            "huaweicloud_vpc_subnet.subnet",
            "local_sensitive_file.kubeconfig"
          ]
        }
      ]
    },
    {
      "mode": "managed",
      "type": "kubernetes_secret",
      "name": "registry_credentials",
      "provider": "provider[\"registry.terraform.io/hashicorp/kubernetes\"]",
      "instances": [
        {
          "schema_version": 0,
          "attributes": {
            "binary_data": null,
            "binary_data_wo": null,
            "binary_data_wo_revision": null,
            "data": {
              ".dockerconfigjson": "{\"auths\":{\"swr.af-south-1.myhuaweicloud.com\":{\"password\":\"0a81ada0242041f94c4a6afdaaf2b6e1b04776cf2b014049758cb39f5a05931d\",\"username\":\"af-south-1@HPUAWYQLGUPFDC9BJTLD\"}}}"
            },
            "data_wo": null,
            "data_wo_revision": null,
            "id": "mlrun/registry-credentials",
            "immutable": false,
            "metadata": [
              {
                "annotations": null,
                "generate_name": "",
                "generation": 0,
                "labels": null,
                "name": "registry-credentials",
                "namespace": "mlrun",
                "resource_version": "16298",
                "uid": "f721302d-0336-45bf-b6d5-4a288f82d97f"
              }
            ],
            "timeouts": null,
            "type": "kubernetes.io/dockerconfigjson",
            "wait_for_service_account_token": true
          },
          "sensitive_attributes": [
            [
              {
                "type": "get_attr",
                "value": "binary_data"
              }
            ],
            [
              {
                "type": "get_attr",
                "value": "data"
              }
            ],
            [
              {
                "type": "get_attr",
                "value": "data"
              },
              {
                "type": "index",
                "value": {
                  "value": ".dockerconfigjson",
                  "type": "string"
                }
              }
            ]
          ],
          "identity_schema_version": 1,
          "identity": {
            "api_version": "v1",
            "kind": "Secret",
            "name": "registry-credentials",
            "namespace": "mlrun"
          },
          "private": "eyJlMmJmYjczMC1lY2FhLTExZTYtOGY4OC0zNDM2M2JjN2M0YzAiOnsiY3JlYXRlIjo2MDAwMDAwMDAwMH19",
          "dependencies": [
            "data.external.swr_login_key",
            "data.huaweicloud_cce_autopilot_cluster_certificate.mlrun_cluster_cert",
            "huaweicloud_cce_autopilot_cluster.mlrun-cluster",
            "huaweicloud_swr_organization.mlrun-swr-org",
            "huaweicloud_vpc.vpc",
            "huaweicloud_vpc_eip.mlrun_eip",
            "huaweicloud_vpc_subnet.subnet",
            "kubernetes_namespace.mlrun",
            "local_sensitive_file.kubeconfig"
          ]
        }
      ]
    },
    {
      "mode": "managed",
      "type": "local_sensitive_file",
      "name": "kubeconfig",
      "provider": "provider[\"registry.terraform.io/hashicorp/local\"]",
      "instances": [
        {
          "schema_version": 0,
          "attributes": {
            "content": "{\"apiVersion\":\"v1\",\"clusters\":[{\"cluster\":{\"certificate-authority-data\":\"LS0tLS1CRUdJTiBDRVJUSUZJQ0FURS0tLS0tCk1JSUREekNDQWZlZ0F3SUJBZ0lCQURBTkJna3Foa2lHOXcwQkFRc0ZBREFwTVJrd0Z3WURWUVFLRXhCRFEwVWcKVkdWamFHNXZiRzluYVdWek1Rd3dDZ1lEVlFRREV3TkRRMFV3SGhjTk1qVXdPVEUyTURreE16VTBXaGNOTkRVdwpPVEUyTURreE16VTBXakFwTVJrd0Z3WURWUVFLRXhCRFEwVWdWR1ZqYUc1dmJHOW5hV1Z6TVF3d0NnWURWUVFECkV3TkRRMFV3Z2dFaU1BMEdDU3FHU0liM0RRRUJBUVVBQTRJQkR3QXdnZ0VLQW9JQkFRRFh3ZVJjQ2wxMnRqNVcKbkgwN1dqd2ZIUXZYUm0zQW1td1FJbjk0VEF3VitSNGlLUTI5c1Q2dm1YU1MrK3V4R3hWOVR6bVFlTWY3VzNjRAprSTFSNDdaYS9vclJTZmx5VktTZkdpUTJJY0VadFdzWjVLaFprREpVcFVqWWtvb2lSbDdhWitNUzY5cWYvUXlsCnpNNnhXYklKZGJDMnh1ZWorbGM4NEY2VUlYM0pQMzFUTXFrSllNTGhaSjlGTVA1TDVzUkgvR0ZiRytlcGYvajcKRFpNMW0rY2dLbzQxSHJrOHhicTNtMmYwSnVsN2trVWIzOE55ZVdhZ3dFVlo2MmsyOEFMNmdVMFFpS2Fkb3E4dgpjUEhFZC9JaVl2Q2tRTzhNRTBSZDhZZE1DNjFrak53aG8yMEVka0lwTlJtZ1dKY25KekRCb3BIVnBpVlV5clZPCjMyTkhOSjA1QWdNQkFBR2pRakJBTUE0R0ExVWREd0VCL3dRRUF3SUNwREFQQmdOVkhSTUJBZjhFQlRBREFRSC8KTUIwR0ExVWREZ1FXQkJTQmhTajk5SVVJSHNDaHBOZ0JBMEU1djBLemV6QU5CZ2txaGtpRzl3MEJBUXNGQUFPQwpBUUVBbTBibWUrTkJqNzducVl5WS9WYVFiNzdIMkpPek5rR3FxWnI0Y2hLUitxMEMxYmJCNm93SnROdlFDVkI3CjJmSUYyWXZDSFh2T2FQRlk4ZTBoR2NyejdvRjFUa2FINVJ3SEJxMHl3OE9NQXprTW1BUGVCbWw3K3BrZjRGWUgKN2lkakVTMXEwU0NFSkp0cDRJL2ZyM0dOREFLaFN6WkxTQlF4R0JtbGtLY1RPWFJrdnBGVnFRWHNoamgwQkJkRQowWnU2WHlnYVR0eXdwV2RGZU00aVNXbHRlcWI4ak83cVNNTkFLZ0grdXFLWERrcXlWMndOdm1zZGZWc1doZUVUCi94NjdiU25RTXVYZG9GcW9ZSllvM3NwZWNydkVPSHdrcFN2Y0JJUTVMVlU0c3JManM2Tm9NZDd6Vnpzc0d0V0sKdytPbFNBWmc5bWsrUTZrR0I5Y2c0SEZsd0E9PQotLS0tLUVORCBDRVJUSUZJQ0FURS0tLS0tCg==\",\"server\":\"https://45484e0a-92dd-11f0-a3bd-0255ac100200.cluster.cce.af-south-1.myhuaweicloud.com:5443\"},\"name\":\"internalCluster\"},{\"cluster\":{\"certificate-authority-data\":\"LS0tLS1CRUdJTiBDRVJUSUZJQ0FURS0tLS0tCk1JSUREekNDQWZlZ0F3SUJBZ0lCQURBTkJna3Foa2lHOXcwQkFRc0ZBREFwTVJrd0Z3WURWUVFLRXhCRFEwVWcKVkdWamFHNXZiRzluYVdWek1Rd3dDZ1lEVlFRREV3TkRRMFV3SGhjTk1qVXdPVEUyTURreE16VTBXaGNOTkRVdwpPVEUyTURreE16VTBXakFwTVJrd0Z3WURWUVFLRXhCRFEwVWdWR1ZqYUc1dmJHOW5hV1Z6TVF3d0NnWURWUVFECkV3TkRRMFV3Z2dFaU1BMEdDU3FHU0liM0RRRUJBUVVBQTRJQkR3QXdnZ0VLQW9JQkFRRFh3ZVJjQ2wxMnRqNVcKbkgwN1dqd2ZIUXZYUm0zQW1td1FJbjk0VEF3VitSNGlLUTI5c1Q2dm1YU1MrK3V4R3hWOVR6bVFlTWY3VzNjRAprSTFSNDdaYS9vclJTZmx5VktTZkdpUTJJY0VadFdzWjVLaFprREpVcFVqWWtvb2lSbDdhWitNUzY5cWYvUXlsCnpNNnhXYklKZGJDMnh1ZWorbGM4NEY2VUlYM0pQMzFUTXFrSllNTGhaSjlGTVA1TDVzUkgvR0ZiRytlcGYvajcKRFpNMW0rY2dLbzQxSHJrOHhicTNtMmYwSnVsN2trVWIzOE55ZVdhZ3dFVlo2MmsyOEFMNmdVMFFpS2Fkb3E4dgpjUEhFZC9JaVl2Q2tRTzhNRTBSZDhZZE1DNjFrak53aG8yMEVka0lwTlJtZ1dKY25KekRCb3BIVnBpVlV5clZPCjMyTkhOSjA1QWdNQkFBR2pRakJBTUE0R0ExVWREd0VCL3dRRUF3SUNwREFQQmdOVkhSTUJBZjhFQlRBREFRSC8KTUIwR0ExVWREZ1FXQkJTQmhTajk5SVVJSHNDaHBOZ0JBMEU1djBLemV6QU5CZ2txaGtpRzl3MEJBUXNGQUFPQwpBUUVBbTBibWUrTkJqNzducVl5WS9WYVFiNzdIMkpPek5rR3FxWnI0Y2hLUitxMEMxYmJCNm93SnROdlFDVkI3CjJmSUYyWXZDSFh2T2FQRlk4ZTBoR2NyejdvRjFUa2FINVJ3SEJxMHl3OE9NQXprTW1BUGVCbWw3K3BrZjRGWUgKN2lkakVTMXEwU0NFSkp0cDRJL2ZyM0dOREFLaFN6WkxTQlF4R0JtbGtLY1RPWFJrdnBGVnFRWHNoamgwQkJkRQowWnU2WHlnYVR0eXdwV2RGZU00aVNXbHRlcWI4ak83cVNNTkFLZ0grdXFLWERrcXlWMndOdm1zZGZWc1doZUVUCi94NjdiU25RTXVYZG9GcW9ZSllvM3NwZWNydkVPSHdrcFN2Y0JJUTVMVlU0c3JManM2Tm9NZDd6Vnpzc0d0V0sKdytPbFNBWmc5bWsrUTZrR0I5Y2c0SEZsd0E9PQotLS0tLUVORCBDRVJUSUZJQ0FURS0tLS0tCg==\",\"server\":\"https://192.168.0.241:5443\"},\"name\":\"internalIPCluster\"},{\"cluster\":{\"insecure-skip-tls-verify\":true,\"server\":\"https://110.238.73.124:5443\"},\"name\":\"externalCluster\"},{\"cluster\":{\"certificate-authority-data\":\"LS0tLS1CRUdJTiBDRVJUSUZJQ0FURS0tLS0tCk1JSUREekNDQWZlZ0F3SUJBZ0lCQURBTkJna3Foa2lHOXcwQkFRc0ZBREFwTVJrd0Z3WURWUVFLRXhCRFEwVWcKVkdWamFHNXZiRzluYVdWek1Rd3dDZ1lEVlFRREV3TkRRMFV3SGhjTk1qVXdPVEUyTURreE16VTBXaGNOTkRVdwpPVEUyTURreE16VTBXakFwTVJrd0Z3WURWUVFLRXhCRFEwVWdWR1ZqYUc1dmJHOW5hV1Z6TVF3d0NnWURWUVFECkV3TkRRMFV3Z2dFaU1BMEdDU3FHU0liM0RRRUJBUVVBQTRJQkR3QXdnZ0VLQW9JQkFRRFh3ZVJjQ2wxMnRqNVcKbkgwN1dqd2ZIUXZYUm0zQW1td1FJbjk0VEF3VitSNGlLUTI5c1Q2dm1YU1MrK3V4R3hWOVR6bVFlTWY3VzNjRAprSTFSNDdaYS9vclJTZmx5VktTZkdpUTJJY0VadFdzWjVLaFprREpVcFVqWWtvb2lSbDdhWitNUzY5cWYvUXlsCnpNNnhXYklKZGJDMnh1ZWorbGM4NEY2VUlYM0pQMzFUTXFrSllNTGhaSjlGTVA1TDVzUkgvR0ZiRytlcGYvajcKRFpNMW0rY2dLbzQxSHJrOHhicTNtMmYwSnVsN2trVWIzOE55ZVdhZ3dFVlo2MmsyOEFMNmdVMFFpS2Fkb3E4dgpjUEhFZC9JaVl2Q2tRTzhNRTBSZDhZZE1DNjFrak53aG8yMEVka0lwTlJtZ1dKY25KekRCb3BIVnBpVlV5clZPCjMyTkhOSjA1QWdNQkFBR2pRakJBTUE0R0ExVWREd0VCL3dRRUF3SUNwREFQQmdOVkhSTUJBZjhFQlRBREFRSC8KTUIwR0ExVWREZ1FXQkJTQmhTajk5SVVJSHNDaHBOZ0JBMEU1djBLemV6QU5CZ2txaGtpRzl3MEJBUXNGQUFPQwpBUUVBbTBibWUrTkJqNzducVl5WS9WYVFiNzdIMkpPek5rR3FxWnI0Y2hLUitxMEMxYmJCNm93SnROdlFDVkI3CjJmSUYyWXZDSFh2T2FQRlk4ZTBoR2NyejdvRjFUa2FINVJ3SEJxMHl3OE9NQXprTW1BUGVCbWw3K3BrZjRGWUgKN2lkakVTMXEwU0NFSkp0cDRJL2ZyM0dOREFLaFN6WkxTQlF4R0JtbGtLY1RPWFJrdnBGVnFRWHNoamgwQkJkRQowWnU2WHlnYVR0eXdwV2RGZU00aVNXbHRlcWI4ak83cVNNTkFLZ0grdXFLWERrcXlWMndOdm1zZGZWc1doZUVUCi94NjdiU25RTXVYZG9GcW9ZSllvM3NwZWNydkVPSHdrcFN2Y0JJUTVMVlU0c3JManM2Tm9NZDd6Vnpzc0d0V0sKdytPbFNBWmc5bWsrUTZrR0I5Y2c0SEZsd0E9PQotLS0tLUVORCBDRVJUSUZJQ0FURS0tLS0tCg==\",\"server\":\"https://110.238.73.124:5443\"},\"name\":\"externalClusterTLSVerify\"}],\"contexts\":[{\"context\":{\"cluster\":\"internalCluster\",\"user\":\"user\"},\"name\":\"internal\"},{\"context\":{\"cluster\":\"internalIPCluster\",\"user\":\"user\"},\"name\":\"internalIP\"},{\"context\":{\"cluster\":\"externalCluster\",\"user\":\"user\"},\"name\":\"external\"},{\"context\":{\"cluster\":\"externalClusterTLSVerify\",\"user\":\"user\"},\"name\":\"externalTLSVerify\"}],\"current-context\":\"external\",\"kind\":\"Config\",\"preferences\":{},\"users\":[{\"name\":\"user\",\"user\":{\"client-certificate-data\":\"LS0tLS1CRUdJTiBDRVJUSUZJQ0FURS0tLS0tCk1JSURsVENDQW4yZ0F3SUJBZ0lJT2o5Y2dyYUQvc0V3RFFZSktvWklodmNOQVFFTEJRQXdLVEVaTUJjR0ExVUUKQ2hNUVEwTkZJRlJsWTJodWIyeHZaMmxsY3pFTU1Bb0dBMVVFQXhNRFEwTkZNQjRYRFRJMU1Ea3hOakE1TlRneQpPRm9YRFRJMU1UQXhOakE1TlRneU9Gb3dnYUV4ZERBUUJnTlZCQW9UQ1dOalpUcDFjMlZ5Y3pBbkJnTlZCQW9UCklEZ3paVGRqWmpRNU9UYzFNRFJpTURKaE9HTmhPREF5TURZellXVTNaVFk0TURjR0ExVUVDaE13WWpjME5HVTIKWm1Wa1pUbGhOREE0T0RreFptWmxNMlV4TVRFNE5HSmtZVGd0WTJWeWRDMHhOelU0TURFME1qTTVNU2t3SndZRApWUVFERXlCaU56UTBaVFptWldSbE9XRTBNRGc0T1RGbVptVXpaVEV4TVRnMFltUmhPRENDQVNJd0RRWUpLb1pJCmh2Y05BUUVCQlFBRGdnRVBBRENDQVFvQ2dnRUJBTEIzT1FoY1pyUHlVU2pKWk1HWGdma2RsK3UxcnBFMG5KcGYKa1NDSnRvWG1rVldsVW9vVjFGd1dKTmNwTW9DZzhVdHFHZWVpaDBxRDNnbEhWVURnTXA3Vmc2L2JkMjlmNmpkQgpPMTNxT0ZiS1o0QnlPa1ROeDR6Q0IxYlVCRWhwR082VTBpOVFScTV6Mjd6bEF6MzlzWXFPV1IzSHArNDRLMnZyCkNyTXdiQVI3UnllL3NXK2dxR3lpN3VqWUp3dnpjZjlwalRzRUdLb1hnaWNGd2tlelVZUlhiQXhCS2tSekJzcEcKOXVuekNZWXp3S29pMnIwMzFoMHJKVEU2SWszcnArL1duV0pZM3E2cnI0WkYvd1JSYlBma2ZpcFdMWTdvSEhEdApSakV6VklHQ0lWZjlaZXJpV0ZGUDlBSmhtNVdIczk2cHhLM2xRV0hOV09tTGVDR2pwR2tDQXdFQUFhTklNRVl3CkRnWURWUjBQQVFIL0JBUURBZ1dnTUJNR0ExVWRKUVFNTUFvR0NDc0dBUVVGQndNQ01COEdBMVVkSXdRWU1CYUEKRklHRktQMzBoUWdld0tHazJBRURRVG0vUXJON01BMEdDU3FHU0liM0RRRUJDd1VBQTRJQkFRQlJwMnZEK29aVQpUYjRjRkdRTDZ0Q3ZEOTlJb1VLRm1meWQ4eHdQei96ZUtFTzNTRC9MV2NGTkxkSjFaZ1hCbkxvVjRiSmwyODFCClVKdGJGZUllbEFiQUhWNlBEUi9aai9pUEFZaXVldENEVnJTbFZZSWRDNk85Q2FDVm1ObVlCL3VIdUlJQ1gvOU4KNHVxbWpIanVvMm5sOXhEclpDbWJtTXlwRWlUeG92WFRFSk9WcGFZU2NIRWM5WWJEL081MmlKcTJ3WUFKYlpoTQp0OWVlczhhcU04aFl4cmRJd001bUNMVWdKNWNlS3VLaDNuWmxoQTV2UVc2dlYvVkE4REZNaFdVaTh5THZ2K3E3ClYvVGEzYlRWemsxLzZaeklYM21NZHFHWmlTMkZ1aXBNQXFydXFoUkJ6QllnNnNmOXVUWmRHV0dEeXRjWTdSOHEKeno2ZmxmWWNlenFTCi0tLS0tRU5EIENFUlRJRklDQVRFLS0tLS0K\",\"client-key-data\":\"LS0tLS1CRUdJTiBSU0EgUFJJVkFURSBLRVktLS0tLQpNSUlFb3dJQkFBS0NBUUVBc0hjNUNGeG1zL0pSS01sa3daZUIrUjJYNjdXdWtUU2NtbCtSSUltMmhlYVJWYVZTCmloWFVYQllrMXlreWdLRHhTMm9aNTZLSFNvUGVDVWRWUU9BeW50V0RyOXQzYjEvcU4wRTdYZW80VnNwbmdISTYKUk0zSGpNSUhWdFFFU0drWTdwVFNMMUJHcm5QYnZPVURQZjJ4aW81WkhjZW43amdyYStzS3N6QnNCSHRISjcreApiNkNvYktMdTZOZ25DL054LzJtTk93UVlxaGVDSndYQ1I3TlJoRmRzREVFcVJITUd5a2IyNmZNSmhqUEFxaUxhCnZUZldIU3NsTVRvaVRldW43OWFkWWxqZXJxdXZoa1gvQkZGczkrUitLbFl0anVnY2NPMUdNVE5VZ1lJaFYvMWwKNnVKWVVVLzBBbUdibFllejNxbkVyZVZCWWMxWTZZdDRJYU9rYVFJREFRQUJBb0lCQUVxdld0TUFFSE9PVmUwVwpOMjk3eVFWL0VlSXZ0Wjg5RGg2RDNlOVFlWkI0UWdCbWhPVnVVYjlibStINFRLaUY5VG0rd1JINUJwdHg3aEl0ClA1YkNqSW9Pd2JvMi8zaUN0cVVHRmJNc3d3VndpcGVoUUtvSUViR3dHTjBWeEc1RkZNazg4U3dYSktNRzQvUXgKVk1yeXlTWmtFckY0NDhqOXV0cmswbFYrWStrTTgzek1IQnpMWG9tRGlxczZWNEp3N3ljRE9BVWU4blF6aUVwRgpZczgraTdVMlJhaWUyeDRZS21ESDFrZmwwOGRjamV1UER3bHQ0WjRMQmpRdSs4cXhmcHhuVCtUL2JkV1FNbXo3ClhvOE8xd004WnVQaUtwdVhlUXQvY25SN3d5eDlreEFIbzRMdW1ZK3BrVmJ1dkxMV2VaV3lTQWlCWjdsbUFoTnEKODRGV01oRUNnWUVBeG1WQmNlV1h4RVRNQnU4czlOKy9xQk9qaHU0Wk9LYjkrQ0pEQStVNThFdUdtUnZha1BpNgoyY3c2VGoxTm5MbzhEUmo1UWxsL1QrcFdzZXhyVlI0YTBBT3ozajducFBvN1ltSVY5cHpmVnM4SnpvTG94NG13CnBzdFdCVTJCVXF5Vm1HblBKaHVLTTZMRExUNmFvKzVHbm5NWTZybmtQMnlyYzZORkh1NGhoRjBDZ1lFQTQ3UHMKWlB2L0syR1J6K05sMGVSYSt5MzVRZTN2dmpHVWRDZldBNldJWXpDb0wvNEw2V1BvVUE1UnRGN2xQYmNQUUswegp1VXd2cXdRVGlDNVhZOHdyd3N3Q0pTWll1MU1mUFFHbkRWYUQxWmJHTzNoRjVwY1pJQmt5RkdBL0FEdVJieU13ClQ4cE56NVU5eFg3bGVYWXQyc2lFa2NDWnZIRkEvRTY2azYxTjMzMENnWUJ2T2ZsVTU0a01paDF3amNyQWhtaW0KekV2VHE4ME1DK002cDhxMmRsN2pMeFNJNWlyRk9BMVphYndPZlNQMENCeitvcytydVEwOU9uM2NSbFZ1WlBCWApTcHdlcjFtakRuOFlpekVSRDZYT3YwZ2FOUjVZTUFPUG4xUGNxVFVscW9nNzZLWXdFU1NNQ21ZdUNYa2RDc3NnCnJocDhEamUrcnlmNExzTGpzbEdzS1FLQmdRREhIS0p1ZTkxYU5ldW5laFdqUUtnK1ZLbE4rWjVYRmt2V2RxOHkKYVNHbWV2blhYYk5VMTBSaUhPTmRjazNMZGJRa3ZsQW9qSEp5ZlJJSFYxNmJxZ0hxU1RMbkFXMCtBU1dqMXpvWQo4N284bjZlZ2dUKytzQW9NZzN2RFRaWkp3YzBlL2dwVSszYW5PcjNWWVcyUWxNTHNPY09USUhSTzBFb2ZWMGpYCnNnZ1NrUUtCZ0NDQWFvZERkcVFGZGsvWUxVeUZwbElhdTZXVDVJMHphYTRMMHh0eEFGNFN4aFJCZkdqOU1SaGcKMSsxSkJHKzYxUVpack95dk1oWnRvK3NaNXgrOUFGRzJFL1NBZlR2M0VVdmpFeHdOL29PRzMydjVnai9tN2dHbwpjOVcwaHBTQzFFRlRLdnFlT2FCZnpHUmVVSXNqK2tBYjlTc2tqOTdCbzV6RFZqM2dzUkpaCi0tLS0tRU5EIFJTQSBQUklWQVRFIEtFWS0tLS0tCg==\"}}]}",
            "content_base64": null,
            "content_base64sha256": "oqRYEnJ71Dh7ub7wGVH6K5N4AhH0vnPCLOAddIvBRdU=",
            "content_base64sha512": "SOQ+2DS/77eFfKkPPiqAxDU09NhrRIttqDiMUDx3l+XGa3vzknqeWQ+Xk8ToVUkA5f2QTDrbdScTgi2BpVzpTw==",
            "content_md5": "beb943c8495b434b0ec1997fa8935260",
            "content_sha1": "44564776c5fe0af264cef0398fc12b89db52d156",
            "content_sha256": "a2a45812727bd4387bb9bef01951fa2b93780211f4be73c22ce01d748bc145d5",
            "content_sha512": "48e43ed834bfefb7857ca90f3e2a80c43534f4d86b448b6da8388c503c7797e5c66b7bf3927a9e590f9793c4e8554900e5fd904c3adb752713822d81a55ce94f",
            "directory_permission": "0700",
            "file_permission": "0600",
            "filename": "kubeconfig_autopilot.yaml",
            "id": "44564776c5fe0af264cef0398fc12b89db52d156",
            "source": null
          },
          "sensitive_attributes": [
            [
              {
                "type": "get_attr",
                "value": "content"
              }
            ],
            [
              {
                "type": "get_attr",
                "value": "content_base64"
              }
            ]
          ],
          "identity_schema_version": 0,
          "dependencies": [
            "data.huaweicloud_cce_autopilot_cluster_certificate.mlrun_cluster_cert",
            "huaweicloud_cce_autopilot_cluster.mlrun-cluster",
            "huaweicloud_vpc.vpc",
            "huaweicloud_vpc_eip.mlrun_eip",
            "huaweicloud_vpc_subnet.subnet"
          ]
        }
      ]
    }
  ],
  "check_results": null
}
