{
  "version": 4,
  "terraform_version": "1.13.1",
  "serial": 23,
  "lineage": "bd24d975-e5a1-fd44-7d73-22547ba60ea0",
  "outputs": {
    "cluster_id": {
      "value": "f0cf196a-8e2e-11f0-be52-0255ac1001e3",
      "type": "string"
    },
    "cluster_name": {
      "value": "mlrun-cluster",
      "type": "string"
    },
    "region": {
      "value": "af-south-1",
      "type": "string"
    },
    "swr_org": {
      "value": "mlrun-org",
      "type": "string"
    },
    "swr_org_region": {
      "value": "af-south-1",
      "type": "string"
    }
  },
  "resources": [
    {
      "mode": "managed",
      "type": "huaweicloud_cce_autopilot_cluster",
      "name": "mlrun-cluster",
      "provider": "provider[\"registry.terraform.io/huaweicloud/huaweicloud\"]",
      "instances": [
        {
          "schema_version": 0,
          "attributes": {
            "alias": "mlrun-cluster",
            "annotations": {
              "enableAutopilot": "true"
            },
            "authentication": [
              {
                "mode": "rbac"
              }
            ],
            "az": "multi_az",
            "category": "Turbo",
            "configurations_override": [],
            "container_network": [
              {
                "mode": "eni"
              }
            ],
            "created_at": "2025-09-10 10:14:30.822951 +0000 UTC",
            "custom_san": [],
            "delete_efs": null,
            "delete_eni": null,
            "delete_net": null,
            "delete_obs": null,
            "delete_sfs30": null,
            "deletion_protection": false,
            "description": "MLRun CCE Autopilot Cluster",
            "eip_id": null,
            "enable_autopilot": true,
            "enable_force_new": null,
            "enable_snat": null,
            "enable_swr_image_access": null,
            "eni_network": [
              {
                "subnets": [
                  {
                    "subnet_id": "3fc8c5e4-5b4a-4533-b834-e8da5d0ab614"
                  }
                ]
              }
            ],
            "extend_param": [
              {
                "enterprise_project_id": ""
              }
            ],
            "flavor": "cce.autopilot.cluster",
            "host_network": [
              {
                "subnet": "9e045834-094c-4616-bc96-372ea71ce75b",
                "vpc": "088f50a4-37d3-4f79-b926-9bad7779ab95"
              }
            ],
            "id": "f0cf196a-8e2e-11f0-be52-0255ac1001e3",
            "ipv6_enable": false,
            "kube_proxy_mode": "iptables",
            "lts_reclaim_policy": null,
            "name": "mlrun-cluster",
            "platform_version": "cce.4.0",
            "region": "af-south-1",
            "service_network": [
              {
                "ipv4_cidr": "10.247.0.0/16"
              }
            ],
            "status": [
              {
                "endpoints": [
                  {
                    "type": "Internal",
                    "url": "https://f0cf196a-8e2e-11f0-be52-0255ac1001e3.cluster.cce.af-south-1.myhuaweicloud.com:5443"
                  },
                  {
                    "type": "InternalIP",
                    "url": "https://192.168.0.181:5443"
                  }
                ],
                "phase": "Available"
              }
            ],
            "tags": {
              "env": "mlrun"
            },
            "timeouts": null,
            "type": "VirtualMachine",
            "updated_at": "2025-09-10 10:22:39.934766 +0000 UTC",
            "version": "v1.31"
          },
          "sensitive_attributes": [],
          "identity_schema_version": 0,
          "private": "eyJlMmJmYjczMC1lY2FhLTExZTYtOGY4OC0zNDM2M2JjN2M0YzAiOnsiY3JlYXRlIjoxODAwMDAwMDAwMDAwLCJkZWxldGUiOjE4MDAwMDAwMDAwMDB9fQ==",
          "dependencies": [
            "huaweicloud_vpc.vpc",
            "huaweicloud_vpc_subnet.subnet"
          ]
        }
      ]
    },
    {
      "mode": "managed",
      "type": "huaweicloud_networking_secgroup",
      "name": "secgroup",
      "provider": "provider[\"registry.terraform.io/huaweicloud/huaweicloud\"]",
      "instances": [
        {
          "schema_version": 0,
          "attributes": {
            "created_at": "2025-09-02T11:50:45Z",
            "delete_default_rules": true,
            "description": "MLRun security group",
            "enterprise_project_id": "0",
            "id": "d0bb4526-81db-4432-b3c9-fed3a2c32326",
            "name": "mlrun-secgroup",
            "region": "af-south-1",
            "rules": [
              {
                "action": "allow",
                "description": "",
                "direction": "ingress",
                "ethertype": "IPv4",
                "id": "2effbc7a-1c43-4975-ac9f-a0b3ba5d87d2",
                "port_range_max": 22,
                "port_range_min": 22,
                "ports": "22",
                "priority": 1,
                "protocol": "tcp",
                "remote_address_group_id": "",
                "remote_group_id": "",
                "remote_ip_prefix": "0.0.0.0/0"
              },
              {
                "action": "allow",
                "description": "",
                "direction": "ingress",
                "ethertype": "IPv4",
                "id": "92d722ef-409b-43ae-8c87-e4198af96f2a",
                "port_range_max": 80,
                "port_range_min": 80,
                "ports": "80",
                "priority": 1,
                "protocol": "tcp",
                "remote_address_group_id": "",
                "remote_group_id": "",
                "remote_ip_prefix": "0.0.0.0/0"
              }
            ],
            "tags": {},
            "timeouts": null,
            "updated_at": "2025-09-02T11:50:45Z"
          },
          "sensitive_attributes": [],
          "identity_schema_version": 0,
          "private": "eyJlMmJmYjczMC1lY2FhLTExZTYtOGY4OC0zNDM2M2JjN2M0YzAiOnsiZGVsZXRlIjo2MDAwMDAwMDAwMDB9fQ=="
        }
      ]
    },
    {
      "mode": "managed",
      "type": "huaweicloud_networking_secgroup_rule",
      "name": "secgroup_rule_http",
      "provider": "provider[\"registry.terraform.io/huaweicloud/huaweicloud\"]",
      "instances": [
        {
          "schema_version": 0,
          "attributes": {
            "action": "allow",
            "description": "",
            "direction": "ingress",
            "ethertype": "IPv4",
            "id": "92d722ef-409b-43ae-8c87-e4198af96f2a",
            "port_range_max": 80,
            "port_range_min": 80,
            "ports": "80",
            "priority": 1,
            "protocol": "tcp",
            "region": "af-south-1",
            "remote_address_group_id": "",
            "remote_group_id": "",
            "remote_ip_prefix": "0.0.0.0/0",
            "security_group_id": "d0bb4526-81db-4432-b3c9-fed3a2c32326",
            "timeouts": null
          },
          "sensitive_attributes": [],
          "identity_schema_version": 0,
          "private": "eyJlMmJmYjczMC1lY2FhLTExZTYtOGY4OC0zNDM2M2JjN2M0YzAiOnsiZGVsZXRlIjo2MDAwMDAwMDAwMDB9fQ==",
          "dependencies": [
            "huaweicloud_networking_secgroup.secgroup"
          ]
        }
      ]
    },
    {
      "mode": "managed",
      "type": "huaweicloud_networking_secgroup_rule",
      "name": "secgroup_rule_ssh",
      "provider": "provider[\"registry.terraform.io/huaweicloud/huaweicloud\"]",
      "instances": [
        {
          "schema_version": 0,
          "attributes": {
            "action": "allow",
            "description": "",
            "direction": "ingress",
            "ethertype": "IPv4",
            "id": "2effbc7a-1c43-4975-ac9f-a0b3ba5d87d2",
            "port_range_max": 22,
            "port_range_min": 22,
            "ports": "22",
            "priority": 1,
            "protocol": "tcp",
            "region": "af-south-1",
            "remote_address_group_id": "",
            "remote_group_id": "",
            "remote_ip_prefix": "0.0.0.0/0",
            "security_group_id": "d0bb4526-81db-4432-b3c9-fed3a2c32326",
            "timeouts": null
          },
          "sensitive_attributes": [],
          "identity_schema_version": 0,
          "private": "eyJlMmJmYjczMC1lY2FhLTExZTYtOGY4OC0zNDM2M2JjN2M0YzAiOnsiZGVsZXRlIjo2MDAwMDAwMDAwMDB9fQ==",
          "dependencies": [
            "huaweicloud_networking_secgroup.secgroup"
          ]
        }
      ]
    },
    {
      "mode": "managed",
      "type": "huaweicloud_obs_bucket",
      "name": "mlrun-bucket",
      "provider": "provider[\"registry.terraform.io/huaweicloud/huaweicloud\"]",
      "instances": [
        {
          "schema_version": 0,
          "attributes": {
            "acl": "private",
            "bucket": "mlrun-bucket",
            "bucket_domain_name": "mlrun-bucket.obs.af-south-1.myhuaweicloud.com",
            "bucket_version": "3.0",
            "cors_rule": [],
            "encryption": false,
            "enterprise_project_id": "0",
            "force_destroy": false,
            "id": "mlrun-bucket",
            "kms_key_id": "",
            "kms_key_project_id": "",
            "lifecycle_rule": [],
            "logging": [],
            "multi_az": false,
            "parallel_fs": false,
            "policy": "",
            "policy_format": "obs",
            "quota": 0,
            "region": "af-south-1",
            "sse_algorithm": "",
            "storage_class": "STANDARD",
            "storage_info": [
              {
                "object_number": 0,
                "size": 0
              }
            ],
            "tags": {
              "env": "mlrun",
              "type": "bucket"
            },
            "user_domain_names": [],
            "versioning": false,
            "website": []
          },
          "sensitive_attributes": [],
          "identity_schema_version": 0,
          "private": "bnVsbA=="
        }
      ]
    },
    {
      "mode": "managed",
      "type": "huaweicloud_swr_organization",
      "name": "mlrun-swr-org",
      "provider": "provider[\"registry.terraform.io/huaweicloud/huaweicloud\"]",
      "instances": [
        {
          "schema_version": 0,
          "attributes": {
            "creator": "hid_bcxib1czn-_qw4n",
            "id": "mlrun-org",
            "login_server": "swr.af-south-1.myhuaweicloud.com",
            "name": "mlrun-org",
            "permission": "Manage",
            "region": "af-south-1",
            "timeouts": null
          },
          "sensitive_attributes": [],
          "identity_schema_version": 0,
          "private": "eyJlMmJmYjczMC1lY2FhLTExZTYtOGY4OC0zNDM2M2JjN2M0YzAiOnsiY3JlYXRlIjozMDAwMDAwMDAwMDAsImRlbGV0ZSI6MzAwMDAwMDAwMDAwfX0="
        }
      ]
    },
    {
      "mode": "managed",
      "type": "huaweicloud_vpc",
      "name": "vpc",
      "provider": "provider[\"registry.terraform.io/huaweicloud/huaweicloud\"]",
      "instances": [
        {
          "schema_version": 0,
          "attributes": {
            "block_service_endpoint_states": null,
            "cidr": "192.168.0.0/16",
            "description": "",
            "enhanced_local_route": "false",
            "enterprise_project_id": "0",
            "id": "088f50a4-37d3-4f79-b926-9bad7779ab95",
            "name": "mlrun-vpc",
            "region": "af-south-1",
            "routes": [],
            "secondary_cidr": null,
            "secondary_cidrs": [],
            "status": "OK",
            "tags": {},
            "timeouts": null
          },
          "sensitive_attributes": [],
          "identity_schema_version": 0,
          "private": "eyJlMmJmYjczMC1lY2FhLTExZTYtOGY4OC0zNDM2M2JjN2M0YzAiOnsiY3JlYXRlIjo2MDAwMDAwMDAwMDAsImRlbGV0ZSI6MTgwMDAwMDAwMDAwfX0="
        }
      ]
    },
    {
      "mode": "managed",
      "type": "huaweicloud_vpc_subnet",
      "name": "subnet",
      "provider": "provider[\"registry.terraform.io/huaweicloud/huaweicloud\"]",
      "instances": [
        {
          "schema_version": 0,
          "attributes": {
            "availability_zone": "",
            "cidr": "192.168.0.0/24",
            "description": "",
            "dhcp_domain_name": null,
            "dhcp_enable": true,
            "dhcp_ipv6_lease_time": null,
            "dhcp_lease_time": "87600h",
            "dns_list": [
              "100.125.1.250",
              "100.125.21.250"
            ],
            "gateway_ip": "192.168.0.1",
            "id": "9e045834-094c-4616-bc96-372ea71ce75b",
            "ipv4_subnet_id": "3fc8c5e4-5b4a-4533-b834-e8da5d0ab614",
            "ipv6_cidr": "",
            "ipv6_enable": false,
            "ipv6_gateway": "",
            "ipv6_subnet_id": "",
            "name": "mlrun-subnet",
            "ntp_server_address": null,
            "primary_dns": "100.125.1.250",
            "region": "af-south-1",
            "secondary_dns": "100.125.21.250",
            "subnet_id": "3fc8c5e4-5b4a-4533-b834-e8da5d0ab614",
            "tags": {},
            "timeouts": null,
            "vpc_id": "088f50a4-37d3-4f79-b926-9bad7779ab95"
          },
          "sensitive_attributes": [],
          "identity_schema_version": 0,
          "private": "eyJlMmJmYjczMC1lY2FhLTExZTYtOGY4OC0zNDM2M2JjN2M0YzAiOnsiY3JlYXRlIjozMDAwMDAwMDAwMDAsImRlbGV0ZSI6NjAwMDAwMDAwMDAwfX0=",
          "dependencies": [
            "huaweicloud_vpc.vpc"
          ]
        }
      ]
    }
  ],
  "check_results": null
}
