{
  "version": 4,
  "terraform_version": "1.13.1",
  "serial": 508,
  "lineage": "841ed9df-929c-a5b9-4a3a-2ab559fe10d6",
  "outputs": {
    "availability_zones": {
      "value": [
        "af-south-1a",
        "af-south-1b",
        "af-south-1c"
      ],
      "type": [
        "list",
        "string"
      ]
    },
    "cluster_id": {
      "value": "26393556-92f4-11f0-a3bd-0255ac100200",
      "type": "string"
    },
    "cluster_name": {
      "value": "mlrun-cluster",
      "type": "string"
    },
    "docker_password": {
      "value": "0a81ada0242041f94c4a6afdaaf2b6e1b04776cf2b014049758cb39f5a05931d",
      "type": "string",
      "sensitive": true
    },
    "docker_server": {
      "value": "swr.af-south-1.myhuaweicloud.com",
      "type": "string"
    },
    "docker_username": {
      "value": "af-south-1@HPUAWYQLGUPFDC9BJTLD",
      "type": "string",
      "sensitive": true
    },
    "elb_hostname": {
      "value": "",
      "type": "string"
    },
    "elb_ip": {
      "value": "192.168.0.59",
      "type": "string"
    },
    "external_addr": {
      "value": "192.168.0.59",
      "type": "string"
    },
    "kubeconfig_path": {
      "value": "kubeconfig_autopilot.yaml",
      "type": "string"
    },
    "region": {
      "value": "af-south-1",
      "type": "string"
    },
    "subnet_az": {
      "value": "",
      "type": "string"
    },
    "swr_login_server": {
      "value": "swr.af-south-1.myhuaweicloud.com",
      "type": "string"
    },
    "swr_org": {
      "value": "mlrun-org",
      "type": "string"
    },
    "swr_org_region": {
      "value": "af-south-1",
      "type": "string"
    }
  },
  "resources": [
    {
      "mode": "data",
      "type": "external",
      "name": "swr_login_key",
      "provider": "provider[\"registry.terraform.io/hashicorp/external\"]",
      "instances": [
        {
          "schema_version": 0,
          "attributes": {
            "id": "-",
            "program": [
              "bash",
              "-lc",
              "set -euo pipefail\nAK='HPUAWYQLGUPFDC9BJTLD'\nSK='DPHUbcSkGCTxWZCoMx7hXqS9XpA3E3OH5ds1VETW'\nLOGIN_KEY=$(printf \"%s\" \"$AK\" | openssl dgst -binary -sha256 -hmac \"$SK\" | od -An -vtx1 | tr -d ' \\n')\nprintf '{\"login_key\":\"%s\"}' \"$LOGIN_KEY\"\n"
            ],
            "query": null,
            "result": {
              "login_key": "0a81ada0242041f94c4a6afdaaf2b6e1b04776cf2b014049758cb39f5a05931d"
            },
            "working_dir": null
          },
          "sensitive_attributes": [
            [
              {
                "type": "get_attr",
                "value": "program"
              },
              {
                "type": "index",
                "value": {
                  "value": 2,
                  "type": "number"
                }
              }
            ]
          ],
          "identity_schema_version": 0
        }
      ]
    },
    {
      "mode": "data",
      "type": "huaweicloud_availability_zones",
      "name": "zones",
      "provider": "provider[\"registry.terraform.io/huaweicloud/huaweicloud\"]",
      "instances": [
        {
          "schema_version": 0,
          "attributes": {
            "id": "2493822220",
            "names": [
              "af-south-1a",
              "af-south-1b",
              "af-south-1c"
            ],
            "region": "af-south-1",
            "state": "available"
          },
          "sensitive_attributes": [],
          "identity_schema_version": 0
        }
      ]
    },
    {
      "mode": "data",
      "type": "huaweicloud_cce_autopilot_cluster_certificate",
      "name": "mlrun_cluster_cert",
      "provider": "provider[\"registry.terraform.io/huaweicloud/huaweicloud\"]",
      "instances": [
        {
          "schema_version": 0,
          "attributes": {
            "cluster_id": "26393556-92f4-11f0-a3bd-0255ac100200",
            "clusters": [
              {
                "cluster": [
                  {
                    "certificate_authority_data": "LS0tLS1CRUdJTiBDRVJUSUZJQ0FURS0tLS0tCk1JSUREekNDQWZlZ0F3SUJBZ0lCQURBTkJna3Foa2lHOXcwQkFRc0ZBREFwTVJrd0Z3WURWUVFLRXhCRFEwVWcKVkdWamFHNXZiRzluYVdWek1Rd3dDZ1lEVlFRREV3TkRRMFV3SGhjTk1qVXdPVEUyTVRFMU56UXlXaGNOTkRVdwpPVEUyTVRFMU56UXlXakFwTVJrd0Z3WURWUVFLRXhCRFEwVWdWR1ZqYUc1dmJHOW5hV1Z6TVF3d0NnWURWUVFECkV3TkRRMFV3Z2dFaU1BMEdDU3FHU0liM0RRRUJBUVVBQTRJQkR3QXdnZ0VLQW9JQkFRRDUybmJYR2ljWGo4Q2IKb2hZZG1DMlpEKzZyd3FNY1dMdkhWVG9pQVdGMkpSY3lOUjNreWVFK0ljd0NuZitFVlJ6bVhtdEh4NXBBbE9LMwpreWZLWTNWSG4rT2d0Zk9SeDhlTy9HK2VDQ2VCcUtieThlemRzcG0xK2dqZEZaSUhoK3VHMWZLVFNJNzU5MGJOCkdPZmcxaXlkTzBLNEExcFdJNzVaazBRVjA0NE1nMWVCK2ZsenBheWc1OUZMRWUvenhaS2lYeFV1M0NERFJNUE8KRm54eWc2VmQrRjhvYXY4SFpNS0ViNk5lTW10M2lSMTRIcG0vRFJJL2ZKdGMxNjRjdmdWeUxyR3BvUUU5RkVEVwpwYkR4NlY5dStvM3ZIeDdBaVRqQkIzUFMwWGorVzBYbTBxKzV0Y0NFTjc0TGdDeVdwUis5UGNXLzJDV3k3MjliCkhTc3ZpcTE5QWdNQkFBR2pRakJBTUE0R0ExVWREd0VCL3dRRUF3SUNwREFQQmdOVkhSTUJBZjhFQlRBREFRSC8KTUIwR0ExVWREZ1FXQkJSbDlDN3dSaE9mcjRqSEwxcDQyUFRCYTFjTnZUQU5CZ2txaGtpRzl3MEJBUXNGQUFPQwpBUUVBNkhIYzZITElsTGs2SWNtMDB5eXUvanMwaVVoZVlROENxRlI2d0lXM3NYQXJYUndjK3pGVHNTeUUrZWdOCkNuaXdIQ2cvRzI3YlhvNlZBVXppem04dXN6eWZ0S2hUMEw3NEgxek84SE5uVkxaWVF2MzFhcXZIZTMvcXNUYmwKOHRYOGFVcGFac1lLYWkyN2NVWk5meFBkOTdxMmlkbFUwQndXRnRHY0lWVVI1RWhxRno4aUVJeWNZN2pYOWVwQwpqZ082Z0VTWUwySk1xZjZkNnZmY3RGNzRJazM3a0pXVnIxYy81TFNyUUw2NmIyWXJReFR2LzEvZ2NDZjVjNElBCmJVYWMvcVRqYVdDdXFpN1ZoQTRpTWptcHFLUnVPOFZDMFhCaGNydi9id1BVK0dKQVlPclh0ZmJKWDNGcXlZZTIKKytFODkyNGdUT2dEMGhTS2RTQ21vUktkT0E9PQotLS0tLUVORCBDRVJUSUZJQ0FURS0tLS0tCg==",
                    "insecure_skip_tls_verify": false,
                    "server": "https://26393556-92f4-11f0-a3bd-0255ac100200.cluster.cce.af-south-1.myhuaweicloud.com:5443"
                  }
                ],
                "name": "internalCluster"
              },
              {
                "cluster": [
                  {
                    "certificate_authority_data": "LS0tLS1CRUdJTiBDRVJUSUZJQ0FURS0tLS0tCk1JSUREekNDQWZlZ0F3SUJBZ0lCQURBTkJna3Foa2lHOXcwQkFRc0ZBREFwTVJrd0Z3WURWUVFLRXhCRFEwVWcKVkdWamFHNXZiRzluYVdWek1Rd3dDZ1lEVlFRREV3TkRRMFV3SGhjTk1qVXdPVEUyTVRFMU56UXlXaGNOTkRVdwpPVEUyTVRFMU56UXlXakFwTVJrd0Z3WURWUVFLRXhCRFEwVWdWR1ZqYUc1dmJHOW5hV1Z6TVF3d0NnWURWUVFECkV3TkRRMFV3Z2dFaU1BMEdDU3FHU0liM0RRRUJBUVVBQTRJQkR3QXdnZ0VLQW9JQkFRRDUybmJYR2ljWGo4Q2IKb2hZZG1DMlpEKzZyd3FNY1dMdkhWVG9pQVdGMkpSY3lOUjNreWVFK0ljd0NuZitFVlJ6bVhtdEh4NXBBbE9LMwpreWZLWTNWSG4rT2d0Zk9SeDhlTy9HK2VDQ2VCcUtieThlemRzcG0xK2dqZEZaSUhoK3VHMWZLVFNJNzU5MGJOCkdPZmcxaXlkTzBLNEExcFdJNzVaazBRVjA0NE1nMWVCK2ZsenBheWc1OUZMRWUvenhaS2lYeFV1M0NERFJNUE8KRm54eWc2VmQrRjhvYXY4SFpNS0ViNk5lTW10M2lSMTRIcG0vRFJJL2ZKdGMxNjRjdmdWeUxyR3BvUUU5RkVEVwpwYkR4NlY5dStvM3ZIeDdBaVRqQkIzUFMwWGorVzBYbTBxKzV0Y0NFTjc0TGdDeVdwUis5UGNXLzJDV3k3MjliCkhTc3ZpcTE5QWdNQkFBR2pRakJBTUE0R0ExVWREd0VCL3dRRUF3SUNwREFQQmdOVkhSTUJBZjhFQlRBREFRSC8KTUIwR0ExVWREZ1FXQkJSbDlDN3dSaE9mcjRqSEwxcDQyUFRCYTFjTnZUQU5CZ2txaGtpRzl3MEJBUXNGQUFPQwpBUUVBNkhIYzZITElsTGs2SWNtMDB5eXUvanMwaVVoZVlROENxRlI2d0lXM3NYQXJYUndjK3pGVHNTeUUrZWdOCkNuaXdIQ2cvRzI3YlhvNlZBVXppem04dXN6eWZ0S2hUMEw3NEgxek84SE5uVkxaWVF2MzFhcXZIZTMvcXNUYmwKOHRYOGFVcGFac1lLYWkyN2NVWk5meFBkOTdxMmlkbFUwQndXRnRHY0lWVVI1RWhxRno4aUVJeWNZN2pYOWVwQwpqZ082Z0VTWUwySk1xZjZkNnZmY3RGNzRJazM3a0pXVnIxYy81TFNyUUw2NmIyWXJReFR2LzEvZ2NDZjVjNElBCmJVYWMvcVRqYVdDdXFpN1ZoQTRpTWptcHFLUnVPOFZDMFhCaGNydi9id1BVK0dKQVlPclh0ZmJKWDNGcXlZZTIKKytFODkyNGdUT2dEMGhTS2RTQ21vUktkT0E9PQotLS0tLUVORCBDRVJUSUZJQ0FURS0tLS0tCg==",
                    "insecure_skip_tls_verify": false,
                    "server": "https://192.168.0.95:5443"
                  }
                ],
                "name": "internalIPCluster"
              },
              {
                "cluster": [
                  {
                    "certificate_authority_data": "",
                    "insecure_skip_tls_verify": true,
                    "server": "https://110.238.76.15:5443"
                  }
                ],
                "name": "externalCluster"
              },
              {
                "cluster": [
                  {
                    "certificate_authority_data": "LS0tLS1CRUdJTiBDRVJUSUZJQ0FURS0tLS0tCk1JSUREekNDQWZlZ0F3SUJBZ0lCQURBTkJna3Foa2lHOXcwQkFRc0ZBREFwTVJrd0Z3WURWUVFLRXhCRFEwVWcKVkdWamFHNXZiRzluYVdWek1Rd3dDZ1lEVlFRREV3TkRRMFV3SGhjTk1qVXdPVEUyTVRFMU56UXlXaGNOTkRVdwpPVEUyTVRFMU56UXlXakFwTVJrd0Z3WURWUVFLRXhCRFEwVWdWR1ZqYUc1dmJHOW5hV1Z6TVF3d0NnWURWUVFECkV3TkRRMFV3Z2dFaU1BMEdDU3FHU0liM0RRRUJBUVVBQTRJQkR3QXdnZ0VLQW9JQkFRRDUybmJYR2ljWGo4Q2IKb2hZZG1DMlpEKzZyd3FNY1dMdkhWVG9pQVdGMkpSY3lOUjNreWVFK0ljd0NuZitFVlJ6bVhtdEh4NXBBbE9LMwpreWZLWTNWSG4rT2d0Zk9SeDhlTy9HK2VDQ2VCcUtieThlemRzcG0xK2dqZEZaSUhoK3VHMWZLVFNJNzU5MGJOCkdPZmcxaXlkTzBLNEExcFdJNzVaazBRVjA0NE1nMWVCK2ZsenBheWc1OUZMRWUvenhaS2lYeFV1M0NERFJNUE8KRm54eWc2VmQrRjhvYXY4SFpNS0ViNk5lTW10M2lSMTRIcG0vRFJJL2ZKdGMxNjRjdmdWeUxyR3BvUUU5RkVEVwpwYkR4NlY5dStvM3ZIeDdBaVRqQkIzUFMwWGorVzBYbTBxKzV0Y0NFTjc0TGdDeVdwUis5UGNXLzJDV3k3MjliCkhTc3ZpcTE5QWdNQkFBR2pRakJBTUE0R0ExVWREd0VCL3dRRUF3SUNwREFQQmdOVkhSTUJBZjhFQlRBREFRSC8KTUIwR0ExVWREZ1FXQkJSbDlDN3dSaE9mcjRqSEwxcDQyUFRCYTFjTnZUQU5CZ2txaGtpRzl3MEJBUXNGQUFPQwpBUUVBNkhIYzZITElsTGs2SWNtMDB5eXUvanMwaVVoZVlROENxRlI2d0lXM3NYQXJYUndjK3pGVHNTeUUrZWdOCkNuaXdIQ2cvRzI3YlhvNlZBVXppem04dXN6eWZ0S2hUMEw3NEgxek84SE5uVkxaWVF2MzFhcXZIZTMvcXNUYmwKOHRYOGFVcGFac1lLYWkyN2NVWk5meFBkOTdxMmlkbFUwQndXRnRHY0lWVVI1RWhxRno4aUVJeWNZN2pYOWVwQwpqZ082Z0VTWUwySk1xZjZkNnZmY3RGNzRJazM3a0pXVnIxYy81TFNyUUw2NmIyWXJReFR2LzEvZ2NDZjVjNElBCmJVYWMvcVRqYVdDdXFpN1ZoQTRpTWptcHFLUnVPOFZDMFhCaGNydi9id1BVK0dKQVlPclh0ZmJKWDNGcXlZZTIKKytFODkyNGdUT2dEMGhTS2RTQ21vUktkT0E9PQotLS0tLUVORCBDRVJUSUZJQ0FURS0tLS0tCg==",
                    "insecure_skip_tls_verify": false,
                    "server": "https://110.238.76.15:5443"
                  }
                ],
                "name": "externalClusterTLSVerify"
              }
            ],
            "contexts": [
              {
                "context": [
                  {
                    "cluster": "internalCluster",
                    "user": "user"
                  }
                ],
                "name": "internal"
              },
              {
                "context": [
                  {
                    "cluster": "internalIPCluster",
                    "user": "user"
                  }
                ],
                "name": "internalIP"
              },
              {
                "context": [
                  {
                    "cluster": "externalCluster",
                    "user": "user"
                  }
                ],
                "name": "external"
              },
              {
                "context": [
                  {
                    "cluster": "externalClusterTLSVerify",
                    "user": "user"
                  }
                ],
                "name": "externalTLSVerify"
              }
            ],
            "current_context": "external",
            "duration": 30,
            "id": "30a5ff20-6a95-bc7f-c1b3-5bf2fe17ff2c",
            "kube_config_raw": "{\"apiVersion\":\"v1\",\"clusters\":[{\"cluster\":{\"certificate-authority-data\":\"LS0tLS1CRUdJTiBDRVJUSUZJQ0FURS0tLS0tCk1JSUREekNDQWZlZ0F3SUJBZ0lCQURBTkJna3Foa2lHOXcwQkFRc0ZBREFwTVJrd0Z3WURWUVFLRXhCRFEwVWcKVkdWamFHNXZiRzluYVdWek1Rd3dDZ1lEVlFRREV3TkRRMFV3SGhjTk1qVXdPVEUyTVRFMU56UXlXaGNOTkRVdwpPVEUyTVRFMU56UXlXakFwTVJrd0Z3WURWUVFLRXhCRFEwVWdWR1ZqYUc1dmJHOW5hV1Z6TVF3d0NnWURWUVFECkV3TkRRMFV3Z2dFaU1BMEdDU3FHU0liM0RRRUJBUVVBQTRJQkR3QXdnZ0VLQW9JQkFRRDUybmJYR2ljWGo4Q2IKb2hZZG1DMlpEKzZyd3FNY1dMdkhWVG9pQVdGMkpSY3lOUjNreWVFK0ljd0NuZitFVlJ6bVhtdEh4NXBBbE9LMwpreWZLWTNWSG4rT2d0Zk9SeDhlTy9HK2VDQ2VCcUtieThlemRzcG0xK2dqZEZaSUhoK3VHMWZLVFNJNzU5MGJOCkdPZmcxaXlkTzBLNEExcFdJNzVaazBRVjA0NE1nMWVCK2ZsenBheWc1OUZMRWUvenhaS2lYeFV1M0NERFJNUE8KRm54eWc2VmQrRjhvYXY4SFpNS0ViNk5lTW10M2lSMTRIcG0vRFJJL2ZKdGMxNjRjdmdWeUxyR3BvUUU5RkVEVwpwYkR4NlY5dStvM3ZIeDdBaVRqQkIzUFMwWGorVzBYbTBxKzV0Y0NFTjc0TGdDeVdwUis5UGNXLzJDV3k3MjliCkhTc3ZpcTE5QWdNQkFBR2pRakJBTUE0R0ExVWREd0VCL3dRRUF3SUNwREFQQmdOVkhSTUJBZjhFQlRBREFRSC8KTUIwR0ExVWREZ1FXQkJSbDlDN3dSaE9mcjRqSEwxcDQyUFRCYTFjTnZUQU5CZ2txaGtpRzl3MEJBUXNGQUFPQwpBUUVBNkhIYzZITElsTGs2SWNtMDB5eXUvanMwaVVoZVlROENxRlI2d0lXM3NYQXJYUndjK3pGVHNTeUUrZWdOCkNuaXdIQ2cvRzI3YlhvNlZBVXppem04dXN6eWZ0S2hUMEw3NEgxek84SE5uVkxaWVF2MzFhcXZIZTMvcXNUYmwKOHRYOGFVcGFac1lLYWkyN2NVWk5meFBkOTdxMmlkbFUwQndXRnRHY0lWVVI1RWhxRno4aUVJeWNZN2pYOWVwQwpqZ082Z0VTWUwySk1xZjZkNnZmY3RGNzRJazM3a0pXVnIxYy81TFNyUUw2NmIyWXJReFR2LzEvZ2NDZjVjNElBCmJVYWMvcVRqYVdDdXFpN1ZoQTRpTWptcHFLUnVPOFZDMFhCaGNydi9id1BVK0dKQVlPclh0ZmJKWDNGcXlZZTIKKytFODkyNGdUT2dEMGhTS2RTQ21vUktkT0E9PQotLS0tLUVORCBDRVJUSUZJQ0FURS0tLS0tCg==\",\"server\":\"https://26393556-92f4-11f0-a3bd-0255ac100200.cluster.cce.af-south-1.myhuaweicloud.com:5443\"},\"name\":\"internalCluster\"},{\"cluster\":{\"certificate-authority-data\":\"LS0tLS1CRUdJTiBDRVJUSUZJQ0FURS0tLS0tCk1JSUREekNDQWZlZ0F3SUJBZ0lCQURBTkJna3Foa2lHOXcwQkFRc0ZBREFwTVJrd0Z3WURWUVFLRXhCRFEwVWcKVkdWamFHNXZiRzluYVdWek1Rd3dDZ1lEVlFRREV3TkRRMFV3SGhjTk1qVXdPVEUyTVRFMU56UXlXaGNOTkRVdwpPVEUyTVRFMU56UXlXakFwTVJrd0Z3WURWUVFLRXhCRFEwVWdWR1ZqYUc1dmJHOW5hV1Z6TVF3d0NnWURWUVFECkV3TkRRMFV3Z2dFaU1BMEdDU3FHU0liM0RRRUJBUVVBQTRJQkR3QXdnZ0VLQW9JQkFRRDUybmJYR2ljWGo4Q2IKb2hZZG1DMlpEKzZyd3FNY1dMdkhWVG9pQVdGMkpSY3lOUjNreWVFK0ljd0NuZitFVlJ6bVhtdEh4NXBBbE9LMwpreWZLWTNWSG4rT2d0Zk9SeDhlTy9HK2VDQ2VCcUtieThlemRzcG0xK2dqZEZaSUhoK3VHMWZLVFNJNzU5MGJOCkdPZmcxaXlkTzBLNEExcFdJNzVaazBRVjA0NE1nMWVCK2ZsenBheWc1OUZMRWUvenhaS2lYeFV1M0NERFJNUE8KRm54eWc2VmQrRjhvYXY4SFpNS0ViNk5lTW10M2lSMTRIcG0vRFJJL2ZKdGMxNjRjdmdWeUxyR3BvUUU5RkVEVwpwYkR4NlY5dStvM3ZIeDdBaVRqQkIzUFMwWGorVzBYbTBxKzV0Y0NFTjc0TGdDeVdwUis5UGNXLzJDV3k3MjliCkhTc3ZpcTE5QWdNQkFBR2pRakJBTUE0R0ExVWREd0VCL3dRRUF3SUNwREFQQmdOVkhSTUJBZjhFQlRBREFRSC8KTUIwR0ExVWREZ1FXQkJSbDlDN3dSaE9mcjRqSEwxcDQyUFRCYTFjTnZUQU5CZ2txaGtpRzl3MEJBUXNGQUFPQwpBUUVBNkhIYzZITElsTGs2SWNtMDB5eXUvanMwaVVoZVlROENxRlI2d0lXM3NYQXJYUndjK3pGVHNTeUUrZWdOCkNuaXdIQ2cvRzI3YlhvNlZBVXppem04dXN6eWZ0S2hUMEw3NEgxek84SE5uVkxaWVF2MzFhcXZIZTMvcXNUYmwKOHRYOGFVcGFac1lLYWkyN2NVWk5meFBkOTdxMmlkbFUwQndXRnRHY0lWVVI1RWhxRno4aUVJeWNZN2pYOWVwQwpqZ082Z0VTWUwySk1xZjZkNnZmY3RGNzRJazM3a0pXVnIxYy81TFNyUUw2NmIyWXJReFR2LzEvZ2NDZjVjNElBCmJVYWMvcVRqYVdDdXFpN1ZoQTRpTWptcHFLUnVPOFZDMFhCaGNydi9id1BVK0dKQVlPclh0ZmJKWDNGcXlZZTIKKytFODkyNGdUT2dEMGhTS2RTQ21vUktkT0E9PQotLS0tLUVORCBDRVJUSUZJQ0FURS0tLS0tCg==\",\"server\":\"https://192.168.0.95:5443\"},\"name\":\"internalIPCluster\"},{\"cluster\":{\"insecure-skip-tls-verify\":true,\"server\":\"https://110.238.76.15:5443\"},\"name\":\"externalCluster\"},{\"cluster\":{\"certificate-authority-data\":\"LS0tLS1CRUdJTiBDRVJUSUZJQ0FURS0tLS0tCk1JSUREekNDQWZlZ0F3SUJBZ0lCQURBTkJna3Foa2lHOXcwQkFRc0ZBREFwTVJrd0Z3WURWUVFLRXhCRFEwVWcKVkdWamFHNXZiRzluYVdWek1Rd3dDZ1lEVlFRREV3TkRRMFV3SGhjTk1qVXdPVEUyTVRFMU56UXlXaGNOTkRVdwpPVEUyTVRFMU56UXlXakFwTVJrd0Z3WURWUVFLRXhCRFEwVWdWR1ZqYUc1dmJHOW5hV1Z6TVF3d0NnWURWUVFECkV3TkRRMFV3Z2dFaU1BMEdDU3FHU0liM0RRRUJBUVVBQTRJQkR3QXdnZ0VLQW9JQkFRRDUybmJYR2ljWGo4Q2IKb2hZZG1DMlpEKzZyd3FNY1dMdkhWVG9pQVdGMkpSY3lOUjNreWVFK0ljd0NuZitFVlJ6bVhtdEh4NXBBbE9LMwpreWZLWTNWSG4rT2d0Zk9SeDhlTy9HK2VDQ2VCcUtieThlemRzcG0xK2dqZEZaSUhoK3VHMWZLVFNJNzU5MGJOCkdPZmcxaXlkTzBLNEExcFdJNzVaazBRVjA0NE1nMWVCK2ZsenBheWc1OUZMRWUvenhaS2lYeFV1M0NERFJNUE8KRm54eWc2VmQrRjhvYXY4SFpNS0ViNk5lTW10M2lSMTRIcG0vRFJJL2ZKdGMxNjRjdmdWeUxyR3BvUUU5RkVEVwpwYkR4NlY5dStvM3ZIeDdBaVRqQkIzUFMwWGorVzBYbTBxKzV0Y0NFTjc0TGdDeVdwUis5UGNXLzJDV3k3MjliCkhTc3ZpcTE5QWdNQkFBR2pRakJBTUE0R0ExVWREd0VCL3dRRUF3SUNwREFQQmdOVkhSTUJBZjhFQlRBREFRSC8KTUIwR0ExVWREZ1FXQkJSbDlDN3dSaE9mcjRqSEwxcDQyUFRCYTFjTnZUQU5CZ2txaGtpRzl3MEJBUXNGQUFPQwpBUUVBNkhIYzZITElsTGs2SWNtMDB5eXUvanMwaVVoZVlROENxRlI2d0lXM3NYQXJYUndjK3pGVHNTeUUrZWdOCkNuaXdIQ2cvRzI3YlhvNlZBVXppem04dXN6eWZ0S2hUMEw3NEgxek84SE5uVkxaWVF2MzFhcXZIZTMvcXNUYmwKOHRYOGFVcGFac1lLYWkyN2NVWk5meFBkOTdxMmlkbFUwQndXRnRHY0lWVVI1RWhxRno4aUVJeWNZN2pYOWVwQwpqZ082Z0VTWUwySk1xZjZkNnZmY3RGNzRJazM3a0pXVnIxYy81TFNyUUw2NmIyWXJReFR2LzEvZ2NDZjVjNElBCmJVYWMvcVRqYVdDdXFpN1ZoQTRpTWptcHFLUnVPOFZDMFhCaGNydi9id1BVK0dKQVlPclh0ZmJKWDNGcXlZZTIKKytFODkyNGdUT2dEMGhTS2RTQ21vUktkT0E9PQotLS0tLUVORCBDRVJUSUZJQ0FURS0tLS0tCg==\",\"server\":\"https://110.238.76.15:5443\"},\"name\":\"externalClusterTLSVerify\"}],\"contexts\":[{\"context\":{\"cluster\":\"internalCluster\",\"user\":\"user\"},\"name\":\"internal\"},{\"context\":{\"cluster\":\"internalIPCluster\",\"user\":\"user\"},\"name\":\"internalIP\"},{\"context\":{\"cluster\":\"externalCluster\",\"user\":\"user\"},\"name\":\"external\"},{\"context\":{\"cluster\":\"externalClusterTLSVerify\",\"user\":\"user\"},\"name\":\"externalTLSVerify\"}],\"current-context\":\"external\",\"kind\":\"Config\",\"preferences\":{},\"users\":[{\"name\":\"user\",\"user\":{\"client-certificate-data\":\"LS0tLS1CRUdJTiBDRVJUSUZJQ0FURS0tLS0tCk1JSURsVENDQW4yZ0F3SUJBZ0lJWlVER3ZFK0c5WUF3RFFZSktvWklodmNOQVFFTEJRQXdLVEVaTUJjR0ExVUUKQ2hNUVEwTkZJRlJsWTJodWIyeHZaMmxsY3pFTU1Bb0dBMVVFQXhNRFEwTkZNQjRYRFRJMU1Ea3hOekV4TVRRMApOVm9YRFRJMU1UQXhOekV4TVRRME5Wb3dnYUV4ZERBUUJnTlZCQW9UQ1dOalpUcDFjMlZ5Y3pBbkJnTlZCQW9UCklEZ3paVGRqWmpRNU9UYzFNRFJpTURKaE9HTmhPREF5TURZellXVTNaVFk0TURjR0ExVUVDaE13WWpjME5HVTIKWm1Wa1pUbGhOREE0T0RreFptWmxNMlV4TVRFNE5HSmtZVGd0WTJWeWRDMHhOelU0TURJME1EZ3hNU2t3SndZRApWUVFERXlCaU56UTBaVFptWldSbE9XRTBNRGc0T1RGbVptVXpaVEV4TVRnMFltUmhPRENDQVNJd0RRWUpLb1pJCmh2Y05BUUVCQlFBRGdnRVBBRENDQVFvQ2dnRUJBSnhpU1B1QU92REUxSktmc1U3SWRuck5DTncwb1Vyb3FEUWwKOE5pbEZWOGVnVjJRVmJ6SElTZGNYNEtTSTN0U0FERGYxQmVjUEw1QjBiWnZwWkRCbXVrZzI5dXJxcmNKblQydgppdlZjaXBsWDlPc21nMzd3ZGxvUG1XeWRndStaeEpPZ0FoTmdSMTNuYmY3WjRBUkdHZDlFMnIrNHFQcUJqeE1UCmpCSXVHVy9ocDRhVTVGZTNaTmpZNCtPdndaQW1mMVZHa2RaZGFuS2dWSWdvZDBjVlI1bndCemluMlA0UStyUFgKRGN6eENYN0xDUFdGSkFZb1ZPNEZ5V3dFaXdZa2RKeFEwTjBxSU5lNm5sU0dyTmlWSHU3YmJQdlhKK0NUcWRJcQp6UzgzQ2gwRUkrUVA2QnRFaEhFSGQwSGp1UW0vaXpmQkltb293NmlmbDNUNGl2M0ZtVDhDQXdFQUFhTklNRVl3CkRnWURWUjBQQVFIL0JBUURBZ1dnTUJNR0ExVWRKUVFNTUFvR0NDc0dBUVVGQndNQ01COEdBMVVkSXdRWU1CYUEKRkdYMEx2QkdFNSt2aU1jdldualk5TUZyVncyOU1BMEdDU3FHU0liM0RRRUJDd1VBQTRJQkFRQm1RZDl6TTZCWQpXakRZOUc0SExHMWQ0OU1jdkkrZ2R2aGd3aWFVdEdrWG01TDkyNVROenNEc2VlZUNTTXFSWmNSdWtGMWFXTnRsCmJud3JSMms1T24rcDhPamZ6R2QzSWtmU1k3N1hGd2FEREFaN3U2U21MZWZabjhFcC82Uk44RWMxcTI5WmdGYVUKZ0syUkZIMGVHaW9ZWEcwdFlPd2NyS2x1RThQRzcrQmswQytxWGxtczlWZmdtMGN6Nkw3MkpML1Jqd3FLL0xDRAoyMFYwVW4rN2FBdTFKNjNnbGFYZGhpS09WeWFmYnExL08yazV3ZjJjQjlNWUNOUkZRWWJnLzlPZmVjSGwwMW16Ck5Ud1MrSEMxd3c0RVd6RVJhSXl6ZXFyNVNtMlppbkc2NjV3TDA2ZlM1Snd4L2liUGVNMkZuK2xnKzloMzI5OUwKYTJhUk0xUzh3blo5Ci0tLS0tRU5EIENFUlRJRklDQVRFLS0tLS0K\",\"client-key-data\":\"LS0tLS1CRUdJTiBSU0EgUFJJVkFURSBLRVktLS0tLQpNSUlFb2dJQkFBS0NBUUVBbkdKSSs0QTY4TVRVa3AreFRzaDJlczBJM0RTaFN1aW9OQ1h3MktVVlh4NkJYWkJWCnZNY2hKMXhmZ3BJamUxSUFNTi9VRjV3OHZrSFJ0bStsa01HYTZTRGIyNnVxdHdtZFBhK0s5VnlLbVZmMDZ5YUQKZnZCMldnK1piSjJDNzVuRWs2QUNFMkJIWGVkdC90bmdCRVlaMzBUYXY3aW8rb0dQRXhPTUVpNFpiK0duaHBUawpWN2RrMk5qajQ2L0JrQ1ovVlVhUjFsMXFjcUJVaUNoM1J4VkhtZkFIT0tmWS9oRDZzOWNOelBFSmZzc0k5WVVrCkJpaFU3Z1hKYkFTTEJpUjBuRkRRM1NvZzE3cWVWSWFzMkpVZTd0dHMrOWNuNEpPcDBpck5MemNLSFFRajVBL28KRzBTRWNRZDNRZU81Q2IrTE44RWlhaWpEcUorWGRQaUsvY1daUHdJREFRQUJBb0lCQUY2dnYrTFB2R0JGdlRQZQpEeHhWa2k4K2IrdnN6ZkF1T0pJQ212YUIxaFBXdzV0a0poVjhPRjI5dDNLMmkxZEN5aXpOaVh5V004MDZ5d0I4ClR6SDdsNUVxUFJTZnQyakdJSGZXRHZ3TEFUeGhua0MyL0ExakNUWDBsZi9HeXgzSjY5VTZuNmNkdDNockJSVzIKMDhXaXNFMllRaDZ0YjFybUVUd0tyTmZoSTdPeWFsQUNldCtGMnNVU2h1TklSRnFRMFhYTk9USDNpd2taZlVnVgp3YUh3dHJzUjZHVkNTSHdTMzY3ZG1zQ0xCMGt3UDhub0RNWjZDNVAvTDZSZ1RKa010VWQrN1JYZHNOVEIvb3phCjFVcW9Cei9ta09xWVgwbGUrVUVzYlB5NVdNeWUwZmpocGNDVTc2czhzaldKOTZhTVZCV09oS0w5blRmVERjYnQKOHF2c1I5a0NnWUVBeVlXSnp1NTk3djkxbmdoSCtrSmNaYjZMeitFNEZibDBzNmFPSDdOKzdsanZDYUM0akViNQpNNjdrRlBUSGI3WTdQZ2pLNkNTU0tzS0lrdC9IZGxSZzAwSmZHQTROK3hERDBDYWdQVERCRkE4STdkUUJGbGNZCnlHQWNxK29lSU5DbjJCUmRpZk44alpuL1ZSVlI5RVU1RkZOS2hUVFdyVVhUVWZRTE1oMFdXejBDZ1lFQXhxajAKM3o2Z2xidVMzemM0cjI5QWhDTU9tMjlNblNML0l3UW1jWkNlRGNYNkg0MkgySXFvMEdVYzBaRW5IallCME5WUApTL1lWZ01zUk45ZEdtblRkOFpFK3B0WXMvT0RwdHFIcUFtSmJaUDY5SVhRbUIwNkRGdHpTZ3RXUC9zbk1iTXNGCm0xVkF3TXVJYmp3MDRzaHZXZXR5UldHajk4aXJ5TmxMWDRsUnZpc0NnWUFrakhHWDlDMG00WElGZlY4QWhuU1gKaDExNEVGTEpyZDc2amlTTW4xTlFDeFVmVytUY25DcXFNdmZ1elE0MnRvZzhFZ0FxNWljVVZqL0swNGNyY05ZMgp1bnpnc2Z2Ykl3bEFnU0RpdUNyc1ptV3FMSjhkM0NJRWhWbnQzQUltMVhEN2dZWU5kUG1ML1BnUUNGUGF4NHM0Cm9ucUxlaS9OTVRMSVZFaUxpRGI3eVFLQmdIR3BDVEVSSzk5L1NqRGI3MXF3VkVGRnJYM1EyQXl2a1RuL2pkODcKMXJJYXExaVNLVDhEVmtLbEZ5L3YxR204akoxbTdjK1FKQTFrSVozSlZXUFpxWUlrajZ2MHJoaWd0aGIvM0Zzdwoyd21WbGJBbU8vdkNOODVFMlV4eDA4ajZ2RE1pbFRxaU5FSWFNUnlnNWNFNjNEcWVNdXJ2U2xqaVB5YlM3QVRsCkZCZXhBb0dBWE03bExHTm96cVliSWtpRFZWaVZsVVdFMmdGTVJFeHM4VXc0OEZMeU5WUVQyS2VNYTJtZ3RrYWUKN0g0dGRVYWdzTjFFWk5nYnVrRHV1K1AxeEk4RGp5T1ZlUTBza2IxSUp1NmxhOVdDOWl0R0xpbTZ3aUJjbkVxVQpiMEY2V0VJY1p5Y0dEMlMzaUpsRXNJYVp2UTE0N1cxK0pGS3RvZ0dHZFl1OFAvdVZoamc9Ci0tLS0tRU5EIFJTQSBQUklWQVRFIEtFWS0tLS0tCg==\"}}]}",
            "region": "af-south-1",
            "users": [
              {
                "name": "user",
                "user": [
                  {
                    "client_certificate_data": "LS0tLS1CRUdJTiBDRVJUSUZJQ0FURS0tLS0tCk1JSURsVENDQW4yZ0F3SUJBZ0lJWlVER3ZFK0c5WUF3RFFZSktvWklodmNOQVFFTEJRQXdLVEVaTUJjR0ExVUUKQ2hNUVEwTkZJRlJsWTJodWIyeHZaMmxsY3pFTU1Bb0dBMVVFQXhNRFEwTkZNQjRYRFRJMU1Ea3hOekV4TVRRMApOVm9YRFRJMU1UQXhOekV4TVRRME5Wb3dnYUV4ZERBUUJnTlZCQW9UQ1dOalpUcDFjMlZ5Y3pBbkJnTlZCQW9UCklEZ3paVGRqWmpRNU9UYzFNRFJpTURKaE9HTmhPREF5TURZellXVTNaVFk0TURjR0ExVUVDaE13WWpjME5HVTIKWm1Wa1pUbGhOREE0T0RreFptWmxNMlV4TVRFNE5HSmtZVGd0WTJWeWRDMHhOelU0TURJME1EZ3hNU2t3SndZRApWUVFERXlCaU56UTBaVFptWldSbE9XRTBNRGc0T1RGbVptVXpaVEV4TVRnMFltUmhPRENDQVNJd0RRWUpLb1pJCmh2Y05BUUVCQlFBRGdnRVBBRENDQVFvQ2dnRUJBSnhpU1B1QU92REUxSktmc1U3SWRuck5DTncwb1Vyb3FEUWwKOE5pbEZWOGVnVjJRVmJ6SElTZGNYNEtTSTN0U0FERGYxQmVjUEw1QjBiWnZwWkRCbXVrZzI5dXJxcmNKblQydgppdlZjaXBsWDlPc21nMzd3ZGxvUG1XeWRndStaeEpPZ0FoTmdSMTNuYmY3WjRBUkdHZDlFMnIrNHFQcUJqeE1UCmpCSXVHVy9ocDRhVTVGZTNaTmpZNCtPdndaQW1mMVZHa2RaZGFuS2dWSWdvZDBjVlI1bndCemluMlA0UStyUFgKRGN6eENYN0xDUFdGSkFZb1ZPNEZ5V3dFaXdZa2RKeFEwTjBxSU5lNm5sU0dyTmlWSHU3YmJQdlhKK0NUcWRJcQp6UzgzQ2gwRUkrUVA2QnRFaEhFSGQwSGp1UW0vaXpmQkltb293NmlmbDNUNGl2M0ZtVDhDQXdFQUFhTklNRVl3CkRnWURWUjBQQVFIL0JBUURBZ1dnTUJNR0ExVWRKUVFNTUFvR0NDc0dBUVVGQndNQ01COEdBMVVkSXdRWU1CYUEKRkdYMEx2QkdFNSt2aU1jdldualk5TUZyVncyOU1BMEdDU3FHU0liM0RRRUJDd1VBQTRJQkFRQm1RZDl6TTZCWQpXakRZOUc0SExHMWQ0OU1jdkkrZ2R2aGd3aWFVdEdrWG01TDkyNVROenNEc2VlZUNTTXFSWmNSdWtGMWFXTnRsCmJud3JSMms1T24rcDhPamZ6R2QzSWtmU1k3N1hGd2FEREFaN3U2U21MZWZabjhFcC82Uk44RWMxcTI5WmdGYVUKZ0syUkZIMGVHaW9ZWEcwdFlPd2NyS2x1RThQRzcrQmswQytxWGxtczlWZmdtMGN6Nkw3MkpML1Jqd3FLL0xDRAoyMFYwVW4rN2FBdTFKNjNnbGFYZGhpS09WeWFmYnExL08yazV3ZjJjQjlNWUNOUkZRWWJnLzlPZmVjSGwwMW16Ck5Ud1MrSEMxd3c0RVd6RVJhSXl6ZXFyNVNtMlppbkc2NjV3TDA2ZlM1Snd4L2liUGVNMkZuK2xnKzloMzI5OUwKYTJhUk0xUzh3blo5Ci0tLS0tRU5EIENFUlRJRklDQVRFLS0tLS0K",
                    "client_key_data": "LS0tLS1CRUdJTiBSU0EgUFJJVkFURSBLRVktLS0tLQpNSUlFb2dJQkFBS0NBUUVBbkdKSSs0QTY4TVRVa3AreFRzaDJlczBJM0RTaFN1aW9OQ1h3MktVVlh4NkJYWkJWCnZNY2hKMXhmZ3BJamUxSUFNTi9VRjV3OHZrSFJ0bStsa01HYTZTRGIyNnVxdHdtZFBhK0s5VnlLbVZmMDZ5YUQKZnZCMldnK1piSjJDNzVuRWs2QUNFMkJIWGVkdC90bmdCRVlaMzBUYXY3aW8rb0dQRXhPTUVpNFpiK0duaHBUawpWN2RrMk5qajQ2L0JrQ1ovVlVhUjFsMXFjcUJVaUNoM1J4VkhtZkFIT0tmWS9oRDZzOWNOelBFSmZzc0k5WVVrCkJpaFU3Z1hKYkFTTEJpUjBuRkRRM1NvZzE3cWVWSWFzMkpVZTd0dHMrOWNuNEpPcDBpck5MemNLSFFRajVBL28KRzBTRWNRZDNRZU81Q2IrTE44RWlhaWpEcUorWGRQaUsvY1daUHdJREFRQUJBb0lCQUY2dnYrTFB2R0JGdlRQZQpEeHhWa2k4K2IrdnN6ZkF1T0pJQ212YUIxaFBXdzV0a0poVjhPRjI5dDNLMmkxZEN5aXpOaVh5V004MDZ5d0I4ClR6SDdsNUVxUFJTZnQyakdJSGZXRHZ3TEFUeGhua0MyL0ExakNUWDBsZi9HeXgzSjY5VTZuNmNkdDNockJSVzIKMDhXaXNFMllRaDZ0YjFybUVUd0tyTmZoSTdPeWFsQUNldCtGMnNVU2h1TklSRnFRMFhYTk9USDNpd2taZlVnVgp3YUh3dHJzUjZHVkNTSHdTMzY3ZG1zQ0xCMGt3UDhub0RNWjZDNVAvTDZSZ1RKa010VWQrN1JYZHNOVEIvb3phCjFVcW9Cei9ta09xWVgwbGUrVUVzYlB5NVdNeWUwZmpocGNDVTc2czhzaldKOTZhTVZCV09oS0w5blRmVERjYnQKOHF2c1I5a0NnWUVBeVlXSnp1NTk3djkxbmdoSCtrSmNaYjZMeitFNEZibDBzNmFPSDdOKzdsanZDYUM0akViNQpNNjdrRlBUSGI3WTdQZ2pLNkNTU0tzS0lrdC9IZGxSZzAwSmZHQTROK3hERDBDYWdQVERCRkE4STdkUUJGbGNZCnlHQWNxK29lSU5DbjJCUmRpZk44alpuL1ZSVlI5RVU1RkZOS2hUVFdyVVhUVWZRTE1oMFdXejBDZ1lFQXhxajAKM3o2Z2xidVMzemM0cjI5QWhDTU9tMjlNblNML0l3UW1jWkNlRGNYNkg0MkgySXFvMEdVYzBaRW5IallCME5WUApTL1lWZ01zUk45ZEdtblRkOFpFK3B0WXMvT0RwdHFIcUFtSmJaUDY5SVhRbUIwNkRGdHpTZ3RXUC9zbk1iTXNGCm0xVkF3TXVJYmp3MDRzaHZXZXR5UldHajk4aXJ5TmxMWDRsUnZpc0NnWUFrakhHWDlDMG00WElGZlY4QWhuU1gKaDExNEVGTEpyZDc2amlTTW4xTlFDeFVmVytUY25DcXFNdmZ1elE0MnRvZzhFZ0FxNWljVVZqL0swNGNyY05ZMgp1bnpnc2Z2Ykl3bEFnU0RpdUNyc1ptV3FMSjhkM0NJRWhWbnQzQUltMVhEN2dZWU5kUG1ML1BnUUNGUGF4NHM0Cm9ucUxlaS9OTVRMSVZFaUxpRGI3eVFLQmdIR3BDVEVSSzk5L1NqRGI3MXF3VkVGRnJYM1EyQXl2a1RuL2pkODcKMXJJYXExaVNLVDhEVmtLbEZ5L3YxR204akoxbTdjK1FKQTFrSVozSlZXUFpxWUlrajZ2MHJoaWd0aGIvM0Zzdwoyd21WbGJBbU8vdkNOODVFMlV4eDA4ajZ2RE1pbFRxaU5FSWFNUnlnNWNFNjNEcWVNdXJ2U2xqaVB5YlM3QVRsCkZCZXhBb0dBWE03bExHTm96cVliSWtpRFZWaVZsVVdFMmdGTVJFeHM4VXc0OEZMeU5WUVQyS2VNYTJtZ3RrYWUKN0g0dGRVYWdzTjFFWk5nYnVrRHV1K1AxeEk4RGp5T1ZlUTBza2IxSUp1NmxhOVdDOWl0R0xpbTZ3aUJjbkVxVQpiMEY2V0VJY1p5Y0dEMlMzaUpsRXNJYVp2UTE0N1cxK0pGS3RvZ0dHZFl1OFAvdVZoamc9Ci0tLS0tRU5EIFJTQSBQUklWQVRFIEtFWS0tLS0tCg=="
                  }
                ]
              }
            ]
          },
          "sensitive_attributes": [],
          "identity_schema_version": 0
        }
      ]
    },
    {
      "mode": "data",
      "type": "huaweicloud_vpcep_public_services",
      "name": "swr_service",
      "provider": "provider[\"registry.terraform.io/huaweicloud/huaweicloud\"]",
      "instances": [
        {
          "schema_version": 0,
          "attributes": {
            "id": "19f4468e-467d-c50c-af0a-c7c4fa4dc6aa",
            "region": "af-south-1",
            "service_id": null,
            "service_name": "swr",
            "services": [
              {
                "id": "2fc30ac1-34ea-492e-93ad-7460b55ca4b3",
                "is_charge": true,
                "owner": "huawei",
                "service_name": "com.myhuaweicloud.af-south-1.swr",
                "service_type": "interface"
              }
            ]
          },
          "sensitive_attributes": [],
          "identity_schema_version": 0
        }
      ]
    },
    {
      "mode": "data",
      "type": "kubernetes_service",
      "name": "ingress_ctrl",
      "provider": "provider[\"registry.terraform.io/hashicorp/kubernetes\"]",
      "instances": [
        {
          "schema_version": 0,
          "attributes": {
            "id": "ingress-nginx/ingress-nginx-controller",
            "metadata": [
              {
                "annotations": {
                  "kubernetes.io/elb.class": "performance",
                  "kubernetes.io/elb.id": "dc37d74a-0134-4e04-9917-b2cd0a15e557",
                  "meta.helm.sh/release-name": "ingress-nginx",
                  "meta.helm.sh/release-namespace": "ingress-nginx"
                },
                "generation": 0,
                "labels": {
                  "app.kubernetes.io/component": "controller",
                  "app.kubernetes.io/instance": "ingress-nginx",
                  "app.kubernetes.io/managed-by": "Helm",
                  "app.kubernetes.io/name": "ingress-nginx",
                  "app.kubernetes.io/part-of": "ingress-nginx",
                  "app.kubernetes.io/version": "1.13.2",
                  "helm.sh/chart": "ingress-nginx-4.13.2"
                },
                "name": "ingress-nginx-controller",
                "namespace": "ingress-nginx",
                "resource_version": "1459",
                "uid": "58811e21-ba0b-40a2-82a0-0230272b0461"
              }
            ],
            "spec": [
              {
                "allocate_load_balancer_node_ports": true,
                "cluster_ip": "10.247.18.90",
                "cluster_ips": [
                  "10.247.18.90"
                ],
                "external_ips": [],
                "external_name": "",
                "external_traffic_policy": "Cluster",
                "health_check_node_port": 0,
                "internal_traffic_policy": "Cluster",
                "ip_families": [
                  "IPv4"
                ],
                "ip_family_policy": "SingleStack",
                "load_balancer_class": "",
                "load_balancer_ip": "192.168.0.59",
                "load_balancer_source_ranges": [],
                "port": [
                  {
                    "app_protocol": "http",
                    "name": "http",
                    "node_port": 30758,
                    "port": 80,
                    "protocol": "TCP",
                    "target_port": "http"
                  },
                  {
                    "app_protocol": "https",
                    "name": "https",
                    "node_port": 30442,
                    "port": 443,
                    "protocol": "TCP",
                    "target_port": "https"
                  }
                ],
                "publish_not_ready_addresses": false,
                "selector": {
                  "app.kubernetes.io/component": "controller",
                  "app.kubernetes.io/instance": "ingress-nginx",
                  "app.kubernetes.io/name": "ingress-nginx"
                },
                "session_affinity": "None",
                "session_affinity_config": [],
                "type": "LoadBalancer"
              }
            ],
            "status": [
              {
                "load_balancer": [
                  {
                    "ingress": [
                      {
                        "hostname": "",
                        "ip": "192.168.0.59"
                      },
                      {
                        "hostname": "",
                        "ip": "110.238.73.124"
                      }
                    ]
                  }
                ]
              }
            ]
          },
          "sensitive_attributes": [],
          "identity_schema_version": 0
        }
      ]
    },
    {
      "mode": "managed",
      "type": "helm_release",
      "name": "ingress_nginx",
      "provider": "provider[\"registry.terraform.io/hashicorp/helm\"]",
      "instances": [
        {
          "schema_version": 2,
          "attributes": {
            "atomic": false,
            "chart": "ingress-nginx",
            "cleanup_on_fail": false,
            "create_namespace": false,
            "dependency_update": false,
            "description": null,
            "devel": null,
            "disable_crd_hooks": false,
            "disable_openapi_validation": false,
            "disable_webhooks": false,
            "force_update": false,
            "id": "ingress-nginx",
            "keyring": null,
            "lint": false,
            "manifest": null,
            "max_history": 0,
            "metadata": {
              "app_version": "1.13.2",
              "chart": "ingress-nginx",
              "first_deployed": 1758024087,
              "last_deployed": 1758024087,
              "name": "ingress-nginx",
              "namespace": "ingress-nginx",
              "notes": "The ingress-nginx controller has been installed.\nIt may take a few minutes for the load balancer IP to be available.\nYou can watch the status by running 'kubectl get service --namespace ingress-nginx ingress-nginx-controller --output wide --watch'\n\nAn example Ingress that makes use of the controller:\n  apiVersion: networking.k8s.io/v1\n  kind: Ingress\n  metadata:\n    name: example\n    namespace: foo\n  spec:\n    ingressClassName: nginx\n    rules:\n      - host: www.example.com\n        http:\n          paths:\n            - pathType: Prefix\n              backend:\n                service:\n                  name: exampleService\n                  port:\n                    number: 80\n              path: /\n    # This section is only required if TLS is to be enabled for the Ingress\n    tls:\n      - hosts:\n        - www.example.com\n        secretName: example-tls\n\nIf TLS is enabled for the Ingress, a Secret containing the certificate and key must also be provided:\n\n  apiVersion: v1\n  kind: Secret\n  metadata:\n    name: example-tls\n    namespace: foo\n  data:\n    tls.crt: \u003cbase64 encoded cert\u003e\n    tls.key: \u003cbase64 encoded key\u003e\n  type: kubernetes.io/tls\n",
              "revision": 1,
              "values": "{\"controller\":{\"service\":{\"annotations\":{\"kubernetes.io/elb.class\":\"performance\",\"kubernetes.io/elb.id\":\"dc37d74a-0134-4e04-9917-b2cd0a15e557\"},\"type\":\"LoadBalancer\"}}}",
              "version": "4.13.2"
            },
            "name": "ingress-nginx",
            "namespace": "ingress-nginx",
            "pass_credentials": false,
            "postrender": null,
            "recreate_pods": false,
            "render_subchart_notes": true,
            "replace": false,
            "repository": "https://kubernetes.github.io/ingress-nginx",
            "repository_ca_file": null,
            "repository_cert_file": null,
            "repository_key_file": null,
            "repository_password": null,
            "repository_username": null,
            "reset_values": false,
            "reuse_values": false,
            "set": [
              {
                "name": "controller.service.type",
                "type": "",
                "value": "LoadBalancer"
              },
              {
                "name": "controller.service.annotations.kubernetes\\.io/elb\\.class",
                "type": "",
                "value": "performance"
              },
              {
                "name": "controller.service.annotations.kubernetes\\.io/elb\\.id",
                "type": "",
                "value": "dc37d74a-0134-4e04-9917-b2cd0a15e557"
              }
            ],
            "set_list": null,
            "set_sensitive": null,
            "set_wo": null,
            "set_wo_revision": null,
            "skip_crds": false,
            "status": "deployed",
            "timeout": 600,
            "values": null,
            "verify": false,
            "version": "4.13.2",
            "wait": true,
            "wait_for_jobs": false
          },
          "sensitive_attributes": [
            [
              {
                "type": "get_attr",
                "value": "repository_password"
              }
            ]
          ],
          "identity_schema_version": 0,
          "identity": {
            "namespace": "ingress-nginx",
            "release_name": "ingress-nginx"
          },
          "dependencies": [
            "data.huaweicloud_availability_zones.zones",
            "data.huaweicloud_cce_autopilot_cluster_certificate.mlrun_cluster_cert",
            "data.huaweicloud_vpcep_public_services.swr_service",
            "huaweicloud_cce_autopilot_cluster.mlrun-cluster",
            "huaweicloud_elb_loadbalancer.mlrun_elb_ingress",
            "huaweicloud_vpc.vpc",
            "huaweicloud_vpc_eip.mlrun_eip",
            "huaweicloud_vpc_eip.mlrun_eip_ingress",
            "huaweicloud_vpc_subnet.subnet",
            "huaweicloud_vpcep_endpoint.swr_endpoint",
            "kubernetes_namespace.ingress_nginx",
            "local_sensitive_file.kubeconfig"
          ]
        }
      ]
    },
    {
      "mode": "managed",
      "type": "helm_release",
      "name": "mlrun_ce",
      "provider": "provider[\"registry.terraform.io/hashicorp/helm\"]",
      "instances": [
        {
          "schema_version": 2,
          "attributes": {
            "atomic": false,
            "chart": "mlrun-ce",
            "cleanup_on_fail": false,
            "create_namespace": false,
            "dependency_update": true,
            "description": null,
            "devel": null,
            "disable_crd_hooks": false,
            "disable_openapi_validation": false,
            "disable_webhooks": false,
            "force_update": false,
            "id": "mlrun-ce",
            "keyring": null,
            "lint": false,
            "manifest": null,
            "max_history": 0,
            "metadata": {
              "app_version": "",
              "chart": "mlrun-ce",
              "first_deployed": 1758107696,
              "last_deployed": 1758107696,
              "name": "mlrun-ce",
              "namespace": "mlrun",
              "notes": "  1. Get the application URL by running these commands:\n  Port forward dashboard\n  kubectl -n mlrun port-forward $(kubectl get pods -n mlrun -l nuclio.io/app=dashboard -o jsonpath='{.items[0].metadata.name}') 8070:8070\n  and visit http://localhost:8070 to use nuclio\n\n\nMinIO can be accessed via port 9000 on the following DNS name from within your cluster:\nminio.mlrun.svc.cluster.local\n\nTo access MinIO from localhost, run the below commands:\n\n  1. export POD_NAME=$(kubectl get pods --namespace mlrun -l \"release=mlrun-ce\" -o jsonpath=\"{.items[0].metadata.name}\")\n\n  2. kubectl port-forward $POD_NAME 9000 --namespace mlrun\n\nRead more about port forwarding here: http://kubernetes.io/docs/user-guide/kubectl/kubectl_port-forward/\n\nYou can now access MinIO server on http://localhost:9000. Follow the below steps to connect to MinIO server with mc client:\n\n  1. Download the MinIO mc client - https://min.io/docs/minio/linux/reference/minio-mc.html#quickstart\n\n  2. export MC_HOST_minio-local=http://$(kubectl get secret --namespace mlrun minio -o jsonpath=\"{.data.rootUser}\" | base64 --decode):$(kubectl get secret --namespace mlrun minio -o jsonpath=\"{.data.rootPassword}\" | base64 --decode)@localhost:9000\n\n  3. mc ls minio-local\n\n\n\n1. Get the application URL by running these commands:\n  export POD_NAME=$(kubectl --namespace mlrun get pods -l \"app.kubernetes.io/name=mlrun,app.kubernetes.io/instance=mlrun-ce,app.kubernetes.io/component=\"ui\"\" -o jsonpath=\"{.items[0].metadata.name}\")\n  echo \"Visit http://127.0.0.1:8080 to use your application\"\n  kubectl --namespace mlrun port-forward $POD_NAME 8080:80\n\n\nYou're up and running!\n\nNuclio UI is available at:\n192.168.0.59:\n\nMLRun UI is available at:\n192.168.0.59:30060\n\nMLRun API is available at:\n192.168.0.59:30070\n\nMinio UI is available at:\n192.168.0.59:30090\n-  username: minio\n-  password: minio123\n\nMinio API is available at:\n192.168.0.59:30080\n\nHappy MLOPSing!!! :]\n\nHolder for v3io config values\nCHART NAME: kafka\nCHART VERSION: 31.3.1\nAPP VERSION: 3.9.0\n\nDid you know there are enterprise versions of the Bitnami catalog? For enhanced secure software supply chain features, unlimited pulls from Docker, LTS support, or application customization, see Bitnami Premium or Tanzu Application Catalog. See https://www.arrow.com/globalecs/na/vendors/bitnami for more information.\n\n** Please be patient while the chart is being deployed **\n\nKafka can be accessed by consumers via port 9092 on the following DNS name from within your cluster:\n\n    kafka-stream.mlrun.svc.cluster.local\n\nEach Kafka broker can be accessed by producers via port 9092 on the following DNS name(s) from within your cluster:\n\n    kafka-stream-controller-0.kafka-stream-controller-headless.mlrun.svc.cluster.local:9092\n\nTo create a pod that you can use as a Kafka client run the following commands:\n\n    kubectl run kafka-stream-client --restart='Never' --image docker.io/bitnami/kafka:3.9.0-debian-12-r6 --namespace mlrun --command -- sleep infinity\n    kubectl exec --tty -i kafka-stream-client --namespace mlrun -- bash\n\n    PRODUCER:\n        kafka-console-producer.sh \\\n            --bootstrap-server kafka-stream.mlrun.svc.cluster.local:9092 \\\n            --topic test\n\n    CONSUMER:\n        kafka-console-consumer.sh \\\n            --bootstrap-server kafka-stream.mlrun.svc.cluster.local:9092 \\\n            --topic test \\\n            --from-beginning\n\nWARNING: There are \"resources\" sections in the chart not set. Using \"resourcesPreset\" is not recommended for production. For production installations, please set the following values according to your workload needs:\n  - controller.resources\n+info https://kubernetes.io/docs/concepts/configuration/manage-resources-containers/\n",
              "revision": 1,
              "values": "{\"global\":{\"externalHostAddress\":\"192.168.0.59\",\"nuclio\":{\"dashboard\":{\"nodePort\":\"\"}},\"registry\":{\"secretName\":\"registry-credentials\",\"url\":\"swr.af-south-1.myhuaweicloud.com/mlrun-org\"}},\"jupyterNotebook\":{\"enabled\":false},\"kube-prometheus-stack\":{\"enabled\":false},\"minio\":{\"consoleService\":{\"type\":\"ClusterIP\"},\"service\":{\"type\":\"ClusterIP\"}},\"mlrun\":{\"api\":{\"service\":{\"type\":\"ClusterIP\"}},\"ui\":{\"service\":{\"type\":\"ClusterIP\"}}},\"nuclio\":{\"dashboard\":{\"externalIPAddresses\":\"192.168.0.59\",\"service\":{\"type\":\"ClusterIP\"}}},\"pipelines\":{\"service\":{\"type\":\"ClusterIP\"}},\"sparkOperator\":{\"enabled\":false}}",
              "version": "0.9.0"
            },
            "name": "mlrun-ce",
            "namespace": "mlrun",
            "pass_credentials": false,
            "postrender": {
              "args": [
                "-c",
                "sed -E -e 's/(storageClassName:[[:space:]]*)\"\"/\\1csi-disk/g' -e 's/(storageClassName:[[:space:]]*)null/\\1csi-disk/g'"
              ],
              "binary_path": "/bin/sh"
            },
            "recreate_pods": false,
            "render_subchart_notes": true,
            "replace": false,
            "repository": "https://mlrun.github.io/ce",
            "repository_ca_file": null,
            "repository_cert_file": null,
            "repository_key_file": null,
            "repository_password": null,
            "repository_username": null,
            "reset_values": false,
            "reuse_values": false,
            "set": [
              {
                "name": "global.registry.url",
                "type": "",
                "value": "swr.af-south-1.myhuaweicloud.com/mlrun-org"
              },
              {
                "name": "global.registry.secretName",
                "type": "",
                "value": "registry-credentials"
              },
              {
                "name": "global.externalHostAddress",
                "type": "",
                "value": "192.168.0.59"
              },
              {
                "name": "nuclio.dashboard.externalIPAddresses",
                "type": "",
                "value": "192.168.0.59"
              },
              {
                "name": "jupyterNotebook.enabled",
                "type": "",
                "value": "false"
              },
              {
                "name": "sparkOperator.enabled",
                "type": "",
                "value": "false"
              },
              {
                "name": "kube-prometheus-stack.enabled",
                "type": "",
                "value": "false"
              },
              {
                "name": "mlrun.api.service.type",
                "type": "",
                "value": "ClusterIP"
              },
              {
                "name": "mlrun.ui.service.type",
                "type": "",
                "value": "ClusterIP"
              },
              {
                "name": "minio.service.type",
                "type": "",
                "value": "ClusterIP"
              },
              {
                "name": "minio.consoleService.type",
                "type": "",
                "value": "ClusterIP"
              },
              {
                "name": "nuclio.dashboard.service.type",
                "type": "",
                "value": "ClusterIP"
              },
              {
                "name": "global.nuclio.dashboard.nodePort",
                "type": "",
                "value": ""
              },
              {
                "name": "pipelines.service.type",
                "type": "",
                "value": "ClusterIP"
              }
            ],
            "set_list": null,
            "set_sensitive": null,
            "set_wo": null,
            "set_wo_revision": null,
            "skip_crds": false,
            "status": "deployed",
            "timeout": 300,
            "values": null,
            "verify": false,
            "version": "0.9.0",
            "wait": false,
            "wait_for_jobs": false
          },
          "sensitive_attributes": [
            [
              {
                "type": "get_attr",
                "value": "repository_password"
              }
            ]
          ],
          "identity_schema_version": 0,
          "identity": {
            "namespace": "mlrun",
            "release_name": "mlrun-ce"
          },
          "dependencies": [
            "data.external.swr_login_key",
            "data.huaweicloud_availability_zones.zones",
            "data.huaweicloud_cce_autopilot_cluster_certificate.mlrun_cluster_cert",
            "data.huaweicloud_vpcep_public_services.swr_service",
            "data.kubernetes_service.ingress_ctrl",
            "helm_release.ingress_nginx",
            "huaweicloud_cce_autopilot_cluster.mlrun-cluster",
            "huaweicloud_elb_loadbalancer.mlrun_elb_ingress",
            "huaweicloud_swr_organization.mlrun-swr-org",
            "huaweicloud_vpc.vpc",
            "huaweicloud_vpc_eip.mlrun_eip",
            "huaweicloud_vpc_eip.mlrun_eip_ingress",
            "huaweicloud_vpc_subnet.subnet",
            "huaweicloud_vpcep_endpoint.swr_endpoint",
            "kubernetes_namespace.ingress_nginx",
            "kubernetes_namespace.mlrun",
            "kubernetes_secret.registry_credentials",
            "local_sensitive_file.kubeconfig"
          ]
        }
      ]
    },
    {
      "mode": "managed",
      "type": "huaweicloud_cce_autopilot_cluster",
      "name": "mlrun-cluster",
      "provider": "provider[\"registry.terraform.io/huaweicloud/huaweicloud\"]",
      "instances": [
        {
          "schema_version": 0,
          "attributes": {
            "alias": "mlrun-cluster",
            "annotations": {
              "enableAutopilot": "true"
            },
            "authentication": [
              {
                "mode": "rbac"
              }
            ],
            "az": "multi_az",
            "category": "Turbo",
            "configurations_override": [],
            "container_network": [
              {
                "mode": "eni"
              }
            ],
            "created_at": "2025-09-16 11:56:15.944434 +0000 UTC",
            "custom_san": [],
            "delete_efs": null,
            "delete_eni": null,
            "delete_net": null,
            "delete_obs": null,
            "delete_sfs30": null,
            "deletion_protection": false,
            "description": "MLRun CCE Autopilot Cluster",
            "eip_id": "89276c5b-3ca2-4ed9-bb99-151b52a98b86",
            "enable_autopilot": true,
            "enable_force_new": null,
            "enable_snat": null,
            "enable_swr_image_access": null,
            "eni_network": [
              {
                "subnets": [
                  {
                    "subnet_id": "f304b3c8-5ae3-44b1-a90e-3a7f423ced45"
                  }
                ]
              }
            ],
            "extend_param": [
              {
                "enterprise_project_id": ""
              }
            ],
            "flavor": "cce.autopilot.cluster",
            "host_network": [
              {
                "subnet": "c83eb1e3-2a65-4cdd-80fa-95758fc08a30",
                "vpc": "731b15c9-ccd2-4e3a-a37a-f1bea9b7c664"
              }
            ],
            "id": "26393556-92f4-11f0-a3bd-0255ac100200",
            "ipv6_enable": false,
            "kube_proxy_mode": "iptables",
            "lts_reclaim_policy": null,
            "name": "mlrun-cluster",
            "platform_version": "cce.4.0",
            "region": "af-south-1",
            "service_network": [
              {
                "ipv4_cidr": "10.247.0.0/16"
              }
            ],
            "status": [
              {
                "endpoints": [
                  {
                    "type": "Internal",
                    "url": "https://26393556-92f4-11f0-a3bd-0255ac100200.cluster.cce.af-south-1.myhuaweicloud.com:5443"
                  },
                  {
                    "type": "InternalIP",
                    "url": "https://192.168.0.95:5443"
                  },
                  {
                    "type": "External",
                    "url": "https://110.238.76.15:5443"
                  }
                ],
                "phase": "Available"
              }
            ],
            "tags": {
              "env": "mlrun"
            },
            "timeouts": null,
            "type": "VirtualMachine",
            "updated_at": "2025-09-17 11:10:07.226198 +0000 UTC",
            "version": "v1.31"
          },
          "sensitive_attributes": [],
          "identity_schema_version": 0,
          "private": "eyJlMmJmYjczMC1lY2FhLTExZTYtOGY4OC0zNDM2M2JjN2M0YzAiOnsiY3JlYXRlIjoxODAwMDAwMDAwMDAwLCJkZWxldGUiOjE4MDAwMDAwMDAwMDB9fQ==",
          "dependencies": [
            "huaweicloud_vpc.vpc",
            "huaweicloud_vpc_eip.mlrun_eip",
            "huaweicloud_vpc_subnet.subnet"
          ]
        }
      ]
    },
    {
      "mode": "managed",
      "type": "huaweicloud_elb_loadbalancer",
      "name": "mlrun_elb_ingress",
      "provider": "provider[\"registry.terraform.io/huaweicloud/huaweicloud\"]",
      "instances": [
        {
          "schema_version": 0,
          "attributes": {
            "auto_pay": null,
            "auto_renew": null,
            "autoscaling_enabled": false,
            "availability_zone": [
              "af-south-1a"
            ],
            "backend_subnets": [
              "c83eb1e3-2a65-4cdd-80fa-95758fc08a30"
            ],
            "bandwidth_charge_mode": null,
            "bandwidth_id": null,
            "bandwidth_size": null,
            "charge_mode": "flavor",
            "charging_mode": "postPaid",
            "created_at": "2025-09-16T11:56:09Z",
            "cross_vpc_backend": false,
            "deletion_protection_enable": null,
            "description": "",
            "elb_virsubnet_type": "ipv4",
            "enterprise_project_id": "0",
            "force_delete": null,
            "frozen_scene": "",
            "guaranteed": true,
            "gw_flavor_id": "",
            "id": "dc37d74a-0134-4e04-9917-b2cd0a15e557",
            "iptype": null,
            "ipv4_address": "192.168.0.59",
            "ipv4_eip": "110.238.73.124",
            "ipv4_eip_id": "fdea48ae-ff74-4df6-9905-a93d13e3386f",
            "ipv4_port_id": "fbd65f84-2fc1-496d-976d-b4d7506a00dc",
            "ipv4_subnet_id": "f304b3c8-5ae3-44b1-a90e-3a7f423ced45",
            "ipv6_address": "",
            "ipv6_bandwidth_id": null,
            "ipv6_eip": null,
            "ipv6_eip_id": null,
            "ipv6_network_id": "",
            "l4_flavor_id": "207ff954-7fa0-4258-a9bd-6dd8ee65e614",
            "l7_flavor_id": "32b7235a-2efd-4111-829d-9b74061052ba",
            "loadbalancer_type": "",
            "min_l7_flavor_id": "",
            "name": "mlrun-elb-ingress",
            "operating_status": "ONLINE",
            "period": null,
            "period_unit": null,
            "protection_reason": "",
            "protection_status": "nonProtection",
            "public_border_group": "center",
            "region": "af-south-1",
            "sharetype": null,
            "tags": {},
            "timeouts": null,
            "updated_at": "2025-09-16T11:56:11Z",
            "vpc_id": "731b15c9-ccd2-4e3a-a37a-f1bea9b7c664",
            "waf_failure_action": "forward"
          },
          "sensitive_attributes": [],
          "identity_schema_version": 0,
          "private": "eyJlMmJmYjczMC1lY2FhLTExZTYtOGY4OC0zNDM2M2JjN2M0YzAiOnsiY3JlYXRlIjo2MDAwMDAwMDAwMDAsImRlbGV0ZSI6MzAwMDAwMDAwMDAwLCJ1cGRhdGUiOjYwMDAwMDAwMDAwMH19",
          "dependencies": [
            "data.huaweicloud_availability_zones.zones",
            "huaweicloud_vpc.vpc",
            "huaweicloud_vpc_eip.mlrun_eip",
            "huaweicloud_vpc_eip.mlrun_eip_ingress",
            "huaweicloud_vpc_subnet.subnet"
          ]
        }
      ]
    },
    {
      "mode": "managed",
      "type": "huaweicloud_nat_gateway",
      "name": "mlrun_nat",
      "provider": "provider[\"registry.terraform.io/huaweicloud/huaweicloud\"]",
      "instances": [
        {
          "schema_version": 0,
          "attributes": {
            "auto_renew": null,
            "billing_info": "",
            "bps_max": 20480,
            "charging_mode": null,
            "created_at": "2025-09-16 11:56:09.000226",
            "description": "",
            "dnat_rules_limit": 200,
            "enterprise_project_id": "0",
            "id": "2e8fae41-f617-46f2-9de7-9b764cede480",
            "name": "mlrun-nat",
            "ngport_ip_address": "192.168.0.225",
            "period": null,
            "period_unit": null,
            "pps_max": 2000000,
            "region": "af-south-1",
            "session_conf": [
              {
                "icmp_session_expire_time": 10,
                "tcp_session_expire_time": 900,
                "tcp_time_wait_time": 5,
                "udp_session_expire_time": 300
              }
            ],
            "snat_rule_public_ip_limit": 20,
            "spec": "1",
            "status": "ACTIVE",
            "subnet_id": "c83eb1e3-2a65-4cdd-80fa-95758fc08a30",
            "tags": {},
            "timeouts": null,
            "vpc_id": "731b15c9-ccd2-4e3a-a37a-f1bea9b7c664"
          },
          "sensitive_attributes": [],
          "identity_schema_version": 0,
          "private": "eyJlMmJmYjczMC1lY2FhLTExZTYtOGY4OC0zNDM2M2JjN2M0YzAiOnsiY3JlYXRlIjozMDAwMDAwMDAwMDAsImRlbGV0ZSI6MzAwMDAwMDAwMDAwLCJ1cGRhdGUiOjMwMDAwMDAwMDAwMH19",
          "dependencies": [
            "huaweicloud_vpc.vpc",
            "huaweicloud_vpc_subnet.subnet"
          ]
        }
      ]
    },
    {
      "mode": "managed",
      "type": "huaweicloud_nat_snat_rule",
      "name": "snat_all",
      "provider": "provider[\"registry.terraform.io/huaweicloud/huaweicloud\"]",
      "instances": [
        {
          "schema_version": 0,
          "attributes": {
            "cidr": "",
            "created_at": "2025-09-16 11:56:14.000732",
            "description": "",
            "floating_ip_address": "203.123.81.236",
            "floating_ip_id": "b3fe46b5-ab6b-4893-a21f-c4d0406c274b",
            "freezed_ip_address": "",
            "global_eip_address": "",
            "global_eip_id": "",
            "id": "272eb2d1-7273-4d96-b773-377e1d855a67",
            "nat_gateway_id": "2e8fae41-f617-46f2-9de7-9b764cede480",
            "network_id": null,
            "region": "af-south-1",
            "source_type": 0,
            "status": "ACTIVE",
            "subnet_id": "c83eb1e3-2a65-4cdd-80fa-95758fc08a30",
            "timeouts": null
          },
          "sensitive_attributes": [],
          "identity_schema_version": 0,
          "private": "eyJlMmJmYjczMC1lY2FhLTExZTYtOGY4OC0zNDM2M2JjN2M0YzAiOnsiY3JlYXRlIjozMDAwMDAwMDAwMDAsImRlbGV0ZSI6MzAwMDAwMDAwMDAwLCJ1cGRhdGUiOjMwMDAwMDAwMDAwMH19",
          "dependencies": [
            "huaweicloud_nat_gateway.mlrun_nat",
            "huaweicloud_vpc.vpc",
            "huaweicloud_vpc_eip.mlrun_nat_eip",
            "huaweicloud_vpc_subnet.subnet"
          ]
        }
      ]
    },
    {
      "mode": "managed",
      "type": "huaweicloud_networking_secgroup",
      "name": "secgroup",
      "provider": "provider[\"registry.terraform.io/huaweicloud/huaweicloud\"]",
      "instances": [
        {
          "schema_version": 0,
          "attributes": {
            "created_at": "2025-09-16T11:55:55Z",
            "delete_default_rules": true,
            "description": "MLRun security group",
            "enterprise_project_id": "0",
            "id": "dadb3665-7f79-4fd6-ae3c-74a7982e184c",
            "name": "mlrun-secgroup",
            "region": "af-south-1",
            "rules": [
              {
                "action": "allow",
                "description": "",
                "direction": "ingress",
                "ethertype": "IPv4",
                "id": "a3190c72-1ead-445a-8f90-3e9dce1acf07",
                "port_range_max": 22,
                "port_range_min": 22,
                "ports": "22",
                "priority": 1,
                "protocol": "tcp",
                "remote_address_group_id": "",
                "remote_group_id": "",
                "remote_ip_prefix": "0.0.0.0/0"
              },
              {
                "action": "allow",
                "description": "",
                "direction": "ingress",
                "ethertype": "IPv4",
                "id": "fb3a103e-3eb6-49e9-826d-ca2a15c7d001",
                "port_range_max": 80,
                "port_range_min": 80,
                "ports": "80",
                "priority": 1,
                "protocol": "tcp",
                "remote_address_group_id": "",
                "remote_group_id": "",
                "remote_ip_prefix": "0.0.0.0/0"
              }
            ],
            "tags": {},
            "timeouts": null,
            "updated_at": "2025-09-16T11:55:56Z"
          },
          "sensitive_attributes": [],
          "identity_schema_version": 0,
          "private": "eyJlMmJmYjczMC1lY2FhLTExZTYtOGY4OC0zNDM2M2JjN2M0YzAiOnsiZGVsZXRlIjo2MDAwMDAwMDAwMDB9fQ=="
        }
      ]
    },
    {
      "mode": "managed",
      "type": "huaweicloud_networking_secgroup_rule",
      "name": "secgroup_rule_http",
      "provider": "provider[\"registry.terraform.io/huaweicloud/huaweicloud\"]",
      "instances": [
        {
          "schema_version": 0,
          "attributes": {
            "action": "allow",
            "description": "",
            "direction": "ingress",
            "ethertype": "IPv4",
            "id": "fb3a103e-3eb6-49e9-826d-ca2a15c7d001",
            "port_range_max": 80,
            "port_range_min": 80,
            "ports": "80",
            "priority": 1,
            "protocol": "tcp",
            "region": "af-south-1",
            "remote_address_group_id": "",
            "remote_group_id": "",
            "remote_ip_prefix": "0.0.0.0/0",
            "security_group_id": "dadb3665-7f79-4fd6-ae3c-74a7982e184c",
            "timeouts": null
          },
          "sensitive_attributes": [],
          "identity_schema_version": 0,
          "private": "eyJlMmJmYjczMC1lY2FhLTExZTYtOGY4OC0zNDM2M2JjN2M0YzAiOnsiZGVsZXRlIjo2MDAwMDAwMDAwMDB9fQ==",
          "dependencies": [
            "huaweicloud_networking_secgroup.secgroup"
          ]
        }
      ]
    },
    {
      "mode": "managed",
      "type": "huaweicloud_networking_secgroup_rule",
      "name": "secgroup_rule_ssh",
      "provider": "provider[\"registry.terraform.io/huaweicloud/huaweicloud\"]",
      "instances": [
        {
          "schema_version": 0,
          "attributes": {
            "action": "allow",
            "description": "",
            "direction": "ingress",
            "ethertype": "IPv4",
            "id": "a3190c72-1ead-445a-8f90-3e9dce1acf07",
            "port_range_max": 22,
            "port_range_min": 22,
            "ports": "22",
            "priority": 1,
            "protocol": "tcp",
            "region": "af-south-1",
            "remote_address_group_id": "",
            "remote_group_id": "",
            "remote_ip_prefix": "0.0.0.0/0",
            "security_group_id": "dadb3665-7f79-4fd6-ae3c-74a7982e184c",
            "timeouts": null
          },
          "sensitive_attributes": [],
          "identity_schema_version": 0,
          "private": "eyJlMmJmYjczMC1lY2FhLTExZTYtOGY4OC0zNDM2M2JjN2M0YzAiOnsiZGVsZXRlIjo2MDAwMDAwMDAwMDB9fQ==",
          "dependencies": [
            "huaweicloud_networking_secgroup.secgroup"
          ]
        }
      ]
    },
    {
      "mode": "managed",
      "type": "huaweicloud_obs_bucket",
      "name": "mlrun-bucket",
      "provider": "provider[\"registry.terraform.io/huaweicloud/huaweicloud\"]",
      "instances": [
        {
          "schema_version": 0,
          "attributes": {
            "acl": "private",
            "bucket": "mlrun-bucket",
            "bucket_domain_name": "mlrun-bucket.obs.af-south-1.myhuaweicloud.com",
            "bucket_version": "3.0",
            "cors_rule": [],
            "encryption": false,
            "enterprise_project_id": "0",
            "force_destroy": false,
            "id": "mlrun-bucket",
            "kms_key_id": "",
            "kms_key_project_id": "",
            "lifecycle_rule": [],
            "logging": [],
            "multi_az": false,
            "parallel_fs": false,
            "policy": "",
            "policy_format": "obs",
            "quota": 0,
            "region": "af-south-1",
            "sse_algorithm": "",
            "storage_class": "STANDARD",
            "storage_info": [
              {
                "object_number": 0,
                "size": 0
              }
            ],
            "tags": {
              "env": "mlrun",
              "type": "bucket"
            },
            "user_domain_names": [],
            "versioning": false,
            "website": []
          },
          "sensitive_attributes": [],
          "identity_schema_version": 0,
          "private": "bnVsbA=="
        }
      ]
    },
    {
      "mode": "managed",
      "type": "huaweicloud_swr_organization",
      "name": "mlrun-swr-org",
      "provider": "provider[\"registry.terraform.io/huaweicloud/huaweicloud\"]",
      "instances": [
        {
          "schema_version": 0,
          "attributes": {
            "creator": "hid_bcxib1czn-_qw4n",
            "id": "mlrun-org",
            "login_server": "swr.af-south-1.myhuaweicloud.com",
            "name": "mlrun-org",
            "permission": "Manage",
            "region": "af-south-1",
            "timeouts": null
          },
          "sensitive_attributes": [],
          "identity_schema_version": 0,
          "private": "eyJlMmJmYjczMC1lY2FhLTExZTYtOGY4OC0zNDM2M2JjN2M0YzAiOnsiY3JlYXRlIjozMDAwMDAwMDAwMDAsImRlbGV0ZSI6MzAwMDAwMDAwMDAwfX0="
        }
      ]
    },
    {
      "mode": "managed",
      "type": "huaweicloud_vpc",
      "name": "vpc",
      "provider": "provider[\"registry.terraform.io/huaweicloud/huaweicloud\"]",
      "instances": [
        {
          "schema_version": 0,
          "attributes": {
            "block_service_endpoint_states": null,
            "cidr": "192.168.0.0/16",
            "description": "",
            "enhanced_local_route": "false",
            "enterprise_project_id": "0",
            "id": "731b15c9-ccd2-4e3a-a37a-f1bea9b7c664",
            "name": "mlrun-vpc",
            "region": "af-south-1",
            "routes": [
              {
                "destination": "0.0.0.0/0",
                "nexthop": "192.168.0.225"
              }
            ],
            "secondary_cidr": null,
            "secondary_cidrs": [],
            "status": "OK",
            "tags": {},
            "timeouts": null
          },
          "sensitive_attributes": [],
          "identity_schema_version": 0,
          "private": "eyJlMmJmYjczMC1lY2FhLTExZTYtOGY4OC0zNDM2M2JjN2M0YzAiOnsiY3JlYXRlIjo2MDAwMDAwMDAwMDAsImRlbGV0ZSI6MTgwMDAwMDAwMDAwfX0="
        }
      ]
    },
    {
      "mode": "managed",
      "type": "huaweicloud_vpc_eip",
      "name": "mlrun_eip",
      "provider": "provider[\"registry.terraform.io/huaweicloud/huaweicloud\"]",
      "instances": [
        {
          "schema_version": 0,
          "attributes": {
            "address": "110.238.76.15",
            "associate_id": "875484cb-c0c5-4040-8516-4d204145ef87",
            "associate_type": "ELB",
            "auto_pay": null,
            "auto_renew": null,
            "bandwidth": [
              {
                "charge_mode": "traffic",
                "id": "269c0cc2-4aeb-4161-a796-9205b3e63db1",
                "name": "mlrun-eip-bandwidth",
                "share_type": "PER",
                "size": 8
              }
            ],
            "charging_mode": "postPaid",
            "created_at": "2025-09-16 11:55:56",
            "enterprise_project_id": "0",
            "id": "89276c5b-3ca2-4ed9-bb99-151b52a98b86",
            "instance_id": "",
            "instance_type": "",
            "ipv6_address": "",
            "name": "",
            "period": null,
            "period_unit": null,
            "port_id": "",
            "private_ip": "",
            "publicip": [
              {
                "ip_address": "110.238.76.15",
                "ip_version": 4,
                "port_id": "",
                "type": "5_bgp"
              }
            ],
            "region": "af-south-1",
            "status": "ELB",
            "tags": {},
            "timeouts": null,
            "updated_at": "2025-09-16T12:01:20Z"
          },
          "sensitive_attributes": [],
          "identity_schema_version": 0,
          "private": "eyJlMmJmYjczMC1lY2FhLTExZTYtOGY4OC0zNDM2M2JjN2M0YzAiOnsiY3JlYXRlIjo2MDAwMDAwMDAwMDAsImRlbGV0ZSI6MzAwMDAwMDAwMDAwLCJ1cGRhdGUiOjMwMDAwMDAwMDAwMH19"
        }
      ]
    },
    {
      "mode": "managed",
      "type": "huaweicloud_vpc_eip",
      "name": "mlrun_eip_ingress",
      "provider": "provider[\"registry.terraform.io/huaweicloud/huaweicloud\"]",
      "instances": [
        {
          "schema_version": 0,
          "attributes": {
            "address": "110.238.73.124",
            "associate_id": "dc37d74a-0134-4e04-9917-b2cd0a15e557",
            "associate_type": "ELB",
            "auto_pay": null,
            "auto_renew": null,
            "bandwidth": [
              {
                "charge_mode": "traffic",
                "id": "ba564a73-09d8-4d27-80b7-dad7abdf8438",
                "name": "mlrun-eip-ingress-bandwidth",
                "share_type": "PER",
                "size": 8
              }
            ],
            "charging_mode": "postPaid",
            "created_at": "2025-09-16 11:55:56",
            "enterprise_project_id": "0",
            "id": "fdea48ae-ff74-4df6-9905-a93d13e3386f",
            "instance_id": "",
            "instance_type": "",
            "ipv6_address": "",
            "name": "",
            "period": null,
            "period_unit": null,
            "port_id": "",
            "private_ip": "",
            "publicip": [
              {
                "ip_address": "110.238.73.124",
                "ip_version": 4,
                "port_id": "",
                "type": "5_bgp"
              }
            ],
            "region": "af-south-1",
            "status": "ELB",
            "tags": {},
            "timeouts": null,
            "updated_at": "2025-09-16T11:56:11Z"
          },
          "sensitive_attributes": [],
          "identity_schema_version": 0,
          "private": "eyJlMmJmYjczMC1lY2FhLTExZTYtOGY4OC0zNDM2M2JjN2M0YzAiOnsiY3JlYXRlIjo2MDAwMDAwMDAwMDAsImRlbGV0ZSI6MzAwMDAwMDAwMDAwLCJ1cGRhdGUiOjMwMDAwMDAwMDAwMH19"
        }
      ]
    },
    {
      "mode": "managed",
      "type": "huaweicloud_vpc_eip",
      "name": "mlrun_nat_eip",
      "provider": "provider[\"registry.terraform.io/huaweicloud/huaweicloud\"]",
      "instances": [
        {
          "schema_version": 0,
          "attributes": {
            "address": "203.123.81.236",
            "associate_id": "2e8fae41-f617-46f2-9de7-9b764cede480",
            "associate_type": "NATGW",
            "auto_pay": null,
            "auto_renew": null,
            "bandwidth": [
              {
                "charge_mode": "traffic",
                "id": "0ce75adb-91d3-434e-b5bf-08b355ee2b93",
                "name": "mlrun-nat-bw",
                "share_type": "PER",
                "size": 10
              }
            ],
            "charging_mode": "postPaid",
            "created_at": "2025-09-16 11:55:56",
            "enterprise_project_id": "0",
            "id": "b3fe46b5-ab6b-4893-a21f-c4d0406c274b",
            "instance_id": "",
            "instance_type": "",
            "ipv6_address": "",
            "name": "",
            "period": null,
            "period_unit": null,
            "port_id": "27dd67dc-4189-4518-ba8d-0fb7bcabe07a",
            "private_ip": "192.168.0.225",
            "publicip": [
              {
                "ip_address": "203.123.81.236",
                "ip_version": 4,
                "port_id": "27dd67dc-4189-4518-ba8d-0fb7bcabe07a",
                "type": "5_bgp"
              }
            ],
            "region": "af-south-1",
            "status": "BOUND",
            "tags": {},
            "timeouts": null,
            "updated_at": "2025-09-16T11:56:14Z"
          },
          "sensitive_attributes": [],
          "identity_schema_version": 0,
          "private": "eyJlMmJmYjczMC1lY2FhLTExZTYtOGY4OC0zNDM2M2JjN2M0YzAiOnsiY3JlYXRlIjo2MDAwMDAwMDAwMDAsImRlbGV0ZSI6MzAwMDAwMDAwMDAwLCJ1cGRhdGUiOjMwMDAwMDAwMDAwMH19"
        }
      ]
    },
    {
      "mode": "managed",
      "type": "huaweicloud_vpc_subnet",
      "name": "subnet",
      "provider": "provider[\"registry.terraform.io/huaweicloud/huaweicloud\"]",
      "instances": [
        {
          "schema_version": 0,
          "attributes": {
            "availability_zone": "",
            "cidr": "192.168.0.0/24",
            "description": "",
            "dhcp_domain_name": null,
            "dhcp_enable": true,
            "dhcp_ipv6_lease_time": null,
            "dhcp_lease_time": "87600h",
            "dns_list": [
              "100.125.1.250",
              "100.125.21.250"
            ],
            "gateway_ip": "192.168.0.1",
            "id": "c83eb1e3-2a65-4cdd-80fa-95758fc08a30",
            "ipv4_subnet_id": "f304b3c8-5ae3-44b1-a90e-3a7f423ced45",
            "ipv6_cidr": "",
            "ipv6_enable": false,
            "ipv6_gateway": "",
            "ipv6_subnet_id": "",
            "name": "mlrun-subnet",
            "ntp_server_address": null,
            "primary_dns": "100.125.1.250",
            "region": "af-south-1",
            "secondary_dns": "100.125.21.250",
            "subnet_id": "f304b3c8-5ae3-44b1-a90e-3a7f423ced45",
            "tags": {},
            "timeouts": null,
            "vpc_id": "731b15c9-ccd2-4e3a-a37a-f1bea9b7c664"
          },
          "sensitive_attributes": [],
          "identity_schema_version": 0,
          "private": "eyJlMmJmYjczMC1lY2FhLTExZTYtOGY4OC0zNDM2M2JjN2M0YzAiOnsiY3JlYXRlIjozMDAwMDAwMDAwMDAsImRlbGV0ZSI6NjAwMDAwMDAwMDAwfX0=",
          "dependencies": [
            "huaweicloud_vpc.vpc"
          ]
        }
      ]
    },
    {
      "mode": "managed",
      "type": "huaweicloud_vpcep_endpoint",
      "name": "swr_endpoint",
      "provider": "provider[\"registry.terraform.io/huaweicloud/huaweicloud\"]",
      "instances": [
        {
          "schema_version": 0,
          "attributes": {
            "description": "",
            "enable_dns": true,
            "enable_whitelist": false,
            "id": "85c5970c-1f1b-4c0d-aa31-ceb9c6e41a4e",
            "ip_address": "192.168.0.221",
            "ip_version": "ipv4",
            "ipv6_address": "",
            "network_id": "c83eb1e3-2a65-4cdd-80fa-95758fc08a30",
            "packet_id": 0,
            "policy_document": "{\"Statement\":[{\"Action\":[\"*\"],\"Effect\":\"Allow\",\"Principal\":\"*\",\"Resource\":[\"*\"]}],\"Version\":\"5.0\"}",
            "policy_statement": "null",
            "private_domain_name": "vpcep-85c5970c-1f1b-4c0d-aa31-ceb9c6e41a4e.af-south-1.huaweicloud.com.",
            "region": "af-south-1",
            "routetables": [],
            "service_id": "2fc30ac1-34ea-492e-93ad-7460b55ca4b3",
            "service_name": "com.myhuaweicloud.af-south-1.swr",
            "service_type": "interface",
            "status": "accepted",
            "tags": {},
            "timeouts": null,
            "vpc_id": "731b15c9-ccd2-4e3a-a37a-f1bea9b7c664",
            "whitelist": []
          },
          "sensitive_attributes": [],
          "identity_schema_version": 0,
          "private": "eyJlMmJmYjczMC1lY2FhLTExZTYtOGY4OC0zNDM2M2JjN2M0YzAiOnsiY3JlYXRlIjo2MDAwMDAwMDAwMDAsImRlbGV0ZSI6NjAwMDAwMDAwMDAwfX0=",
          "dependencies": [
            "data.huaweicloud_vpcep_public_services.swr_service",
            "huaweicloud_vpc.vpc",
            "huaweicloud_vpc_subnet.subnet"
          ]
        }
      ]
    },
    {
      "mode": "managed",
      "type": "kubernetes_namespace",
      "name": "ingress_nginx",
      "provider": "provider[\"registry.terraform.io/hashicorp/kubernetes\"]",
      "instances": [
        {
          "schema_version": 0,
          "attributes": {
            "id": "ingress-nginx",
            "metadata": [
              {
                "annotations": {},
                "generate_name": "",
                "generation": 0,
                "labels": {},
                "name": "ingress-nginx",
                "resource_version": "963",
                "uid": "5241d328-c019-4925-9a92-51b662b729d7"
              }
            ],
            "timeouts": null,
            "wait_for_default_service_account": false
          },
          "sensitive_attributes": [],
          "identity_schema_version": 1,
          "identity": {
            "api_version": "v1",
            "kind": "Namespace",
            "name": "ingress-nginx"
          },
          "private": "eyJlMmJmYjczMC1lY2FhLTExZTYtOGY4OC0zNDM2M2JjN2M0YzAiOnsiZGVsZXRlIjozMDAwMDAwMDAwMDB9fQ==",
          "dependencies": [
            "data.huaweicloud_cce_autopilot_cluster_certificate.mlrun_cluster_cert",
            "huaweicloud_cce_autopilot_cluster.mlrun-cluster",
            "huaweicloud_vpc.vpc",
            "huaweicloud_vpc_eip.mlrun_eip",
            "huaweicloud_vpc_subnet.subnet",
            "local_sensitive_file.kubeconfig"
          ]
        }
      ]
    },
    {
      "mode": "managed",
      "type": "kubernetes_namespace",
      "name": "mlrun",
      "provider": "provider[\"registry.terraform.io/hashicorp/kubernetes\"]",
      "instances": [
        {
          "schema_version": 0,
          "attributes": {
            "id": "mlrun",
            "metadata": [
              {
                "annotations": {},
                "generate_name": "",
                "generation": 0,
                "labels": {},
                "name": "mlrun",
                "resource_version": "394508",
                "uid": "d53aba91-78ed-44da-92c5-029404057b9e"
              }
            ],
            "timeouts": null,
            "wait_for_default_service_account": false
          },
          "sensitive_attributes": [],
          "identity_schema_version": 1,
          "identity": {
            "api_version": "v1",
            "kind": "Namespace",
            "name": "mlrun"
          },
          "private": "eyJlMmJmYjczMC1lY2FhLTExZTYtOGY4OC0zNDM2M2JjN2M0YzAiOnsiZGVsZXRlIjozMDAwMDAwMDAwMDB9fQ==",
          "dependencies": [
            "data.huaweicloud_cce_autopilot_cluster_certificate.mlrun_cluster_cert",
            "huaweicloud_cce_autopilot_cluster.mlrun-cluster",
            "huaweicloud_vpc.vpc",
            "huaweicloud_vpc_eip.mlrun_eip",
            "huaweicloud_vpc_subnet.subnet",
            "local_sensitive_file.kubeconfig"
          ]
        }
      ]
    },
    {
      "mode": "managed",
      "type": "kubernetes_secret",
      "name": "registry_credentials",
      "provider": "provider[\"registry.terraform.io/hashicorp/kubernetes\"]",
      "instances": [
        {
          "schema_version": 0,
          "attributes": {
            "binary_data": null,
            "binary_data_wo": null,
            "binary_data_wo_revision": null,
            "data": {
              ".dockerconfigjson": "{\"auths\":{\"swr.af-south-1.myhuaweicloud.com\":{\"password\":\"0a81ada0242041f94c4a6afdaaf2b6e1b04776cf2b014049758cb39f5a05931d\",\"username\":\"af-south-1@HPUAWYQLGUPFDC9BJTLD\"}}}"
            },
            "data_wo": null,
            "data_wo_revision": null,
            "id": "mlrun/registry-credentials",
            "immutable": false,
            "metadata": [
              {
                "annotations": {},
                "generate_name": "",
                "generation": 0,
                "labels": {},
                "name": "registry-credentials",
                "namespace": "mlrun",
                "resource_version": "394509",
                "uid": "739131e8-3f1f-4641-85a0-a0e6e598171b"
              }
            ],
            "timeouts": null,
            "type": "kubernetes.io/dockerconfigjson",
            "wait_for_service_account_token": true
          },
          "sensitive_attributes": [
            [
              {
                "type": "get_attr",
                "value": "binary_data"
              }
            ],
            [
              {
                "type": "get_attr",
                "value": "data"
              }
            ],
            [
              {
                "type": "get_attr",
                "value": "data"
              },
              {
                "type": "index",
                "value": {
                  "value": ".dockerconfigjson",
                  "type": "string"
                }
              }
            ]
          ],
          "identity_schema_version": 1,
          "identity": {
            "api_version": "v1",
            "kind": "Secret",
            "name": "registry-credentials",
            "namespace": "mlrun"
          },
          "private": "eyJlMmJmYjczMC1lY2FhLTExZTYtOGY4OC0zNDM2M2JjN2M0YzAiOnsiY3JlYXRlIjo2MDAwMDAwMDAwMH19",
          "dependencies": [
            "data.external.swr_login_key",
            "data.huaweicloud_cce_autopilot_cluster_certificate.mlrun_cluster_cert",
            "huaweicloud_cce_autopilot_cluster.mlrun-cluster",
            "huaweicloud_swr_organization.mlrun-swr-org",
            "huaweicloud_vpc.vpc",
            "huaweicloud_vpc_eip.mlrun_eip",
            "huaweicloud_vpc_subnet.subnet",
            "kubernetes_namespace.mlrun",
            "local_sensitive_file.kubeconfig"
          ]
        }
      ]
    },
    {
      "mode": "managed",
      "type": "local_sensitive_file",
      "name": "kubeconfig",
      "provider": "provider[\"registry.terraform.io/hashicorp/local\"]",
      "instances": [
        {
          "schema_version": 0,
          "attributes": {
            "content": "{\"apiVersion\":\"v1\",\"clusters\":[{\"cluster\":{\"certificate-authority-data\":\"LS0tLS1CRUdJTiBDRVJUSUZJQ0FURS0tLS0tCk1JSUREekNDQWZlZ0F3SUJBZ0lCQURBTkJna3Foa2lHOXcwQkFRc0ZBREFwTVJrd0Z3WURWUVFLRXhCRFEwVWcKVkdWamFHNXZiRzluYVdWek1Rd3dDZ1lEVlFRREV3TkRRMFV3SGhjTk1qVXdPVEUyTVRFMU56UXlXaGNOTkRVdwpPVEUyTVRFMU56UXlXakFwTVJrd0Z3WURWUVFLRXhCRFEwVWdWR1ZqYUc1dmJHOW5hV1Z6TVF3d0NnWURWUVFECkV3TkRRMFV3Z2dFaU1BMEdDU3FHU0liM0RRRUJBUVVBQTRJQkR3QXdnZ0VLQW9JQkFRRDUybmJYR2ljWGo4Q2IKb2hZZG1DMlpEKzZyd3FNY1dMdkhWVG9pQVdGMkpSY3lOUjNreWVFK0ljd0NuZitFVlJ6bVhtdEh4NXBBbE9LMwpreWZLWTNWSG4rT2d0Zk9SeDhlTy9HK2VDQ2VCcUtieThlemRzcG0xK2dqZEZaSUhoK3VHMWZLVFNJNzU5MGJOCkdPZmcxaXlkTzBLNEExcFdJNzVaazBRVjA0NE1nMWVCK2ZsenBheWc1OUZMRWUvenhaS2lYeFV1M0NERFJNUE8KRm54eWc2VmQrRjhvYXY4SFpNS0ViNk5lTW10M2lSMTRIcG0vRFJJL2ZKdGMxNjRjdmdWeUxyR3BvUUU5RkVEVwpwYkR4NlY5dStvM3ZIeDdBaVRqQkIzUFMwWGorVzBYbTBxKzV0Y0NFTjc0TGdDeVdwUis5UGNXLzJDV3k3MjliCkhTc3ZpcTE5QWdNQkFBR2pRakJBTUE0R0ExVWREd0VCL3dRRUF3SUNwREFQQmdOVkhSTUJBZjhFQlRBREFRSC8KTUIwR0ExVWREZ1FXQkJSbDlDN3dSaE9mcjRqSEwxcDQyUFRCYTFjTnZUQU5CZ2txaGtpRzl3MEJBUXNGQUFPQwpBUUVBNkhIYzZITElsTGs2SWNtMDB5eXUvanMwaVVoZVlROENxRlI2d0lXM3NYQXJYUndjK3pGVHNTeUUrZWdOCkNuaXdIQ2cvRzI3YlhvNlZBVXppem04dXN6eWZ0S2hUMEw3NEgxek84SE5uVkxaWVF2MzFhcXZIZTMvcXNUYmwKOHRYOGFVcGFac1lLYWkyN2NVWk5meFBkOTdxMmlkbFUwQndXRnRHY0lWVVI1RWhxRno4aUVJeWNZN2pYOWVwQwpqZ082Z0VTWUwySk1xZjZkNnZmY3RGNzRJazM3a0pXVnIxYy81TFNyUUw2NmIyWXJReFR2LzEvZ2NDZjVjNElBCmJVYWMvcVRqYVdDdXFpN1ZoQTRpTWptcHFLUnVPOFZDMFhCaGNydi9id1BVK0dKQVlPclh0ZmJKWDNGcXlZZTIKKytFODkyNGdUT2dEMGhTS2RTQ21vUktkT0E9PQotLS0tLUVORCBDRVJUSUZJQ0FURS0tLS0tCg==\",\"server\":\"https://26393556-92f4-11f0-a3bd-0255ac100200.cluster.cce.af-south-1.myhuaweicloud.com:5443\"},\"name\":\"internalCluster\"},{\"cluster\":{\"certificate-authority-data\":\"LS0tLS1CRUdJTiBDRVJUSUZJQ0FURS0tLS0tCk1JSUREekNDQWZlZ0F3SUJBZ0lCQURBTkJna3Foa2lHOXcwQkFRc0ZBREFwTVJrd0Z3WURWUVFLRXhCRFEwVWcKVkdWamFHNXZiRzluYVdWek1Rd3dDZ1lEVlFRREV3TkRRMFV3SGhjTk1qVXdPVEUyTVRFMU56UXlXaGNOTkRVdwpPVEUyTVRFMU56UXlXakFwTVJrd0Z3WURWUVFLRXhCRFEwVWdWR1ZqYUc1dmJHOW5hV1Z6TVF3d0NnWURWUVFECkV3TkRRMFV3Z2dFaU1BMEdDU3FHU0liM0RRRUJBUVVBQTRJQkR3QXdnZ0VLQW9JQkFRRDUybmJYR2ljWGo4Q2IKb2hZZG1DMlpEKzZyd3FNY1dMdkhWVG9pQVdGMkpSY3lOUjNreWVFK0ljd0NuZitFVlJ6bVhtdEh4NXBBbE9LMwpreWZLWTNWSG4rT2d0Zk9SeDhlTy9HK2VDQ2VCcUtieThlemRzcG0xK2dqZEZaSUhoK3VHMWZLVFNJNzU5MGJOCkdPZmcxaXlkTzBLNEExcFdJNzVaazBRVjA0NE1nMWVCK2ZsenBheWc1OUZMRWUvenhaS2lYeFV1M0NERFJNUE8KRm54eWc2VmQrRjhvYXY4SFpNS0ViNk5lTW10M2lSMTRIcG0vRFJJL2ZKdGMxNjRjdmdWeUxyR3BvUUU5RkVEVwpwYkR4NlY5dStvM3ZIeDdBaVRqQkIzUFMwWGorVzBYbTBxKzV0Y0NFTjc0TGdDeVdwUis5UGNXLzJDV3k3MjliCkhTc3ZpcTE5QWdNQkFBR2pRakJBTUE0R0ExVWREd0VCL3dRRUF3SUNwREFQQmdOVkhSTUJBZjhFQlRBREFRSC8KTUIwR0ExVWREZ1FXQkJSbDlDN3dSaE9mcjRqSEwxcDQyUFRCYTFjTnZUQU5CZ2txaGtpRzl3MEJBUXNGQUFPQwpBUUVBNkhIYzZITElsTGs2SWNtMDB5eXUvanMwaVVoZVlROENxRlI2d0lXM3NYQXJYUndjK3pGVHNTeUUrZWdOCkNuaXdIQ2cvRzI3YlhvNlZBVXppem04dXN6eWZ0S2hUMEw3NEgxek84SE5uVkxaWVF2MzFhcXZIZTMvcXNUYmwKOHRYOGFVcGFac1lLYWkyN2NVWk5meFBkOTdxMmlkbFUwQndXRnRHY0lWVVI1RWhxRno4aUVJeWNZN2pYOWVwQwpqZ082Z0VTWUwySk1xZjZkNnZmY3RGNzRJazM3a0pXVnIxYy81TFNyUUw2NmIyWXJReFR2LzEvZ2NDZjVjNElBCmJVYWMvcVRqYVdDdXFpN1ZoQTRpTWptcHFLUnVPOFZDMFhCaGNydi9id1BVK0dKQVlPclh0ZmJKWDNGcXlZZTIKKytFODkyNGdUT2dEMGhTS2RTQ21vUktkT0E9PQotLS0tLUVORCBDRVJUSUZJQ0FURS0tLS0tCg==\",\"server\":\"https://192.168.0.95:5443\"},\"name\":\"internalIPCluster\"},{\"cluster\":{\"insecure-skip-tls-verify\":true,\"server\":\"https://110.238.76.15:5443\"},\"name\":\"externalCluster\"},{\"cluster\":{\"certificate-authority-data\":\"LS0tLS1CRUdJTiBDRVJUSUZJQ0FURS0tLS0tCk1JSUREekNDQWZlZ0F3SUJBZ0lCQURBTkJna3Foa2lHOXcwQkFRc0ZBREFwTVJrd0Z3WURWUVFLRXhCRFEwVWcKVkdWamFHNXZiRzluYVdWek1Rd3dDZ1lEVlFRREV3TkRRMFV3SGhjTk1qVXdPVEUyTVRFMU56UXlXaGNOTkRVdwpPVEUyTVRFMU56UXlXakFwTVJrd0Z3WURWUVFLRXhCRFEwVWdWR1ZqYUc1dmJHOW5hV1Z6TVF3d0NnWURWUVFECkV3TkRRMFV3Z2dFaU1BMEdDU3FHU0liM0RRRUJBUVVBQTRJQkR3QXdnZ0VLQW9JQkFRRDUybmJYR2ljWGo4Q2IKb2hZZG1DMlpEKzZyd3FNY1dMdkhWVG9pQVdGMkpSY3lOUjNreWVFK0ljd0NuZitFVlJ6bVhtdEh4NXBBbE9LMwpreWZLWTNWSG4rT2d0Zk9SeDhlTy9HK2VDQ2VCcUtieThlemRzcG0xK2dqZEZaSUhoK3VHMWZLVFNJNzU5MGJOCkdPZmcxaXlkTzBLNEExcFdJNzVaazBRVjA0NE1nMWVCK2ZsenBheWc1OUZMRWUvenhaS2lYeFV1M0NERFJNUE8KRm54eWc2VmQrRjhvYXY4SFpNS0ViNk5lTW10M2lSMTRIcG0vRFJJL2ZKdGMxNjRjdmdWeUxyR3BvUUU5RkVEVwpwYkR4NlY5dStvM3ZIeDdBaVRqQkIzUFMwWGorVzBYbTBxKzV0Y0NFTjc0TGdDeVdwUis5UGNXLzJDV3k3MjliCkhTc3ZpcTE5QWdNQkFBR2pRakJBTUE0R0ExVWREd0VCL3dRRUF3SUNwREFQQmdOVkhSTUJBZjhFQlRBREFRSC8KTUIwR0ExVWREZ1FXQkJSbDlDN3dSaE9mcjRqSEwxcDQyUFRCYTFjTnZUQU5CZ2txaGtpRzl3MEJBUXNGQUFPQwpBUUVBNkhIYzZITElsTGs2SWNtMDB5eXUvanMwaVVoZVlROENxRlI2d0lXM3NYQXJYUndjK3pGVHNTeUUrZWdOCkNuaXdIQ2cvRzI3YlhvNlZBVXppem04dXN6eWZ0S2hUMEw3NEgxek84SE5uVkxaWVF2MzFhcXZIZTMvcXNUYmwKOHRYOGFVcGFac1lLYWkyN2NVWk5meFBkOTdxMmlkbFUwQndXRnRHY0lWVVI1RWhxRno4aUVJeWNZN2pYOWVwQwpqZ082Z0VTWUwySk1xZjZkNnZmY3RGNzRJazM3a0pXVnIxYy81TFNyUUw2NmIyWXJReFR2LzEvZ2NDZjVjNElBCmJVYWMvcVRqYVdDdXFpN1ZoQTRpTWptcHFLUnVPOFZDMFhCaGNydi9id1BVK0dKQVlPclh0ZmJKWDNGcXlZZTIKKytFODkyNGdUT2dEMGhTS2RTQ21vUktkT0E9PQotLS0tLUVORCBDRVJUSUZJQ0FURS0tLS0tCg==\",\"server\":\"https://110.238.76.15:5443\"},\"name\":\"externalClusterTLSVerify\"}],\"contexts\":[{\"context\":{\"cluster\":\"internalCluster\",\"user\":\"user\"},\"name\":\"internal\"},{\"context\":{\"cluster\":\"internalIPCluster\",\"user\":\"user\"},\"name\":\"internalIP\"},{\"context\":{\"cluster\":\"externalCluster\",\"user\":\"user\"},\"name\":\"external\"},{\"context\":{\"cluster\":\"externalClusterTLSVerify\",\"user\":\"user\"},\"name\":\"externalTLSVerify\"}],\"current-context\":\"external\",\"kind\":\"Config\",\"preferences\":{},\"users\":[{\"name\":\"user\",\"user\":{\"client-certificate-data\":\"LS0tLS1CRUdJTiBDRVJUSUZJQ0FURS0tLS0tCk1JSURsVENDQW4yZ0F3SUJBZ0lJWlVER3ZFK0c5WUF3RFFZSktvWklodmNOQVFFTEJRQXdLVEVaTUJjR0ExVUUKQ2hNUVEwTkZJRlJsWTJodWIyeHZaMmxsY3pFTU1Bb0dBMVVFQXhNRFEwTkZNQjRYRFRJMU1Ea3hOekV4TVRRMApOVm9YRFRJMU1UQXhOekV4TVRRME5Wb3dnYUV4ZERBUUJnTlZCQW9UQ1dOalpUcDFjMlZ5Y3pBbkJnTlZCQW9UCklEZ3paVGRqWmpRNU9UYzFNRFJpTURKaE9HTmhPREF5TURZellXVTNaVFk0TURjR0ExVUVDaE13WWpjME5HVTIKWm1Wa1pUbGhOREE0T0RreFptWmxNMlV4TVRFNE5HSmtZVGd0WTJWeWRDMHhOelU0TURJME1EZ3hNU2t3SndZRApWUVFERXlCaU56UTBaVFptWldSbE9XRTBNRGc0T1RGbVptVXpaVEV4TVRnMFltUmhPRENDQVNJd0RRWUpLb1pJCmh2Y05BUUVCQlFBRGdnRVBBRENDQVFvQ2dnRUJBSnhpU1B1QU92REUxSktmc1U3SWRuck5DTncwb1Vyb3FEUWwKOE5pbEZWOGVnVjJRVmJ6SElTZGNYNEtTSTN0U0FERGYxQmVjUEw1QjBiWnZwWkRCbXVrZzI5dXJxcmNKblQydgppdlZjaXBsWDlPc21nMzd3ZGxvUG1XeWRndStaeEpPZ0FoTmdSMTNuYmY3WjRBUkdHZDlFMnIrNHFQcUJqeE1UCmpCSXVHVy9ocDRhVTVGZTNaTmpZNCtPdndaQW1mMVZHa2RaZGFuS2dWSWdvZDBjVlI1bndCemluMlA0UStyUFgKRGN6eENYN0xDUFdGSkFZb1ZPNEZ5V3dFaXdZa2RKeFEwTjBxSU5lNm5sU0dyTmlWSHU3YmJQdlhKK0NUcWRJcQp6UzgzQ2gwRUkrUVA2QnRFaEhFSGQwSGp1UW0vaXpmQkltb293NmlmbDNUNGl2M0ZtVDhDQXdFQUFhTklNRVl3CkRnWURWUjBQQVFIL0JBUURBZ1dnTUJNR0ExVWRKUVFNTUFvR0NDc0dBUVVGQndNQ01COEdBMVVkSXdRWU1CYUEKRkdYMEx2QkdFNSt2aU1jdldualk5TUZyVncyOU1BMEdDU3FHU0liM0RRRUJDd1VBQTRJQkFRQm1RZDl6TTZCWQpXakRZOUc0SExHMWQ0OU1jdkkrZ2R2aGd3aWFVdEdrWG01TDkyNVROenNEc2VlZUNTTXFSWmNSdWtGMWFXTnRsCmJud3JSMms1T24rcDhPamZ6R2QzSWtmU1k3N1hGd2FEREFaN3U2U21MZWZabjhFcC82Uk44RWMxcTI5WmdGYVUKZ0syUkZIMGVHaW9ZWEcwdFlPd2NyS2x1RThQRzcrQmswQytxWGxtczlWZmdtMGN6Nkw3MkpML1Jqd3FLL0xDRAoyMFYwVW4rN2FBdTFKNjNnbGFYZGhpS09WeWFmYnExL08yazV3ZjJjQjlNWUNOUkZRWWJnLzlPZmVjSGwwMW16Ck5Ud1MrSEMxd3c0RVd6RVJhSXl6ZXFyNVNtMlppbkc2NjV3TDA2ZlM1Snd4L2liUGVNMkZuK2xnKzloMzI5OUwKYTJhUk0xUzh3blo5Ci0tLS0tRU5EIENFUlRJRklDQVRFLS0tLS0K\",\"client-key-data\":\"LS0tLS1CRUdJTiBSU0EgUFJJVkFURSBLRVktLS0tLQpNSUlFb2dJQkFBS0NBUUVBbkdKSSs0QTY4TVRVa3AreFRzaDJlczBJM0RTaFN1aW9OQ1h3MktVVlh4NkJYWkJWCnZNY2hKMXhmZ3BJamUxSUFNTi9VRjV3OHZrSFJ0bStsa01HYTZTRGIyNnVxdHdtZFBhK0s5VnlLbVZmMDZ5YUQKZnZCMldnK1piSjJDNzVuRWs2QUNFMkJIWGVkdC90bmdCRVlaMzBUYXY3aW8rb0dQRXhPTUVpNFpiK0duaHBUawpWN2RrMk5qajQ2L0JrQ1ovVlVhUjFsMXFjcUJVaUNoM1J4VkhtZkFIT0tmWS9oRDZzOWNOelBFSmZzc0k5WVVrCkJpaFU3Z1hKYkFTTEJpUjBuRkRRM1NvZzE3cWVWSWFzMkpVZTd0dHMrOWNuNEpPcDBpck5MemNLSFFRajVBL28KRzBTRWNRZDNRZU81Q2IrTE44RWlhaWpEcUorWGRQaUsvY1daUHdJREFRQUJBb0lCQUY2dnYrTFB2R0JGdlRQZQpEeHhWa2k4K2IrdnN6ZkF1T0pJQ212YUIxaFBXdzV0a0poVjhPRjI5dDNLMmkxZEN5aXpOaVh5V004MDZ5d0I4ClR6SDdsNUVxUFJTZnQyakdJSGZXRHZ3TEFUeGhua0MyL0ExakNUWDBsZi9HeXgzSjY5VTZuNmNkdDNockJSVzIKMDhXaXNFMllRaDZ0YjFybUVUd0tyTmZoSTdPeWFsQUNldCtGMnNVU2h1TklSRnFRMFhYTk9USDNpd2taZlVnVgp3YUh3dHJzUjZHVkNTSHdTMzY3ZG1zQ0xCMGt3UDhub0RNWjZDNVAvTDZSZ1RKa010VWQrN1JYZHNOVEIvb3phCjFVcW9Cei9ta09xWVgwbGUrVUVzYlB5NVdNeWUwZmpocGNDVTc2czhzaldKOTZhTVZCV09oS0w5blRmVERjYnQKOHF2c1I5a0NnWUVBeVlXSnp1NTk3djkxbmdoSCtrSmNaYjZMeitFNEZibDBzNmFPSDdOKzdsanZDYUM0akViNQpNNjdrRlBUSGI3WTdQZ2pLNkNTU0tzS0lrdC9IZGxSZzAwSmZHQTROK3hERDBDYWdQVERCRkE4STdkUUJGbGNZCnlHQWNxK29lSU5DbjJCUmRpZk44alpuL1ZSVlI5RVU1RkZOS2hUVFdyVVhUVWZRTE1oMFdXejBDZ1lFQXhxajAKM3o2Z2xidVMzemM0cjI5QWhDTU9tMjlNblNML0l3UW1jWkNlRGNYNkg0MkgySXFvMEdVYzBaRW5IallCME5WUApTL1lWZ01zUk45ZEdtblRkOFpFK3B0WXMvT0RwdHFIcUFtSmJaUDY5SVhRbUIwNkRGdHpTZ3RXUC9zbk1iTXNGCm0xVkF3TXVJYmp3MDRzaHZXZXR5UldHajk4aXJ5TmxMWDRsUnZpc0NnWUFrakhHWDlDMG00WElGZlY4QWhuU1gKaDExNEVGTEpyZDc2amlTTW4xTlFDeFVmVytUY25DcXFNdmZ1elE0MnRvZzhFZ0FxNWljVVZqL0swNGNyY05ZMgp1bnpnc2Z2Ykl3bEFnU0RpdUNyc1ptV3FMSjhkM0NJRWhWbnQzQUltMVhEN2dZWU5kUG1ML1BnUUNGUGF4NHM0Cm9ucUxlaS9OTVRMSVZFaUxpRGI3eVFLQmdIR3BDVEVSSzk5L1NqRGI3MXF3VkVGRnJYM1EyQXl2a1RuL2pkODcKMXJJYXExaVNLVDhEVmtLbEZ5L3YxR204akoxbTdjK1FKQTFrSVozSlZXUFpxWUlrajZ2MHJoaWd0aGIvM0Zzdwoyd21WbGJBbU8vdkNOODVFMlV4eDA4ajZ2RE1pbFRxaU5FSWFNUnlnNWNFNjNEcWVNdXJ2U2xqaVB5YlM3QVRsCkZCZXhBb0dBWE03bExHTm96cVliSWtpRFZWaVZsVVdFMmdGTVJFeHM4VXc0OEZMeU5WUVQyS2VNYTJtZ3RrYWUKN0g0dGRVYWdzTjFFWk5nYnVrRHV1K1AxeEk4RGp5T1ZlUTBza2IxSUp1NmxhOVdDOWl0R0xpbTZ3aUJjbkVxVQpiMEY2V0VJY1p5Y0dEMlMzaUpsRXNJYVp2UTE0N1cxK0pGS3RvZ0dHZFl1OFAvdVZoamc9Ci0tLS0tRU5EIFJTQSBQUklWQVRFIEtFWS0tLS0tCg==\"}}]}",
            "content_base64": null,
            "content_base64sha256": "Nz+2h0J0C+zIdRrmehtPvRm6W/WgF6TODBVuwTmbnsQ=",
            "content_base64sha512": "qKOerI8Dp9ejtPZwNEAKV95I09U8SdhFoKT+ke/xiPL9gzOD/n9ERqWlxlLogDUwpbd/7QiQD9GF9R6AlYKM+w==",
            "content_md5": "90b2ae68a05d45de04968c748afc5e84",
            "content_sha1": "10e8f1347cbd03d0a632547e53d4a61210c6b63f",
            "content_sha256": "373fb68742740becc8751ae67a1b4fbd19ba5bf5a017a4ce0c156ec1399b9ec4",
            "content_sha512": "a8a39eac8f03a7d7a3b4f67034400a57de48d3d53c49d845a0a4fe91eff188f2fd833383fe7f4446a5a5c652e8803530a5b77fed08900fd185f51e8095828cfb",
            "directory_permission": "0700",
            "file_permission": "0600",
            "filename": "kubeconfig_autopilot.yaml",
            "id": "10e8f1347cbd03d0a632547e53d4a61210c6b63f",
            "source": null
          },
          "sensitive_attributes": [
            [
              {
                "type": "get_attr",
                "value": "content"
              }
            ],
            [
              {
                "type": "get_attr",
                "value": "content_base64"
              }
            ]
          ],
          "identity_schema_version": 0,
          "dependencies": [
            "data.huaweicloud_cce_autopilot_cluster_certificate.mlrun_cluster_cert",
            "huaweicloud_cce_autopilot_cluster.mlrun-cluster",
            "huaweicloud_vpc.vpc",
            "huaweicloud_vpc_eip.mlrun_eip",
            "huaweicloud_vpc_subnet.subnet"
          ]
        }
      ]
    }
  ],
  "check_results": null
}
