{
  "version": 4,
  "terraform_version": "1.13.1",
  "serial": 104,
  "lineage": "841ed9df-929c-a5b9-4a3a-2ab559fe10d6",
  "outputs": {
    "availability_zones": {
      "value": [
        "af-south-1a",
        "af-south-1b",
        "af-south-1c"
      ],
      "type": [
        "list",
        "string"
      ]
    },
    "cluster_id": {
      "value": "f896b3a3-922c-11f0-be52-0255ac1001e3",
      "type": "string"
    },
    "cluster_name": {
      "value": "mlrun-cluster",
      "type": "string"
    },
    "docker_password": {
      "value": "0a81ada0242041f94c4a6afdaaf2b6e1b04776cf2b014049758cb39f5a05931d",
      "type": "string",
      "sensitive": true
    },
    "docker_server": {
      "value": "swr.af-south-1.myhuaweicloud.com",
      "type": "string"
    },
    "docker_username": {
      "value": "af-south-1@HPUAWYQLGUPFDC9BJTLD",
      "type": "string",
      "sensitive": true
    },
    "elb_hostname": {
      "value": "",
      "type": "string"
    },
    "elb_ip": {
      "value": "192.168.0.156",
      "type": "string"
    },
    "external_addr": {
      "value": "192.168.0.156",
      "type": "string"
    },
    "kubeconfig_path": {
      "value": "kubeconfig_autopilot.yaml",
      "type": "string"
    },
    "region": {
      "value": "af-south-1",
      "type": "string"
    },
    "subnet_az": {
      "value": "",
      "type": "string"
    },
    "swr_login_server": {
      "value": "swr.af-south-1.myhuaweicloud.com",
      "type": "string"
    },
    "swr_org": {
      "value": "mlrun-org",
      "type": "string"
    },
    "swr_org_region": {
      "value": "af-south-1",
      "type": "string"
    }
  },
  "resources": [
    {
      "mode": "data",
      "type": "external",
      "name": "swr_login_key",
      "provider": "provider[\"registry.terraform.io/hashicorp/external\"]",
      "instances": [
        {
          "schema_version": 0,
          "attributes": {
            "id": "-",
            "program": [
              "bash",
              "-lc",
              "set -euo pipefail\nAK='HPUAWYQLGUPFDC9BJTLD'\nSK='DPHUbcSkGCTxWZCoMx7hXqS9XpA3E3OH5ds1VETW'\nLOGIN_KEY=$(printf \"%s\" \"$AK\" | openssl dgst -binary -sha256 -hmac \"$SK\" | od -An -vtx1 | tr -d ' \\n')\nprintf '{\"login_key\":\"%s\"}' \"$LOGIN_KEY\"\n"
            ],
            "query": null,
            "result": {
              "login_key": "0a81ada0242041f94c4a6afdaaf2b6e1b04776cf2b014049758cb39f5a05931d"
            },
            "working_dir": null
          },
          "sensitive_attributes": [
            [
              {
                "type": "get_attr",
                "value": "program"
              },
              {
                "type": "index",
                "value": {
                  "value": 2,
                  "type": "number"
                }
              }
            ]
          ],
          "identity_schema_version": 0
        }
      ]
    },
    {
      "mode": "data",
      "type": "huaweicloud_availability_zones",
      "name": "zones",
      "provider": "provider[\"registry.terraform.io/huaweicloud/huaweicloud\"]",
      "instances": [
        {
          "schema_version": 0,
          "attributes": {
            "id": "2493822220",
            "names": [
              "af-south-1a",
              "af-south-1b",
              "af-south-1c"
            ],
            "region": "af-south-1",
            "state": "available"
          },
          "sensitive_attributes": [],
          "identity_schema_version": 0
        }
      ]
    },
    {
      "mode": "data",
      "type": "huaweicloud_cce_autopilot_cluster_certificate",
      "name": "mlrun_cluster_cert",
      "provider": "provider[\"registry.terraform.io/huaweicloud/huaweicloud\"]",
      "instances": [
        {
          "schema_version": 0,
          "attributes": {
            "cluster_id": "f896b3a3-922c-11f0-be52-0255ac1001e3",
            "clusters": [
              {
                "cluster": [
                  {
                    "certificate_authority_data": "LS0tLS1CRUdJTiBDRVJUSUZJQ0FURS0tLS0tCk1JSUREekNDQWZlZ0F3SUJBZ0lCQURBTkJna3Foa2lHOXcwQkFRc0ZBREFwTVJrd0Z3WURWUVFLRXhCRFEwVWcKVkdWamFHNXZiRzluYVdWek1Rd3dDZ1lEVlFRREV3TkRRMFV3SGhjTk1qVXdPVEUxTVRJeE1qQXlXaGNOTkRVdwpPVEUxTVRJeE1qQXlXakFwTVJrd0Z3WURWUVFLRXhCRFEwVWdWR1ZqYUc1dmJHOW5hV1Z6TVF3d0NnWURWUVFECkV3TkRRMFV3Z2dFaU1BMEdDU3FHU0liM0RRRUJBUVVBQTRJQkR3QXdnZ0VLQW9JQkFRRE9VTmVsZkJ4UDQ3Z3cKQ2tha3JpY3ZWL3JXdldzRXBsbHJ6Y2lHUVoraHA1Vmc3eVIxZVZhSUtZTzVmN2IySHZzZ01jMXZDU0lHaG5hUwpMWDcxKzdva21PQ1JUZmpXSEZjeWVDMzZZdVpxcTg5cU9GTEY2cEJKVi9ReTk4TE81QVlYRHBFbFM2TEh3cGRJCmtydkRuWUNUc0ozemZGMDUycUM1a1NxTlZMcGplTjJxN24vNWdiajlqdUJhR3MxNSt0Skp1c0pBc3JzU24wd2QKOTRqZXFrVVhkbWl6NUFhMlhpalRhekF0aFBweEVJaG1tRHpwd1ZEdlY4TEhHUWg1R3ZXUzBPUHFGVldGa3M1aApKUnRZQWNjblQ4YW1QejhlbU5FQkJwYVdWR0E1Z2kvZmhOblhnaTNRV3lpZkhaVENDcWdjaVZ1MTE0SkJWdUFSCnRQY3RKS2wvQWdNQkFBR2pRakJBTUE0R0ExVWREd0VCL3dRRUF3SUNwREFQQmdOVkhSTUJBZjhFQlRBREFRSC8KTUIwR0ExVWREZ1FXQkJUTGROd25LcXQ0Z3pzRTRkWmV2dHFFbitpM1VqQU5CZ2txaGtpRzl3MEJBUXNGQUFPQwpBUUVBT0hKNnh4SGFDMHc0WmNBWlJ0ci9zc1crL1BESWhvbjZ4ZGJMRWx0dXBMTm5MdTZURk05NzlaWmgxUk8rCjlzZVNxSlUwWVZvVUJ2ckE4N2FYR2pvTTBGU1hiMWlreTluaHU4OEw1bzhxaTJMVmxFY2pYamEyWGE5RGlIamYKR3NEU3plKzNNQmk0eE1kOS92VHhycWh2ZXp1MG9sUEczWkY4ZW03QjJmZ2xqbE5VbGJKS1NnZTVJQ0Z0VE8wMQpwcFBmNTA1TDd2QTNWWEdBUkxFY082SWVTeHN4QXczZ29GeHRJVnpUS0plWG9XZUJuREdyZUlRTkNaampESTdnCmtSWkJ6M1l0dnpNY1VHYmNmbSszZVJkV2NxRXZvYW50MllZM2R3ekxQVGxJcEJHVHYvSDVPcDZTeDJkTWZJenAKQ2s3OHZkbDcxRHpOQm14TnltOGRmNGZQQmc9PQotLS0tLUVORCBDRVJUSUZJQ0FURS0tLS0tCg==",
                    "insecure_skip_tls_verify": false,
                    "server": "https://f896b3a3-922c-11f0-be52-0255ac1001e3.cluster.cce.af-south-1.myhuaweicloud.com:5443"
                  }
                ],
                "name": "internalCluster"
              },
              {
                "cluster": [
                  {
                    "certificate_authority_data": "LS0tLS1CRUdJTiBDRVJUSUZJQ0FURS0tLS0tCk1JSUREekNDQWZlZ0F3SUJBZ0lCQURBTkJna3Foa2lHOXcwQkFRc0ZBREFwTVJrd0Z3WURWUVFLRXhCRFEwVWcKVkdWamFHNXZiRzluYVdWek1Rd3dDZ1lEVlFRREV3TkRRMFV3SGhjTk1qVXdPVEUxTVRJeE1qQXlXaGNOTkRVdwpPVEUxTVRJeE1qQXlXakFwTVJrd0Z3WURWUVFLRXhCRFEwVWdWR1ZqYUc1dmJHOW5hV1Z6TVF3d0NnWURWUVFECkV3TkRRMFV3Z2dFaU1BMEdDU3FHU0liM0RRRUJBUVVBQTRJQkR3QXdnZ0VLQW9JQkFRRE9VTmVsZkJ4UDQ3Z3cKQ2tha3JpY3ZWL3JXdldzRXBsbHJ6Y2lHUVoraHA1Vmc3eVIxZVZhSUtZTzVmN2IySHZzZ01jMXZDU0lHaG5hUwpMWDcxKzdva21PQ1JUZmpXSEZjeWVDMzZZdVpxcTg5cU9GTEY2cEJKVi9ReTk4TE81QVlYRHBFbFM2TEh3cGRJCmtydkRuWUNUc0ozemZGMDUycUM1a1NxTlZMcGplTjJxN24vNWdiajlqdUJhR3MxNSt0Skp1c0pBc3JzU24wd2QKOTRqZXFrVVhkbWl6NUFhMlhpalRhekF0aFBweEVJaG1tRHpwd1ZEdlY4TEhHUWg1R3ZXUzBPUHFGVldGa3M1aApKUnRZQWNjblQ4YW1QejhlbU5FQkJwYVdWR0E1Z2kvZmhOblhnaTNRV3lpZkhaVENDcWdjaVZ1MTE0SkJWdUFSCnRQY3RKS2wvQWdNQkFBR2pRakJBTUE0R0ExVWREd0VCL3dRRUF3SUNwREFQQmdOVkhSTUJBZjhFQlRBREFRSC8KTUIwR0ExVWREZ1FXQkJUTGROd25LcXQ0Z3pzRTRkWmV2dHFFbitpM1VqQU5CZ2txaGtpRzl3MEJBUXNGQUFPQwpBUUVBT0hKNnh4SGFDMHc0WmNBWlJ0ci9zc1crL1BESWhvbjZ4ZGJMRWx0dXBMTm5MdTZURk05NzlaWmgxUk8rCjlzZVNxSlUwWVZvVUJ2ckE4N2FYR2pvTTBGU1hiMWlreTluaHU4OEw1bzhxaTJMVmxFY2pYamEyWGE5RGlIamYKR3NEU3plKzNNQmk0eE1kOS92VHhycWh2ZXp1MG9sUEczWkY4ZW03QjJmZ2xqbE5VbGJKS1NnZTVJQ0Z0VE8wMQpwcFBmNTA1TDd2QTNWWEdBUkxFY082SWVTeHN4QXczZ29GeHRJVnpUS0plWG9XZUJuREdyZUlRTkNaampESTdnCmtSWkJ6M1l0dnpNY1VHYmNmbSszZVJkV2NxRXZvYW50MllZM2R3ekxQVGxJcEJHVHYvSDVPcDZTeDJkTWZJenAKQ2s3OHZkbDcxRHpOQm14TnltOGRmNGZQQmc9PQotLS0tLUVORCBDRVJUSUZJQ0FURS0tLS0tCg==",
                    "insecure_skip_tls_verify": false,
                    "server": "https://192.168.0.92:5443"
                  }
                ],
                "name": "internalIPCluster"
              },
              {
                "cluster": [
                  {
                    "certificate_authority_data": "",
                    "insecure_skip_tls_verify": true,
                    "server": "https://203.123.83.251:5443"
                  }
                ],
                "name": "externalCluster"
              },
              {
                "cluster": [
                  {
                    "certificate_authority_data": "LS0tLS1CRUdJTiBDRVJUSUZJQ0FURS0tLS0tCk1JSUREekNDQWZlZ0F3SUJBZ0lCQURBTkJna3Foa2lHOXcwQkFRc0ZBREFwTVJrd0Z3WURWUVFLRXhCRFEwVWcKVkdWamFHNXZiRzluYVdWek1Rd3dDZ1lEVlFRREV3TkRRMFV3SGhjTk1qVXdPVEUxTVRJeE1qQXlXaGNOTkRVdwpPVEUxTVRJeE1qQXlXakFwTVJrd0Z3WURWUVFLRXhCRFEwVWdWR1ZqYUc1dmJHOW5hV1Z6TVF3d0NnWURWUVFECkV3TkRRMFV3Z2dFaU1BMEdDU3FHU0liM0RRRUJBUVVBQTRJQkR3QXdnZ0VLQW9JQkFRRE9VTmVsZkJ4UDQ3Z3cKQ2tha3JpY3ZWL3JXdldzRXBsbHJ6Y2lHUVoraHA1Vmc3eVIxZVZhSUtZTzVmN2IySHZzZ01jMXZDU0lHaG5hUwpMWDcxKzdva21PQ1JUZmpXSEZjeWVDMzZZdVpxcTg5cU9GTEY2cEJKVi9ReTk4TE81QVlYRHBFbFM2TEh3cGRJCmtydkRuWUNUc0ozemZGMDUycUM1a1NxTlZMcGplTjJxN24vNWdiajlqdUJhR3MxNSt0Skp1c0pBc3JzU24wd2QKOTRqZXFrVVhkbWl6NUFhMlhpalRhekF0aFBweEVJaG1tRHpwd1ZEdlY4TEhHUWg1R3ZXUzBPUHFGVldGa3M1aApKUnRZQWNjblQ4YW1QejhlbU5FQkJwYVdWR0E1Z2kvZmhOblhnaTNRV3lpZkhaVENDcWdjaVZ1MTE0SkJWdUFSCnRQY3RKS2wvQWdNQkFBR2pRakJBTUE0R0ExVWREd0VCL3dRRUF3SUNwREFQQmdOVkhSTUJBZjhFQlRBREFRSC8KTUIwR0ExVWREZ1FXQkJUTGROd25LcXQ0Z3pzRTRkWmV2dHFFbitpM1VqQU5CZ2txaGtpRzl3MEJBUXNGQUFPQwpBUUVBT0hKNnh4SGFDMHc0WmNBWlJ0ci9zc1crL1BESWhvbjZ4ZGJMRWx0dXBMTm5MdTZURk05NzlaWmgxUk8rCjlzZVNxSlUwWVZvVUJ2ckE4N2FYR2pvTTBGU1hiMWlreTluaHU4OEw1bzhxaTJMVmxFY2pYamEyWGE5RGlIamYKR3NEU3plKzNNQmk0eE1kOS92VHhycWh2ZXp1MG9sUEczWkY4ZW03QjJmZ2xqbE5VbGJKS1NnZTVJQ0Z0VE8wMQpwcFBmNTA1TDd2QTNWWEdBUkxFY082SWVTeHN4QXczZ29GeHRJVnpUS0plWG9XZUJuREdyZUlRTkNaampESTdnCmtSWkJ6M1l0dnpNY1VHYmNmbSszZVJkV2NxRXZvYW50MllZM2R3ekxQVGxJcEJHVHYvSDVPcDZTeDJkTWZJenAKQ2s3OHZkbDcxRHpOQm14TnltOGRmNGZQQmc9PQotLS0tLUVORCBDRVJUSUZJQ0FURS0tLS0tCg==",
                    "insecure_skip_tls_verify": false,
                    "server": "https://203.123.83.251:5443"
                  }
                ],
                "name": "externalClusterTLSVerify"
              }
            ],
            "contexts": [
              {
                "context": [
                  {
                    "cluster": "internalCluster",
                    "user": "user"
                  }
                ],
                "name": "internal"
              },
              {
                "context": [
                  {
                    "cluster": "internalIPCluster",
                    "user": "user"
                  }
                ],
                "name": "internalIP"
              },
              {
                "context": [
                  {
                    "cluster": "externalCluster",
                    "user": "user"
                  }
                ],
                "name": "external"
              },
              {
                "context": [
                  {
                    "cluster": "externalClusterTLSVerify",
                    "user": "user"
                  }
                ],
                "name": "externalTLSVerify"
              }
            ],
            "current_context": "external",
            "duration": 30,
            "id": "ca84b9b3-dcfd-d811-2bef-5ea177377484",
            "kube_config_raw": "{\"apiVersion\":\"v1\",\"clusters\":[{\"cluster\":{\"certificate-authority-data\":\"LS0tLS1CRUdJTiBDRVJUSUZJQ0FURS0tLS0tCk1JSUREekNDQWZlZ0F3SUJBZ0lCQURBTkJna3Foa2lHOXcwQkFRc0ZBREFwTVJrd0Z3WURWUVFLRXhCRFEwVWcKVkdWamFHNXZiRzluYVdWek1Rd3dDZ1lEVlFRREV3TkRRMFV3SGhjTk1qVXdPVEUxTVRJeE1qQXlXaGNOTkRVdwpPVEUxTVRJeE1qQXlXakFwTVJrd0Z3WURWUVFLRXhCRFEwVWdWR1ZqYUc1dmJHOW5hV1Z6TVF3d0NnWURWUVFECkV3TkRRMFV3Z2dFaU1BMEdDU3FHU0liM0RRRUJBUVVBQTRJQkR3QXdnZ0VLQW9JQkFRRE9VTmVsZkJ4UDQ3Z3cKQ2tha3JpY3ZWL3JXdldzRXBsbHJ6Y2lHUVoraHA1Vmc3eVIxZVZhSUtZTzVmN2IySHZzZ01jMXZDU0lHaG5hUwpMWDcxKzdva21PQ1JUZmpXSEZjeWVDMzZZdVpxcTg5cU9GTEY2cEJKVi9ReTk4TE81QVlYRHBFbFM2TEh3cGRJCmtydkRuWUNUc0ozemZGMDUycUM1a1NxTlZMcGplTjJxN24vNWdiajlqdUJhR3MxNSt0Skp1c0pBc3JzU24wd2QKOTRqZXFrVVhkbWl6NUFhMlhpalRhekF0aFBweEVJaG1tRHpwd1ZEdlY4TEhHUWg1R3ZXUzBPUHFGVldGa3M1aApKUnRZQWNjblQ4YW1QejhlbU5FQkJwYVdWR0E1Z2kvZmhOblhnaTNRV3lpZkhaVENDcWdjaVZ1MTE0SkJWdUFSCnRQY3RKS2wvQWdNQkFBR2pRakJBTUE0R0ExVWREd0VCL3dRRUF3SUNwREFQQmdOVkhSTUJBZjhFQlRBREFRSC8KTUIwR0ExVWREZ1FXQkJUTGROd25LcXQ0Z3pzRTRkWmV2dHFFbitpM1VqQU5CZ2txaGtpRzl3MEJBUXNGQUFPQwpBUUVBT0hKNnh4SGFDMHc0WmNBWlJ0ci9zc1crL1BESWhvbjZ4ZGJMRWx0dXBMTm5MdTZURk05NzlaWmgxUk8rCjlzZVNxSlUwWVZvVUJ2ckE4N2FYR2pvTTBGU1hiMWlreTluaHU4OEw1bzhxaTJMVmxFY2pYamEyWGE5RGlIamYKR3NEU3plKzNNQmk0eE1kOS92VHhycWh2ZXp1MG9sUEczWkY4ZW03QjJmZ2xqbE5VbGJKS1NnZTVJQ0Z0VE8wMQpwcFBmNTA1TDd2QTNWWEdBUkxFY082SWVTeHN4QXczZ29GeHRJVnpUS0plWG9XZUJuREdyZUlRTkNaampESTdnCmtSWkJ6M1l0dnpNY1VHYmNmbSszZVJkV2NxRXZvYW50MllZM2R3ekxQVGxJcEJHVHYvSDVPcDZTeDJkTWZJenAKQ2s3OHZkbDcxRHpOQm14TnltOGRmNGZQQmc9PQotLS0tLUVORCBDRVJUSUZJQ0FURS0tLS0tCg==\",\"server\":\"https://f896b3a3-922c-11f0-be52-0255ac1001e3.cluster.cce.af-south-1.myhuaweicloud.com:5443\"},\"name\":\"internalCluster\"},{\"cluster\":{\"certificate-authority-data\":\"LS0tLS1CRUdJTiBDRVJUSUZJQ0FURS0tLS0tCk1JSUREekNDQWZlZ0F3SUJBZ0lCQURBTkJna3Foa2lHOXcwQkFRc0ZBREFwTVJrd0Z3WURWUVFLRXhCRFEwVWcKVkdWamFHNXZiRzluYVdWek1Rd3dDZ1lEVlFRREV3TkRRMFV3SGhjTk1qVXdPVEUxTVRJeE1qQXlXaGNOTkRVdwpPVEUxTVRJeE1qQXlXakFwTVJrd0Z3WURWUVFLRXhCRFEwVWdWR1ZqYUc1dmJHOW5hV1Z6TVF3d0NnWURWUVFECkV3TkRRMFV3Z2dFaU1BMEdDU3FHU0liM0RRRUJBUVVBQTRJQkR3QXdnZ0VLQW9JQkFRRE9VTmVsZkJ4UDQ3Z3cKQ2tha3JpY3ZWL3JXdldzRXBsbHJ6Y2lHUVoraHA1Vmc3eVIxZVZhSUtZTzVmN2IySHZzZ01jMXZDU0lHaG5hUwpMWDcxKzdva21PQ1JUZmpXSEZjeWVDMzZZdVpxcTg5cU9GTEY2cEJKVi9ReTk4TE81QVlYRHBFbFM2TEh3cGRJCmtydkRuWUNUc0ozemZGMDUycUM1a1NxTlZMcGplTjJxN24vNWdiajlqdUJhR3MxNSt0Skp1c0pBc3JzU24wd2QKOTRqZXFrVVhkbWl6NUFhMlhpalRhekF0aFBweEVJaG1tRHpwd1ZEdlY4TEhHUWg1R3ZXUzBPUHFGVldGa3M1aApKUnRZQWNjblQ4YW1QejhlbU5FQkJwYVdWR0E1Z2kvZmhOblhnaTNRV3lpZkhaVENDcWdjaVZ1MTE0SkJWdUFSCnRQY3RKS2wvQWdNQkFBR2pRakJBTUE0R0ExVWREd0VCL3dRRUF3SUNwREFQQmdOVkhSTUJBZjhFQlRBREFRSC8KTUIwR0ExVWREZ1FXQkJUTGROd25LcXQ0Z3pzRTRkWmV2dHFFbitpM1VqQU5CZ2txaGtpRzl3MEJBUXNGQUFPQwpBUUVBT0hKNnh4SGFDMHc0WmNBWlJ0ci9zc1crL1BESWhvbjZ4ZGJMRWx0dXBMTm5MdTZURk05NzlaWmgxUk8rCjlzZVNxSlUwWVZvVUJ2ckE4N2FYR2pvTTBGU1hiMWlreTluaHU4OEw1bzhxaTJMVmxFY2pYamEyWGE5RGlIamYKR3NEU3plKzNNQmk0eE1kOS92VHhycWh2ZXp1MG9sUEczWkY4ZW03QjJmZ2xqbE5VbGJKS1NnZTVJQ0Z0VE8wMQpwcFBmNTA1TDd2QTNWWEdBUkxFY082SWVTeHN4QXczZ29GeHRJVnpUS0plWG9XZUJuREdyZUlRTkNaampESTdnCmtSWkJ6M1l0dnpNY1VHYmNmbSszZVJkV2NxRXZvYW50MllZM2R3ekxQVGxJcEJHVHYvSDVPcDZTeDJkTWZJenAKQ2s3OHZkbDcxRHpOQm14TnltOGRmNGZQQmc9PQotLS0tLUVORCBDRVJUSUZJQ0FURS0tLS0tCg==\",\"server\":\"https://192.168.0.92:5443\"},\"name\":\"internalIPCluster\"},{\"cluster\":{\"insecure-skip-tls-verify\":true,\"server\":\"https://203.123.83.251:5443\"},\"name\":\"externalCluster\"},{\"cluster\":{\"certificate-authority-data\":\"LS0tLS1CRUdJTiBDRVJUSUZJQ0FURS0tLS0tCk1JSUREekNDQWZlZ0F3SUJBZ0lCQURBTkJna3Foa2lHOXcwQkFRc0ZBREFwTVJrd0Z3WURWUVFLRXhCRFEwVWcKVkdWamFHNXZiRzluYVdWek1Rd3dDZ1lEVlFRREV3TkRRMFV3SGhjTk1qVXdPVEUxTVRJeE1qQXlXaGNOTkRVdwpPVEUxTVRJeE1qQXlXakFwTVJrd0Z3WURWUVFLRXhCRFEwVWdWR1ZqYUc1dmJHOW5hV1Z6TVF3d0NnWURWUVFECkV3TkRRMFV3Z2dFaU1BMEdDU3FHU0liM0RRRUJBUVVBQTRJQkR3QXdnZ0VLQW9JQkFRRE9VTmVsZkJ4UDQ3Z3cKQ2tha3JpY3ZWL3JXdldzRXBsbHJ6Y2lHUVoraHA1Vmc3eVIxZVZhSUtZTzVmN2IySHZzZ01jMXZDU0lHaG5hUwpMWDcxKzdva21PQ1JUZmpXSEZjeWVDMzZZdVpxcTg5cU9GTEY2cEJKVi9ReTk4TE81QVlYRHBFbFM2TEh3cGRJCmtydkRuWUNUc0ozemZGMDUycUM1a1NxTlZMcGplTjJxN24vNWdiajlqdUJhR3MxNSt0Skp1c0pBc3JzU24wd2QKOTRqZXFrVVhkbWl6NUFhMlhpalRhekF0aFBweEVJaG1tRHpwd1ZEdlY4TEhHUWg1R3ZXUzBPUHFGVldGa3M1aApKUnRZQWNjblQ4YW1QejhlbU5FQkJwYVdWR0E1Z2kvZmhOblhnaTNRV3lpZkhaVENDcWdjaVZ1MTE0SkJWdUFSCnRQY3RKS2wvQWdNQkFBR2pRakJBTUE0R0ExVWREd0VCL3dRRUF3SUNwREFQQmdOVkhSTUJBZjhFQlRBREFRSC8KTUIwR0ExVWREZ1FXQkJUTGROd25LcXQ0Z3pzRTRkWmV2dHFFbitpM1VqQU5CZ2txaGtpRzl3MEJBUXNGQUFPQwpBUUVBT0hKNnh4SGFDMHc0WmNBWlJ0ci9zc1crL1BESWhvbjZ4ZGJMRWx0dXBMTm5MdTZURk05NzlaWmgxUk8rCjlzZVNxSlUwWVZvVUJ2ckE4N2FYR2pvTTBGU1hiMWlreTluaHU4OEw1bzhxaTJMVmxFY2pYamEyWGE5RGlIamYKR3NEU3plKzNNQmk0eE1kOS92VHhycWh2ZXp1MG9sUEczWkY4ZW03QjJmZ2xqbE5VbGJKS1NnZTVJQ0Z0VE8wMQpwcFBmNTA1TDd2QTNWWEdBUkxFY082SWVTeHN4QXczZ29GeHRJVnpUS0plWG9XZUJuREdyZUlRTkNaampESTdnCmtSWkJ6M1l0dnpNY1VHYmNmbSszZVJkV2NxRXZvYW50MllZM2R3ekxQVGxJcEJHVHYvSDVPcDZTeDJkTWZJenAKQ2s3OHZkbDcxRHpOQm14TnltOGRmNGZQQmc9PQotLS0tLUVORCBDRVJUSUZJQ0FURS0tLS0tCg==\",\"server\":\"https://203.123.83.251:5443\"},\"name\":\"externalClusterTLSVerify\"}],\"contexts\":[{\"context\":{\"cluster\":\"internalCluster\",\"user\":\"user\"},\"name\":\"internal\"},{\"context\":{\"cluster\":\"internalIPCluster\",\"user\":\"user\"},\"name\":\"internalIP\"},{\"context\":{\"cluster\":\"externalCluster\",\"user\":\"user\"},\"name\":\"external\"},{\"context\":{\"cluster\":\"externalClusterTLSVerify\",\"user\":\"user\"},\"name\":\"externalTLSVerify\"}],\"current-context\":\"external\",\"kind\":\"Config\",\"preferences\":{},\"users\":[{\"name\":\"user\",\"user\":{\"client-certificate-data\":\"LS0tLS1CRUdJTiBDRVJUSUZJQ0FURS0tLS0tCk1JSURsVENDQW4yZ0F3SUJBZ0lJUlJGRkxONlN3MlV3RFFZSktvWklodmNOQVFFTEJRQXdLVEVaTUJjR0ExVUUKQ2hNUVEwTkZJRlJsWTJodWIyeHZaMmxsY3pFTU1Bb0dBMVVFQXhNRFEwTkZNQjRYRFRJMU1Ea3hOVEV5TVRVeApPVm9YRFRJMU1UQXhOVEV5TVRVeE9Wb3dnYUV4ZERBUUJnTlZCQW9UQ1dOalpUcDFjMlZ5Y3pBbkJnTlZCQW9UCklEZ3paVGRqWmpRNU9UYzFNRFJpTURKaE9HTmhPREF5TURZellXVTNaVFk0TURjR0ExVUVDaE13WWpjME5HVTIKWm1Wa1pUbGhOREE0T0RreFptWmxNMlV4TVRFNE5HSmtZVGd0WTJWeWRDMHhOelUzT1RNNE5URTVNU2t3SndZRApWUVFERXlCaU56UTBaVFptWldSbE9XRTBNRGc0T1RGbVptVXpaVEV4TVRnMFltUmhPRENDQVNJd0RRWUpLb1pJCmh2Y05BUUVCQlFBRGdnRVBBRENDQVFvQ2dnRUJBTGhQQ3FoQXJYaFkycG16VnBCMUFJaTJpUmcxaS9ObkoyM2kKNTI1aTA3dHlyd1JvTGVyOHZjZnBpaGk2ZUVUWVVEc010QkxqaFJoNTdEbXdBOXRMQXdjTXk0aW44UWFtNjFRUQovVzVGWnRBYkdad0txUVl6eW4xdHNTNXMrMnFKamJpNStvK2ZHeEx3bTBpUVl3Y2p5RkgyNEpmbGg1TUJ4VDBLCkl3SVY5T0F5L1BUaHhLcFgzL3VtVTc1TE93My95S1R6ZllwbUtYU2t3UEhQaDZJYnNpenExNzhEbkFvVlh0OHYKR00rQjlSTzZVaytFMFYzQkU5K1YrcWJTUS9pQnV2elE2OWlaWHJGa2pHaDhOQzBCam1iM3ZvVkpsS052b1M0bwoyWmJqcWZFZ2Faa3ppSFltMUNGS3Y4ZE00WTVKNXdRS3JUT1AxMWNwd1ZoVmtvbmRsbkVDQXdFQUFhTklNRVl3CkRnWURWUjBQQVFIL0JBUURBZ1dnTUJNR0ExVWRKUVFNTUFvR0NDc0dBUVVGQndNQ01COEdBMVVkSXdRWU1CYUEKRk10MDNDY3FxM2lET3dUaDFsNisyb1NmNkxkU01BMEdDU3FHU0liM0RRRUJDd1VBQTRJQkFRQll4c20zZlhYbAovVm9mMjl4SFFFTGp1aU9JMUhoNVQrcDNkSnVhbEtibTlHUDYvWnZGS2JsN0I5RXV5MkFZTWNYSDVyVnBxYTRuCjdrL3YxZlpSbjA4R002emZFYitlbkNpQW4wcGsxM25BWDRDak9uVlBPNXkySFYyU0gwcHRpdURNK3FGbEhxNEkKaVZ0ejBVTW01cUFHNG5NS3E5K0RmZ3BMa2ZJNjl4a3YxYmtscWxncEp3WGtIb2orLzl3ZFowamYzbW02eC9rcwpkaVJmdUlqQnpNY0tjNW1Ra0VWdzhlZ0hMR2lBK2xSZW43VndtVEFreGJZVWpHK0hhV2ZXS2tLK3J6SzArSDRyCjRqNm12VEpjTUYzbmpsRk5QanQxSHRWZFB6aWRiOTNaSDluTUI1djY4WUNiUndCVkEzaGRaeWh3VUNuclgrazAKWTM3SW1KRWs0dXpKCi0tLS0tRU5EIENFUlRJRklDQVRFLS0tLS0K\",\"client-key-data\":\"LS0tLS1CRUdJTiBSU0EgUFJJVkFURSBLRVktLS0tLQpNSUlFb3dJQkFBS0NBUUVBdUU4S3FFQ3RlRmphbWJOV2tIVUFpTGFKR0RXTDgyY25iZUxuYm1MVHUzS3ZCR2d0CjZ2eTl4K21LR0xwNFJOaFFPd3kwRXVPRkdIbnNPYkFEMjBzREJ3ekxpS2Z4QnFiclZCRDlia1ZtMEJzWm5BcXAKQmpQS2ZXMnhMbXo3YW9tTnVMbjZqNThiRXZDYlNKQmpCeVBJVWZiZ2wrV0hrd0hGUFFvakFoWDA0REw4OU9IRQpxbGZmKzZaVHZrczdEZi9JcFBOOWltWXBkS1RBOGMrSG9odXlMT3JYdndPY0NoVmUzeThZejRIMUU3cFNUNFRSClhjRVQzNVg2cHRKRCtJRzYvTkRyMkpsZXNXU01hSHcwTFFHT1p2ZStoVW1VbzIraExpalpsdU9wOFNCcG1UT0kKZGliVUlVcS94MHpoamtubkJBcXRNNC9YVnluQldGV1NpZDJXY1FJREFRQUJBb0lCQUF3eVp1RWxqcFZGUkFvaAozUnVvTW9YWmxvNzhsQ3RpYXpDUmNJRlVsdkJ6c1hOWU5abTBhaGE5dEw3WU1EZFdIVkViRVJ1aTVON3V5cHd5CnNyNmpZeXJuUk56aFNFa0phTTlpWkhNVXNxNFk3UVB2aktuMWFYUU5lMGs0T3hjY3pUMHBTWlNSa2VnWjloekMKT1Z0eW1jSWExVmdYLzNYU0N5eHo3RWNxRHM5N1U1TFBydUJnODFBWHZUcmttbGlMNitoR0NvK2RnTVFVMzNzZwpJL054eUV6Um4vczdFUklSOEg5elVySURQdG1kR0F6RlphczJlR0ZySUJxZEJrZFFIck9jQ0ZXclJ1VllxRTVBCjQrRlpSUFlYZEp2ZTdLbFpmMUVrdnk5SGM1ZlNvdTFwUWJhYU5FOTZnZlFacXcyNmJja0xpUmo1ZGVJY0dBTnEKdm5pTVZXVUNnWUVBM1h3MGh3UWZNa2t0L0FWTEMrQlA3aDBHd1BObXpsM3lZQjBrRGxNdTFTRG5IOG1jTmYvZAp2OWd0d3dHY2Jhc2JUeXIyeG81c2x1TmlYOWwzTnBENWpHYkdmMk9MTlU3N2pjaGo3MjNETk9xendxb1NTZWc2ClJHQjM2ai9hdFJTYzBTTktSZGxqWXY0OUt2Z2NTdUFhMXFtWWZFekdzK0tQU3Jzcm5kOGw4cmNDZ1lFQTFRZSsKTXpLb0k3K2hTZEJpb0k5NmxhS01pRS9zMjUxcTdDSnVRaVNBSnA0NmtRSmpFbVAvS0d0TmVLdGVpdGN1bGZOcgpBMlZBRnNITFJlL1I0VXFWMFB3N2ExcDFBeWc4WkFuNlJtSzlURnd3ZHF3VXVzNnRqNldicW5RM1BiNVdkR1J0CnBuNkw1eGR2ZTBZWHE0MTBWTXZ2bld3SklkUCtDTnBGYU83SmVCY0NnWUVBblFEajEyWGptMmptc1FVcmlyS3EKMW5jN0IySkRXVHlkaU9aL1hhdzN3WnMrVzNrMlE4MHA2MG1hUHVjUWRXbGF4WWNHUWdCS0Y3ZitUMFcvelMxOQp5TG8rTWFWbDFCYzJHTzZaY090VStsajVycCtTc1ZOdW9uUGo3V2p3WjNiQ0p6cWw5dGZBTFRkZU11eUlXY2Q5Ckh2aEFBTFVJRWhJalUyMVU0T2VEWmdjQ2dZQThSL21oWVRkRkRtZmtqRXdzWlExcUpGb2lCSVBnelZYQlJpanYKSEljSzVvRnFJVVBKbzNSRGlzR2NZTm5hN2ZNbnlYN0JzamdGZUljOTNoUUU3V2NoZ1E2TFhVaDVRVHg5am5rOAp5NW9IYnBya0tlT2Z6UFkrREwzVTZSZnNwOXl0Q1BJaVIvTHN6S3ZtTlRwamVCNndGQmxVOFlwUUFUNEVZVWQ4CjN2MHh0d0tCZ0NGTkc5RnVTSXdtNXpFZ0FRbDFudTJqcGlBNXpFNHV0dkp1ekQzNHpHaTdHSDRwUFJyUHJyTHQKRVU5eFNTeWxtMk8vYStpYXNIRnpUSGNPQ2hWMTZTR2J6SXJrVG9JQmJ5aE9KbEQ3dnBZTkNReGlPWWZ5clU5awpPMnhzSUxGOTdvZ25zMHRaS2h3NkFmcG02UHlLUDEyMmpiSjNvTTQyL3UwZWRIbG43QzhJCi0tLS0tRU5EIFJTQSBQUklWQVRFIEtFWS0tLS0tCg==\"}}]}",
            "region": "af-south-1",
            "users": [
              {
                "name": "user",
                "user": [
                  {
                    "client_certificate_data": "LS0tLS1CRUdJTiBDRVJUSUZJQ0FURS0tLS0tCk1JSURsVENDQW4yZ0F3SUJBZ0lJUlJGRkxONlN3MlV3RFFZSktvWklodmNOQVFFTEJRQXdLVEVaTUJjR0ExVUUKQ2hNUVEwTkZJRlJsWTJodWIyeHZaMmxsY3pFTU1Bb0dBMVVFQXhNRFEwTkZNQjRYRFRJMU1Ea3hOVEV5TVRVeApPVm9YRFRJMU1UQXhOVEV5TVRVeE9Wb3dnYUV4ZERBUUJnTlZCQW9UQ1dOalpUcDFjMlZ5Y3pBbkJnTlZCQW9UCklEZ3paVGRqWmpRNU9UYzFNRFJpTURKaE9HTmhPREF5TURZellXVTNaVFk0TURjR0ExVUVDaE13WWpjME5HVTIKWm1Wa1pUbGhOREE0T0RreFptWmxNMlV4TVRFNE5HSmtZVGd0WTJWeWRDMHhOelUzT1RNNE5URTVNU2t3SndZRApWUVFERXlCaU56UTBaVFptWldSbE9XRTBNRGc0T1RGbVptVXpaVEV4TVRnMFltUmhPRENDQVNJd0RRWUpLb1pJCmh2Y05BUUVCQlFBRGdnRVBBRENDQVFvQ2dnRUJBTGhQQ3FoQXJYaFkycG16VnBCMUFJaTJpUmcxaS9ObkoyM2kKNTI1aTA3dHlyd1JvTGVyOHZjZnBpaGk2ZUVUWVVEc010QkxqaFJoNTdEbXdBOXRMQXdjTXk0aW44UWFtNjFRUQovVzVGWnRBYkdad0txUVl6eW4xdHNTNXMrMnFKamJpNStvK2ZHeEx3bTBpUVl3Y2p5RkgyNEpmbGg1TUJ4VDBLCkl3SVY5T0F5L1BUaHhLcFgzL3VtVTc1TE93My95S1R6ZllwbUtYU2t3UEhQaDZJYnNpenExNzhEbkFvVlh0OHYKR00rQjlSTzZVaytFMFYzQkU5K1YrcWJTUS9pQnV2elE2OWlaWHJGa2pHaDhOQzBCam1iM3ZvVkpsS052b1M0bwoyWmJqcWZFZ2Faa3ppSFltMUNGS3Y4ZE00WTVKNXdRS3JUT1AxMWNwd1ZoVmtvbmRsbkVDQXdFQUFhTklNRVl3CkRnWURWUjBQQVFIL0JBUURBZ1dnTUJNR0ExVWRKUVFNTUFvR0NDc0dBUVVGQndNQ01COEdBMVVkSXdRWU1CYUEKRk10MDNDY3FxM2lET3dUaDFsNisyb1NmNkxkU01BMEdDU3FHU0liM0RRRUJDd1VBQTRJQkFRQll4c20zZlhYbAovVm9mMjl4SFFFTGp1aU9JMUhoNVQrcDNkSnVhbEtibTlHUDYvWnZGS2JsN0I5RXV5MkFZTWNYSDVyVnBxYTRuCjdrL3YxZlpSbjA4R002emZFYitlbkNpQW4wcGsxM25BWDRDak9uVlBPNXkySFYyU0gwcHRpdURNK3FGbEhxNEkKaVZ0ejBVTW01cUFHNG5NS3E5K0RmZ3BMa2ZJNjl4a3YxYmtscWxncEp3WGtIb2orLzl3ZFowamYzbW02eC9rcwpkaVJmdUlqQnpNY0tjNW1Ra0VWdzhlZ0hMR2lBK2xSZW43VndtVEFreGJZVWpHK0hhV2ZXS2tLK3J6SzArSDRyCjRqNm12VEpjTUYzbmpsRk5QanQxSHRWZFB6aWRiOTNaSDluTUI1djY4WUNiUndCVkEzaGRaeWh3VUNuclgrazAKWTM3SW1KRWs0dXpKCi0tLS0tRU5EIENFUlRJRklDQVRFLS0tLS0K",
                    "client_key_data": "LS0tLS1CRUdJTiBSU0EgUFJJVkFURSBLRVktLS0tLQpNSUlFb3dJQkFBS0NBUUVBdUU4S3FFQ3RlRmphbWJOV2tIVUFpTGFKR0RXTDgyY25iZUxuYm1MVHUzS3ZCR2d0CjZ2eTl4K21LR0xwNFJOaFFPd3kwRXVPRkdIbnNPYkFEMjBzREJ3ekxpS2Z4QnFiclZCRDlia1ZtMEJzWm5BcXAKQmpQS2ZXMnhMbXo3YW9tTnVMbjZqNThiRXZDYlNKQmpCeVBJVWZiZ2wrV0hrd0hGUFFvakFoWDA0REw4OU9IRQpxbGZmKzZaVHZrczdEZi9JcFBOOWltWXBkS1RBOGMrSG9odXlMT3JYdndPY0NoVmUzeThZejRIMUU3cFNUNFRSClhjRVQzNVg2cHRKRCtJRzYvTkRyMkpsZXNXU01hSHcwTFFHT1p2ZStoVW1VbzIraExpalpsdU9wOFNCcG1UT0kKZGliVUlVcS94MHpoamtubkJBcXRNNC9YVnluQldGV1NpZDJXY1FJREFRQUJBb0lCQUF3eVp1RWxqcFZGUkFvaAozUnVvTW9YWmxvNzhsQ3RpYXpDUmNJRlVsdkJ6c1hOWU5abTBhaGE5dEw3WU1EZFdIVkViRVJ1aTVON3V5cHd5CnNyNmpZeXJuUk56aFNFa0phTTlpWkhNVXNxNFk3UVB2aktuMWFYUU5lMGs0T3hjY3pUMHBTWlNSa2VnWjloekMKT1Z0eW1jSWExVmdYLzNYU0N5eHo3RWNxRHM5N1U1TFBydUJnODFBWHZUcmttbGlMNitoR0NvK2RnTVFVMzNzZwpJL054eUV6Um4vczdFUklSOEg5elVySURQdG1kR0F6RlphczJlR0ZySUJxZEJrZFFIck9jQ0ZXclJ1VllxRTVBCjQrRlpSUFlYZEp2ZTdLbFpmMUVrdnk5SGM1ZlNvdTFwUWJhYU5FOTZnZlFacXcyNmJja0xpUmo1ZGVJY0dBTnEKdm5pTVZXVUNnWUVBM1h3MGh3UWZNa2t0L0FWTEMrQlA3aDBHd1BObXpsM3lZQjBrRGxNdTFTRG5IOG1jTmYvZAp2OWd0d3dHY2Jhc2JUeXIyeG81c2x1TmlYOWwzTnBENWpHYkdmMk9MTlU3N2pjaGo3MjNETk9xendxb1NTZWc2ClJHQjM2ai9hdFJTYzBTTktSZGxqWXY0OUt2Z2NTdUFhMXFtWWZFekdzK0tQU3Jzcm5kOGw4cmNDZ1lFQTFRZSsKTXpLb0k3K2hTZEJpb0k5NmxhS01pRS9zMjUxcTdDSnVRaVNBSnA0NmtRSmpFbVAvS0d0TmVLdGVpdGN1bGZOcgpBMlZBRnNITFJlL1I0VXFWMFB3N2ExcDFBeWc4WkFuNlJtSzlURnd3ZHF3VXVzNnRqNldicW5RM1BiNVdkR1J0CnBuNkw1eGR2ZTBZWHE0MTBWTXZ2bld3SklkUCtDTnBGYU83SmVCY0NnWUVBblFEajEyWGptMmptc1FVcmlyS3EKMW5jN0IySkRXVHlkaU9aL1hhdzN3WnMrVzNrMlE4MHA2MG1hUHVjUWRXbGF4WWNHUWdCS0Y3ZitUMFcvelMxOQp5TG8rTWFWbDFCYzJHTzZaY090VStsajVycCtTc1ZOdW9uUGo3V2p3WjNiQ0p6cWw5dGZBTFRkZU11eUlXY2Q5Ckh2aEFBTFVJRWhJalUyMVU0T2VEWmdjQ2dZQThSL21oWVRkRkRtZmtqRXdzWlExcUpGb2lCSVBnelZYQlJpanYKSEljSzVvRnFJVVBKbzNSRGlzR2NZTm5hN2ZNbnlYN0JzamdGZUljOTNoUUU3V2NoZ1E2TFhVaDVRVHg5am5rOAp5NW9IYnBya0tlT2Z6UFkrREwzVTZSZnNwOXl0Q1BJaVIvTHN6S3ZtTlRwamVCNndGQmxVOFlwUUFUNEVZVWQ4CjN2MHh0d0tCZ0NGTkc5RnVTSXdtNXpFZ0FRbDFudTJqcGlBNXpFNHV0dkp1ekQzNHpHaTdHSDRwUFJyUHJyTHQKRVU5eFNTeWxtMk8vYStpYXNIRnpUSGNPQ2hWMTZTR2J6SXJrVG9JQmJ5aE9KbEQ3dnBZTkNReGlPWWZ5clU5awpPMnhzSUxGOTdvZ25zMHRaS2h3NkFmcG02UHlLUDEyMmpiSjNvTTQyL3UwZWRIbG43QzhJCi0tLS0tRU5EIFJTQSBQUklWQVRFIEtFWS0tLS0tCg=="
                  }
                ]
              }
            ]
          },
          "sensitive_attributes": [],
          "identity_schema_version": 0
        }
      ]
    },
    {
      "mode": "data",
      "type": "huaweicloud_vpcep_public_services",
      "name": "swr_service",
      "provider": "provider[\"registry.terraform.io/huaweicloud/huaweicloud\"]",
      "instances": [
        {
          "schema_version": 0,
          "attributes": {
            "id": "c12f9931-7717-db6e-735d-0b2f27e10f51",
            "region": "af-south-1",
            "service_id": null,
            "service_name": "swr",
            "services": [
              {
                "id": "2fc30ac1-34ea-492e-93ad-7460b55ca4b3",
                "is_charge": true,
                "owner": "huawei",
                "service_name": "com.myhuaweicloud.af-south-1.swr",
                "service_type": "interface"
              }
            ]
          },
          "sensitive_attributes": [],
          "identity_schema_version": 0
        }
      ]
    },
    {
      "mode": "data",
      "type": "kubernetes_service",
      "name": "ingress_ctrl",
      "provider": "provider[\"registry.terraform.io/hashicorp/kubernetes\"]",
      "instances": [
        {
          "schema_version": 0,
          "attributes": {
            "id": "ingress-nginx/ingress-nginx-controller",
            "metadata": [
              {
                "annotations": {
                  "kubernetes.io/elb.class": "performance",
                  "kubernetes.io/elb.id": "55d6786f-66d8-41cf-b36e-a18ca5da5ea7",
                  "meta.helm.sh/release-name": "ingress-nginx",
                  "meta.helm.sh/release-namespace": "ingress-nginx"
                },
                "generation": 0,
                "labels": {
                  "app.kubernetes.io/component": "controller",
                  "app.kubernetes.io/instance": "ingress-nginx",
                  "app.kubernetes.io/managed-by": "Helm",
                  "app.kubernetes.io/name": "ingress-nginx",
                  "app.kubernetes.io/part-of": "ingress-nginx",
                  "app.kubernetes.io/version": "1.13.2",
                  "helm.sh/chart": "ingress-nginx-4.13.2"
                },
                "name": "ingress-nginx-controller",
                "namespace": "ingress-nginx",
                "resource_version": "1452",
                "uid": "10e5162e-348c-473a-8e76-4b6853c1c5a3"
              }
            ],
            "spec": [
              {
                "allocate_load_balancer_node_ports": true,
                "cluster_ip": "10.247.159.242",
                "cluster_ips": [
                  "10.247.159.242"
                ],
                "external_ips": [],
                "external_name": "",
                "external_traffic_policy": "Cluster",
                "health_check_node_port": 0,
                "internal_traffic_policy": "Cluster",
                "ip_families": [
                  "IPv4"
                ],
                "ip_family_policy": "SingleStack",
                "load_balancer_class": "",
                "load_balancer_ip": "192.168.0.156",
                "load_balancer_source_ranges": [],
                "port": [
                  {
                    "app_protocol": "http",
                    "name": "http",
                    "node_port": 31444,
                    "port": 80,
                    "protocol": "TCP",
                    "target_port": "http"
                  },
                  {
                    "app_protocol": "https",
                    "name": "https",
                    "node_port": 31256,
                    "port": 443,
                    "protocol": "TCP",
                    "target_port": "https"
                  }
                ],
                "publish_not_ready_addresses": false,
                "selector": {
                  "app.kubernetes.io/component": "controller",
                  "app.kubernetes.io/instance": "ingress-nginx",
                  "app.kubernetes.io/name": "ingress-nginx"
                },
                "session_affinity": "None",
                "session_affinity_config": [],
                "type": "LoadBalancer"
              }
            ],
            "status": [
              {
                "load_balancer": [
                  {
                    "ingress": [
                      {
                        "hostname": "",
                        "ip": "192.168.0.156"
                      },
                      {
                        "hostname": "",
                        "ip": "203.123.81.232"
                      }
                    ]
                  }
                ]
              }
            ]
          },
          "sensitive_attributes": [],
          "identity_schema_version": 0
        }
      ]
    },
    {
      "mode": "managed",
      "type": "helm_release",
      "name": "ingress_nginx",
      "provider": "provider[\"registry.terraform.io/hashicorp/helm\"]",
      "instances": [
        {
          "schema_version": 2,
          "attributes": {
            "atomic": false,
            "chart": "ingress-nginx",
            "cleanup_on_fail": false,
            "create_namespace": false,
            "dependency_update": false,
            "description": null,
            "devel": null,
            "disable_crd_hooks": false,
            "disable_openapi_validation": false,
            "disable_webhooks": false,
            "force_update": false,
            "id": "ingress-nginx",
            "keyring": null,
            "lint": false,
            "manifest": null,
            "max_history": 0,
            "metadata": {
              "app_version": "1.13.2",
              "chart": "ingress-nginx",
              "first_deployed": 1757938524,
              "last_deployed": 1757938524,
              "name": "ingress-nginx",
              "namespace": "ingress-nginx",
              "notes": "The ingress-nginx controller has been installed.\nIt may take a few minutes for the load balancer IP to be available.\nYou can watch the status by running 'kubectl get service --namespace ingress-nginx ingress-nginx-controller --output wide --watch'\n\nAn example Ingress that makes use of the controller:\n  apiVersion: networking.k8s.io/v1\n  kind: Ingress\n  metadata:\n    name: example\n    namespace: foo\n  spec:\n    ingressClassName: nginx\n    rules:\n      - host: www.example.com\n        http:\n          paths:\n            - pathType: Prefix\n              backend:\n                service:\n                  name: exampleService\n                  port:\n                    number: 80\n              path: /\n    # This section is only required if TLS is to be enabled for the Ingress\n    tls:\n      - hosts:\n        - www.example.com\n        secretName: example-tls\n\nIf TLS is enabled for the Ingress, a Secret containing the certificate and key must also be provided:\n\n  apiVersion: v1\n  kind: Secret\n  metadata:\n    name: example-tls\n    namespace: foo\n  data:\n    tls.crt: \u003cbase64 encoded cert\u003e\n    tls.key: \u003cbase64 encoded key\u003e\n  type: kubernetes.io/tls\n",
              "revision": 1,
              "values": "{\"controller\":{\"service\":{\"annotations\":{\"kubernetes.io/elb.class\":\"performance\",\"kubernetes.io/elb.id\":\"55d6786f-66d8-41cf-b36e-a18ca5da5ea7\"},\"type\":\"LoadBalancer\"}}}",
              "version": "4.13.2"
            },
            "name": "ingress-nginx",
            "namespace": "ingress-nginx",
            "pass_credentials": false,
            "postrender": null,
            "recreate_pods": false,
            "render_subchart_notes": true,
            "replace": false,
            "repository": "https://kubernetes.github.io/ingress-nginx",
            "repository_ca_file": null,
            "repository_cert_file": null,
            "repository_key_file": null,
            "repository_password": null,
            "repository_username": null,
            "reset_values": false,
            "reuse_values": false,
            "set": [
              {
                "name": "controller.service.type",
                "type": "",
                "value": "LoadBalancer"
              },
              {
                "name": "controller.service.annotations.kubernetes\\.io/elb\\.class",
                "type": "",
                "value": "performance"
              },
              {
                "name": "controller.service.annotations.kubernetes\\.io/elb\\.id",
                "type": "",
                "value": "55d6786f-66d8-41cf-b36e-a18ca5da5ea7"
              }
            ],
            "set_list": null,
            "set_sensitive": null,
            "set_wo": null,
            "set_wo_revision": null,
            "skip_crds": false,
            "status": "deployed",
            "timeout": 600,
            "values": null,
            "verify": false,
            "version": "4.13.2",
            "wait": true,
            "wait_for_jobs": false
          },
          "sensitive_attributes": [
            [
              {
                "type": "get_attr",
                "value": "repository_password"
              }
            ]
          ],
          "identity_schema_version": 0,
          "identity": {
            "namespace": "ingress-nginx",
            "release_name": "ingress-nginx"
          },
          "dependencies": [
            "data.huaweicloud_availability_zones.zones",
            "data.huaweicloud_cce_autopilot_cluster_certificate.mlrun_cluster_cert",
            "huaweicloud_cce_autopilot_cluster.mlrun-cluster",
            "huaweicloud_elb_loadbalancer.mlrun_elb_ingress",
            "huaweicloud_vpc.vpc",
            "huaweicloud_vpc_eip.mlrun_eip",
            "huaweicloud_vpc_eip.mlrun_eip_ingress",
            "huaweicloud_vpc_subnet.subnet",
            "local_sensitive_file.kubeconfig"
          ]
        }
      ]
    },
    {
      "mode": "managed",
      "type": "huaweicloud_cce_autopilot_cluster",
      "name": "mlrun-cluster",
      "provider": "provider[\"registry.terraform.io/huaweicloud/huaweicloud\"]",
      "instances": [
        {
          "schema_version": 0,
          "attributes": {
            "alias": "mlrun-cluster",
            "annotations": {
              "enableAutopilot": "true"
            },
            "authentication": [
              {
                "mode": "rbac"
              }
            ],
            "az": "multi_az",
            "category": "Turbo",
            "configurations_override": [],
            "container_network": [
              {
                "mode": "eni"
              }
            ],
            "created_at": "2025-09-15 12:10:29.532768 +0000 UTC",
            "custom_san": [],
            "delete_efs": null,
            "delete_eni": null,
            "delete_net": null,
            "delete_obs": null,
            "delete_sfs30": null,
            "deletion_protection": false,
            "description": "MLRun CCE Autopilot Cluster",
            "eip_id": "7b08402e-4e82-45ad-b19c-769acecbb49c",
            "enable_autopilot": true,
            "enable_force_new": null,
            "enable_snat": null,
            "enable_swr_image_access": null,
            "eni_network": [
              {
                "subnets": [
                  {
                    "subnet_id": "f850c111-d3b7-4ed6-8125-2aa24cc1284c"
                  }
                ]
              }
            ],
            "extend_param": [
              {
                "enterprise_project_id": ""
              }
            ],
            "flavor": "cce.autopilot.cluster",
            "host_network": [
              {
                "subnet": "b175a790-0692-43a1-9db9-57925583bfc4",
                "vpc": "9451e6bd-ec15-46c6-8db4-bf9c0eba80d5"
              }
            ],
            "id": "f896b3a3-922c-11f0-be52-0255ac1001e3",
            "ipv6_enable": false,
            "kube_proxy_mode": "iptables",
            "lts_reclaim_policy": null,
            "name": "mlrun-cluster",
            "platform_version": "cce.4.0",
            "region": "af-south-1",
            "service_network": [
              {
                "ipv4_cidr": "10.247.0.0/16"
              }
            ],
            "status": [
              {
                "endpoints": [
                  {
                    "type": "Internal",
                    "url": "https://f896b3a3-922c-11f0-be52-0255ac1001e3.cluster.cce.af-south-1.myhuaweicloud.com:5443"
                  },
                  {
                    "type": "InternalIP",
                    "url": "https://192.168.0.92:5443"
                  },
                  {
                    "type": "External",
                    "url": "https://203.123.83.251:5443"
                  }
                ],
                "phase": "Available"
              }
            ],
            "tags": {
              "env": "mlrun"
            },
            "timeouts": null,
            "type": "VirtualMachine",
            "updated_at": "2025-09-15 12:15:17.604246 +0000 UTC",
            "version": "v1.31"
          },
          "sensitive_attributes": [],
          "identity_schema_version": 0,
          "private": "eyJlMmJmYjczMC1lY2FhLTExZTYtOGY4OC0zNDM2M2JjN2M0YzAiOnsiY3JlYXRlIjoxODAwMDAwMDAwMDAwLCJkZWxldGUiOjE4MDAwMDAwMDAwMDB9fQ==",
          "dependencies": [
            "huaweicloud_vpc.vpc",
            "huaweicloud_vpc_eip.mlrun_eip",
            "huaweicloud_vpc_subnet.subnet"
          ]
        }
      ]
    },
    {
      "mode": "managed",
      "type": "huaweicloud_elb_loadbalancer",
      "name": "mlrun_elb_ingress",
      "provider": "provider[\"registry.terraform.io/huaweicloud/huaweicloud\"]",
      "instances": [
        {
          "schema_version": 0,
          "attributes": {
            "auto_pay": null,
            "auto_renew": null,
            "autoscaling_enabled": false,
            "availability_zone": [
              "af-south-1a"
            ],
            "backend_subnets": [
              "b175a790-0692-43a1-9db9-57925583bfc4"
            ],
            "bandwidth_charge_mode": null,
            "bandwidth_id": null,
            "bandwidth_size": null,
            "charge_mode": "flavor",
            "charging_mode": "postPaid",
            "created_at": "2025-09-15T12:10:24Z",
            "cross_vpc_backend": false,
            "deletion_protection_enable": null,
            "description": "",
            "elb_virsubnet_type": "ipv4",
            "enterprise_project_id": "0",
            "force_delete": null,
            "frozen_scene": "",
            "guaranteed": true,
            "gw_flavor_id": "",
            "id": "55d6786f-66d8-41cf-b36e-a18ca5da5ea7",
            "iptype": null,
            "ipv4_address": "192.168.0.156",
            "ipv4_eip": "203.123.81.232",
            "ipv4_eip_id": "9ec1b175-948f-4ddb-a6a8-8f07a4efdf50",
            "ipv4_port_id": "19613f34-d72e-4f21-81b9-d910921ec8d0",
            "ipv4_subnet_id": "f850c111-d3b7-4ed6-8125-2aa24cc1284c",
            "ipv6_address": "",
            "ipv6_bandwidth_id": null,
            "ipv6_eip": null,
            "ipv6_eip_id": null,
            "ipv6_network_id": "",
            "l4_flavor_id": "207ff954-7fa0-4258-a9bd-6dd8ee65e614",
            "l7_flavor_id": "32b7235a-2efd-4111-829d-9b74061052ba",
            "loadbalancer_type": "",
            "min_l7_flavor_id": "",
            "name": "mlrun-elb-ingress",
            "operating_status": "ONLINE",
            "period": null,
            "period_unit": null,
            "protection_reason": "",
            "protection_status": "nonProtection",
            "public_border_group": "center",
            "region": "af-south-1",
            "sharetype": null,
            "tags": {},
            "timeouts": null,
            "updated_at": "2025-09-15T12:10:26Z",
            "vpc_id": "9451e6bd-ec15-46c6-8db4-bf9c0eba80d5",
            "waf_failure_action": "forward"
          },
          "sensitive_attributes": [],
          "identity_schema_version": 0,
          "private": "eyJlMmJmYjczMC1lY2FhLTExZTYtOGY4OC0zNDM2M2JjN2M0YzAiOnsiY3JlYXRlIjo2MDAwMDAwMDAwMDAsImRlbGV0ZSI6MzAwMDAwMDAwMDAwLCJ1cGRhdGUiOjYwMDAwMDAwMDAwMH19",
          "dependencies": [
            "data.huaweicloud_availability_zones.zones",
            "huaweicloud_vpc.vpc",
            "huaweicloud_vpc_eip.mlrun_eip",
            "huaweicloud_vpc_eip.mlrun_eip_ingress",
            "huaweicloud_vpc_subnet.subnet"
          ]
        }
      ]
    },
    {
      "mode": "managed",
      "type": "huaweicloud_nat_gateway",
      "name": "mlrun_nat",
      "provider": "provider[\"registry.terraform.io/huaweicloud/huaweicloud\"]",
      "instances": [
        {
          "schema_version": 0,
          "attributes": {
            "auto_renew": null,
            "billing_info": "",
            "bps_max": 20480,
            "charging_mode": null,
            "created_at": "2025-09-15 12:10:23.000707",
            "description": "",
            "dnat_rules_limit": 200,
            "enterprise_project_id": "0",
            "id": "fb8a99aa-4a0a-417b-b405-dccd5ba85420",
            "name": "mlrun-nat",
            "ngport_ip_address": "192.168.0.143",
            "period": null,
            "period_unit": null,
            "pps_max": 2000000,
            "region": "af-south-1",
            "session_conf": [
              {
                "icmp_session_expire_time": 10,
                "tcp_session_expire_time": 900,
                "tcp_time_wait_time": 5,
                "udp_session_expire_time": 300
              }
            ],
            "snat_rule_public_ip_limit": 20,
            "spec": "1",
            "status": "ACTIVE",
            "subnet_id": "b175a790-0692-43a1-9db9-57925583bfc4",
            "tags": {},
            "timeouts": null,
            "vpc_id": "9451e6bd-ec15-46c6-8db4-bf9c0eba80d5"
          },
          "sensitive_attributes": [],
          "identity_schema_version": 0,
          "private": "eyJlMmJmYjczMC1lY2FhLTExZTYtOGY4OC0zNDM2M2JjN2M0YzAiOnsiY3JlYXRlIjozMDAwMDAwMDAwMDAsImRlbGV0ZSI6MzAwMDAwMDAwMDAwLCJ1cGRhdGUiOjMwMDAwMDAwMDAwMH19",
          "dependencies": [
            "huaweicloud_vpc.vpc",
            "huaweicloud_vpc_subnet.subnet"
          ]
        }
      ]
    },
    {
      "mode": "managed",
      "type": "huaweicloud_nat_snat_rule",
      "name": "snat_all",
      "provider": "provider[\"registry.terraform.io/huaweicloud/huaweicloud\"]",
      "instances": [
        {
          "schema_version": 0,
          "attributes": {
            "cidr": "",
            "created_at": "2025-09-15 12:10:29.000155",
            "description": "",
            "floating_ip_address": "121.91.158.96",
            "floating_ip_id": "414d1568-e8db-462d-8b4f-365f6086ad67",
            "freezed_ip_address": "",
            "global_eip_address": "",
            "global_eip_id": "",
            "id": "c324a317-83dd-467f-850e-5b3a920ee2de",
            "nat_gateway_id": "fb8a99aa-4a0a-417b-b405-dccd5ba85420",
            "network_id": null,
            "region": "af-south-1",
            "source_type": 0,
            "status": "ACTIVE",
            "subnet_id": "b175a790-0692-43a1-9db9-57925583bfc4",
            "timeouts": null
          },
          "sensitive_attributes": [],
          "identity_schema_version": 0,
          "private": "eyJlMmJmYjczMC1lY2FhLTExZTYtOGY4OC0zNDM2M2JjN2M0YzAiOnsiY3JlYXRlIjozMDAwMDAwMDAwMDAsImRlbGV0ZSI6MzAwMDAwMDAwMDAwLCJ1cGRhdGUiOjMwMDAwMDAwMDAwMH19",
          "dependencies": [
            "huaweicloud_nat_gateway.mlrun_nat",
            "huaweicloud_vpc.vpc",
            "huaweicloud_vpc_eip.mlrun_nat_eip",
            "huaweicloud_vpc_subnet.subnet"
          ]
        }
      ]
    },
    {
      "mode": "managed",
      "type": "huaweicloud_networking_secgroup",
      "name": "secgroup",
      "provider": "provider[\"registry.terraform.io/huaweicloud/huaweicloud\"]",
      "instances": [
        {
          "schema_version": 0,
          "attributes": {
            "created_at": "2025-09-15T12:10:10Z",
            "delete_default_rules": true,
            "description": "MLRun security group",
            "enterprise_project_id": "0",
            "id": "b39fa9b1-ab3f-4383-9e20-7b6a44b2034b",
            "name": "mlrun-secgroup",
            "region": "af-south-1",
            "rules": [],
            "tags": {},
            "timeouts": null,
            "updated_at": "2025-09-15T12:10:10Z"
          },
          "sensitive_attributes": [],
          "identity_schema_version": 0,
          "private": "eyJlMmJmYjczMC1lY2FhLTExZTYtOGY4OC0zNDM2M2JjN2M0YzAiOnsiZGVsZXRlIjo2MDAwMDAwMDAwMDB9fQ=="
        }
      ]
    },
    {
      "mode": "managed",
      "type": "huaweicloud_networking_secgroup_rule",
      "name": "secgroup_rule_http",
      "provider": "provider[\"registry.terraform.io/huaweicloud/huaweicloud\"]",
      "instances": [
        {
          "schema_version": 0,
          "attributes": {
            "action": "allow",
            "description": "",
            "direction": "ingress",
            "ethertype": "IPv4",
            "id": "bb9f900f-a397-446c-a6b3-f7e592d8dc26",
            "port_range_max": 80,
            "port_range_min": 80,
            "ports": "80",
            "priority": 1,
            "protocol": "tcp",
            "region": "af-south-1",
            "remote_address_group_id": "",
            "remote_group_id": "",
            "remote_ip_prefix": "0.0.0.0/0",
            "security_group_id": "b39fa9b1-ab3f-4383-9e20-7b6a44b2034b",
            "timeouts": null
          },
          "sensitive_attributes": [],
          "identity_schema_version": 0,
          "private": "eyJlMmJmYjczMC1lY2FhLTExZTYtOGY4OC0zNDM2M2JjN2M0YzAiOnsiZGVsZXRlIjo2MDAwMDAwMDAwMDB9fQ==",
          "dependencies": [
            "huaweicloud_networking_secgroup.secgroup"
          ]
        }
      ]
    },
    {
      "mode": "managed",
      "type": "huaweicloud_networking_secgroup_rule",
      "name": "secgroup_rule_ssh",
      "provider": "provider[\"registry.terraform.io/huaweicloud/huaweicloud\"]",
      "instances": [
        {
          "schema_version": 0,
          "attributes": {
            "action": "allow",
            "description": "",
            "direction": "ingress",
            "ethertype": "IPv4",
            "id": "271f35cf-210d-4867-8290-0879a45193ff",
            "port_range_max": 22,
            "port_range_min": 22,
            "ports": "22",
            "priority": 1,
            "protocol": "tcp",
            "region": "af-south-1",
            "remote_address_group_id": "",
            "remote_group_id": "",
            "remote_ip_prefix": "0.0.0.0/0",
            "security_group_id": "b39fa9b1-ab3f-4383-9e20-7b6a44b2034b",
            "timeouts": null
          },
          "sensitive_attributes": [],
          "identity_schema_version": 0,
          "private": "eyJlMmJmYjczMC1lY2FhLTExZTYtOGY4OC0zNDM2M2JjN2M0YzAiOnsiZGVsZXRlIjo2MDAwMDAwMDAwMDB9fQ==",
          "dependencies": [
            "huaweicloud_networking_secgroup.secgroup"
          ]
        }
      ]
    },
    {
      "mode": "managed",
      "type": "huaweicloud_obs_bucket",
      "name": "mlrun-bucket",
      "provider": "provider[\"registry.terraform.io/huaweicloud/huaweicloud\"]",
      "instances": [
        {
          "schema_version": 0,
          "attributes": {
            "acl": "private",
            "bucket": "mlrun-bucket",
            "bucket_domain_name": "mlrun-bucket.obs.af-south-1.myhuaweicloud.com",
            "bucket_version": "3.0",
            "cors_rule": [],
            "encryption": false,
            "enterprise_project_id": "0",
            "force_destroy": false,
            "id": "mlrun-bucket",
            "kms_key_id": "",
            "kms_key_project_id": "",
            "lifecycle_rule": [],
            "logging": [],
            "multi_az": false,
            "parallel_fs": false,
            "policy": "",
            "policy_format": "obs",
            "quota": 0,
            "region": "af-south-1",
            "sse_algorithm": "",
            "storage_class": "STANDARD",
            "storage_info": [
              {
                "object_number": 0,
                "size": 0
              }
            ],
            "tags": {
              "env": "mlrun",
              "type": "bucket"
            },
            "user_domain_names": [],
            "versioning": false,
            "website": []
          },
          "sensitive_attributes": [],
          "identity_schema_version": 0,
          "private": "bnVsbA=="
        }
      ]
    },
    {
      "mode": "managed",
      "type": "huaweicloud_swr_organization",
      "name": "mlrun-swr-org",
      "provider": "provider[\"registry.terraform.io/huaweicloud/huaweicloud\"]",
      "instances": [
        {
          "schema_version": 0,
          "attributes": {
            "creator": "hid_bcxib1czn-_qw4n",
            "id": "mlrun-org",
            "login_server": "swr.af-south-1.myhuaweicloud.com",
            "name": "mlrun-org",
            "permission": "Manage",
            "region": "af-south-1",
            "timeouts": null
          },
          "sensitive_attributes": [],
          "identity_schema_version": 0,
          "private": "eyJlMmJmYjczMC1lY2FhLTExZTYtOGY4OC0zNDM2M2JjN2M0YzAiOnsiY3JlYXRlIjozMDAwMDAwMDAwMDAsImRlbGV0ZSI6MzAwMDAwMDAwMDAwfX0="
        }
      ]
    },
    {
      "mode": "managed",
      "type": "huaweicloud_vpc",
      "name": "vpc",
      "provider": "provider[\"registry.terraform.io/huaweicloud/huaweicloud\"]",
      "instances": [
        {
          "schema_version": 0,
          "attributes": {
            "block_service_endpoint_states": null,
            "cidr": "192.168.0.0/16",
            "description": "",
            "enhanced_local_route": "false",
            "enterprise_project_id": "0",
            "id": "9451e6bd-ec15-46c6-8db4-bf9c0eba80d5",
            "name": "mlrun-vpc",
            "region": "af-south-1",
            "routes": [],
            "secondary_cidr": null,
            "secondary_cidrs": [],
            "status": "OK",
            "tags": {},
            "timeouts": null
          },
          "sensitive_attributes": [],
          "identity_schema_version": 0,
          "private": "eyJlMmJmYjczMC1lY2FhLTExZTYtOGY4OC0zNDM2M2JjN2M0YzAiOnsiY3JlYXRlIjo2MDAwMDAwMDAwMDAsImRlbGV0ZSI6MTgwMDAwMDAwMDAwfX0="
        }
      ]
    },
    {
      "mode": "managed",
      "type": "huaweicloud_vpc_eip",
      "name": "mlrun_eip",
      "provider": "provider[\"registry.terraform.io/huaweicloud/huaweicloud\"]",
      "instances": [
        {
          "schema_version": 0,
          "attributes": {
            "address": "203.123.83.251",
            "associate_id": "",
            "associate_type": "",
            "auto_pay": null,
            "auto_renew": null,
            "bandwidth": [
              {
                "charge_mode": "traffic",
                "id": "7ad8d7f5-682b-443e-81ca-71d352a9b3e8",
                "name": "mlrun-eip-bandwidth",
                "share_type": "PER",
                "size": 8
              }
            ],
            "charging_mode": "postPaid",
            "created_at": "2025-09-15 12:10:10",
            "enterprise_project_id": "0",
            "id": "7b08402e-4e82-45ad-b19c-769acecbb49c",
            "instance_id": "",
            "instance_type": "",
            "ipv6_address": "",
            "name": "",
            "period": null,
            "period_unit": null,
            "port_id": "",
            "private_ip": "",
            "publicip": [
              {
                "ip_address": "203.123.83.251",
                "ip_version": 4,
                "port_id": "",
                "type": "5_bgp"
              }
            ],
            "region": "af-south-1",
            "status": "UNBOUND",
            "tags": {},
            "timeouts": null,
            "updated_at": "2025-09-15T12:10:10Z"
          },
          "sensitive_attributes": [],
          "identity_schema_version": 0,
          "private": "eyJlMmJmYjczMC1lY2FhLTExZTYtOGY4OC0zNDM2M2JjN2M0YzAiOnsiY3JlYXRlIjo2MDAwMDAwMDAwMDAsImRlbGV0ZSI6MzAwMDAwMDAwMDAwLCJ1cGRhdGUiOjMwMDAwMDAwMDAwMH19"
        }
      ]
    },
    {
      "mode": "managed",
      "type": "huaweicloud_vpc_eip",
      "name": "mlrun_eip_ingress",
      "provider": "provider[\"registry.terraform.io/huaweicloud/huaweicloud\"]",
      "instances": [
        {
          "schema_version": 0,
          "attributes": {
            "address": "203.123.81.232",
            "associate_id": "",
            "associate_type": "",
            "auto_pay": null,
            "auto_renew": null,
            "bandwidth": [
              {
                "charge_mode": "traffic",
                "id": "12fee126-56e3-4225-ab14-67b7e10a7c75",
                "name": "mlrun-eip-ingress-bandwidth",
                "share_type": "PER",
                "size": 8
              }
            ],
            "charging_mode": "postPaid",
            "created_at": "2025-09-15 12:10:10",
            "enterprise_project_id": "0",
            "id": "9ec1b175-948f-4ddb-a6a8-8f07a4efdf50",
            "instance_id": "",
            "instance_type": "",
            "ipv6_address": "",
            "name": "",
            "period": null,
            "period_unit": null,
            "port_id": "",
            "private_ip": "",
            "publicip": [
              {
                "ip_address": "203.123.81.232",
                "ip_version": 4,
                "port_id": "",
                "type": "5_bgp"
              }
            ],
            "region": "af-south-1",
            "status": "UNBOUND",
            "tags": {},
            "timeouts": null,
            "updated_at": "2025-09-15T12:10:10Z"
          },
          "sensitive_attributes": [],
          "identity_schema_version": 0,
          "private": "eyJlMmJmYjczMC1lY2FhLTExZTYtOGY4OC0zNDM2M2JjN2M0YzAiOnsiY3JlYXRlIjo2MDAwMDAwMDAwMDAsImRlbGV0ZSI6MzAwMDAwMDAwMDAwLCJ1cGRhdGUiOjMwMDAwMDAwMDAwMH19"
        }
      ]
    },
    {
      "mode": "managed",
      "type": "huaweicloud_vpc_eip",
      "name": "mlrun_nat_eip",
      "provider": "provider[\"registry.terraform.io/huaweicloud/huaweicloud\"]",
      "instances": [
        {
          "schema_version": 0,
          "attributes": {
            "address": "121.91.158.96",
            "associate_id": "",
            "associate_type": "",
            "auto_pay": null,
            "auto_renew": null,
            "bandwidth": [
              {
                "charge_mode": "traffic",
                "id": "4982c956-45ac-4756-ad14-5c2ff472d969",
                "name": "mlrun-nat-bw",
                "share_type": "PER",
                "size": 10
              }
            ],
            "charging_mode": "postPaid",
            "created_at": "2025-09-15 12:10:10",
            "enterprise_project_id": "0",
            "id": "414d1568-e8db-462d-8b4f-365f6086ad67",
            "instance_id": "",
            "instance_type": "",
            "ipv6_address": "",
            "name": "",
            "period": null,
            "period_unit": null,
            "port_id": "",
            "private_ip": "",
            "publicip": [
              {
                "ip_address": "121.91.158.96",
                "ip_version": 4,
                "port_id": "",
                "type": "5_bgp"
              }
            ],
            "region": "af-south-1",
            "status": "UNBOUND",
            "tags": {},
            "timeouts": null,
            "updated_at": "2025-09-15T12:10:10Z"
          },
          "sensitive_attributes": [],
          "identity_schema_version": 0,
          "private": "eyJlMmJmYjczMC1lY2FhLTExZTYtOGY4OC0zNDM2M2JjN2M0YzAiOnsiY3JlYXRlIjo2MDAwMDAwMDAwMDAsImRlbGV0ZSI6MzAwMDAwMDAwMDAwLCJ1cGRhdGUiOjMwMDAwMDAwMDAwMH19"
        }
      ]
    },
    {
      "mode": "managed",
      "type": "huaweicloud_vpc_subnet",
      "name": "subnet",
      "provider": "provider[\"registry.terraform.io/huaweicloud/huaweicloud\"]",
      "instances": [
        {
          "schema_version": 0,
          "attributes": {
            "availability_zone": "",
            "cidr": "192.168.0.0/24",
            "description": "",
            "dhcp_domain_name": null,
            "dhcp_enable": true,
            "dhcp_ipv6_lease_time": null,
            "dhcp_lease_time": "87600h",
            "dns_list": [
              "100.125.1.250",
              "100.125.21.250"
            ],
            "gateway_ip": "192.168.0.1",
            "id": "b175a790-0692-43a1-9db9-57925583bfc4",
            "ipv4_subnet_id": "f850c111-d3b7-4ed6-8125-2aa24cc1284c",
            "ipv6_cidr": "",
            "ipv6_enable": false,
            "ipv6_gateway": "",
            "ipv6_subnet_id": "",
            "name": "mlrun-subnet",
            "ntp_server_address": null,
            "primary_dns": "100.125.1.250",
            "region": "af-south-1",
            "secondary_dns": "100.125.21.250",
            "subnet_id": "f850c111-d3b7-4ed6-8125-2aa24cc1284c",
            "tags": {},
            "timeouts": null,
            "vpc_id": "9451e6bd-ec15-46c6-8db4-bf9c0eba80d5"
          },
          "sensitive_attributes": [],
          "identity_schema_version": 0,
          "private": "eyJlMmJmYjczMC1lY2FhLTExZTYtOGY4OC0zNDM2M2JjN2M0YzAiOnsiY3JlYXRlIjozMDAwMDAwMDAwMDAsImRlbGV0ZSI6NjAwMDAwMDAwMDAwfX0=",
          "dependencies": [
            "huaweicloud_vpc.vpc"
          ]
        }
      ]
    },
    {
      "mode": "managed",
      "type": "huaweicloud_vpcep_endpoint",
      "name": "swr_endpoint",
      "provider": "provider[\"registry.terraform.io/huaweicloud/huaweicloud\"]",
      "instances": [
        {
          "schema_version": 0,
          "attributes": {
            "description": "",
            "enable_dns": true,
            "enable_whitelist": false,
            "id": "607de8c8-d607-4135-996b-6243339a6c2c",
            "ip_address": "192.168.0.76",
            "ip_version": "ipv4",
            "ipv6_address": "",
            "network_id": "b175a790-0692-43a1-9db9-57925583bfc4",
            "packet_id": 0,
            "policy_document": "{\"Statement\":[{\"Action\":[\"*\"],\"Effect\":\"Allow\",\"Principal\":\"*\",\"Resource\":[\"*\"]}],\"Version\":\"5.0\"}",
            "policy_statement": "null",
            "private_domain_name": "vpcep-607de8c8-d607-4135-996b-6243339a6c2c.af-south-1.huaweicloud.com.",
            "region": "af-south-1",
            "routetables": [],
            "service_id": "2fc30ac1-34ea-492e-93ad-7460b55ca4b3",
            "service_name": "com.myhuaweicloud.af-south-1.swr",
            "service_type": "interface",
            "status": "accepted",
            "tags": {},
            "timeouts": null,
            "vpc_id": "9451e6bd-ec15-46c6-8db4-bf9c0eba80d5",
            "whitelist": null
          },
          "sensitive_attributes": [],
          "identity_schema_version": 0,
          "private": "eyJlMmJmYjczMC1lY2FhLTExZTYtOGY4OC0zNDM2M2JjN2M0YzAiOnsiY3JlYXRlIjo2MDAwMDAwMDAwMDAsImRlbGV0ZSI6NjAwMDAwMDAwMDAwfX0=",
          "dependencies": [
            "data.huaweicloud_vpcep_public_services.swr_service",
            "huaweicloud_vpc.vpc",
            "huaweicloud_vpc_subnet.subnet"
          ]
        }
      ]
    },
    {
      "mode": "managed",
      "type": "kubernetes_namespace",
      "name": "ingress_nginx",
      "provider": "provider[\"registry.terraform.io/hashicorp/kubernetes\"]",
      "instances": [
        {
          "schema_version": 0,
          "attributes": {
            "id": "ingress-nginx",
            "metadata": [
              {
                "annotations": null,
                "generate_name": "",
                "generation": 0,
                "labels": null,
                "name": "ingress-nginx",
                "resource_version": "892",
                "uid": "2a101c2a-cd00-4c54-b5ba-206546f1dc17"
              }
            ],
            "timeouts": null,
            "wait_for_default_service_account": false
          },
          "sensitive_attributes": [],
          "identity_schema_version": 1,
          "identity": {
            "api_version": "v1",
            "kind": "Namespace",
            "name": "ingress-nginx"
          },
          "private": "eyJlMmJmYjczMC1lY2FhLTExZTYtOGY4OC0zNDM2M2JjN2M0YzAiOnsiZGVsZXRlIjozMDAwMDAwMDAwMDB9fQ==",
          "dependencies": [
            "data.huaweicloud_cce_autopilot_cluster_certificate.mlrun_cluster_cert",
            "huaweicloud_cce_autopilot_cluster.mlrun-cluster",
            "huaweicloud_vpc.vpc",
            "huaweicloud_vpc_eip.mlrun_eip",
            "huaweicloud_vpc_subnet.subnet",
            "local_sensitive_file.kubeconfig"
          ]
        }
      ]
    },
    {
      "mode": "managed",
      "type": "kubernetes_namespace",
      "name": "mlrun",
      "provider": "provider[\"registry.terraform.io/hashicorp/kubernetes\"]",
      "instances": [
        {
          "schema_version": 0,
          "attributes": {
            "id": "mlrun",
            "metadata": [
              {
                "annotations": null,
                "generate_name": "",
                "generation": 0,
                "labels": null,
                "name": "mlrun",
                "resource_version": "891",
                "uid": "91de1b1e-2ffc-448a-9bef-610e5be31ca4"
              }
            ],
            "timeouts": null,
            "wait_for_default_service_account": false
          },
          "sensitive_attributes": [],
          "identity_schema_version": 1,
          "identity": {
            "api_version": "v1",
            "kind": "Namespace",
            "name": "mlrun"
          },
          "private": "eyJlMmJmYjczMC1lY2FhLTExZTYtOGY4OC0zNDM2M2JjN2M0YzAiOnsiZGVsZXRlIjozMDAwMDAwMDAwMDB9fQ==",
          "dependencies": [
            "data.huaweicloud_cce_autopilot_cluster_certificate.mlrun_cluster_cert",
            "huaweicloud_cce_autopilot_cluster.mlrun-cluster",
            "huaweicloud_vpc.vpc",
            "huaweicloud_vpc_eip.mlrun_eip",
            "huaweicloud_vpc_subnet.subnet",
            "local_sensitive_file.kubeconfig"
          ]
        }
      ]
    },
    {
      "mode": "managed",
      "type": "kubernetes_secret",
      "name": "registry_credentials",
      "provider": "provider[\"registry.terraform.io/hashicorp/kubernetes\"]",
      "instances": [
        {
          "schema_version": 0,
          "attributes": {
            "binary_data": null,
            "binary_data_wo": null,
            "binary_data_wo_revision": null,
            "data": {
              ".dockerconfigjson": "{\"auths\":{\"swr.af-south-1.myhuaweicloud.com\":{\"password\":\"0a81ada0242041f94c4a6afdaaf2b6e1b04776cf2b014049758cb39f5a05931d\",\"username\":\"af-south-1@HPUAWYQLGUPFDC9BJTLD\"}}}"
            },
            "data_wo": null,
            "data_wo_revision": null,
            "id": "mlrun/registry-credentials",
            "immutable": false,
            "metadata": [
              {
                "annotations": null,
                "generate_name": "",
                "generation": 0,
                "labels": null,
                "name": "registry-credentials",
                "namespace": "mlrun",
                "resource_version": "900",
                "uid": "8dde1e7d-8e5a-4d9f-b36d-75cfcd00d555"
              }
            ],
            "timeouts": null,
            "type": "kubernetes.io/dockerconfigjson",
            "wait_for_service_account_token": true
          },
          "sensitive_attributes": [
            [
              {
                "type": "get_attr",
                "value": "binary_data"
              }
            ],
            [
              {
                "type": "get_attr",
                "value": "data"
              }
            ],
            [
              {
                "type": "get_attr",
                "value": "data"
              },
              {
                "type": "index",
                "value": {
                  "value": ".dockerconfigjson",
                  "type": "string"
                }
              }
            ]
          ],
          "identity_schema_version": 1,
          "identity": {
            "api_version": "v1",
            "kind": "Secret",
            "name": "registry-credentials",
            "namespace": "mlrun"
          },
          "private": "eyJlMmJmYjczMC1lY2FhLTExZTYtOGY4OC0zNDM2M2JjN2M0YzAiOnsiY3JlYXRlIjo2MDAwMDAwMDAwMH19",
          "dependencies": [
            "data.external.swr_login_key",
            "data.huaweicloud_cce_autopilot_cluster_certificate.mlrun_cluster_cert",
            "huaweicloud_cce_autopilot_cluster.mlrun-cluster",
            "huaweicloud_swr_organization.mlrun-swr-org",
            "huaweicloud_vpc.vpc",
            "huaweicloud_vpc_eip.mlrun_eip",
            "huaweicloud_vpc_subnet.subnet",
            "kubernetes_namespace.mlrun",
            "local_sensitive_file.kubeconfig"
          ]
        }
      ]
    },
    {
      "mode": "managed",
      "type": "local_sensitive_file",
      "name": "kubeconfig",
      "provider": "provider[\"registry.terraform.io/hashicorp/local\"]",
      "instances": [
        {
          "schema_version": 0,
          "attributes": {
            "content": "{\"apiVersion\":\"v1\",\"clusters\":[{\"cluster\":{\"certificate-authority-data\":\"LS0tLS1CRUdJTiBDRVJUSUZJQ0FURS0tLS0tCk1JSUREekNDQWZlZ0F3SUJBZ0lCQURBTkJna3Foa2lHOXcwQkFRc0ZBREFwTVJrd0Z3WURWUVFLRXhCRFEwVWcKVkdWamFHNXZiRzluYVdWek1Rd3dDZ1lEVlFRREV3TkRRMFV3SGhjTk1qVXdPVEUxTVRJeE1qQXlXaGNOTkRVdwpPVEUxTVRJeE1qQXlXakFwTVJrd0Z3WURWUVFLRXhCRFEwVWdWR1ZqYUc1dmJHOW5hV1Z6TVF3d0NnWURWUVFECkV3TkRRMFV3Z2dFaU1BMEdDU3FHU0liM0RRRUJBUVVBQTRJQkR3QXdnZ0VLQW9JQkFRRE9VTmVsZkJ4UDQ3Z3cKQ2tha3JpY3ZWL3JXdldzRXBsbHJ6Y2lHUVoraHA1Vmc3eVIxZVZhSUtZTzVmN2IySHZzZ01jMXZDU0lHaG5hUwpMWDcxKzdva21PQ1JUZmpXSEZjeWVDMzZZdVpxcTg5cU9GTEY2cEJKVi9ReTk4TE81QVlYRHBFbFM2TEh3cGRJCmtydkRuWUNUc0ozemZGMDUycUM1a1NxTlZMcGplTjJxN24vNWdiajlqdUJhR3MxNSt0Skp1c0pBc3JzU24wd2QKOTRqZXFrVVhkbWl6NUFhMlhpalRhekF0aFBweEVJaG1tRHpwd1ZEdlY4TEhHUWg1R3ZXUzBPUHFGVldGa3M1aApKUnRZQWNjblQ4YW1QejhlbU5FQkJwYVdWR0E1Z2kvZmhOblhnaTNRV3lpZkhaVENDcWdjaVZ1MTE0SkJWdUFSCnRQY3RKS2wvQWdNQkFBR2pRakJBTUE0R0ExVWREd0VCL3dRRUF3SUNwREFQQmdOVkhSTUJBZjhFQlRBREFRSC8KTUIwR0ExVWREZ1FXQkJUTGROd25LcXQ0Z3pzRTRkWmV2dHFFbitpM1VqQU5CZ2txaGtpRzl3MEJBUXNGQUFPQwpBUUVBT0hKNnh4SGFDMHc0WmNBWlJ0ci9zc1crL1BESWhvbjZ4ZGJMRWx0dXBMTm5MdTZURk05NzlaWmgxUk8rCjlzZVNxSlUwWVZvVUJ2ckE4N2FYR2pvTTBGU1hiMWlreTluaHU4OEw1bzhxaTJMVmxFY2pYamEyWGE5RGlIamYKR3NEU3plKzNNQmk0eE1kOS92VHhycWh2ZXp1MG9sUEczWkY4ZW03QjJmZ2xqbE5VbGJKS1NnZTVJQ0Z0VE8wMQpwcFBmNTA1TDd2QTNWWEdBUkxFY082SWVTeHN4QXczZ29GeHRJVnpUS0plWG9XZUJuREdyZUlRTkNaampESTdnCmtSWkJ6M1l0dnpNY1VHYmNmbSszZVJkV2NxRXZvYW50MllZM2R3ekxQVGxJcEJHVHYvSDVPcDZTeDJkTWZJenAKQ2s3OHZkbDcxRHpOQm14TnltOGRmNGZQQmc9PQotLS0tLUVORCBDRVJUSUZJQ0FURS0tLS0tCg==\",\"server\":\"https://f896b3a3-922c-11f0-be52-0255ac1001e3.cluster.cce.af-south-1.myhuaweicloud.com:5443\"},\"name\":\"internalCluster\"},{\"cluster\":{\"certificate-authority-data\":\"LS0tLS1CRUdJTiBDRVJUSUZJQ0FURS0tLS0tCk1JSUREekNDQWZlZ0F3SUJBZ0lCQURBTkJna3Foa2lHOXcwQkFRc0ZBREFwTVJrd0Z3WURWUVFLRXhCRFEwVWcKVkdWamFHNXZiRzluYVdWek1Rd3dDZ1lEVlFRREV3TkRRMFV3SGhjTk1qVXdPVEUxTVRJeE1qQXlXaGNOTkRVdwpPVEUxTVRJeE1qQXlXakFwTVJrd0Z3WURWUVFLRXhCRFEwVWdWR1ZqYUc1dmJHOW5hV1Z6TVF3d0NnWURWUVFECkV3TkRRMFV3Z2dFaU1BMEdDU3FHU0liM0RRRUJBUVVBQTRJQkR3QXdnZ0VLQW9JQkFRRE9VTmVsZkJ4UDQ3Z3cKQ2tha3JpY3ZWL3JXdldzRXBsbHJ6Y2lHUVoraHA1Vmc3eVIxZVZhSUtZTzVmN2IySHZzZ01jMXZDU0lHaG5hUwpMWDcxKzdva21PQ1JUZmpXSEZjeWVDMzZZdVpxcTg5cU9GTEY2cEJKVi9ReTk4TE81QVlYRHBFbFM2TEh3cGRJCmtydkRuWUNUc0ozemZGMDUycUM1a1NxTlZMcGplTjJxN24vNWdiajlqdUJhR3MxNSt0Skp1c0pBc3JzU24wd2QKOTRqZXFrVVhkbWl6NUFhMlhpalRhekF0aFBweEVJaG1tRHpwd1ZEdlY4TEhHUWg1R3ZXUzBPUHFGVldGa3M1aApKUnRZQWNjblQ4YW1QejhlbU5FQkJwYVdWR0E1Z2kvZmhOblhnaTNRV3lpZkhaVENDcWdjaVZ1MTE0SkJWdUFSCnRQY3RKS2wvQWdNQkFBR2pRakJBTUE0R0ExVWREd0VCL3dRRUF3SUNwREFQQmdOVkhSTUJBZjhFQlRBREFRSC8KTUIwR0ExVWREZ1FXQkJUTGROd25LcXQ0Z3pzRTRkWmV2dHFFbitpM1VqQU5CZ2txaGtpRzl3MEJBUXNGQUFPQwpBUUVBT0hKNnh4SGFDMHc0WmNBWlJ0ci9zc1crL1BESWhvbjZ4ZGJMRWx0dXBMTm5MdTZURk05NzlaWmgxUk8rCjlzZVNxSlUwWVZvVUJ2ckE4N2FYR2pvTTBGU1hiMWlreTluaHU4OEw1bzhxaTJMVmxFY2pYamEyWGE5RGlIamYKR3NEU3plKzNNQmk0eE1kOS92VHhycWh2ZXp1MG9sUEczWkY4ZW03QjJmZ2xqbE5VbGJKS1NnZTVJQ0Z0VE8wMQpwcFBmNTA1TDd2QTNWWEdBUkxFY082SWVTeHN4QXczZ29GeHRJVnpUS0plWG9XZUJuREdyZUlRTkNaampESTdnCmtSWkJ6M1l0dnpNY1VHYmNmbSszZVJkV2NxRXZvYW50MllZM2R3ekxQVGxJcEJHVHYvSDVPcDZTeDJkTWZJenAKQ2s3OHZkbDcxRHpOQm14TnltOGRmNGZQQmc9PQotLS0tLUVORCBDRVJUSUZJQ0FURS0tLS0tCg==\",\"server\":\"https://192.168.0.92:5443\"},\"name\":\"internalIPCluster\"},{\"cluster\":{\"insecure-skip-tls-verify\":true,\"server\":\"https://203.123.83.251:5443\"},\"name\":\"externalCluster\"},{\"cluster\":{\"certificate-authority-data\":\"LS0tLS1CRUdJTiBDRVJUSUZJQ0FURS0tLS0tCk1JSUREekNDQWZlZ0F3SUJBZ0lCQURBTkJna3Foa2lHOXcwQkFRc0ZBREFwTVJrd0Z3WURWUVFLRXhCRFEwVWcKVkdWamFHNXZiRzluYVdWek1Rd3dDZ1lEVlFRREV3TkRRMFV3SGhjTk1qVXdPVEUxTVRJeE1qQXlXaGNOTkRVdwpPVEUxTVRJeE1qQXlXakFwTVJrd0Z3WURWUVFLRXhCRFEwVWdWR1ZqYUc1dmJHOW5hV1Z6TVF3d0NnWURWUVFECkV3TkRRMFV3Z2dFaU1BMEdDU3FHU0liM0RRRUJBUVVBQTRJQkR3QXdnZ0VLQW9JQkFRRE9VTmVsZkJ4UDQ3Z3cKQ2tha3JpY3ZWL3JXdldzRXBsbHJ6Y2lHUVoraHA1Vmc3eVIxZVZhSUtZTzVmN2IySHZzZ01jMXZDU0lHaG5hUwpMWDcxKzdva21PQ1JUZmpXSEZjeWVDMzZZdVpxcTg5cU9GTEY2cEJKVi9ReTk4TE81QVlYRHBFbFM2TEh3cGRJCmtydkRuWUNUc0ozemZGMDUycUM1a1NxTlZMcGplTjJxN24vNWdiajlqdUJhR3MxNSt0Skp1c0pBc3JzU24wd2QKOTRqZXFrVVhkbWl6NUFhMlhpalRhekF0aFBweEVJaG1tRHpwd1ZEdlY4TEhHUWg1R3ZXUzBPUHFGVldGa3M1aApKUnRZQWNjblQ4YW1QejhlbU5FQkJwYVdWR0E1Z2kvZmhOblhnaTNRV3lpZkhaVENDcWdjaVZ1MTE0SkJWdUFSCnRQY3RKS2wvQWdNQkFBR2pRakJBTUE0R0ExVWREd0VCL3dRRUF3SUNwREFQQmdOVkhSTUJBZjhFQlRBREFRSC8KTUIwR0ExVWREZ1FXQkJUTGROd25LcXQ0Z3pzRTRkWmV2dHFFbitpM1VqQU5CZ2txaGtpRzl3MEJBUXNGQUFPQwpBUUVBT0hKNnh4SGFDMHc0WmNBWlJ0ci9zc1crL1BESWhvbjZ4ZGJMRWx0dXBMTm5MdTZURk05NzlaWmgxUk8rCjlzZVNxSlUwWVZvVUJ2ckE4N2FYR2pvTTBGU1hiMWlreTluaHU4OEw1bzhxaTJMVmxFY2pYamEyWGE5RGlIamYKR3NEU3plKzNNQmk0eE1kOS92VHhycWh2ZXp1MG9sUEczWkY4ZW03QjJmZ2xqbE5VbGJKS1NnZTVJQ0Z0VE8wMQpwcFBmNTA1TDd2QTNWWEdBUkxFY082SWVTeHN4QXczZ29GeHRJVnpUS0plWG9XZUJuREdyZUlRTkNaampESTdnCmtSWkJ6M1l0dnpNY1VHYmNmbSszZVJkV2NxRXZvYW50MllZM2R3ekxQVGxJcEJHVHYvSDVPcDZTeDJkTWZJenAKQ2s3OHZkbDcxRHpOQm14TnltOGRmNGZQQmc9PQotLS0tLUVORCBDRVJUSUZJQ0FURS0tLS0tCg==\",\"server\":\"https://203.123.83.251:5443\"},\"name\":\"externalClusterTLSVerify\"}],\"contexts\":[{\"context\":{\"cluster\":\"internalCluster\",\"user\":\"user\"},\"name\":\"internal\"},{\"context\":{\"cluster\":\"internalIPCluster\",\"user\":\"user\"},\"name\":\"internalIP\"},{\"context\":{\"cluster\":\"externalCluster\",\"user\":\"user\"},\"name\":\"external\"},{\"context\":{\"cluster\":\"externalClusterTLSVerify\",\"user\":\"user\"},\"name\":\"externalTLSVerify\"}],\"current-context\":\"external\",\"kind\":\"Config\",\"preferences\":{},\"users\":[{\"name\":\"user\",\"user\":{\"client-certificate-data\":\"LS0tLS1CRUdJTiBDRVJUSUZJQ0FURS0tLS0tCk1JSURsVENDQW4yZ0F3SUJBZ0lJUlJGRkxONlN3MlV3RFFZSktvWklodmNOQVFFTEJRQXdLVEVaTUJjR0ExVUUKQ2hNUVEwTkZJRlJsWTJodWIyeHZaMmxsY3pFTU1Bb0dBMVVFQXhNRFEwTkZNQjRYRFRJMU1Ea3hOVEV5TVRVeApPVm9YRFRJMU1UQXhOVEV5TVRVeE9Wb3dnYUV4ZERBUUJnTlZCQW9UQ1dOalpUcDFjMlZ5Y3pBbkJnTlZCQW9UCklEZ3paVGRqWmpRNU9UYzFNRFJpTURKaE9HTmhPREF5TURZellXVTNaVFk0TURjR0ExVUVDaE13WWpjME5HVTIKWm1Wa1pUbGhOREE0T0RreFptWmxNMlV4TVRFNE5HSmtZVGd0WTJWeWRDMHhOelUzT1RNNE5URTVNU2t3SndZRApWUVFERXlCaU56UTBaVFptWldSbE9XRTBNRGc0T1RGbVptVXpaVEV4TVRnMFltUmhPRENDQVNJd0RRWUpLb1pJCmh2Y05BUUVCQlFBRGdnRVBBRENDQVFvQ2dnRUJBTGhQQ3FoQXJYaFkycG16VnBCMUFJaTJpUmcxaS9ObkoyM2kKNTI1aTA3dHlyd1JvTGVyOHZjZnBpaGk2ZUVUWVVEc010QkxqaFJoNTdEbXdBOXRMQXdjTXk0aW44UWFtNjFRUQovVzVGWnRBYkdad0txUVl6eW4xdHNTNXMrMnFKamJpNStvK2ZHeEx3bTBpUVl3Y2p5RkgyNEpmbGg1TUJ4VDBLCkl3SVY5T0F5L1BUaHhLcFgzL3VtVTc1TE93My95S1R6ZllwbUtYU2t3UEhQaDZJYnNpenExNzhEbkFvVlh0OHYKR00rQjlSTzZVaytFMFYzQkU5K1YrcWJTUS9pQnV2elE2OWlaWHJGa2pHaDhOQzBCam1iM3ZvVkpsS052b1M0bwoyWmJqcWZFZ2Faa3ppSFltMUNGS3Y4ZE00WTVKNXdRS3JUT1AxMWNwd1ZoVmtvbmRsbkVDQXdFQUFhTklNRVl3CkRnWURWUjBQQVFIL0JBUURBZ1dnTUJNR0ExVWRKUVFNTUFvR0NDc0dBUVVGQndNQ01COEdBMVVkSXdRWU1CYUEKRk10MDNDY3FxM2lET3dUaDFsNisyb1NmNkxkU01BMEdDU3FHU0liM0RRRUJDd1VBQTRJQkFRQll4c20zZlhYbAovVm9mMjl4SFFFTGp1aU9JMUhoNVQrcDNkSnVhbEtibTlHUDYvWnZGS2JsN0I5RXV5MkFZTWNYSDVyVnBxYTRuCjdrL3YxZlpSbjA4R002emZFYitlbkNpQW4wcGsxM25BWDRDak9uVlBPNXkySFYyU0gwcHRpdURNK3FGbEhxNEkKaVZ0ejBVTW01cUFHNG5NS3E5K0RmZ3BMa2ZJNjl4a3YxYmtscWxncEp3WGtIb2orLzl3ZFowamYzbW02eC9rcwpkaVJmdUlqQnpNY0tjNW1Ra0VWdzhlZ0hMR2lBK2xSZW43VndtVEFreGJZVWpHK0hhV2ZXS2tLK3J6SzArSDRyCjRqNm12VEpjTUYzbmpsRk5QanQxSHRWZFB6aWRiOTNaSDluTUI1djY4WUNiUndCVkEzaGRaeWh3VUNuclgrazAKWTM3SW1KRWs0dXpKCi0tLS0tRU5EIENFUlRJRklDQVRFLS0tLS0K\",\"client-key-data\":\"LS0tLS1CRUdJTiBSU0EgUFJJVkFURSBLRVktLS0tLQpNSUlFb3dJQkFBS0NBUUVBdUU4S3FFQ3RlRmphbWJOV2tIVUFpTGFKR0RXTDgyY25iZUxuYm1MVHUzS3ZCR2d0CjZ2eTl4K21LR0xwNFJOaFFPd3kwRXVPRkdIbnNPYkFEMjBzREJ3ekxpS2Z4QnFiclZCRDlia1ZtMEJzWm5BcXAKQmpQS2ZXMnhMbXo3YW9tTnVMbjZqNThiRXZDYlNKQmpCeVBJVWZiZ2wrV0hrd0hGUFFvakFoWDA0REw4OU9IRQpxbGZmKzZaVHZrczdEZi9JcFBOOWltWXBkS1RBOGMrSG9odXlMT3JYdndPY0NoVmUzeThZejRIMUU3cFNUNFRSClhjRVQzNVg2cHRKRCtJRzYvTkRyMkpsZXNXU01hSHcwTFFHT1p2ZStoVW1VbzIraExpalpsdU9wOFNCcG1UT0kKZGliVUlVcS94MHpoamtubkJBcXRNNC9YVnluQldGV1NpZDJXY1FJREFRQUJBb0lCQUF3eVp1RWxqcFZGUkFvaAozUnVvTW9YWmxvNzhsQ3RpYXpDUmNJRlVsdkJ6c1hOWU5abTBhaGE5dEw3WU1EZFdIVkViRVJ1aTVON3V5cHd5CnNyNmpZeXJuUk56aFNFa0phTTlpWkhNVXNxNFk3UVB2aktuMWFYUU5lMGs0T3hjY3pUMHBTWlNSa2VnWjloekMKT1Z0eW1jSWExVmdYLzNYU0N5eHo3RWNxRHM5N1U1TFBydUJnODFBWHZUcmttbGlMNitoR0NvK2RnTVFVMzNzZwpJL054eUV6Um4vczdFUklSOEg5elVySURQdG1kR0F6RlphczJlR0ZySUJxZEJrZFFIck9jQ0ZXclJ1VllxRTVBCjQrRlpSUFlYZEp2ZTdLbFpmMUVrdnk5SGM1ZlNvdTFwUWJhYU5FOTZnZlFacXcyNmJja0xpUmo1ZGVJY0dBTnEKdm5pTVZXVUNnWUVBM1h3MGh3UWZNa2t0L0FWTEMrQlA3aDBHd1BObXpsM3lZQjBrRGxNdTFTRG5IOG1jTmYvZAp2OWd0d3dHY2Jhc2JUeXIyeG81c2x1TmlYOWwzTnBENWpHYkdmMk9MTlU3N2pjaGo3MjNETk9xendxb1NTZWc2ClJHQjM2ai9hdFJTYzBTTktSZGxqWXY0OUt2Z2NTdUFhMXFtWWZFekdzK0tQU3Jzcm5kOGw4cmNDZ1lFQTFRZSsKTXpLb0k3K2hTZEJpb0k5NmxhS01pRS9zMjUxcTdDSnVRaVNBSnA0NmtRSmpFbVAvS0d0TmVLdGVpdGN1bGZOcgpBMlZBRnNITFJlL1I0VXFWMFB3N2ExcDFBeWc4WkFuNlJtSzlURnd3ZHF3VXVzNnRqNldicW5RM1BiNVdkR1J0CnBuNkw1eGR2ZTBZWHE0MTBWTXZ2bld3SklkUCtDTnBGYU83SmVCY0NnWUVBblFEajEyWGptMmptc1FVcmlyS3EKMW5jN0IySkRXVHlkaU9aL1hhdzN3WnMrVzNrMlE4MHA2MG1hUHVjUWRXbGF4WWNHUWdCS0Y3ZitUMFcvelMxOQp5TG8rTWFWbDFCYzJHTzZaY090VStsajVycCtTc1ZOdW9uUGo3V2p3WjNiQ0p6cWw5dGZBTFRkZU11eUlXY2Q5Ckh2aEFBTFVJRWhJalUyMVU0T2VEWmdjQ2dZQThSL21oWVRkRkRtZmtqRXdzWlExcUpGb2lCSVBnelZYQlJpanYKSEljSzVvRnFJVVBKbzNSRGlzR2NZTm5hN2ZNbnlYN0JzamdGZUljOTNoUUU3V2NoZ1E2TFhVaDVRVHg5am5rOAp5NW9IYnBya0tlT2Z6UFkrREwzVTZSZnNwOXl0Q1BJaVIvTHN6S3ZtTlRwamVCNndGQmxVOFlwUUFUNEVZVWQ4CjN2MHh0d0tCZ0NGTkc5RnVTSXdtNXpFZ0FRbDFudTJqcGlBNXpFNHV0dkp1ekQzNHpHaTdHSDRwUFJyUHJyTHQKRVU5eFNTeWxtMk8vYStpYXNIRnpUSGNPQ2hWMTZTR2J6SXJrVG9JQmJ5aE9KbEQ3dnBZTkNReGlPWWZ5clU5awpPMnhzSUxGOTdvZ25zMHRaS2h3NkFmcG02UHlLUDEyMmpiSjNvTTQyL3UwZWRIbG43QzhJCi0tLS0tRU5EIFJTQSBQUklWQVRFIEtFWS0tLS0tCg==\"}}]}",
            "content_base64": null,
            "content_base64sha256": "gHPhOI/cqBlDsPvp/2d67J7JPaFn8DaYX+XoXpbls/w=",
            "content_base64sha512": "hByMQdhivRy0JPS7HmpchwV5nFxWJqJrTSSv+u7T3/zW2/SwnvqyMzjA6hPqJ/AFWUnYkXSTJk9zvm9X+hZV2w==",
            "content_md5": "ce3abb454de5b9a5b97a9702ed9e0405",
            "content_sha1": "1337b34e7e4de98218ff3f75f1950c7f432ed4da",
            "content_sha256": "8073e1388fdca81943b0fbe9ff677aec9ec93da167f036985fe5e85e96e5b3fc",
            "content_sha512": "841c8c41d862bd1cb424f4bb1e6a5c8705799c5c5626a26b4d24affaeed3dffcd6dbf4b09efab23338c0ea13ea27f0055949d8917493264f73be6f57fa1655db",
            "directory_permission": "0700",
            "file_permission": "0600",
            "filename": "kubeconfig_autopilot.yaml",
            "id": "1337b34e7e4de98218ff3f75f1950c7f432ed4da",
            "source": null
          },
          "sensitive_attributes": [
            [
              {
                "type": "get_attr",
                "value": "content"
              }
            ],
            [
              {
                "type": "get_attr",
                "value": "content_base64"
              }
            ]
          ],
          "identity_schema_version": 0,
          "dependencies": [
            "data.huaweicloud_cce_autopilot_cluster_certificate.mlrun_cluster_cert",
            "huaweicloud_cce_autopilot_cluster.mlrun-cluster",
            "huaweicloud_vpc.vpc",
            "huaweicloud_vpc_eip.mlrun_eip",
            "huaweicloud_vpc_subnet.subnet"
          ]
        }
      ]
    }
  ],
  "check_results": null
}
